{
    "version": 3,
    "terraform_version": "0.11.9",
    "serial": 138,
    "lineage": "e3076105-6cb3-cbb8-3900-a3ddb3b1b134",
    "modules": [
        {
            "path": [
                "root"
            ],
            "outputs": {
                "GitLab - Run one time on each secondary instance": {
                    "sensitive": false,
                    "type": "string",
                    "value": "Configure shared secrets. These values can be obtained from the primary GitLab server in /etc/gitlab/gitlab-secrets.json. Copy this file to the secondary servers prior to running the first reconfigure in the steps above"
                },
                "GitLab One-Time DB Creation Command - Primary Only": {
                    "sensitive": false,
                    "type": "string",
                    "value": "force=yes; export force; gitlab-rake gitlab:setup"
                },
                "GitLab One-Time DB Creation Command - Primary Only (2)": {
                    "sensitive": false,
                    "type": "string",
                    "value": "sudo gitlab-ctl reconfigure"
                },
                "Load Balancer Public IP": {
                    "sensitive": false,
                    "type": "string",
                    "value": "private-apps-alb-172082392.us-east-2.elb.amazonaws.com"
                },
                "bastion_pub_ip": {
                    "sensitive": false,
                    "type": "string",
                    "value": "18.188.240.94"
                },
                "gitlab_postgres_address": {
                    "sensitive": false,
                    "type": "string",
                    "value": "gitlab.cfd9xauwm5fs.us-east-2.rds.amazonaws.com"
                }
            },
            "resources": {
                "aws_autoscaling_group.git": {
                    "type": "aws_autoscaling_group",
                    "depends_on": [
                        "aws_db_instance.gitlab_postgres",
                        "aws_launch_configuration.git",
                        "aws_lb_target_group.git-80",
                        "aws_subnet.private-subnet",
                        "aws_subnet.private-subnet2"
                    ],
                    "primary": {
                        "id": "poc-git",
                        "attributes": {
                            "arn": "arn:aws:autoscaling:us-east-2:549902048605:autoScalingGroup:c88a09d4-e154-4270-bd3f-ce1ab1f907ab:autoScalingGroupName/poc-git",
                            "availability_zones.#": "2",
                            "availability_zones.1726430690": "us-east-2b",
                            "availability_zones.4293815384": "us-east-2a",
                            "default_cooldown": "300",
                            "desired_capacity": "1",
                            "enabled_metrics.#": "0",
                            "force_delete": "false",
                            "health_check_grace_period": "300",
                            "health_check_type": "EC2",
                            "id": "poc-git",
                            "launch_configuration": "git-20181217232657685100000001",
                            "launch_template.#": "0",
                            "load_balancers.#": "0",
                            "max_size": "2",
                            "metrics_granularity": "1Minute",
                            "min_size": "1",
                            "mixed_instances_policy.#": "0",
                            "name": "poc-git",
                            "placement_group": "",
                            "protect_from_scale_in": "false",
                            "service_linked_role_arn": "arn:aws:iam::549902048605:role/aws-service-role/autoscaling.amazonaws.com/AWSServiceRoleForAutoScaling",
                            "suspended_processes.#": "0",
                            "tag.#": "1",
                            "tag.1263492020.key": "Name",
                            "tag.1263492020.propagate_at_launch": "true",
                            "tag.1263492020.value": "gitlab",
                            "target_group_arns.#": "1",
                            "target_group_arns.1072973478": "arn:aws:elasticloadbalancing:us-east-2:549902048605:targetgroup/git-80/658c3b82a21b09fe",
                            "termination_policies.#": "0",
                            "vpc_zone_identifier.#": "2",
                            "vpc_zone_identifier.2953649207": "subnet-03e6b2458aed2fb5a",
                            "vpc_zone_identifier.4128446273": "subnet-0008f8a6681402466",
                            "wait_for_capacity_timeout": "10m"
                        },
                        "meta": {
                            "e2bfb730-ecaa-11e6-8f88-34363bc7c4c0": {
                                "delete": 600000000000
                            }
                        },
                        "tainted": false
                    },
                    "deposed": [],
                    "provider": "provider.aws"
                },
                "aws_autoscaling_group.jenkins-slave": {
                    "type": "aws_autoscaling_group",
                    "depends_on": [
                        "aws_launch_configuration.jenkins-slave",
                        "aws_lb_target_group.jenkins-slave-8080",
                        "aws_subnet.private-subnet",
                        "aws_subnet.private-subnet2"
                    ],
                    "primary": {
                        "id": "jenkins-slave",
                        "attributes": {
                            "arn": "arn:aws:autoscaling:us-east-2:549902048605:autoScalingGroup:09834f16-38ab-4337-b0ae-b6ecba69b7d4:autoScalingGroupName/jenkins-slave",
                            "availability_zones.#": "2",
                            "availability_zones.1726430690": "us-east-2b",
                            "availability_zones.4293815384": "us-east-2a",
                            "default_cooldown": "300",
                            "desired_capacity": "2",
                            "enabled_metrics.#": "0",
                            "force_delete": "false",
                            "health_check_grace_period": "300",
                            "health_check_type": "EC2",
                            "id": "jenkins-slave",
                            "launch_configuration": "jenkins-slave-20181217224752858500000003",
                            "launch_template.#": "0",
                            "load_balancers.#": "0",
                            "max_size": "2",
                            "metrics_granularity": "1Minute",
                            "min_size": "1",
                            "mixed_instances_policy.#": "0",
                            "name": "jenkins-slave",
                            "placement_group": "",
                            "protect_from_scale_in": "false",
                            "service_linked_role_arn": "arn:aws:iam::549902048605:role/aws-service-role/autoscaling.amazonaws.com/AWSServiceRoleForAutoScaling",
                            "suspended_processes.#": "0",
                            "tag.#": "1",
                            "tag.304084015.key": "Name",
                            "tag.304084015.propagate_at_launch": "true",
                            "tag.304084015.value": "jenkins-slave",
                            "target_group_arns.#": "1",
                            "target_group_arns.3534514094": "arn:aws:elasticloadbalancing:us-east-2:549902048605:targetgroup/jenkins-slave-8080/4d2bc81a79d7b911",
                            "termination_policies.#": "0",
                            "vpc_zone_identifier.#": "2",
                            "vpc_zone_identifier.2953649207": "subnet-03e6b2458aed2fb5a",
                            "vpc_zone_identifier.4128446273": "subnet-0008f8a6681402466",
                            "wait_for_capacity_timeout": "10m"
                        },
                        "meta": {
                            "e2bfb730-ecaa-11e6-8f88-34363bc7c4c0": {
                                "delete": 600000000000
                            }
                        },
                        "tainted": false
                    },
                    "deposed": [],
                    "provider": "provider.aws"
                },
                "aws_db_instance.gitlab_postgres": {
                    "type": "aws_db_instance",
                    "depends_on": [
                        "aws_db_subnet_group.default",
                        "aws_security_group.sg_db"
                    ],
                    "primary": {
                        "id": "gitlab",
                        "attributes": {
                            "address": "gitlab.cfd9xauwm5fs.us-east-2.rds.amazonaws.com",
                            "allocated_storage": "50",
                            "arn": "arn:aws:rds:us-east-2:549902048605:db:gitlab",
                            "auto_minor_version_upgrade": "true",
                            "availability_zone": "us-east-2b",
                            "backup_retention_period": "0",
                            "backup_window": "10:30-11:00",
                            "ca_cert_identifier": "rds-ca-2015",
                            "copy_tags_to_snapshot": "false",
                            "db_subnet_group_name": "main-subnet-group",
                            "deletion_protection": "false",
                            "domain": "",
                            "domain_iam_role_name": "",
                            "enabled_cloudwatch_logs_exports.#": "0",
                            "endpoint": "gitlab.cfd9xauwm5fs.us-east-2.rds.amazonaws.com:5432",
                            "engine": "postgres",
                            "engine_version": "10.4",
                            "hosted_zone_id": "Z2XHWR1WZ565X2",
                            "iam_database_authentication_enabled": "false",
                            "id": "gitlab",
                            "identifier": "gitlab",
                            "instance_class": "db.m4.large",
                            "iops": "0",
                            "kms_key_id": "",
                            "license_model": "postgresql-license",
                            "maintenance_window": "fri:08:30-fri:09:00",
                            "monitoring_interval": "0",
                            "multi_az": "true",
                            "name": "gitlab",
                            "option_group_name": "default:postgres-10",
                            "parameter_group_name": "default.postgres10",
                            "password": "supersecret",
                            "port": "5432",
                            "publicly_accessible": "false",
                            "replicas.#": "0",
                            "replicate_source_db": "",
                            "resource_id": "db-AFLNOQ2KRZLB4PHRR7FSEOWJAY",
                            "security_group_names.#": "0",
                            "skip_final_snapshot": "true",
                            "status": "available",
                            "storage_encrypted": "false",
                            "storage_type": "gp2",
                            "tags.%": "0",
                            "timezone": "",
                            "username": "gitlab",
                            "vpc_security_group_ids.#": "1",
                            "vpc_security_group_ids.2863498652": "sg-09b18875d131ce264"
                        },
                        "meta": {
                            "e2bfb730-ecaa-11e6-8f88-34363bc7c4c0": {
                                "create": 2400000000000,
                                "delete": 2400000000000,
                                "update": 4800000000000
                            }
                        },
                        "tainted": false
                    },
                    "deposed": [],
                    "provider": "provider.aws"
                },
                "aws_db_subnet_group.default": {
                    "type": "aws_db_subnet_group",
                    "depends_on": [
                        "aws_subnet.private-db-subnet",
                        "aws_subnet.private-db-subnet2"
                    ],
                    "primary": {
                        "id": "main-subnet-group",
                        "attributes": {
                            "arn": "arn:aws:rds:us-east-2:549902048605:subgrp:main-subnet-group",
                            "description": "Managed by Terraform",
                            "id": "main-subnet-group",
                            "name": "main-subnet-group",
                            "subnet_ids.#": "2",
                            "subnet_ids.2035785200": "subnet-0a2d82e6770ca3d0c",
                            "subnet_ids.3484690647": "subnet-0b16c1c9146608fe2",
                            "tags.%": "1",
                            "tags.Name": "DB Subnet Group"
                        },
                        "meta": {},
                        "tainted": false
                    },
                    "deposed": [],
                    "provider": "provider.aws"
                },
                "aws_efs_file_system.jenkins": {
                    "type": "aws_efs_file_system",
                    "depends_on": [
                        "aws_kms_key.jenkins-kms"
                    ],
                    "primary": {
                        "id": "fs-3065e649",
                        "attributes": {
                            "arn": "arn:aws:elasticfilesystem:us-east-2:549902048605:file-system/fs-3065e649",
                            "creation_token": "jenkins-efs",
                            "dns_name": "fs-3065e649.efs.us-east-2.amazonaws.com",
                            "encrypted": "true",
                            "id": "fs-3065e649",
                            "kms_key_id": "arn:aws:kms:us-east-2:549902048605:key/9c03c3a4-d08d-45a5-9386-afe764aa0915",
                            "performance_mode": "generalPurpose",
                            "provisioned_throughput_in_mibps": "0",
                            "tags.%": "1",
                            "tags.Name": "jenkins-efs",
                            "throughput_mode": "bursting"
                        },
                        "meta": {},
                        "tainted": false
                    },
                    "deposed": [],
                    "provider": "provider.aws"
                },
                "aws_efs_mount_target.jenkins-master-priv1": {
                    "type": "aws_efs_mount_target",
                    "depends_on": [
                        "aws_efs_file_system.jenkins",
                        "aws_security_group.jenkins-efs",
                        "aws_subnet.private-subnet"
                    ],
                    "primary": {
                        "id": "fsmt-03ee4f7a",
                        "attributes": {
                            "dns_name": "fs-3065e649.efs.us-east-2.amazonaws.com",
                            "file_system_arn": "arn:aws:elasticfilesystem:us-east-2:549902048605:file-system/fs-3065e649",
                            "file_system_id": "fs-3065e649",
                            "id": "fsmt-03ee4f7a",
                            "ip_address": "10.0.1.121",
                            "network_interface_id": "eni-00770d97e24a73c2f",
                            "security_groups.#": "1",
                            "security_groups.1656073790": "sg-0d194ec191b221480",
                            "subnet_id": "subnet-03e6b2458aed2fb5a"
                        },
                        "meta": {},
                        "tainted": false
                    },
                    "deposed": [],
                    "provider": "provider.aws"
                },
                "aws_efs_mount_target.jenkins-master-priv2": {
                    "type": "aws_efs_mount_target",
                    "depends_on": [
                        "aws_efs_file_system.jenkins",
                        "aws_security_group.jenkins-efs",
                        "aws_subnet.private-subnet2"
                    ],
                    "primary": {
                        "id": "fsmt-01ee4f78",
                        "attributes": {
                            "dns_name": "fs-3065e649.efs.us-east-2.amazonaws.com",
                            "file_system_arn": "arn:aws:elasticfilesystem:us-east-2:549902048605:file-system/fs-3065e649",
                            "file_system_id": "fs-3065e649",
                            "id": "fsmt-01ee4f78",
                            "ip_address": "10.0.1.136",
                            "network_interface_id": "eni-04e4c3f90e7258cfd",
                            "security_groups.#": "1",
                            "security_groups.1656073790": "sg-0d194ec191b221480",
                            "subnet_id": "subnet-0008f8a6681402466"
                        },
                        "meta": {},
                        "tainted": false
                    },
                    "deposed": [],
                    "provider": "provider.aws"
                },
                "aws_eip.eip_Nat": {
                    "type": "aws_eip",
                    "depends_on": [],
                    "primary": {
                        "id": "eipalloc-01e7335409834792d",
                        "attributes": {
                            "association_id": "eipassoc-9e991f62",
                            "domain": "vpc",
                            "id": "eipalloc-01e7335409834792d",
                            "instance": "",
                            "network_interface": "eni-0293f11fa41973482",
                            "private_ip": "10.0.0.44",
                            "public_ip": "52.14.0.127",
                            "public_ipv4_pool": "amazon",
                            "tags.%": "0",
                            "vpc": "true"
                        },
                        "meta": {
                            "e2bfb730-ecaa-11e6-8f88-34363bc7c4c0": {
                                "delete": 180000000000,
                                "read": 900000000000,
                                "update": 300000000000
                            }
                        },
                        "tainted": false
                    },
                    "deposed": [],
                    "provider": "provider.aws"
                },
                "aws_iam_instance_profile.ec2-readonly-profile": {
                    "type": "aws_iam_instance_profile",
                    "depends_on": [
                        "aws_iam_role.ec2-readonly-role"
                    ],
                    "primary": {
                        "id": "ec2-readonly-profile",
                        "attributes": {
                            "arn": "arn:aws:iam::549902048605:instance-profile/ec2-readonly-profile",
                            "create_date": "2018-12-17T22:47:51Z",
                            "id": "ec2-readonly-profile",
                            "name": "ec2-readonly-profile",
                            "path": "/",
                            "role": "ec2-readonly-role",
                            "roles.#": "1",
                            "roles.174156811": "ec2-readonly-role",
                            "unique_id": "AIPAJ7J7A3AQWS6IIXGVQ"
                        },
                        "meta": {},
                        "tainted": false
                    },
                    "deposed": [],
                    "provider": "provider.aws"
                },
                "aws_iam_role.ec2-readonly-role": {
                    "type": "aws_iam_role",
                    "depends_on": [],
                    "primary": {
                        "id": "ec2-readonly-role",
                        "attributes": {
                            "arn": "arn:aws:iam::549902048605:role/ec2-readonly-role",
                            "assume_role_policy": "{\"Version\":\"2012-10-17\",\"Statement\":[{\"Sid\":\"\",\"Effect\":\"Allow\",\"Principal\":{\"Service\":\"ec2.amazonaws.com\"},\"Action\":\"sts:AssumeRole\"}]}",
                            "create_date": "2018-12-17T22:47:48Z",
                            "description": "",
                            "force_detach_policies": "false",
                            "id": "ec2-readonly-role",
                            "max_session_duration": "3600",
                            "name": "ec2-readonly-role",
                            "path": "/",
                            "tags.%": "0",
                            "unique_id": "AROAIADCKBJKDOAX76FWG"
                        },
                        "meta": {},
                        "tainted": false
                    },
                    "deposed": [],
                    "provider": "provider.aws"
                },
                "aws_iam_role_policy_attachment.attach-ec2-readonly-policy": {
                    "type": "aws_iam_role_policy_attachment",
                    "depends_on": [
                        "aws_iam_role.ec2-readonly-role",
                        "data.aws_iam_policy.ec2-readonly-policy"
                    ],
                    "primary": {
                        "id": "ec2-readonly-role-20181217224751157000000002",
                        "attributes": {
                            "id": "ec2-readonly-role-20181217224751157000000002",
                            "policy_arn": "arn:aws:iam::aws:policy/ReadOnlyAccess",
                            "role": "ec2-readonly-role"
                        },
                        "meta": {},
                        "tainted": false
                    },
                    "deposed": [],
                    "provider": "provider.aws"
                },
                "aws_instance.bastion": {
                    "type": "aws_instance",
                    "depends_on": [
                        "aws_key_pair.default",
                        "aws_security_group.sgbastion",
                        "aws_subnet.public-subnet",
                        "data.aws_ami.rhel"
                    ],
                    "primary": {
                        "id": "i-06265336a7ddf1ab1",
                        "attributes": {
                            "ami": "ami-03291866",
                            "arn": "arn:aws:ec2:us-east-2:549902048605:instance/i-06265336a7ddf1ab1",
                            "associate_public_ip_address": "true",
                            "availability_zone": "us-east-2a",
                            "cpu_core_count": "1",
                            "cpu_threads_per_core": "2",
                            "credit_specification.#": "1",
                            "credit_specification.0.cpu_credits": "unlimited",
                            "disable_api_termination": "false",
                            "ebs_block_device.#": "0",
                            "ebs_optimized": "false",
                            "ephemeral_block_device.#": "0",
                            "get_password_data": "false",
                            "iam_instance_profile": "",
                            "id": "i-06265336a7ddf1ab1",
                            "instance_state": "running",
                            "instance_type": "t3.micro",
                            "ipv6_addresses.#": "0",
                            "key_name": "ec2_key_pair",
                            "monitoring": "false",
                            "network_interface.#": "0",
                            "network_interface_id": "eni-079142b19e8610565",
                            "password_data": "",
                            "placement_group": "",
                            "primary_network_interface_id": "eni-079142b19e8610565",
                            "private_dns": "ip-10-0-0-32.us-east-2.compute.internal",
                            "private_ip": "10.0.0.32",
                            "public_dns": "ec2-18-188-240-94.us-east-2.compute.amazonaws.com",
                            "public_ip": "18.188.240.94",
                            "root_block_device.#": "1",
                            "root_block_device.0.delete_on_termination": "true",
                            "root_block_device.0.iops": "300",
                            "root_block_device.0.volume_id": "vol-038e3cc63aaf7c52f",
                            "root_block_device.0.volume_size": "100",
                            "root_block_device.0.volume_type": "gp2",
                            "security_groups.#": "0",
                            "source_dest_check": "false",
                            "subnet_id": "subnet-0984ac3ae518bbe26",
                            "tags.%": "1",
                            "tags.Name": "bastion",
                            "tenancy": "default",
                            "user_data": "7df7f8e906e27b97bc12fe1256377584f4d60561",
                            "volume_tags.%": "0",
                            "vpc_security_group_ids.#": "1",
                            "vpc_security_group_ids.2907656277": "sg-08ee345779c5d1fe3"
                        },
                        "meta": {
                            "e2bfb730-ecaa-11e6-8f88-34363bc7c4c0": {
                                "create": 600000000000,
                                "delete": 1200000000000,
                                "update": 600000000000
                            },
                            "schema_version": "1"
                        },
                        "tainted": false
                    },
                    "deposed": [],
                    "provider": "provider.aws"
                },
                "aws_instance.jenkins": {
                    "type": "aws_instance",
                    "depends_on": [
                        "aws_efs_mount_target.jenkins-master-priv1",
                        "aws_iam_instance_profile.ec2-readonly-profile",
                        "aws_key_pair.default",
                        "aws_security_group.sg_jenkins",
                        "aws_subnet.private-subnet",
                        "data.aws_ami.rhel"
                    ],
                    "primary": {
                        "id": "i-0c444a800cbcbd18a",
                        "attributes": {
                            "ami": "ami-03291866",
                            "arn": "arn:aws:ec2:us-east-2:549902048605:instance/i-0c444a800cbcbd18a",
                            "associate_public_ip_address": "false",
                            "availability_zone": "us-east-2a",
                            "cpu_core_count": "1",
                            "cpu_threads_per_core": "2",
                            "credit_specification.#": "1",
                            "credit_specification.0.cpu_credits": "unlimited",
                            "disable_api_termination": "false",
                            "ebs_block_device.#": "1",
                            "ebs_block_device.2659407853.delete_on_termination": "true",
                            "ebs_block_device.2659407853.device_name": "/dev/sdf",
                            "ebs_block_device.2659407853.encrypted": "false",
                            "ebs_block_device.2659407853.iops": "150",
                            "ebs_block_device.2659407853.snapshot_id": "",
                            "ebs_block_device.2659407853.volume_id": "vol-0459f6de497c77c7e",
                            "ebs_block_device.2659407853.volume_size": "50",
                            "ebs_block_device.2659407853.volume_type": "gp2",
                            "ebs_optimized": "false",
                            "ephemeral_block_device.#": "0",
                            "get_password_data": "false",
                            "iam_instance_profile": "ec2-readonly-profile",
                            "id": "i-0c444a800cbcbd18a",
                            "instance_state": "running",
                            "instance_type": "t3.medium",
                            "ipv6_addresses.#": "0",
                            "key_name": "ec2_key_pair",
                            "monitoring": "false",
                            "network_interface.#": "0",
                            "network_interface_id": "eni-0e40253c404a8bde0",
                            "password_data": "",
                            "placement_group": "",
                            "primary_network_interface_id": "eni-0e40253c404a8bde0",
                            "private_dns": "ip-10-0-1-28.us-east-2.compute.internal",
                            "private_ip": "10.0.1.28",
                            "public_dns": "",
                            "public_ip": "",
                            "root_block_device.#": "1",
                            "root_block_device.0.delete_on_termination": "true",
                            "root_block_device.0.iops": "150",
                            "root_block_device.0.volume_id": "vol-00e33cb2946fbea6c",
                            "root_block_device.0.volume_size": "50",
                            "root_block_device.0.volume_type": "gp2",
                            "security_groups.#": "0",
                            "source_dest_check": "true",
                            "subnet_id": "subnet-03e6b2458aed2fb5a",
                            "tags.%": "1",
                            "tags.Name": "jenkins-master",
                            "tenancy": "default",
                            "user_data": "06a2977a0f2c79f17c4e978211962d421b070e1f",
                            "volume_tags.%": "0",
                            "vpc_security_group_ids.#": "1",
                            "vpc_security_group_ids.3498348498": "sg-072967a4bf88423f9"
                        },
                        "meta": {
                            "e2bfb730-ecaa-11e6-8f88-34363bc7c4c0": {
                                "create": 600000000000,
                                "delete": 1200000000000,
                                "update": 600000000000
                            },
                            "schema_version": "1"
                        },
                        "tainted": false
                    },
                    "deposed": [],
                    "provider": "provider.aws"
                },
                "aws_internet_gateway.gw": {
                    "type": "aws_internet_gateway",
                    "depends_on": [
                        "aws_vpc.default"
                    ],
                    "primary": {
                        "id": "igw-003ca1f0a0f094d31",
                        "attributes": {
                            "id": "igw-003ca1f0a0f094d31",
                            "owner_id": "549902048605",
                            "tags.%": "1",
                            "tags.Name": "VPC IGW",
                            "vpc_id": "vpc-0ee34d8a811a6ba67"
                        },
                        "meta": {},
                        "tainted": false
                    },
                    "deposed": [],
                    "provider": "provider.aws"
                },
                "aws_key_pair.default": {
                    "type": "aws_key_pair",
                    "depends_on": [],
                    "primary": {
                        "id": "ec2_key_pair",
                        "attributes": {
                            "fingerprint": "3c:94:cc:c2:63:16:9b:93:ed:52:8a:e1:a8:3d:e8:9b",
                            "id": "ec2_key_pair",
                            "key_name": "ec2_key_pair",
                            "public_key": "ssh-rsa AAAAB3NzaC1yc2EAAAADAQABAAABAQDFjVRCfLSPOFzTSp91d0mVeNeQL3Ue16pJXKi39gjjSKr6vcbvsDeMBv542Bjqz3ZHlNa96lNJ1rOMRhTZ/biSWAsJQDZf95Yi6RolInN3jLaLtlkSyXulhAhsLMX2P8RVof4WTnqUNDibH6+qk8vUQ9MVMhn6Jp3Cdq2V7+GZHE7dKepjA7HUoykdG6AeMtEOuFnPCvSayICNuGQDO1Ui8vPhCzcFBIz9oDfoK/b2JcuFdnPNon6+ug7cl9iQVEvgrr3BJ6Mi135S4FHm51vA1EhGFoL/89zvaTYjWIJ2wykIDRQzS8qzd9rx+YLe4ImmpC8W0VUMm0pcMQBNMk6n rcald@LAPTOP-M5LFKTF2"
                        },
                        "meta": {
                            "schema_version": "1"
                        },
                        "tainted": false
                    },
                    "deposed": [],
                    "provider": "provider.aws"
                },
                "aws_kms_key.jenkins-kms": {
                    "type": "aws_kms_key",
                    "depends_on": [],
                    "primary": {
                        "id": "9c03c3a4-d08d-45a5-9386-afe764aa0915",
                        "attributes": {
                            "arn": "arn:aws:kms:us-east-2:549902048605:key/9c03c3a4-d08d-45a5-9386-afe764aa0915",
                            "description": "Encrypt data at rest in EFS",
                            "enable_key_rotation": "false",
                            "id": "9c03c3a4-d08d-45a5-9386-afe764aa0915",
                            "is_enabled": "true",
                            "key_id": "9c03c3a4-d08d-45a5-9386-afe764aa0915",
                            "key_usage": "ENCRYPT_DECRYPT",
                            "policy": "{\"Statement\":[{\"Action\":\"kms:*\",\"Effect\":\"Allow\",\"Principal\":\"*\",\"Resource\":\"*\",\"Sid\":\"Enable IAM User Permissions\"}],\"Version\":\"2012-10-17\"}",
                            "tags.%": "0"
                        },
                        "meta": {},
                        "tainted": false
                    },
                    "deposed": [],
                    "provider": "provider.aws"
                },
                "aws_launch_configuration.git": {
                    "type": "aws_launch_configuration",
                    "depends_on": [],
                    "primary": {
                        "id": "git-20181217232657685100000001",
                        "attributes": {
                            "associate_public_ip_address": "false",
                            "ebs_block_device.#": "1",
                            "ebs_block_device.2288823920.delete_on_termination": "true",
                            "ebs_block_device.2288823920.device_name": "/dev/sdf",
                            "ebs_block_device.2288823920.encrypted": "false",
                            "ebs_block_device.2288823920.iops": "0",
                            "ebs_block_device.2288823920.no_device": "false",
                            "ebs_block_device.2288823920.snapshot_id": "",
                            "ebs_block_device.2288823920.volume_size": "50",
                            "ebs_block_device.2288823920.volume_type": "gp2",
                            "ebs_optimized": "false",
                            "enable_monitoring": "true",
                            "ephemeral_block_device.#": "0",
                            "iam_instance_profile": "ec2-readonly-profile",
                            "id": "git-20181217232657685100000001",
                            "image_id": "ami-02e680c4540db351e",
                            "instance_type": "t3.medium",
                            "key_name": "ec2_key_pair",
                            "name": "git-20181217232657685100000001",
                            "name_prefix": "git-",
                            "root_block_device.#": "1",
                            "root_block_device.0.delete_on_termination": "true",
                            "root_block_device.0.iops": "0",
                            "root_block_device.0.volume_size": "50",
                            "root_block_device.0.volume_type": "",
                            "security_groups.#": "1",
                            "security_groups.4073176104": "sg-0c9c8da00e746b5d0",
                            "spot_price": "",
                            "user_data": "da1cea276bed345dbbaa1182c746177a019c0361",
                            "vpc_classic_link_id": "",
                            "vpc_classic_link_security_groups.#": "0"
                        },
                        "meta": {},
                        "tainted": false
                    },
                    "deposed": [],
                    "provider": "provider.aws"
                },
                "aws_launch_configuration.jenkins-slave": {
                    "type": "aws_launch_configuration",
                    "depends_on": [
                        "aws_key_pair.default",
                        "aws_security_group.sg_jenkins",
                        "data.aws_ami.rhel"
                    ],
                    "primary": {
                        "id": "jenkins-slave-20181217224752858500000003",
                        "attributes": {
                            "associate_public_ip_address": "false",
                            "ebs_block_device.#": "1",
                            "ebs_block_device.2288823920.delete_on_termination": "true",
                            "ebs_block_device.2288823920.device_name": "/dev/sdf",
                            "ebs_block_device.2288823920.encrypted": "false",
                            "ebs_block_device.2288823920.iops": "0",
                            "ebs_block_device.2288823920.no_device": "false",
                            "ebs_block_device.2288823920.snapshot_id": "",
                            "ebs_block_device.2288823920.volume_size": "50",
                            "ebs_block_device.2288823920.volume_type": "gp2",
                            "ebs_optimized": "false",
                            "enable_monitoring": "true",
                            "ephemeral_block_device.#": "0",
                            "iam_instance_profile": "",
                            "id": "jenkins-slave-20181217224752858500000003",
                            "image_id": "ami-03291866",
                            "instance_type": "t3.medium",
                            "key_name": "ec2_key_pair",
                            "name": "jenkins-slave-20181217224752858500000003",
                            "name_prefix": "jenkins-slave-",
                            "root_block_device.#": "1",
                            "root_block_device.0.delete_on_termination": "true",
                            "root_block_device.0.iops": "0",
                            "root_block_device.0.volume_size": "50",
                            "root_block_device.0.volume_type": "",
                            "security_groups.#": "1",
                            "security_groups.3498348498": "sg-072967a4bf88423f9",
                            "spot_price": "",
                            "user_data": "19697974c4b6631814870b176b159f4a31f7a511",
                            "vpc_classic_link_id": "",
                            "vpc_classic_link_security_groups.#": "0"
                        },
                        "meta": {},
                        "tainted": false
                    },
                    "deposed": [],
                    "provider": "provider.aws"
                },
                "aws_lb.alb_apps": {
                    "type": "aws_lb",
                    "depends_on": [
                        "aws_security_group.sg_git",
                        "aws_security_group.sg_jenkins",
                        "aws_subnet.public-subnet",
                        "aws_subnet.public-subnet2"
                    ],
                    "primary": {
                        "id": "arn:aws:elasticloadbalancing:us-east-2:549902048605:loadbalancer/app/private-apps-alb/ca64beee2059e2a7",
                        "attributes": {
                            "access_logs.#": "0",
                            "arn": "arn:aws:elasticloadbalancing:us-east-2:549902048605:loadbalancer/app/private-apps-alb/ca64beee2059e2a7",
                            "arn_suffix": "app/private-apps-alb/ca64beee2059e2a7",
                            "dns_name": "private-apps-alb-172082392.us-east-2.elb.amazonaws.com",
                            "enable_deletion_protection": "false",
                            "enable_http2": "true",
                            "id": "arn:aws:elasticloadbalancing:us-east-2:549902048605:loadbalancer/app/private-apps-alb/ca64beee2059e2a7",
                            "idle_timeout": "60",
                            "internal": "false",
                            "ip_address_type": "ipv4",
                            "load_balancer_type": "application",
                            "name": "private-apps-alb",
                            "security_groups.#": "2",
                            "security_groups.3498348498": "sg-072967a4bf88423f9",
                            "security_groups.4073176104": "sg-0c9c8da00e746b5d0",
                            "subnet_mapping.#": "0",
                            "subnets.#": "2",
                            "subnets.2722168616": "subnet-0984ac3ae518bbe26",
                            "subnets.2914869270": "subnet-0254cdea0d359bcd6",
                            "tags.%": "1",
                            "tags.Environment": "dev",
                            "vpc_id": "vpc-0ee34d8a811a6ba67",
                            "zone_id": "Z3AADJGX6KTTL2"
                        },
                        "meta": {
                            "e2bfb730-ecaa-11e6-8f88-34363bc7c4c0": {
                                "create": 600000000000,
                                "delete": 600000000000,
                                "update": 600000000000
                            }
                        },
                        "tainted": false
                    },
                    "deposed": [],
                    "provider": "provider.aws"
                },
                "aws_lb.alb_jenkins_slave": {
                    "type": "aws_lb",
                    "depends_on": [
                        "aws_security_group.sg_jenkins",
                        "aws_subnet.public-subnet",
                        "aws_subnet.public-subnet2"
                    ],
                    "primary": {
                        "id": "arn:aws:elasticloadbalancing:us-east-2:549902048605:loadbalancer/app/jenkins-slave-alb/e8760aa6361ef95c",
                        "attributes": {
                            "access_logs.#": "0",
                            "arn": "arn:aws:elasticloadbalancing:us-east-2:549902048605:loadbalancer/app/jenkins-slave-alb/e8760aa6361ef95c",
                            "arn_suffix": "app/jenkins-slave-alb/e8760aa6361ef95c",
                            "dns_name": "jenkins-slave-alb-806248519.us-east-2.elb.amazonaws.com",
                            "enable_deletion_protection": "false",
                            "enable_http2": "true",
                            "id": "arn:aws:elasticloadbalancing:us-east-2:549902048605:loadbalancer/app/jenkins-slave-alb/e8760aa6361ef95c",
                            "idle_timeout": "60",
                            "internal": "false",
                            "ip_address_type": "ipv4",
                            "load_balancer_type": "application",
                            "name": "jenkins-slave-alb",
                            "security_groups.#": "1",
                            "security_groups.3498348498": "sg-072967a4bf88423f9",
                            "subnet_mapping.#": "0",
                            "subnets.#": "2",
                            "subnets.2722168616": "subnet-0984ac3ae518bbe26",
                            "subnets.2914869270": "subnet-0254cdea0d359bcd6",
                            "tags.%": "1",
                            "tags.Environment": "dev",
                            "vpc_id": "vpc-0ee34d8a811a6ba67",
                            "zone_id": "Z3AADJGX6KTTL2"
                        },
                        "meta": {
                            "e2bfb730-ecaa-11e6-8f88-34363bc7c4c0": {
                                "create": 600000000000,
                                "delete": 600000000000,
                                "update": 600000000000
                            }
                        },
                        "tainted": false
                    },
                    "deposed": [],
                    "provider": "provider.aws"
                },
                "aws_lb_listener.git-80": {
                    "type": "aws_lb_listener",
                    "depends_on": [
                        "aws_lb.alb_apps",
                        "aws_lb_target_group.git-80"
                    ],
                    "primary": {
                        "id": "arn:aws:elasticloadbalancing:us-east-2:549902048605:listener/app/private-apps-alb/ca64beee2059e2a7/5f03db765a27e33e",
                        "attributes": {
                            "arn": "arn:aws:elasticloadbalancing:us-east-2:549902048605:listener/app/private-apps-alb/ca64beee2059e2a7/5f03db765a27e33e",
                            "default_action.#": "1",
                            "default_action.0.authenticate_cognito.#": "0",
                            "default_action.0.authenticate_oidc.#": "0",
                            "default_action.0.fixed_response.#": "0",
                            "default_action.0.order": "1",
                            "default_action.0.redirect.#": "0",
                            "default_action.0.target_group_arn": "arn:aws:elasticloadbalancing:us-east-2:549902048605:targetgroup/git-80/658c3b82a21b09fe",
                            "default_action.0.type": "forward",
                            "id": "arn:aws:elasticloadbalancing:us-east-2:549902048605:listener/app/private-apps-alb/ca64beee2059e2a7/5f03db765a27e33e",
                            "load_balancer_arn": "arn:aws:elasticloadbalancing:us-east-2:549902048605:loadbalancer/app/private-apps-alb/ca64beee2059e2a7",
                            "port": "80",
                            "protocol": "HTTP",
                            "ssl_policy": ""
                        },
                        "meta": {
                            "e2bfb730-ecaa-11e6-8f88-34363bc7c4c0": {
                                "read": 600000000000
                            }
                        },
                        "tainted": false
                    },
                    "deposed": [],
                    "provider": "provider.aws"
                },
                "aws_lb_listener.jenkins-8080": {
                    "type": "aws_lb_listener",
                    "depends_on": [
                        "aws_lb.alb_apps",
                        "aws_lb_target_group.jenkins-8080"
                    ],
                    "primary": {
                        "id": "arn:aws:elasticloadbalancing:us-east-2:549902048605:listener/app/private-apps-alb/ca64beee2059e2a7/02799d10bc3e3c6f",
                        "attributes": {
                            "arn": "arn:aws:elasticloadbalancing:us-east-2:549902048605:listener/app/private-apps-alb/ca64beee2059e2a7/02799d10bc3e3c6f",
                            "default_action.#": "1",
                            "default_action.0.authenticate_cognito.#": "0",
                            "default_action.0.authenticate_oidc.#": "0",
                            "default_action.0.fixed_response.#": "0",
                            "default_action.0.order": "1",
                            "default_action.0.redirect.#": "0",
                            "default_action.0.target_group_arn": "arn:aws:elasticloadbalancing:us-east-2:549902048605:targetgroup/jenkins-8080/bf537d7c939a6059",
                            "default_action.0.type": "forward",
                            "id": "arn:aws:elasticloadbalancing:us-east-2:549902048605:listener/app/private-apps-alb/ca64beee2059e2a7/02799d10bc3e3c6f",
                            "load_balancer_arn": "arn:aws:elasticloadbalancing:us-east-2:549902048605:loadbalancer/app/private-apps-alb/ca64beee2059e2a7",
                            "port": "8080",
                            "protocol": "HTTP",
                            "ssl_policy": ""
                        },
                        "meta": {
                            "e2bfb730-ecaa-11e6-8f88-34363bc7c4c0": {
                                "read": 600000000000
                            }
                        },
                        "tainted": false
                    },
                    "deposed": [],
                    "provider": "provider.aws"
                },
                "aws_lb_listener.jenkins-slave-8080": {
                    "type": "aws_lb_listener",
                    "depends_on": [
                        "aws_lb.alb_jenkins_slave",
                        "aws_lb_target_group.jenkins-slave-8080"
                    ],
                    "primary": {
                        "id": "arn:aws:elasticloadbalancing:us-east-2:549902048605:listener/app/jenkins-slave-alb/e8760aa6361ef95c/8fc3cc76521ee5de",
                        "attributes": {
                            "arn": "arn:aws:elasticloadbalancing:us-east-2:549902048605:listener/app/jenkins-slave-alb/e8760aa6361ef95c/8fc3cc76521ee5de",
                            "default_action.#": "1",
                            "default_action.0.authenticate_cognito.#": "0",
                            "default_action.0.authenticate_oidc.#": "0",
                            "default_action.0.fixed_response.#": "0",
                            "default_action.0.order": "1",
                            "default_action.0.redirect.#": "0",
                            "default_action.0.target_group_arn": "arn:aws:elasticloadbalancing:us-east-2:549902048605:targetgroup/jenkins-slave-8080/4d2bc81a79d7b911",
                            "default_action.0.type": "forward",
                            "id": "arn:aws:elasticloadbalancing:us-east-2:549902048605:listener/app/jenkins-slave-alb/e8760aa6361ef95c/8fc3cc76521ee5de",
                            "load_balancer_arn": "arn:aws:elasticloadbalancing:us-east-2:549902048605:loadbalancer/app/jenkins-slave-alb/e8760aa6361ef95c",
                            "port": "8080",
                            "protocol": "HTTP",
                            "ssl_policy": ""
                        },
                        "meta": {
                            "e2bfb730-ecaa-11e6-8f88-34363bc7c4c0": {
                                "read": 600000000000
                            }
                        },
                        "tainted": false
                    },
                    "deposed": [],
                    "provider": "provider.aws"
                },
                "aws_lb_target_group.git-80": {
                    "type": "aws_lb_target_group",
                    "depends_on": [
                        "aws_vpc.default"
                    ],
                    "primary": {
                        "id": "arn:aws:elasticloadbalancing:us-east-2:549902048605:targetgroup/git-80/658c3b82a21b09fe",
                        "attributes": {
                            "arn": "arn:aws:elasticloadbalancing:us-east-2:549902048605:targetgroup/git-80/658c3b82a21b09fe",
                            "arn_suffix": "targetgroup/git-80/658c3b82a21b09fe",
                            "deregistration_delay": "300",
                            "health_check.#": "1",
                            "health_check.0.healthy_threshold": "3",
                            "health_check.0.interval": "30",
                            "health_check.0.matcher": "200,302",
                            "health_check.0.path": "/",
                            "health_check.0.port": "traffic-port",
                            "health_check.0.protocol": "HTTP",
                            "health_check.0.timeout": "5",
                            "health_check.0.unhealthy_threshold": "3",
                            "id": "arn:aws:elasticloadbalancing:us-east-2:549902048605:targetgroup/git-80/658c3b82a21b09fe",
                            "name": "git-80",
                            "port": "80",
                            "protocol": "HTTP",
                            "proxy_protocol_v2": "false",
                            "slow_start": "0",
                            "stickiness.#": "1",
                            "stickiness.0.cookie_duration": "86400",
                            "stickiness.0.enabled": "false",
                            "stickiness.0.type": "lb_cookie",
                            "tags.%": "0",
                            "target_type": "instance",
                            "vpc_id": "vpc-0ee34d8a811a6ba67"
                        },
                        "meta": {},
                        "tainted": false
                    },
                    "deposed": [],
                    "provider": "provider.aws"
                },
                "aws_lb_target_group.jenkins-8080": {
                    "type": "aws_lb_target_group",
                    "depends_on": [
                        "aws_vpc.default"
                    ],
                    "primary": {
                        "id": "arn:aws:elasticloadbalancing:us-east-2:549902048605:targetgroup/jenkins-8080/bf537d7c939a6059",
                        "attributes": {
                            "arn": "arn:aws:elasticloadbalancing:us-east-2:549902048605:targetgroup/jenkins-8080/bf537d7c939a6059",
                            "arn_suffix": "targetgroup/jenkins-8080/bf537d7c939a6059",
                            "deregistration_delay": "300",
                            "health_check.#": "1",
                            "health_check.0.healthy_threshold": "3",
                            "health_check.0.interval": "30",
                            "health_check.0.matcher": "200,403",
                            "health_check.0.path": "/",
                            "health_check.0.port": "traffic-port",
                            "health_check.0.protocol": "HTTP",
                            "health_check.0.timeout": "5",
                            "health_check.0.unhealthy_threshold": "3",
                            "id": "arn:aws:elasticloadbalancing:us-east-2:549902048605:targetgroup/jenkins-8080/bf537d7c939a6059",
                            "name": "jenkins-8080",
                            "port": "8080",
                            "protocol": "HTTP",
                            "proxy_protocol_v2": "false",
                            "slow_start": "0",
                            "stickiness.#": "1",
                            "stickiness.0.cookie_duration": "86400",
                            "stickiness.0.enabled": "false",
                            "stickiness.0.type": "lb_cookie",
                            "tags.%": "0",
                            "target_type": "instance",
                            "vpc_id": "vpc-0ee34d8a811a6ba67"
                        },
                        "meta": {},
                        "tainted": false
                    },
                    "deposed": [],
                    "provider": "provider.aws"
                },
                "aws_lb_target_group.jenkins-slave-8080": {
                    "type": "aws_lb_target_group",
                    "depends_on": [
                        "aws_vpc.default"
                    ],
                    "primary": {
                        "id": "arn:aws:elasticloadbalancing:us-east-2:549902048605:targetgroup/jenkins-slave-8080/4d2bc81a79d7b911",
                        "attributes": {
                            "arn": "arn:aws:elasticloadbalancing:us-east-2:549902048605:targetgroup/jenkins-slave-8080/4d2bc81a79d7b911",
                            "arn_suffix": "targetgroup/jenkins-slave-8080/4d2bc81a79d7b911",
                            "deregistration_delay": "300",
                            "health_check.#": "1",
                            "health_check.0.healthy_threshold": "3",
                            "health_check.0.interval": "30",
                            "health_check.0.matcher": "200,403",
                            "health_check.0.path": "/",
                            "health_check.0.port": "traffic-port",
                            "health_check.0.protocol": "HTTP",
                            "health_check.0.timeout": "5",
                            "health_check.0.unhealthy_threshold": "3",
                            "id": "arn:aws:elasticloadbalancing:us-east-2:549902048605:targetgroup/jenkins-slave-8080/4d2bc81a79d7b911",
                            "name": "jenkins-slave-8080",
                            "port": "8080",
                            "protocol": "HTTP",
                            "proxy_protocol_v2": "false",
                            "slow_start": "0",
                            "stickiness.#": "1",
                            "stickiness.0.cookie_duration": "86400",
                            "stickiness.0.enabled": "false",
                            "stickiness.0.type": "lb_cookie",
                            "tags.%": "0",
                            "target_type": "instance",
                            "vpc_id": "vpc-0ee34d8a811a6ba67"
                        },
                        "meta": {},
                        "tainted": false
                    },
                    "deposed": [],
                    "provider": "provider.aws"
                },
                "aws_lb_target_group_attachment.jenkins-8080": {
                    "type": "aws_lb_target_group_attachment",
                    "depends_on": [
                        "aws_instance.jenkins",
                        "aws_lb_target_group.jenkins-8080"
                    ],
                    "primary": {
                        "id": "arn:aws:elasticloadbalancing:us-east-2:549902048605:targetgroup/jenkins-8080/bf537d7c939a6059-20181217225051041800000004",
                        "attributes": {
                            "id": "arn:aws:elasticloadbalancing:us-east-2:549902048605:targetgroup/jenkins-8080/bf537d7c939a6059-20181217225051041800000004",
                            "port": "8080",
                            "target_group_arn": "arn:aws:elasticloadbalancing:us-east-2:549902048605:targetgroup/jenkins-8080/bf537d7c939a6059",
                            "target_id": "i-0c444a800cbcbd18a"
                        },
                        "meta": {},
                        "tainted": false
                    },
                    "deposed": [],
                    "provider": "provider.aws"
                },
                "aws_nat_gateway.nat_gw1": {
                    "type": "aws_nat_gateway",
                    "depends_on": [
                        "aws_eip.eip_Nat",
                        "aws_internet_gateway.gw",
                        "aws_subnet.public-subnet"
                    ],
                    "primary": {
                        "id": "nat-0805980a35755bebb",
                        "attributes": {
                            "allocation_id": "eipalloc-01e7335409834792d",
                            "id": "nat-0805980a35755bebb",
                            "network_interface_id": "eni-0293f11fa41973482",
                            "private_ip": "10.0.0.44",
                            "public_ip": "52.14.0.127",
                            "subnet_id": "subnet-0984ac3ae518bbe26",
                            "tags.%": "0"
                        },
                        "meta": {},
                        "tainted": false
                    },
                    "deposed": [],
                    "provider": "provider.aws"
                },
                "aws_route_table.private-rt": {
                    "type": "aws_route_table",
                    "depends_on": [
                        "aws_nat_gateway.nat_gw1",
                        "aws_vpc.default"
                    ],
                    "primary": {
                        "id": "rtb-0bb1d8e2f0def08f4",
                        "attributes": {
                            "id": "rtb-0bb1d8e2f0def08f4",
                            "owner_id": "549902048605",
                            "propagating_vgws.#": "0",
                            "route.#": "1",
                            "route.511258712.cidr_block": "0.0.0.0/0",
                            "route.511258712.egress_only_gateway_id": "",
                            "route.511258712.gateway_id": "",
                            "route.511258712.instance_id": "",
                            "route.511258712.ipv6_cidr_block": "",
                            "route.511258712.nat_gateway_id": "nat-0805980a35755bebb",
                            "route.511258712.network_interface_id": "",
                            "route.511258712.transit_gateway_id": "",
                            "route.511258712.vpc_peering_connection_id": "",
                            "tags.%": "1",
                            "tags.Name": "Private Subnet RT",
                            "vpc_id": "vpc-0ee34d8a811a6ba67"
                        },
                        "meta": {},
                        "tainted": false
                    },
                    "deposed": [],
                    "provider": "provider.aws"
                },
                "aws_route_table.public-rt": {
                    "type": "aws_route_table",
                    "depends_on": [
                        "aws_internet_gateway.gw",
                        "aws_vpc.default"
                    ],
                    "primary": {
                        "id": "rtb-0b29531d4cd6fcccd",
                        "attributes": {
                            "id": "rtb-0b29531d4cd6fcccd",
                            "owner_id": "549902048605",
                            "propagating_vgws.#": "0",
                            "route.#": "1",
                            "route.3916797075.cidr_block": "0.0.0.0/0",
                            "route.3916797075.egress_only_gateway_id": "",
                            "route.3916797075.gateway_id": "igw-003ca1f0a0f094d31",
                            "route.3916797075.instance_id": "",
                            "route.3916797075.ipv6_cidr_block": "",
                            "route.3916797075.nat_gateway_id": "",
                            "route.3916797075.network_interface_id": "",
                            "route.3916797075.transit_gateway_id": "",
                            "route.3916797075.vpc_peering_connection_id": "",
                            "tags.%": "1",
                            "tags.Name": "Public Subnet RT",
                            "vpc_id": "vpc-0ee34d8a811a6ba67"
                        },
                        "meta": {},
                        "tainted": false
                    },
                    "deposed": [],
                    "provider": "provider.aws"
                },
                "aws_route_table_association.private-rt1": {
                    "type": "aws_route_table_association",
                    "depends_on": [
                        "aws_route_table.private-rt",
                        "aws_subnet.private-subnet"
                    ],
                    "primary": {
                        "id": "rtbassoc-00196dd7715a4b491",
                        "attributes": {
                            "id": "rtbassoc-00196dd7715a4b491",
                            "route_table_id": "rtb-0bb1d8e2f0def08f4",
                            "subnet_id": "subnet-03e6b2458aed2fb5a"
                        },
                        "meta": {},
                        "tainted": false
                    },
                    "deposed": [],
                    "provider": "provider.aws"
                },
                "aws_route_table_association.private-rt2": {
                    "type": "aws_route_table_association",
                    "depends_on": [
                        "aws_route_table.private-rt",
                        "aws_subnet.private-subnet2"
                    ],
                    "primary": {
                        "id": "rtbassoc-04f7c4bc67d6c4f29",
                        "attributes": {
                            "id": "rtbassoc-04f7c4bc67d6c4f29",
                            "route_table_id": "rtb-0bb1d8e2f0def08f4",
                            "subnet_id": "subnet-0008f8a6681402466"
                        },
                        "meta": {},
                        "tainted": false
                    },
                    "deposed": [],
                    "provider": "provider.aws"
                },
                "aws_route_table_association.public-rt1": {
                    "type": "aws_route_table_association",
                    "depends_on": [
                        "aws_route_table.public-rt",
                        "aws_subnet.public-subnet"
                    ],
                    "primary": {
                        "id": "rtbassoc-0dab8a626e48cdc7f",
                        "attributes": {
                            "id": "rtbassoc-0dab8a626e48cdc7f",
                            "route_table_id": "rtb-0b29531d4cd6fcccd",
                            "subnet_id": "subnet-0984ac3ae518bbe26"
                        },
                        "meta": {},
                        "tainted": false
                    },
                    "deposed": [],
                    "provider": "provider.aws"
                },
                "aws_route_table_association.public-rt2": {
                    "type": "aws_route_table_association",
                    "depends_on": [
                        "aws_route_table.public-rt",
                        "aws_subnet.public-subnet2"
                    ],
                    "primary": {
                        "id": "rtbassoc-023c1fe4850fb19b8",
                        "attributes": {
                            "id": "rtbassoc-023c1fe4850fb19b8",
                            "route_table_id": "rtb-0b29531d4cd6fcccd",
                            "subnet_id": "subnet-0254cdea0d359bcd6"
                        },
                        "meta": {},
                        "tainted": false
                    },
                    "deposed": [],
                    "provider": "provider.aws"
                },
                "aws_security_group.jenkins-efs": {
                    "type": "aws_security_group",
                    "depends_on": [
                        "aws_vpc.default"
                    ],
                    "primary": {
                        "id": "sg-0d194ec191b221480",
                        "attributes": {
                            "arn": "arn:aws:ec2:us-east-2:549902048605:security-group/sg-0d194ec191b221480",
                            "description": "Allow incoming NFS ports",
                            "egress.#": "1",
                            "egress.482069346.cidr_blocks.#": "1",
                            "egress.482069346.cidr_blocks.0": "0.0.0.0/0",
                            "egress.482069346.description": "",
                            "egress.482069346.from_port": "0",
                            "egress.482069346.ipv6_cidr_blocks.#": "0",
                            "egress.482069346.prefix_list_ids.#": "0",
                            "egress.482069346.protocol": "-1",
                            "egress.482069346.security_groups.#": "0",
                            "egress.482069346.self": "false",
                            "egress.482069346.to_port": "0",
                            "id": "sg-0d194ec191b221480",
                            "ingress.#": "2",
                            "ingress.3329232486.cidr_blocks.#": "2",
                            "ingress.3329232486.cidr_blocks.0": "10.0.1.0/25",
                            "ingress.3329232486.cidr_blocks.1": "10.0.1.128/25",
                            "ingress.3329232486.description": "",
                            "ingress.3329232486.from_port": "2049",
                            "ingress.3329232486.ipv6_cidr_blocks.#": "0",
                            "ingress.3329232486.prefix_list_ids.#": "0",
                            "ingress.3329232486.protocol": "tcp",
                            "ingress.3329232486.security_groups.#": "0",
                            "ingress.3329232486.self": "false",
                            "ingress.3329232486.to_port": "2049",
                            "ingress.3901461386.cidr_blocks.#": "2",
                            "ingress.3901461386.cidr_blocks.0": "10.0.1.0/25",
                            "ingress.3901461386.cidr_blocks.1": "10.0.1.128/25",
                            "ingress.3901461386.description": "",
                            "ingress.3901461386.from_port": "-1",
                            "ingress.3901461386.ipv6_cidr_blocks.#": "0",
                            "ingress.3901461386.prefix_list_ids.#": "0",
                            "ingress.3901461386.protocol": "icmp",
                            "ingress.3901461386.security_groups.#": "0",
                            "ingress.3901461386.self": "false",
                            "ingress.3901461386.to_port": "-1",
                            "name": "sg_jenkins_efs",
                            "owner_id": "549902048605",
                            "revoke_rules_on_delete": "false",
                            "tags.%": "1",
                            "tags.Name": "EFS SG",
                            "vpc_id": "vpc-0ee34d8a811a6ba67"
                        },
                        "meta": {
                            "e2bfb730-ecaa-11e6-8f88-34363bc7c4c0": {
                                "create": 600000000000,
                                "delete": 600000000000
                            },
                            "schema_version": "1"
                        },
                        "tainted": false
                    },
                    "deposed": [],
                    "provider": "provider.aws"
                },
                "aws_security_group.sg_db": {
                    "type": "aws_security_group",
                    "depends_on": [
                        "aws_vpc.default"
                    ],
                    "primary": {
                        "id": "sg-09b18875d131ce264",
                        "attributes": {
                            "arn": "arn:aws:ec2:us-east-2:549902048605:security-group/sg-09b18875d131ce264",
                            "description": "Allow traffic from public subnet",
                            "egress.#": "1",
                            "egress.482069346.cidr_blocks.#": "1",
                            "egress.482069346.cidr_blocks.0": "0.0.0.0/0",
                            "egress.482069346.description": "",
                            "egress.482069346.from_port": "0",
                            "egress.482069346.ipv6_cidr_blocks.#": "0",
                            "egress.482069346.prefix_list_ids.#": "0",
                            "egress.482069346.protocol": "-1",
                            "egress.482069346.security_groups.#": "0",
                            "egress.482069346.self": "false",
                            "egress.482069346.to_port": "0",
                            "id": "sg-09b18875d131ce264",
                            "ingress.#": "4",
                            "ingress.1309507496.cidr_blocks.#": "1",
                            "ingress.1309507496.cidr_blocks.0": "10.0.1.128/25",
                            "ingress.1309507496.description": "",
                            "ingress.1309507496.from_port": "-1",
                            "ingress.1309507496.ipv6_cidr_blocks.#": "0",
                            "ingress.1309507496.prefix_list_ids.#": "0",
                            "ingress.1309507496.protocol": "icmp",
                            "ingress.1309507496.security_groups.#": "0",
                            "ingress.1309507496.self": "false",
                            "ingress.1309507496.to_port": "-1",
                            "ingress.1782943270.cidr_blocks.#": "1",
                            "ingress.1782943270.cidr_blocks.0": "10.0.1.0/25",
                            "ingress.1782943270.description": "",
                            "ingress.1782943270.from_port": "5432",
                            "ingress.1782943270.ipv6_cidr_blocks.#": "0",
                            "ingress.1782943270.prefix_list_ids.#": "0",
                            "ingress.1782943270.protocol": "tcp",
                            "ingress.1782943270.security_groups.#": "0",
                            "ingress.1782943270.self": "false",
                            "ingress.1782943270.to_port": "5432",
                            "ingress.2163364444.cidr_blocks.#": "1",
                            "ingress.2163364444.cidr_blocks.0": "10.0.1.0/25",
                            "ingress.2163364444.description": "",
                            "ingress.2163364444.from_port": "-1",
                            "ingress.2163364444.ipv6_cidr_blocks.#": "0",
                            "ingress.2163364444.prefix_list_ids.#": "0",
                            "ingress.2163364444.protocol": "icmp",
                            "ingress.2163364444.security_groups.#": "0",
                            "ingress.2163364444.self": "false",
                            "ingress.2163364444.to_port": "-1",
                            "ingress.347642524.cidr_blocks.#": "1",
                            "ingress.347642524.cidr_blocks.0": "10.0.1.128/25",
                            "ingress.347642524.description": "",
                            "ingress.347642524.from_port": "5432",
                            "ingress.347642524.ipv6_cidr_blocks.#": "0",
                            "ingress.347642524.prefix_list_ids.#": "0",
                            "ingress.347642524.protocol": "tcp",
                            "ingress.347642524.security_groups.#": "0",
                            "ingress.347642524.self": "false",
                            "ingress.347642524.to_port": "5432",
                            "name": "sg_db",
                            "owner_id": "549902048605",
                            "revoke_rules_on_delete": "false",
                            "tags.%": "1",
                            "tags.Name": "DB_SG",
                            "vpc_id": "vpc-0ee34d8a811a6ba67"
                        },
                        "meta": {
                            "e2bfb730-ecaa-11e6-8f88-34363bc7c4c0": {
                                "create": 600000000000,
                                "delete": 600000000000
                            },
                            "schema_version": "1"
                        },
                        "tainted": false
                    },
                    "deposed": [],
                    "provider": "provider.aws"
                },
                "aws_security_group.sg_git": {
                    "type": "aws_security_group",
                    "depends_on": [
                        "aws_vpc.default"
                    ],
                    "primary": {
                        "id": "sg-0c9c8da00e746b5d0",
                        "attributes": {
                            "arn": "arn:aws:ec2:us-east-2:549902048605:security-group/sg-0c9c8da00e746b5d0",
                            "description": "Allow traffic from public subnet",
                            "egress.#": "1",
                            "egress.482069346.cidr_blocks.#": "1",
                            "egress.482069346.cidr_blocks.0": "0.0.0.0/0",
                            "egress.482069346.description": "",
                            "egress.482069346.from_port": "0",
                            "egress.482069346.ipv6_cidr_blocks.#": "0",
                            "egress.482069346.prefix_list_ids.#": "0",
                            "egress.482069346.protocol": "-1",
                            "egress.482069346.security_groups.#": "0",
                            "egress.482069346.self": "false",
                            "egress.482069346.to_port": "0",
                            "id": "sg-0c9c8da00e746b5d0",
                            "ingress.#": "5",
                            "ingress.1576785827.cidr_blocks.#": "5",
                            "ingress.1576785827.cidr_blocks.0": "10.0.1.0/25",
                            "ingress.1576785827.cidr_blocks.1": "10.0.1.128/25",
                            "ingress.1576785827.cidr_blocks.2": "10.0.0.0/25",
                            "ingress.1576785827.cidr_blocks.3": "10.0.0.128/25",
                            "ingress.1576785827.cidr_blocks.4": "173.172.103.202/32",
                            "ingress.1576785827.description": "",
                            "ingress.1576785827.from_port": "7990",
                            "ingress.1576785827.ipv6_cidr_blocks.#": "0",
                            "ingress.1576785827.prefix_list_ids.#": "0",
                            "ingress.1576785827.protocol": "tcp",
                            "ingress.1576785827.security_groups.#": "0",
                            "ingress.1576785827.self": "false",
                            "ingress.1576785827.to_port": "7990",
                            "ingress.1602626600.cidr_blocks.#": "5",
                            "ingress.1602626600.cidr_blocks.0": "10.0.1.0/25",
                            "ingress.1602626600.cidr_blocks.1": "10.0.1.128/25",
                            "ingress.1602626600.cidr_blocks.2": "10.0.0.0/25",
                            "ingress.1602626600.cidr_blocks.3": "10.0.0.128/25",
                            "ingress.1602626600.cidr_blocks.4": "173.172.103.202/32",
                            "ingress.1602626600.description": "",
                            "ingress.1602626600.from_port": "80",
                            "ingress.1602626600.ipv6_cidr_blocks.#": "0",
                            "ingress.1602626600.prefix_list_ids.#": "0",
                            "ingress.1602626600.protocol": "tcp",
                            "ingress.1602626600.security_groups.#": "0",
                            "ingress.1602626600.self": "false",
                            "ingress.1602626600.to_port": "80",
                            "ingress.2631861413.cidr_blocks.#": "1",
                            "ingress.2631861413.cidr_blocks.0": "10.0.0.128/25",
                            "ingress.2631861413.description": "",
                            "ingress.2631861413.from_port": "22",
                            "ingress.2631861413.ipv6_cidr_blocks.#": "0",
                            "ingress.2631861413.prefix_list_ids.#": "0",
                            "ingress.2631861413.protocol": "tcp",
                            "ingress.2631861413.security_groups.#": "0",
                            "ingress.2631861413.self": "false",
                            "ingress.2631861413.to_port": "22",
                            "ingress.518895600.cidr_blocks.#": "1",
                            "ingress.518895600.cidr_blocks.0": "10.0.0.0/25",
                            "ingress.518895600.description": "",
                            "ingress.518895600.from_port": "22",
                            "ingress.518895600.ipv6_cidr_blocks.#": "0",
                            "ingress.518895600.prefix_list_ids.#": "0",
                            "ingress.518895600.protocol": "tcp",
                            "ingress.518895600.security_groups.#": "0",
                            "ingress.518895600.self": "false",
                            "ingress.518895600.to_port": "22",
                            "ingress.798399694.cidr_blocks.#": "5",
                            "ingress.798399694.cidr_blocks.0": "10.0.1.0/25",
                            "ingress.798399694.cidr_blocks.1": "10.0.1.128/25",
                            "ingress.798399694.cidr_blocks.2": "10.0.0.0/25",
                            "ingress.798399694.cidr_blocks.3": "10.0.0.128/25",
                            "ingress.798399694.cidr_blocks.4": "173.172.103.202/32",
                            "ingress.798399694.description": "",
                            "ingress.798399694.from_port": "-1",
                            "ingress.798399694.ipv6_cidr_blocks.#": "0",
                            "ingress.798399694.prefix_list_ids.#": "0",
                            "ingress.798399694.protocol": "icmp",
                            "ingress.798399694.security_groups.#": "0",
                            "ingress.798399694.self": "false",
                            "ingress.798399694.to_port": "-1",
                            "name": "sg_git",
                            "owner_id": "549902048605",
                            "revoke_rules_on_delete": "false",
                            "tags.%": "1",
                            "tags.Name": "GIT_SG",
                            "vpc_id": "vpc-0ee34d8a811a6ba67"
                        },
                        "meta": {
                            "e2bfb730-ecaa-11e6-8f88-34363bc7c4c0": {
                                "create": 600000000000,
                                "delete": 600000000000
                            },
                            "schema_version": "1"
                        },
                        "tainted": false
                    },
                    "deposed": [],
                    "provider": "provider.aws"
                },
                "aws_security_group.sg_jenkins": {
                    "type": "aws_security_group",
                    "depends_on": [
                        "aws_vpc.default"
                    ],
                    "primary": {
                        "id": "sg-072967a4bf88423f9",
                        "attributes": {
                            "arn": "arn:aws:ec2:us-east-2:549902048605:security-group/sg-072967a4bf88423f9",
                            "description": "Allow traffic from public subnet",
                            "egress.#": "1",
                            "egress.482069346.cidr_blocks.#": "1",
                            "egress.482069346.cidr_blocks.0": "0.0.0.0/0",
                            "egress.482069346.description": "",
                            "egress.482069346.from_port": "0",
                            "egress.482069346.ipv6_cidr_blocks.#": "0",
                            "egress.482069346.prefix_list_ids.#": "0",
                            "egress.482069346.protocol": "-1",
                            "egress.482069346.security_groups.#": "0",
                            "egress.482069346.self": "false",
                            "egress.482069346.to_port": "0",
                            "id": "sg-072967a4bf88423f9",
                            "ingress.#": "4",
                            "ingress.1203501372.cidr_blocks.#": "5",
                            "ingress.1203501372.cidr_blocks.0": "10.0.1.0/25",
                            "ingress.1203501372.cidr_blocks.1": "10.0.1.128/25",
                            "ingress.1203501372.cidr_blocks.2": "10.0.0.0/25",
                            "ingress.1203501372.cidr_blocks.3": "10.0.0.128/25",
                            "ingress.1203501372.cidr_blocks.4": "173.172.103.202/32",
                            "ingress.1203501372.description": "",
                            "ingress.1203501372.from_port": "8080",
                            "ingress.1203501372.ipv6_cidr_blocks.#": "0",
                            "ingress.1203501372.prefix_list_ids.#": "0",
                            "ingress.1203501372.protocol": "tcp",
                            "ingress.1203501372.security_groups.#": "0",
                            "ingress.1203501372.self": "false",
                            "ingress.1203501372.to_port": "8080",
                            "ingress.2631861413.cidr_blocks.#": "1",
                            "ingress.2631861413.cidr_blocks.0": "10.0.0.128/25",
                            "ingress.2631861413.description": "",
                            "ingress.2631861413.from_port": "22",
                            "ingress.2631861413.ipv6_cidr_blocks.#": "0",
                            "ingress.2631861413.prefix_list_ids.#": "0",
                            "ingress.2631861413.protocol": "tcp",
                            "ingress.2631861413.security_groups.#": "0",
                            "ingress.2631861413.self": "false",
                            "ingress.2631861413.to_port": "22",
                            "ingress.518895600.cidr_blocks.#": "1",
                            "ingress.518895600.cidr_blocks.0": "10.0.0.0/25",
                            "ingress.518895600.description": "",
                            "ingress.518895600.from_port": "22",
                            "ingress.518895600.ipv6_cidr_blocks.#": "0",
                            "ingress.518895600.prefix_list_ids.#": "0",
                            "ingress.518895600.protocol": "tcp",
                            "ingress.518895600.security_groups.#": "0",
                            "ingress.518895600.self": "false",
                            "ingress.518895600.to_port": "22",
                            "ingress.798399694.cidr_blocks.#": "5",
                            "ingress.798399694.cidr_blocks.0": "10.0.1.0/25",
                            "ingress.798399694.cidr_blocks.1": "10.0.1.128/25",
                            "ingress.798399694.cidr_blocks.2": "10.0.0.0/25",
                            "ingress.798399694.cidr_blocks.3": "10.0.0.128/25",
                            "ingress.798399694.cidr_blocks.4": "173.172.103.202/32",
                            "ingress.798399694.description": "",
                            "ingress.798399694.from_port": "-1",
                            "ingress.798399694.ipv6_cidr_blocks.#": "0",
                            "ingress.798399694.prefix_list_ids.#": "0",
                            "ingress.798399694.protocol": "icmp",
                            "ingress.798399694.security_groups.#": "0",
                            "ingress.798399694.self": "false",
                            "ingress.798399694.to_port": "-1",
                            "name": "sg_jenkins",
                            "owner_id": "549902048605",
                            "revoke_rules_on_delete": "false",
                            "tags.%": "1",
                            "tags.Name": "Jenkins_SG",
                            "vpc_id": "vpc-0ee34d8a811a6ba67"
                        },
                        "meta": {
                            "e2bfb730-ecaa-11e6-8f88-34363bc7c4c0": {
                                "create": 600000000000,
                                "delete": 600000000000
                            },
                            "schema_version": "1"
                        },
                        "tainted": false
                    },
                    "deposed": [],
                    "provider": "provider.aws"
                },
                "aws_security_group.sgbastion": {
                    "type": "aws_security_group",
                    "depends_on": [
                        "aws_vpc.default"
                    ],
                    "primary": {
                        "id": "sg-08ee345779c5d1fe3",
                        "attributes": {
                            "arn": "arn:aws:ec2:us-east-2:549902048605:security-group/sg-08ee345779c5d1fe3",
                            "description": "Allow incoming SSH access and ping",
                            "egress.#": "1",
                            "egress.482069346.cidr_blocks.#": "1",
                            "egress.482069346.cidr_blocks.0": "0.0.0.0/0",
                            "egress.482069346.description": "",
                            "egress.482069346.from_port": "0",
                            "egress.482069346.ipv6_cidr_blocks.#": "0",
                            "egress.482069346.prefix_list_ids.#": "0",
                            "egress.482069346.protocol": "-1",
                            "egress.482069346.security_groups.#": "0",
                            "egress.482069346.self": "false",
                            "egress.482069346.to_port": "0",
                            "id": "sg-08ee345779c5d1fe3",
                            "ingress.#": "2",
                            "ingress.1971223506.cidr_blocks.#": "1",
                            "ingress.1971223506.cidr_blocks.0": "173.172.103.202/32",
                            "ingress.1971223506.description": "",
                            "ingress.1971223506.from_port": "-1",
                            "ingress.1971223506.ipv6_cidr_blocks.#": "0",
                            "ingress.1971223506.prefix_list_ids.#": "0",
                            "ingress.1971223506.protocol": "icmp",
                            "ingress.1971223506.security_groups.#": "0",
                            "ingress.1971223506.self": "false",
                            "ingress.1971223506.to_port": "-1",
                            "ingress.2447130443.cidr_blocks.#": "1",
                            "ingress.2447130443.cidr_blocks.0": "173.172.103.202/32",
                            "ingress.2447130443.description": "",
                            "ingress.2447130443.from_port": "22",
                            "ingress.2447130443.ipv6_cidr_blocks.#": "0",
                            "ingress.2447130443.prefix_list_ids.#": "0",
                            "ingress.2447130443.protocol": "tcp",
                            "ingress.2447130443.security_groups.#": "0",
                            "ingress.2447130443.self": "false",
                            "ingress.2447130443.to_port": "22",
                            "name": "sg_bastion",
                            "owner_id": "549902048605",
                            "revoke_rules_on_delete": "false",
                            "tags.%": "1",
                            "tags.Name": "Bastion SG",
                            "vpc_id": "vpc-0ee34d8a811a6ba67"
                        },
                        "meta": {
                            "e2bfb730-ecaa-11e6-8f88-34363bc7c4c0": {
                                "create": 600000000000,
                                "delete": 600000000000
                            },
                            "schema_version": "1"
                        },
                        "tainted": false
                    },
                    "deposed": [],
                    "provider": "provider.aws"
                },
                "aws_subnet.private-db-subnet": {
                    "type": "aws_subnet",
                    "depends_on": [
                        "aws_vpc.default"
                    ],
                    "primary": {
                        "id": "subnet-0a2d82e6770ca3d0c",
                        "attributes": {
                            "arn": "arn:aws:ec2:us-east-2:549902048605:subnet/subnet-0a2d82e6770ca3d0c",
                            "assign_ipv6_address_on_creation": "false",
                            "availability_zone": "us-east-2a",
                            "availability_zone_id": "use2-az1",
                            "cidr_block": "10.0.2.0/25",
                            "id": "subnet-0a2d82e6770ca3d0c",
                            "ipv6_cidr_block": "",
                            "ipv6_cidr_block_association_id": "",
                            "map_public_ip_on_launch": "false",
                            "owner_id": "549902048605",
                            "tags.%": "1",
                            "tags.Name": "Database Private Subnet 1",
                            "vpc_id": "vpc-0ee34d8a811a6ba67"
                        },
                        "meta": {
                            "e2bfb730-ecaa-11e6-8f88-34363bc7c4c0": {
                                "create": 600000000000,
                                "delete": 600000000000
                            },
                            "schema_version": "1"
                        },
                        "tainted": false
                    },
                    "deposed": [],
                    "provider": "provider.aws"
                },
                "aws_subnet.private-db-subnet2": {
                    "type": "aws_subnet",
                    "depends_on": [
                        "aws_vpc.default"
                    ],
                    "primary": {
                        "id": "subnet-0b16c1c9146608fe2",
                        "attributes": {
                            "arn": "arn:aws:ec2:us-east-2:549902048605:subnet/subnet-0b16c1c9146608fe2",
                            "assign_ipv6_address_on_creation": "false",
                            "availability_zone": "us-east-2b",
                            "availability_zone_id": "use2-az2",
                            "cidr_block": "10.0.2.128/25",
                            "id": "subnet-0b16c1c9146608fe2",
                            "ipv6_cidr_block": "",
                            "ipv6_cidr_block_association_id": "",
                            "map_public_ip_on_launch": "false",
                            "owner_id": "549902048605",
                            "tags.%": "1",
                            "tags.Name": "Database Private Subnet 2",
                            "vpc_id": "vpc-0ee34d8a811a6ba67"
                        },
                        "meta": {
                            "e2bfb730-ecaa-11e6-8f88-34363bc7c4c0": {
                                "create": 600000000000,
                                "delete": 600000000000
                            },
                            "schema_version": "1"
                        },
                        "tainted": false
                    },
                    "deposed": [],
                    "provider": "provider.aws"
                },
                "aws_subnet.private-subnet": {
                    "type": "aws_subnet",
                    "depends_on": [
                        "aws_vpc.default"
                    ],
                    "primary": {
                        "id": "subnet-03e6b2458aed2fb5a",
                        "attributes": {
                            "arn": "arn:aws:ec2:us-east-2:549902048605:subnet/subnet-03e6b2458aed2fb5a",
                            "assign_ipv6_address_on_creation": "false",
                            "availability_zone": "us-east-2a",
                            "availability_zone_id": "use2-az1",
                            "cidr_block": "10.0.1.0/25",
                            "id": "subnet-03e6b2458aed2fb5a",
                            "ipv6_cidr_block": "",
                            "ipv6_cidr_block_association_id": "",
                            "map_public_ip_on_launch": "false",
                            "owner_id": "549902048605",
                            "tags.%": "1",
                            "tags.Name": "App Private Subnet 1",
                            "vpc_id": "vpc-0ee34d8a811a6ba67"
                        },
                        "meta": {
                            "e2bfb730-ecaa-11e6-8f88-34363bc7c4c0": {
                                "create": 600000000000,
                                "delete": 600000000000
                            },
                            "schema_version": "1"
                        },
                        "tainted": false
                    },
                    "deposed": [],
                    "provider": "provider.aws"
                },
                "aws_subnet.private-subnet2": {
                    "type": "aws_subnet",
                    "depends_on": [
                        "aws_vpc.default"
                    ],
                    "primary": {
                        "id": "subnet-0008f8a6681402466",
                        "attributes": {
                            "arn": "arn:aws:ec2:us-east-2:549902048605:subnet/subnet-0008f8a6681402466",
                            "assign_ipv6_address_on_creation": "false",
                            "availability_zone": "us-east-2b",
                            "availability_zone_id": "use2-az2",
                            "cidr_block": "10.0.1.128/25",
                            "id": "subnet-0008f8a6681402466",
                            "ipv6_cidr_block": "",
                            "ipv6_cidr_block_association_id": "",
                            "map_public_ip_on_launch": "false",
                            "owner_id": "549902048605",
                            "tags.%": "1",
                            "tags.Name": "App Private Subnet 2",
                            "vpc_id": "vpc-0ee34d8a811a6ba67"
                        },
                        "meta": {
                            "e2bfb730-ecaa-11e6-8f88-34363bc7c4c0": {
                                "create": 600000000000,
                                "delete": 600000000000
                            },
                            "schema_version": "1"
                        },
                        "tainted": false
                    },
                    "deposed": [],
                    "provider": "provider.aws"
                },
                "aws_subnet.public-subnet": {
                    "type": "aws_subnet",
                    "depends_on": [
                        "aws_vpc.default"
                    ],
                    "primary": {
                        "id": "subnet-0984ac3ae518bbe26",
                        "attributes": {
                            "arn": "arn:aws:ec2:us-east-2:549902048605:subnet/subnet-0984ac3ae518bbe26",
                            "assign_ipv6_address_on_creation": "false",
                            "availability_zone": "us-east-2a",
                            "availability_zone_id": "use2-az1",
                            "cidr_block": "10.0.0.0/25",
                            "id": "subnet-0984ac3ae518bbe26",
                            "ipv6_cidr_block": "",
                            "ipv6_cidr_block_association_id": "",
                            "map_public_ip_on_launch": "false",
                            "owner_id": "549902048605",
                            "tags.%": "1",
                            "tags.Name": "Web Public Subnet 1",
                            "vpc_id": "vpc-0ee34d8a811a6ba67"
                        },
                        "meta": {
                            "e2bfb730-ecaa-11e6-8f88-34363bc7c4c0": {
                                "create": 600000000000,
                                "delete": 600000000000
                            },
                            "schema_version": "1"
                        },
                        "tainted": false
                    },
                    "deposed": [],
                    "provider": "provider.aws"
                },
                "aws_subnet.public-subnet2": {
                    "type": "aws_subnet",
                    "depends_on": [
                        "aws_vpc.default"
                    ],
                    "primary": {
                        "id": "subnet-0254cdea0d359bcd6",
                        "attributes": {
                            "arn": "arn:aws:ec2:us-east-2:549902048605:subnet/subnet-0254cdea0d359bcd6",
                            "assign_ipv6_address_on_creation": "false",
                            "availability_zone": "us-east-2b",
                            "availability_zone_id": "use2-az2",
                            "cidr_block": "10.0.0.128/25",
                            "id": "subnet-0254cdea0d359bcd6",
                            "ipv6_cidr_block": "",
                            "ipv6_cidr_block_association_id": "",
                            "map_public_ip_on_launch": "false",
                            "owner_id": "549902048605",
                            "tags.%": "1",
                            "tags.Name": "Web Public Subnet 2",
                            "vpc_id": "vpc-0ee34d8a811a6ba67"
                        },
                        "meta": {
                            "e2bfb730-ecaa-11e6-8f88-34363bc7c4c0": {
                                "create": 600000000000,
                                "delete": 600000000000
                            },
                            "schema_version": "1"
                        },
                        "tainted": false
                    },
                    "deposed": [],
                    "provider": "provider.aws"
                },
                "aws_vpc.default": {
                    "type": "aws_vpc",
                    "depends_on": [],
                    "primary": {
                        "id": "vpc-0ee34d8a811a6ba67",
                        "attributes": {
                            "arn": "arn:aws:ec2:us-east-2:549902048605:vpc/vpc-0ee34d8a811a6ba67",
                            "assign_generated_ipv6_cidr_block": "false",
                            "cidr_block": "10.0.0.0/16",
                            "default_network_acl_id": "acl-04033636c3d97202d",
                            "default_route_table_id": "rtb-0cb4fc6988ad185a2",
                            "default_security_group_id": "sg-09e058242e5abd0ab",
                            "dhcp_options_id": "dopt-f933d692",
                            "enable_dns_hostnames": "true",
                            "enable_dns_support": "true",
                            "id": "vpc-0ee34d8a811a6ba67",
                            "instance_tenancy": "default",
                            "ipv6_association_id": "",
                            "ipv6_cidr_block": "",
                            "main_route_table_id": "rtb-0cb4fc6988ad185a2",
                            "owner_id": "549902048605",
                            "tags.%": "1",
                            "tags.Name": "DevOps POC VPC"
                        },
                        "meta": {
                            "schema_version": "1"
                        },
                        "tainted": false
                    },
                    "deposed": [],
                    "provider": "provider.aws"
                },
                "data.aws_ami.amzn": {
                    "type": "aws_ami",
                    "depends_on": [],
                    "primary": {
                        "id": "ami-02e680c4540db351e",
                        "attributes": {
                            "architecture": "x86_64",
                            "block_device_mappings.#": "1",
                            "block_device_mappings.340275815.device_name": "/dev/xvda",
                            "block_device_mappings.340275815.ebs.%": "6",
                            "block_device_mappings.340275815.ebs.delete_on_termination": "true",
                            "block_device_mappings.340275815.ebs.encrypted": "false",
                            "block_device_mappings.340275815.ebs.iops": "0",
                            "block_device_mappings.340275815.ebs.snapshot_id": "snap-00525f7708ba0b6dc",
                            "block_device_mappings.340275815.ebs.volume_size": "8",
                            "block_device_mappings.340275815.ebs.volume_type": "gp2",
                            "block_device_mappings.340275815.no_device": "",
                            "block_device_mappings.340275815.virtual_name": "",
                            "creation_date": "2018-11-14T09:06:55.000Z",
                            "description": "Amazon Linux 2 AMI 2.0.20181114 x86_64 HVM gp2",
                            "filter.#": "1",
                            "filter.3325118623.name": "name",
                            "filter.3325118623.values.#": "1",
                            "filter.3325118623.values.0": "amzn2-ami-hvm-2.0.*-x86_64-gp2",
                            "hypervisor": "xen",
                            "id": "ami-02e680c4540db351e",
                            "image_id": "ami-02e680c4540db351e",
                            "image_location": "amazon/amzn2-ami-hvm-2.0.20181114-x86_64-gp2",
                            "image_owner_alias": "amazon",
                            "image_type": "machine",
                            "most_recent": "true",
                            "name": "amzn2-ami-hvm-2.0.20181114-x86_64-gp2",
                            "owner_id": "137112412989",
                            "product_codes.#": "0",
                            "public": "true",
                            "root_device_name": "/dev/xvda",
                            "root_device_type": "ebs",
                            "root_snapshot_id": "snap-00525f7708ba0b6dc",
                            "sriov_net_support": "simple",
                            "state": "available",
                            "state_reason.%": "2",
                            "state_reason.code": "UNSET",
                            "state_reason.message": "UNSET",
                            "tags.%": "0",
                            "virtualization_type": "hvm"
                        },
                        "meta": {},
                        "tainted": false
                    },
                    "deposed": [],
                    "provider": "provider.aws"
                },
                "data.aws_ami.rhel": {
                    "type": "aws_ami",
                    "depends_on": [],
                    "primary": {
                        "id": "ami-03291866",
                        "attributes": {
                            "architecture": "x86_64",
                            "block_device_mappings.#": "1",
                            "block_device_mappings.309099847.device_name": "/dev/sda1",
                            "block_device_mappings.309099847.ebs.%": "6",
                            "block_device_mappings.309099847.ebs.delete_on_termination": "true",
                            "block_device_mappings.309099847.ebs.encrypted": "false",
                            "block_device_mappings.309099847.ebs.iops": "0",
                            "block_device_mappings.309099847.ebs.snapshot_id": "snap-0cf126c0e00af0cb4",
                            "block_device_mappings.309099847.ebs.volume_size": "10",
                            "block_device_mappings.309099847.ebs.volume_type": "gp2",
                            "block_device_mappings.309099847.no_device": "",
                            "block_device_mappings.309099847.virtual_name": "",
                            "creation_date": "2018-03-23T20:40:52.000Z",
                            "description": "Provided by Red Hat, Inc.",
                            "filter.#": "1",
                            "filter.3123460170.name": "name",
                            "filter.3123460170.values.#": "1",
                            "filter.3123460170.values.0": "RHEL-7.5_HVM_GA*",
                            "hypervisor": "xen",
                            "id": "ami-03291866",
                            "image_id": "ami-03291866",
                            "image_location": "309956199498/RHEL-7.5_HVM_GA-20180322-x86_64-1-Hourly2-GP2",
                            "image_type": "machine",
                            "most_recent": "true",
                            "name": "RHEL-7.5_HVM_GA-20180322-x86_64-1-Hourly2-GP2",
                            "owner_id": "309956199498",
                            "product_codes.#": "0",
                            "public": "true",
                            "root_device_name": "/dev/sda1",
                            "root_device_type": "ebs",
                            "root_snapshot_id": "snap-0cf126c0e00af0cb4",
                            "sriov_net_support": "simple",
                            "state": "available",
                            "state_reason.%": "2",
                            "state_reason.code": "UNSET",
                            "state_reason.message": "UNSET",
                            "tags.%": "0",
                            "virtualization_type": "hvm"
                        },
                        "meta": {},
                        "tainted": false
                    },
                    "deposed": [],
                    "provider": "provider.aws"
                },
                "data.aws_iam_policy.ec2-readonly-policy": {
                    "type": "aws_iam_policy",
                    "depends_on": [],
                    "primary": {
                        "id": "arn:aws:iam::aws:policy/ReadOnlyAccess",
                        "attributes": {
                            "arn": "arn:aws:iam::aws:policy/ReadOnlyAccess",
                            "description": "Provides read-only access to AWS services and resources.",
                            "id": "arn:aws:iam::aws:policy/ReadOnlyAccess",
                            "name": "ReadOnlyAccess",
                            "path": "/",
                            "policy": "{\n  \"Version\": \"2012-10-17\",\n  \"Statement\": [\n    {\n      \"Action\": [\n        \"a4b:Get*\",\n        \"a4b:List*\",\n        \"a4b:Describe*\",\n        \"a4b:Search*\",\n        \"acm:Describe*\",\n        \"acm:Get*\",\n        \"acm:List*\",\n        \"apigateway:GET\",\n        \"application-autoscaling:Describe*\",\n        \"autoscaling-plans:Describe*\",\n        \"appstream:Describe*\",\n        \"appstream:Get*\",\n        \"appstream:List*\",\n        \"athena:List*\",\n        \"athena:Batch*\",\n        \"athena:Get*\",\n        \"autoscaling:Describe*\",\n        \"batch:List*\",\n        \"batch:Describe*\",\n        \"cloud9:Describe*\",\n        \"cloud9:List*\",\n        \"clouddirectory:List*\",\n        \"clouddirectory:BatchRead\",\n        \"clouddirectory:Get*\",\n        \"clouddirectory:LookupPolicy\",\n        \"cloudformation:Describe*\",\n        \"cloudformation:Get*\",\n        \"cloudformation:List*\",\n        \"cloudformation:Estimate*\",\n        \"cloudformation:Preview*\",\n        \"cloudfront:Get*\",\n        \"cloudfront:List*\",\n        \"cloudhsm:List*\",\n        \"cloudhsm:Describe*\",\n        \"cloudhsm:Get*\",\n        \"cloudsearch:Describe*\",\n        \"cloudsearch:List*\",\n        \"cloudtrail:Describe*\",\n        \"cloudtrail:Get*\",\n        \"cloudtrail:List*\",\n        \"cloudtrail:LookupEvents\",\n        \"cloudwatch:Describe*\",\n        \"cloudwatch:Get*\",\n        \"cloudwatch:List*\",\n        \"codebuild:BatchGet*\",\n        \"codebuild:List*\",\n        \"codecommit:BatchGet*\",\n        \"codecommit:Describe*\",\n        \"codecommit:Get*\",\n        \"codecommit:GitPull\",\n        \"codecommit:List*\",\n        \"codedeploy:BatchGet*\",\n        \"codedeploy:Get*\",\n        \"codedeploy:List*\",\n        \"codepipeline:List*\",\n        \"codepipeline:Get*\",\n        \"codestar:List*\",\n        \"codestar:Describe*\",\n        \"codestar:Get*\",\n        \"codestar:Verify*\",\n        \"cognito-identity:List*\",\n        \"cognito-identity:Describe*\",\n        \"cognito-identity:Lookup*\",\n        \"cognito-sync:List*\",\n        \"cognito-sync:Describe*\",\n        \"cognito-sync:Get*\",\n        \"cognito-sync:QueryRecords\",\n        \"cognito-idp:AdminGet*\",\n        \"cognito-idp:AdminList*\",\n        \"cognito-idp:List*\",\n        \"cognito-idp:Describe*\",\n        \"cognito-idp:Get*\",\n        \"config:Deliver*\",\n        \"config:Describe*\",\n        \"config:Get*\",\n        \"config:List*\",\n        \"connect:List*\",\n        \"connect:Describe*\",\n        \"connect:GetFederationToken\",\n        \"datapipeline:Describe*\",\n        \"datapipeline:EvaluateExpression\",\n        \"datapipeline:Get*\",\n        \"datapipeline:List*\",\n        \"datapipeline:QueryObjects\",\n        \"datapipeline:Validate*\",\n        \"dax:BatchGetItem\",\n        \"dax:Describe*\",\n        \"dax:GetItem\",\n        \"dax:ListTags\",\n        \"dax:Query\",\n        \"dax:Scan\",\n        \"directconnect:Describe*\",\n        \"devicefarm:List*\",\n        \"devicefarm:Get*\",\n        \"discovery:Describe*\",\n        \"discovery:List*\",\n        \"discovery:Get*\",\n        \"dlm:Get*\",\n        \"dms:Describe*\",\n        \"dms:List*\",\n        \"dms:Test*\",\n        \"ds:Check*\",\n        \"ds:Describe*\",\n        \"ds:Get*\",\n        \"ds:List*\",\n        \"ds:Verify*\",\n        \"dynamodb:BatchGet*\",\n        \"dynamodb:Describe*\",\n        \"dynamodb:Get*\",\n        \"dynamodb:List*\",\n        \"dynamodb:Query\",\n        \"dynamodb:Scan\",\n        \"ec2:Describe*\",\n        \"ec2:Get*\",\n        \"ec2messages:Get*\",\n        \"ecr:BatchCheck*\",\n        \"ecr:BatchGet*\",\n        \"ecr:Describe*\",\n        \"ecr:Get*\",\n        \"ecr:List*\",\n        \"ecs:Describe*\",\n        \"ecs:List*\",\n        \"eks:DescribeCluster\",\n        \"eks:ListClusters\",\n        \"elasticache:Describe*\",\n        \"elasticache:List*\",\n        \"elasticbeanstalk:Check*\",\n        \"elasticbeanstalk:Describe*\",\n        \"elasticbeanstalk:List*\",\n        \"elasticbeanstalk:Request*\",\n        \"elasticbeanstalk:Retrieve*\",\n        \"elasticbeanstalk:Validate*\",\n        \"elasticfilesystem:Describe*\",\n        \"elasticloadbalancing:Describe*\",\n        \"elasticmapreduce:Describe*\",\n        \"elasticmapreduce:List*\",\n        \"elasticmapreduce:View*\",\n        \"elastictranscoder:List*\",\n        \"elastictranscoder:Read*\",\n        \"es:Describe*\",\n        \"es:List*\",\n        \"es:Get*\",\n        \"es:ESHttpGet\",\n        \"es:ESHttpHead\",\n        \"events:Describe*\",\n        \"events:List*\",\n        \"events:Test*\",\n        \"firehose:Describe*\",\n        \"firehose:List*\",\n        \"gamelift:List*\",\n        \"gamelift:Get*\",\n        \"gamelift:Describe*\",\n        \"gamelift:RequestUploadCredentials\",\n        \"gamelift:ResolveAlias\",\n        \"gamelift:Search*\",\n        \"glacier:List*\",\n        \"glacier:Describe*\",\n        \"glacier:Get*\",\n        \"greengrass:Get*\",\n        \"greengrass:List*\",\n        \"guardduty:Get*\",\n        \"guardduty:List*\",\n        \"health:Describe*\",\n        \"health:Get*\",\n        \"health:List*\",\n        \"iam:Generate*\",\n        \"iam:Get*\",\n        \"iam:List*\",\n        \"iam:Simulate*\",\n        \"importexport:Get*\",\n        \"importexport:List*\",\n        \"inspector:Describe*\",\n        \"inspector:Get*\",\n        \"inspector:List*\",\n        \"inspector:Preview*\",\n        \"inspector:LocalizeText\",\n        \"iot:Describe*\",\n        \"iot:Get*\",\n        \"iot:List*\",\n        \"iotanalytics:Describe*\",\n        \"iotanalytics:List*\",\n        \"iotanalytics:Get*\",\n        \"iotanalytics:SampleChannelData\",\n        \"kinesisanalytics:Describe*\",\n        \"kinesisanalytics:Discover*\",\n        \"kinesisanalytics:Get*\",\n        \"kinesisanalytics:List*\",\n        \"kinesisvideo:Describe*\",\n        \"kinesisvideo:Get*\",\n        \"kinesisvideo:List*\",\n        \"kinesis:Describe*\",\n        \"kinesis:Get*\",\n        \"kinesis:List*\",\n        \"kms:Describe*\",\n        \"kms:Get*\",\n        \"kms:List*\",\n        \"lambda:List*\",\n        \"lambda:Get*\",\n        \"lex:Get*\",\n        \"lightsail:Get*\",\n        \"lightsail:Is*\",\n        \"lightsail:Download*\",\n        \"logs:Describe*\",\n        \"logs:Get*\",\n        \"logs:FilterLogEvents\",\n        \"logs:ListTagsLogGroup\",\n        \"logs:TestMetricFilter\",\n        \"machinelearning:Describe*\",\n        \"machinelearning:Get*\",\n        \"mobileanalytics:Get*\",\n        \"mobilehub:Describe*\",\n        \"mobilehub:Export*\",\n        \"mobilehub:Generate*\",\n        \"mobilehub:Get*\",\n        \"mobilehub:List*\",\n        \"mobilehub:Validate*\",\n        \"mobilehub:Verify*\",\n        \"mobiletargeting:Get*\",\n        \"mq:Describe*\",\n        \"mq:List*\",\n        \"opsworks:Describe*\",\n        \"opsworks:Get*\",\n        \"opsworks-cm:Describe*\",\n        \"organizations:Describe*\",\n        \"organizations:List*\",\n        \"pi:DescribeDimensionKeys\",\n        \"pi:GetResourceMetrics\",\n        \"polly:Describe*\",\n        \"polly:Get*\",\n        \"polly:List*\",\n        \"polly:SynthesizeSpeech\",\n        \"rekognition:CompareFaces\",\n        \"rekognition:Detect*\",\n        \"rekognition:List*\",\n        \"rekognition:Search*\",\n        \"rds:Describe*\",\n        \"rds:List*\",\n        \"rds:Download*\",\n        \"redshift:Describe*\",\n        \"redshift:GetReservedNodeExchangeOfferings\",\n        \"redshift:View*\",\n        \"resource-groups:Describe*\",\n        \"resource-groups:Get*\",\n        \"resource-groups:List*\",\n        \"resource-groups:Search*\",\n        \"route53:Get*\",\n        \"route53:List*\",\n        \"route53:Test*\",\n        \"route53domains:Check*\",\n        \"route53domains:Get*\",\n        \"route53domains:List*\",\n        \"route53domains:View*\",\n        \"s3:Get*\",\n        \"s3:List*\",\n        \"s3:Head*\",\n        \"sagemaker:Describe*\",\n        \"sagemaker:List*\",\n        \"sdb:Get*\",\n        \"sdb:List*\",\n        \"sdb:Select*\",\n        \"secretsmanager:List*\",\n        \"secretsmanager:Describe*\",\n        \"secretsmanager:GetResourcePolicy\",\n        \"serverlessrepo:List*\",\n        \"serverlessrepo:Get*\",\n        \"serverlessrepo:SearchApplications\",\n        \"servicecatalog:List*\",\n        \"servicecatalog:Scan*\",\n        \"servicecatalog:Search*\",\n        \"servicecatalog:Describe*\",\n        \"servicediscovery:Get*\",\n        \"servicediscovery:List*\",\n        \"ses:Get*\",\n        \"ses:List*\",\n        \"ses:Describe*\",\n        \"shield:Describe*\",\n        \"shield:List*\",\n        \"snowball:Get*\",\n        \"snowball:Describe*\",\n        \"snowball:List*\",\n        \"sns:Get*\",\n        \"sns:List*\",\n        \"sns:Check*\",\n        \"sqs:Get*\",\n        \"sqs:List*\",\n        \"sqs:Receive*\",\n        \"ssm:Describe*\",\n        \"ssm:Get*\",\n        \"ssm:List*\",\n        \"states:List*\",\n        \"states:Describe*\",\n        \"states:GetExecutionHistory\",\n        \"storagegateway:Describe*\",\n        \"storagegateway:List*\",\n        \"sts:Get*\",\n        \"swf:Count*\",\n        \"swf:Describe*\",\n        \"swf:Get*\",\n        \"swf:List*\",\n        \"tag:Get*\",\n        \"trustedadvisor:Describe*\",\n        \"waf:Get*\",\n        \"waf:List*\",\n        \"waf-regional:List*\",\n        \"waf-regional:Get*\",\n        \"workdocs:Describe*\",\n        \"workdocs:Get*\",\n        \"workdocs:CheckAlias\",\n        \"workmail:Describe*\",\n        \"workmail:Get*\",\n        \"workmail:List*\",\n        \"workmail:Search*\",\n        \"workspaces:Describe*\",\n        \"xray:BatchGet*\",\n        \"xray:Get*\"\n      ],\n      \"Effect\": \"Allow\",\n      \"Resource\": \"*\"\n    }\n  ]\n}"
                        },
                        "meta": {},
                        "tainted": false
                    },
                    "deposed": [],
                    "provider": "provider.aws"
                },
                "data.template_cloudinit_config.config": {
                    "type": "template_cloudinit_config",
                    "depends_on": [
                        "data.template_file.gitlab_application_user_data",
                        "data.template_file.shell-script"
                    ],
                    "primary": {
                        "id": "1748044648",
                        "attributes": {
                            "base64_encode": "false",
                            "gzip": "false",
                            "id": "1748044648",
                            "part.#": "2",
                            "part.0.content": "#cloud-config\nwrite_files:\n  - content: |\n      # Prevent GitLab from starting if NFS data mounts are not available\n      # Disabe built-in postgres and redis\n      postgresql['enable'] = false\n      # External postgres settings\n      gitlab_rails['db_adapter'] = \"postgresql\"\n      gitlab_rails['db_encoding'] = \"unicode\"\n      gitlab_rails['db_database'] = \"gitlab\"\n      gitlab_rails['db_username'] = \"gitlab\"\n      gitlab_rails['db_password'] = \"supersecret\"\n      gitlab_rails['db_host'] = \"gitlab.cfd9xauwm5fs.us-east-2.rds.amazonaws.com\"\n      gitlab_rails['db_port'] = 5432\n      gitlab_rails['auto_migrate'] = false\n      # Whitelist VPC cidr for access to health checks\n      gitlab_rails['monitoring_whitelist'] = ['10.0.0.0/16']\n    path: /etc/gitlab/gitlab.rb\n    permissions: '0600'\nruncmd:\n  - [ gitlab-ctl, reconfigure ]\noutput: {all: '| tee -a /var/log/devops-cloud-init-output.log'}\n",
                            "part.0.content_type": "text/cloud-config",
                            "part.0.filename": "gitlab_application_user_data.tpl",
                            "part.0.merge_type": "",
                            "part.1.content": "#!/bin/bash\n/sbin/mkfs.xfs /dev/nvme1n1\nmkdir /data1\n/bin/mount /dev/nvme1n1 /data1\necho /dev/nvme1n1  /data1 xfs defaults,nofail 0 2 \u003e\u003e /etc/fstab\n\nsudo yum update -y\nsudo yum install tcpdump telnet bind-utils wget zip unzip -y\ncurl \"https://s3.amazonaws.com/aws-cli/awscli-bundle.zip\" -o \"awscli-bundle.zip\"\nunzip awscli-bundle.zip\nsudo ./awscli-bundle/install -i /usr/local/aws -b /usr/local/bin/aws\nsudo yum install tcpdump telnet bind-utils wget -y\ncurl -s https://packages.gitlab.com/install/repositories/gitlab/gitlab-ce/script.rpm.sh | sudo bash\nsudo yum install pygpgme yum-utils\nURL=`aws elbv2 --region=us-east-2 --output=text describe-load-balancers |grep private-apps |awk '{print $4}'`; export URL\nEXTERNAL_URL=\"http://$URL\"; export EXTERNAL_URL\nyum install -y gitlab-ce\nsudo yum install -y git\nsudo yum install postfix\nsudo systemctl enable postfix\nsudo systemctl start postfix\n#Database Initialization - Run Once Manually after deployment\n#force=yes; export force\n#gitlab-rake gitlab:setup\n",
                            "part.1.content_type": "text/x-shellscript",
                            "part.1.filename": "",
                            "part.1.merge_type": "",
                            "rendered": "Content-Type: multipart/mixed; boundary=\"MIMEBOUNDARY\"\nMIME-Version: 1.0\r\n\r\n--MIMEBOUNDARY\r\nContent-Disposition: attachment; filename=\"gitlab_application_user_data.tpl\"\r\nContent-Transfer-Encoding: 7bit\r\nContent-Type: text/cloud-config\r\nMime-Version: 1.0\r\n\r\n#cloud-config\nwrite_files:\n  - content: |\n      # Prevent GitLab from starting if NFS data mounts are not available\n      # Disabe built-in postgres and redis\n      postgresql['enable'] = false\n      # External postgres settings\n      gitlab_rails['db_adapter'] = \"postgresql\"\n      gitlab_rails['db_encoding'] = \"unicode\"\n      gitlab_rails['db_database'] = \"gitlab\"\n      gitlab_rails['db_username'] = \"gitlab\"\n      gitlab_rails['db_password'] = \"supersecret\"\n      gitlab_rails['db_host'] = \"gitlab.cfd9xauwm5fs.us-east-2.rds.amazonaws.com\"\n      gitlab_rails['db_port'] = 5432\n      gitlab_rails['auto_migrate'] = false\n      # Whitelist VPC cidr for access to health checks\n      gitlab_rails['monitoring_whitelist'] = ['10.0.0.0/16']\n    path: /etc/gitlab/gitlab.rb\n    permissions: '0600'\nruncmd:\n  - [ gitlab-ctl, reconfigure ]\noutput: {all: '| tee -a /var/log/devops-cloud-init-output.log'}\n\r\n--MIMEBOUNDARY\r\nContent-Transfer-Encoding: 7bit\r\nContent-Type: text/x-shellscript\r\nMime-Version: 1.0\r\n\r\n#!/bin/bash\n/sbin/mkfs.xfs /dev/nvme1n1\nmkdir /data1\n/bin/mount /dev/nvme1n1 /data1\necho /dev/nvme1n1  /data1 xfs defaults,nofail 0 2 \u003e\u003e /etc/fstab\n\nsudo yum update -y\nsudo yum install tcpdump telnet bind-utils wget zip unzip -y\ncurl \"https://s3.amazonaws.com/aws-cli/awscli-bundle.zip\" -o \"awscli-bundle.zip\"\nunzip awscli-bundle.zip\nsudo ./awscli-bundle/install -i /usr/local/aws -b /usr/local/bin/aws\nsudo yum install tcpdump telnet bind-utils wget -y\ncurl -s https://packages.gitlab.com/install/repositories/gitlab/gitlab-ce/script.rpm.sh | sudo bash\nsudo yum install pygpgme yum-utils\nURL=`aws elbv2 --region=us-east-2 --output=text describe-load-balancers |grep private-apps |awk '{print $4}'`; export URL\nEXTERNAL_URL=\"http://$URL\"; export EXTERNAL_URL\nyum install -y gitlab-ce\nsudo yum install -y git\nsudo yum install postfix\nsudo systemctl enable postfix\nsudo systemctl start postfix\n#Database Initialization - Run Once Manually after deployment\n#force=yes; export force\n#gitlab-rake gitlab:setup\n\r\n--MIMEBOUNDARY--\r\n"
                        },
                        "meta": {},
                        "tainted": false
                    },
                    "deposed": [],
                    "provider": "provider.template"
                },
                "data.template_file.gitlab_application_user_data": {
                    "type": "template_file",
                    "depends_on": [
                        "aws_db_instance.gitlab_postgres"
                    ],
                    "primary": {
                        "id": "7969993169d1181c3d15ccdc5b8c2eebfe9b22a9516ed02aa81f404ed303f016",
                        "attributes": {
                            "id": "7969993169d1181c3d15ccdc5b8c2eebfe9b22a9516ed02aa81f404ed303f016",
                            "rendered": "#cloud-config\nwrite_files:\n  - content: |\n      # Prevent GitLab from starting if NFS data mounts are not available\n      # Disabe built-in postgres and redis\n      postgresql['enable'] = false\n      # External postgres settings\n      gitlab_rails['db_adapter'] = \"postgresql\"\n      gitlab_rails['db_encoding'] = \"unicode\"\n      gitlab_rails['db_database'] = \"gitlab\"\n      gitlab_rails['db_username'] = \"gitlab\"\n      gitlab_rails['db_password'] = \"supersecret\"\n      gitlab_rails['db_host'] = \"gitlab.cfd9xauwm5fs.us-east-2.rds.amazonaws.com\"\n      gitlab_rails['db_port'] = 5432\n      gitlab_rails['auto_migrate'] = false\n      # Whitelist VPC cidr for access to health checks\n      gitlab_rails['monitoring_whitelist'] = ['10.0.0.0/16']\n    path: /etc/gitlab/gitlab.rb\n    permissions: '0600'\nruncmd:\n  - [ gitlab-ctl, reconfigure ]\noutput: {all: '| tee -a /var/log/devops-cloud-init-output.log'}\n",
                            "template": "#cloud-config\nwrite_files:\n  - content: |\n      # Prevent GitLab from starting if NFS data mounts are not available\n      # Disabe built-in postgres and redis\n      postgresql['enable'] = false\n      # External postgres settings\n      gitlab_rails['db_adapter'] = \"postgresql\"\n      gitlab_rails['db_encoding'] = \"unicode\"\n      gitlab_rails['db_database'] = \"${postgres_database}\"\n      gitlab_rails['db_username'] = \"${postgres_username}\"\n      gitlab_rails['db_password'] = \"${postgres_password}\"\n      gitlab_rails['db_host'] = \"${postgres_endpoint}\"\n      gitlab_rails['db_port'] = 5432\n      gitlab_rails['auto_migrate'] = false\n      # Whitelist VPC cidr for access to health checks\n      gitlab_rails['monitoring_whitelist'] = ['${cidr}']\n    path: /etc/gitlab/gitlab.rb\n    permissions: '0600'\nruncmd:\n  - [ gitlab-ctl, reconfigure ]\noutput: {all: '| tee -a /var/log/devops-cloud-init-output.log'}\n",
                            "vars.%": "5",
                            "vars.cidr": "10.0.0.0/16",
                            "vars.postgres_database": "gitlab",
                            "vars.postgres_endpoint": "gitlab.cfd9xauwm5fs.us-east-2.rds.amazonaws.com",
                            "vars.postgres_password": "supersecret",
                            "vars.postgres_username": "gitlab"
                        },
                        "meta": {},
                        "tainted": false
                    },
                    "deposed": [],
                    "provider": "provider.template"
                },
                "data.template_file.shell-script": {
                    "type": "template_file",
                    "depends_on": [],
                    "primary": {
                        "id": "0a575b1713cdb749ad5fd282452b5602496af29cb8baa0f98c895a750ac155e4",
                        "attributes": {
                            "id": "0a575b1713cdb749ad5fd282452b5602496af29cb8baa0f98c895a750ac155e4",
                            "rendered": "#!/bin/bash\n/sbin/mkfs.xfs /dev/nvme1n1\nmkdir /data1\n/bin/mount /dev/nvme1n1 /data1\necho /dev/nvme1n1  /data1 xfs defaults,nofail 0 2 \u003e\u003e /etc/fstab\n\nsudo yum update -y\nsudo yum install tcpdump telnet bind-utils wget zip unzip -y\ncurl \"https://s3.amazonaws.com/aws-cli/awscli-bundle.zip\" -o \"awscli-bundle.zip\"\nunzip awscli-bundle.zip\nsudo ./awscli-bundle/install -i /usr/local/aws -b /usr/local/bin/aws\nsudo yum install tcpdump telnet bind-utils wget -y\ncurl -s https://packages.gitlab.com/install/repositories/gitlab/gitlab-ce/script.rpm.sh | sudo bash\nsudo yum install pygpgme yum-utils\nURL=`aws elbv2 --region=us-east-2 --output=text describe-load-balancers |grep private-apps |awk '{print $4}'`; export URL\nEXTERNAL_URL=\"http://$URL\"; export EXTERNAL_URL\nyum install -y gitlab-ce\nsudo yum install -y git\nsudo yum install postfix\nsudo systemctl enable postfix\nsudo systemctl start postfix\n#Database Initialization - Run Once Manually after deployment\n#force=yes; export force\n#gitlab-rake gitlab:setup\n",
                            "template": "#!/bin/bash\n/sbin/mkfs.xfs /dev/nvme1n1\nmkdir /data1\n/bin/mount /dev/nvme1n1 /data1\necho /dev/nvme1n1  /data1 xfs defaults,nofail 0 2 \u003e\u003e /etc/fstab\n\nsudo yum update -y\nsudo yum install tcpdump telnet bind-utils wget zip unzip -y\ncurl \"https://s3.amazonaws.com/aws-cli/awscli-bundle.zip\" -o \"awscli-bundle.zip\"\nunzip awscli-bundle.zip\nsudo ./awscli-bundle/install -i /usr/local/aws -b /usr/local/bin/aws\nsudo yum install tcpdump telnet bind-utils wget -y\ncurl -s https://packages.gitlab.com/install/repositories/gitlab/gitlab-ce/script.rpm.sh | sudo bash\nsudo yum install pygpgme yum-utils\nURL=`aws elbv2 --region=us-east-2 --output=text describe-load-balancers |grep private-apps |awk '{print $4}'`; export URL\nEXTERNAL_URL=\"http://$URL\"; export EXTERNAL_URL\nyum install -y gitlab-ce\nsudo yum install -y git\nsudo yum install postfix\nsudo systemctl enable postfix\nsudo systemctl start postfix\n#Database Initialization - Run Once Manually after deployment\n#force=yes; export force\n#gitlab-rake gitlab:setup\n"
                        },
                        "meta": {},
                        "tainted": false
                    },
                    "deposed": [],
                    "provider": "provider.template"
                }
            },
            "depends_on": []
        }
    ]
}
