{
    "version": 3,
    "terraform_version": "0.11.9",
    "serial": 124,
    "lineage": "e3076105-6cb3-cbb8-3900-a3ddb3b1b134",
    "modules": [
        {
            "path": [
                "root"
            ],
            "outputs": {
                "Load Balancer Public IP": {
                    "sensitive": false,
                    "type": "string",
                    "value": "private-apps-alb-953250337.us-east-2.elb.amazonaws.com"
                },
                "bastion_pub_ip": {
                    "sensitive": false,
                    "type": "string",
                    "value": "3.17.75.128"
                }
            },
            "resources": {
                "aws_autoscaling_group.jenkins-slave": {
                    "type": "aws_autoscaling_group",
                    "depends_on": [
                        "aws_launch_configuration.jenkins-slave",
                        "aws_lb_target_group.jenkins-slave-8080",
                        "aws_subnet.private-subnet",
                        "aws_subnet.private-subnet2"
                    ],
                    "primary": {
                        "id": "jenkins-slave",
                        "attributes": {
                            "arn": "arn:aws:autoscaling:us-east-2:549902048605:autoScalingGroup:275538e0-2fb3-44e2-a398-c38c66e466ae:autoScalingGroupName/jenkins-slave",
                            "availability_zones.#": "2",
                            "availability_zones.1726430690": "us-east-2b",
                            "availability_zones.4293815384": "us-east-2a",
                            "default_cooldown": "300",
                            "desired_capacity": "1",
                            "enabled_metrics.#": "0",
                            "force_delete": "false",
                            "health_check_grace_period": "300",
                            "health_check_type": "EC2",
                            "id": "jenkins-slave",
                            "launch_configuration": "jenkins-slave-20181216183040510300000002",
                            "launch_template.#": "0",
                            "load_balancers.#": "0",
                            "max_size": "2",
                            "metrics_granularity": "1Minute",
                            "min_size": "1",
                            "mixed_instances_policy.#": "0",
                            "name": "jenkins-slave",
                            "placement_group": "",
                            "protect_from_scale_in": "false",
                            "service_linked_role_arn": "arn:aws:iam::549902048605:role/aws-service-role/autoscaling.amazonaws.com/AWSServiceRoleForAutoScaling",
                            "suspended_processes.#": "0",
                            "tag.#": "1",
                            "tag.304084015.key": "Name",
                            "tag.304084015.propagate_at_launch": "true",
                            "tag.304084015.value": "jenkins-slave",
                            "target_group_arns.#": "1",
                            "target_group_arns.930711575": "arn:aws:elasticloadbalancing:us-east-2:549902048605:targetgroup/jenkins-slave-8080/3ffa0e63ec31bbf3",
                            "termination_policies.#": "0",
                            "vpc_zone_identifier.#": "2",
                            "vpc_zone_identifier.1185265944": "subnet-08785ac958fb3702e",
                            "vpc_zone_identifier.2441949977": "subnet-0d6c75aeaa7f683bb",
                            "wait_for_capacity_timeout": "10m"
                        },
                        "meta": {
                            "e2bfb730-ecaa-11e6-8f88-34363bc7c4c0": {
                                "delete": 600000000000
                            }
                        },
                        "tainted": false
                    },
                    "deposed": [],
                    "provider": "provider.aws"
                },
                "aws_efs_file_system.jenkins": {
                    "type": "aws_efs_file_system",
                    "depends_on": [
                        "aws_kms_key.jenkins-kms"
                    ],
                    "primary": {
                        "id": "fs-8deb68f4",
                        "attributes": {
                            "arn": "arn:aws:elasticfilesystem:us-east-2:549902048605:file-system/fs-8deb68f4",
                            "creation_token": "jenkins-efs",
                            "dns_name": "fs-8deb68f4.efs.us-east-2.amazonaws.com",
                            "encrypted": "true",
                            "id": "fs-8deb68f4",
                            "kms_key_id": "arn:aws:kms:us-east-2:549902048605:key/bd1121c6-a109-4f3b-b471-f81845d99202",
                            "performance_mode": "generalPurpose",
                            "provisioned_throughput_in_mibps": "0",
                            "tags.%": "1",
                            "tags.Name": "jenkins-efs",
                            "throughput_mode": "bursting"
                        },
                        "meta": {},
                        "tainted": false
                    },
                    "deposed": [],
                    "provider": "provider.aws"
                },
                "aws_efs_mount_target.jenkins-master-priv1": {
                    "type": "aws_efs_mount_target",
                    "depends_on": [
                        "aws_efs_file_system.jenkins",
                        "aws_security_group.jenkins-efs",
                        "aws_subnet.private-subnet"
                    ],
                    "primary": {
                        "id": "fsmt-cf05a3b6",
                        "attributes": {
                            "dns_name": "fs-8deb68f4.efs.us-east-2.amazonaws.com",
                            "file_system_arn": "arn:aws:elasticfilesystem:us-east-2:549902048605:file-system/fs-8deb68f4",
                            "file_system_id": "fs-8deb68f4",
                            "id": "fsmt-cf05a3b6",
                            "ip_address": "10.0.1.6",
                            "network_interface_id": "eni-0fcf94b6bb60b7222",
                            "security_groups.#": "1",
                            "security_groups.2300611611": "sg-00cc3ccc6510b4d8d",
                            "subnet_id": "subnet-0d6c75aeaa7f683bb"
                        },
                        "meta": {},
                        "tainted": false
                    },
                    "deposed": [],
                    "provider": "provider.aws"
                },
                "aws_efs_mount_target.jenkins-master-priv2": {
                    "type": "aws_efs_mount_target",
                    "depends_on": [
                        "aws_efs_file_system.jenkins",
                        "aws_security_group.jenkins-efs",
                        "aws_subnet.private-subnet2"
                    ],
                    "primary": {
                        "id": "fsmt-c105a3b8",
                        "attributes": {
                            "dns_name": "fs-8deb68f4.efs.us-east-2.amazonaws.com",
                            "file_system_arn": "arn:aws:elasticfilesystem:us-east-2:549902048605:file-system/fs-8deb68f4",
                            "file_system_id": "fs-8deb68f4",
                            "id": "fsmt-c105a3b8",
                            "ip_address": "10.0.1.225",
                            "network_interface_id": "eni-0d9af333c6235565b",
                            "security_groups.#": "1",
                            "security_groups.2300611611": "sg-00cc3ccc6510b4d8d",
                            "subnet_id": "subnet-08785ac958fb3702e"
                        },
                        "meta": {},
                        "tainted": false
                    },
                    "deposed": [],
                    "provider": "provider.aws"
                },
                "aws_eip.eip_Nat": {
                    "type": "aws_eip",
                    "depends_on": [],
                    "primary": {
                        "id": "eipalloc-0f92a60e631cddd7e",
                        "attributes": {
                            "association_id": "",
                            "domain": "vpc",
                            "id": "eipalloc-0f92a60e631cddd7e",
                            "instance": "",
                            "network_interface": "",
                            "private_ip": "",
                            "public_ip": "3.17.93.142",
                            "public_ipv4_pool": "amazon",
                            "tags.%": "0",
                            "vpc": "true"
                        },
                        "meta": {
                            "e2bfb730-ecaa-11e6-8f88-34363bc7c4c0": {
                                "delete": 180000000000,
                                "read": 900000000000,
                                "update": 300000000000
                            }
                        },
                        "tainted": false
                    },
                    "deposed": [],
                    "provider": "provider.aws"
                },
                "aws_iam_instance_profile.ec2-readonly-profile": {
                    "type": "aws_iam_instance_profile",
                    "depends_on": [
                        "aws_iam_role.ec2-readonly-role"
                    ],
                    "primary": {
                        "id": "ec2-readonly-profile",
                        "attributes": {
                            "arn": "arn:aws:iam::549902048605:instance-profile/ec2-readonly-profile",
                            "create_date": "2018-12-16T18:30:31Z",
                            "id": "ec2-readonly-profile",
                            "name": "ec2-readonly-profile",
                            "path": "/",
                            "role": "ec2-readonly-role",
                            "roles.#": "0",
                            "unique_id": "AIPAJJJAWV7KV6AY7CRXE"
                        },
                        "meta": {},
                        "tainted": false
                    },
                    "deposed": [],
                    "provider": "provider.aws"
                },
                "aws_iam_role.ec2-readonly-role": {
                    "type": "aws_iam_role",
                    "depends_on": [],
                    "primary": {
                        "id": "ec2-readonly-role",
                        "attributes": {
                            "arn": "arn:aws:iam::549902048605:role/ec2-readonly-role",
                            "assume_role_policy": "{\"Version\":\"2012-10-17\",\"Statement\":[{\"Sid\":\"\",\"Effect\":\"Allow\",\"Principal\":{\"Service\":\"ec2.amazonaws.com\"},\"Action\":\"sts:AssumeRole\"}]}",
                            "create_date": "2018-12-16T18:30:30Z",
                            "description": "",
                            "force_detach_policies": "false",
                            "id": "ec2-readonly-role",
                            "max_session_duration": "3600",
                            "name": "ec2-readonly-role",
                            "path": "/",
                            "tags.%": "0",
                            "unique_id": "AROAJEG6XQEKWENAXLOYU"
                        },
                        "meta": {},
                        "tainted": false
                    },
                    "deposed": [],
                    "provider": "provider.aws"
                },
                "aws_iam_role_policy_attachment.attach-ec2-readonly-policy": {
                    "type": "aws_iam_role_policy_attachment",
                    "depends_on": [
                        "aws_iam_role.ec2-readonly-role",
                        "data.aws_iam_policy.ec2-readonly-policy"
                    ],
                    "primary": {
                        "id": "ec2-readonly-role-20181216183030960400000001",
                        "attributes": {
                            "id": "ec2-readonly-role-20181216183030960400000001",
                            "policy_arn": "arn:aws:iam::aws:policy/ReadOnlyAccess",
                            "role": "ec2-readonly-role"
                        },
                        "meta": {},
                        "tainted": false
                    },
                    "deposed": [],
                    "provider": "provider.aws"
                },
                "aws_instance.bastion": {
                    "type": "aws_instance",
                    "depends_on": [
                        "aws_key_pair.default",
                        "aws_security_group.sgbastion",
                        "aws_subnet.public-subnet",
                        "data.aws_ami.rhel"
                    ],
                    "primary": {
                        "id": "i-01f3ef830878c995e",
                        "attributes": {
                            "ami": "ami-03291866",
                            "arn": "arn:aws:ec2:us-east-2:549902048605:instance/i-01f3ef830878c995e",
                            "associate_public_ip_address": "true",
                            "availability_zone": "us-east-2a",
                            "cpu_core_count": "1",
                            "cpu_threads_per_core": "2",
                            "credit_specification.#": "1",
                            "credit_specification.0.cpu_credits": "unlimited",
                            "disable_api_termination": "false",
                            "ebs_block_device.#": "0",
                            "ebs_optimized": "false",
                            "ephemeral_block_device.#": "0",
                            "get_password_data": "false",
                            "iam_instance_profile": "",
                            "id": "i-01f3ef830878c995e",
                            "instance_state": "running",
                            "instance_type": "t3.micro",
                            "ipv6_addresses.#": "0",
                            "key_name": "ec2_key_pair",
                            "monitoring": "false",
                            "network_interface.#": "0",
                            "network_interface_id": "eni-08154f022a790f002",
                            "password_data": "",
                            "placement_group": "",
                            "primary_network_interface_id": "eni-08154f022a790f002",
                            "private_dns": "ip-10-0-0-21.us-east-2.compute.internal",
                            "private_ip": "10.0.0.21",
                            "public_dns": "ec2-3-17-75-128.us-east-2.compute.amazonaws.com",
                            "public_ip": "3.17.75.128",
                            "root_block_device.#": "1",
                            "root_block_device.0.delete_on_termination": "true",
                            "root_block_device.0.iops": "300",
                            "root_block_device.0.volume_id": "vol-0a7660a640919fb4b",
                            "root_block_device.0.volume_size": "100",
                            "root_block_device.0.volume_type": "gp2",
                            "security_groups.#": "0",
                            "source_dest_check": "false",
                            "subnet_id": "subnet-00916f001500e4364",
                            "tags.%": "1",
                            "tags.Name": "bastion",
                            "tenancy": "default",
                            "user_data": "7df7f8e906e27b97bc12fe1256377584f4d60561",
                            "volume_tags.%": "0",
                            "vpc_security_group_ids.#": "1",
                            "vpc_security_group_ids.2369555757": "sg-09971089f39cbc6d7"
                        },
                        "meta": {
                            "e2bfb730-ecaa-11e6-8f88-34363bc7c4c0": {
                                "create": 600000000000,
                                "delete": 1200000000000,
                                "update": 600000000000
                            },
                            "schema_version": "1"
                        },
                        "tainted": false
                    },
                    "deposed": [],
                    "provider": "provider.aws"
                },
                "aws_instance.git": {
                    "type": "aws_instance",
                    "depends_on": [
                        "aws_key_pair.default",
                        "aws_security_group.sg_git",
                        "aws_subnet.private-subnet2",
                        "data.aws_ami.amzn"
                    ],
                    "primary": {
                        "id": "i-026df4ee096726996",
                        "attributes": {
                            "ami": "ami-02e680c4540db351e",
                            "arn": "arn:aws:ec2:us-east-2:549902048605:instance/i-026df4ee096726996",
                            "associate_public_ip_address": "false",
                            "availability_zone": "us-east-2b",
                            "cpu_core_count": "1",
                            "cpu_threads_per_core": "2",
                            "credit_specification.#": "1",
                            "credit_specification.0.cpu_credits": "unlimited",
                            "disable_api_termination": "false",
                            "ebs_block_device.#": "1",
                            "ebs_block_device.2659407853.delete_on_termination": "true",
                            "ebs_block_device.2659407853.device_name": "/dev/sdf",
                            "ebs_block_device.2659407853.encrypted": "false",
                            "ebs_block_device.2659407853.iops": "150",
                            "ebs_block_device.2659407853.snapshot_id": "",
                            "ebs_block_device.2659407853.volume_id": "vol-0dc47b112bbfa14dc",
                            "ebs_block_device.2659407853.volume_size": "50",
                            "ebs_block_device.2659407853.volume_type": "gp2",
                            "ebs_optimized": "false",
                            "ephemeral_block_device.#": "0",
                            "get_password_data": "false",
                            "iam_instance_profile": "",
                            "id": "i-026df4ee096726996",
                            "instance_state": "running",
                            "instance_type": "t3.medium",
                            "ipv6_addresses.#": "0",
                            "key_name": "ec2_key_pair",
                            "monitoring": "false",
                            "network_interface.#": "0",
                            "network_interface_id": "eni-0155fd99c14a983d8",
                            "password_data": "",
                            "placement_group": "",
                            "primary_network_interface_id": "eni-0155fd99c14a983d8",
                            "private_dns": "ip-10-0-1-252.us-east-2.compute.internal",
                            "private_ip": "10.0.1.252",
                            "public_dns": "",
                            "public_ip": "",
                            "root_block_device.#": "1",
                            "root_block_device.0.delete_on_termination": "true",
                            "root_block_device.0.iops": "150",
                            "root_block_device.0.volume_id": "vol-01d2c66eee0b9ad3f",
                            "root_block_device.0.volume_size": "50",
                            "root_block_device.0.volume_type": "gp2",
                            "security_groups.#": "0",
                            "source_dest_check": "true",
                            "subnet_id": "subnet-08785ac958fb3702e",
                            "tags.%": "1",
                            "tags.Name": "gitlab",
                            "tenancy": "default",
                            "user_data": "685fe9d0a2051e2a4bc2c945dc0b6b8533861d8f",
                            "volume_tags.%": "0",
                            "vpc_security_group_ids.#": "1",
                            "vpc_security_group_ids.4220830887": "sg-0fb6f7af71a5bbfad"
                        },
                        "meta": {
                            "e2bfb730-ecaa-11e6-8f88-34363bc7c4c0": {
                                "create": 600000000000,
                                "delete": 1200000000000,
                                "update": 600000000000
                            },
                            "schema_version": "1"
                        },
                        "tainted": false
                    },
                    "deposed": [],
                    "provider": "provider.aws"
                },
                "aws_instance.jenkins": {
                    "type": "aws_instance",
                    "depends_on": [
                        "aws_efs_mount_target.jenkins-master-priv1",
                        "aws_iam_instance_profile.ec2-readonly-profile",
                        "aws_key_pair.default",
                        "aws_security_group.sg_jenkins",
                        "aws_subnet.private-subnet",
                        "data.aws_ami.rhel"
                    ],
                    "primary": {
                        "id": "i-0caae95c0d32ae626",
                        "attributes": {
                            "ami": "ami-03291866",
                            "arn": "arn:aws:ec2:us-east-2:549902048605:instance/i-0caae95c0d32ae626",
                            "associate_public_ip_address": "false",
                            "availability_zone": "us-east-2a",
                            "cpu_core_count": "1",
                            "cpu_threads_per_core": "2",
                            "credit_specification.#": "1",
                            "credit_specification.0.cpu_credits": "unlimited",
                            "disable_api_termination": "false",
                            "ebs_block_device.#": "1",
                            "ebs_block_device.2659407853.delete_on_termination": "true",
                            "ebs_block_device.2659407853.device_name": "/dev/sdf",
                            "ebs_block_device.2659407853.encrypted": "false",
                            "ebs_block_device.2659407853.iops": "150",
                            "ebs_block_device.2659407853.snapshot_id": "",
                            "ebs_block_device.2659407853.volume_id": "vol-0a878a2e44a2ad32a",
                            "ebs_block_device.2659407853.volume_size": "50",
                            "ebs_block_device.2659407853.volume_type": "gp2",
                            "ebs_optimized": "false",
                            "ephemeral_block_device.#": "0",
                            "get_password_data": "false",
                            "iam_instance_profile": "ec2-readonly-profile",
                            "id": "i-0caae95c0d32ae626",
                            "instance_state": "running",
                            "instance_type": "t3.medium",
                            "ipv6_addresses.#": "0",
                            "key_name": "ec2_key_pair",
                            "monitoring": "false",
                            "network_interface.#": "0",
                            "network_interface_id": "eni-0ced89f1d55d63c03",
                            "password_data": "",
                            "placement_group": "",
                            "primary_network_interface_id": "eni-0ced89f1d55d63c03",
                            "private_dns": "ip-10-0-1-44.us-east-2.compute.internal",
                            "private_ip": "10.0.1.44",
                            "public_dns": "",
                            "public_ip": "",
                            "root_block_device.#": "1",
                            "root_block_device.0.delete_on_termination": "true",
                            "root_block_device.0.iops": "150",
                            "root_block_device.0.volume_id": "vol-07cd6dd742b20070b",
                            "root_block_device.0.volume_size": "50",
                            "root_block_device.0.volume_type": "gp2",
                            "security_groups.#": "0",
                            "source_dest_check": "true",
                            "subnet_id": "subnet-0d6c75aeaa7f683bb",
                            "tags.%": "1",
                            "tags.Name": "jenkins-master",
                            "tenancy": "default",
                            "user_data": "06a2977a0f2c79f17c4e978211962d421b070e1f",
                            "volume_tags.%": "0",
                            "vpc_security_group_ids.#": "1",
                            "vpc_security_group_ids.3536482580": "sg-0c6e5b2c65f866b2f"
                        },
                        "meta": {
                            "e2bfb730-ecaa-11e6-8f88-34363bc7c4c0": {
                                "create": 600000000000,
                                "delete": 1200000000000,
                                "update": 600000000000
                            },
                            "schema_version": "1"
                        },
                        "tainted": false
                    },
                    "deposed": [],
                    "provider": "provider.aws"
                },
                "aws_internet_gateway.gw": {
                    "type": "aws_internet_gateway",
                    "depends_on": [
                        "aws_vpc.default"
                    ],
                    "primary": {
                        "id": "igw-0be175abe7ce3897b",
                        "attributes": {
                            "id": "igw-0be175abe7ce3897b",
                            "owner_id": "549902048605",
                            "tags.%": "1",
                            "tags.Name": "VPC IGW",
                            "vpc_id": "vpc-0ee34d8a811a6ba67"
                        },
                        "meta": {},
                        "tainted": false
                    },
                    "deposed": [],
                    "provider": "provider.aws"
                },
                "aws_key_pair.default": {
                    "type": "aws_key_pair",
                    "depends_on": [],
                    "primary": {
                        "id": "ec2_key_pair",
                        "attributes": {
                            "fingerprint": "3c:94:cc:c2:63:16:9b:93:ed:52:8a:e1:a8:3d:e8:9b",
                            "id": "ec2_key_pair",
                            "key_name": "ec2_key_pair",
                            "public_key": "ssh-rsa AAAAB3NzaC1yc2EAAAADAQABAAABAQDFjVRCfLSPOFzTSp91d0mVeNeQL3Ue16pJXKi39gjjSKr6vcbvsDeMBv542Bjqz3ZHlNa96lNJ1rOMRhTZ/biSWAsJQDZf95Yi6RolInN3jLaLtlkSyXulhAhsLMX2P8RVof4WTnqUNDibH6+qk8vUQ9MVMhn6Jp3Cdq2V7+GZHE7dKepjA7HUoykdG6AeMtEOuFnPCvSayICNuGQDO1Ui8vPhCzcFBIz9oDfoK/b2JcuFdnPNon6+ug7cl9iQVEvgrr3BJ6Mi135S4FHm51vA1EhGFoL/89zvaTYjWIJ2wykIDRQzS8qzd9rx+YLe4ImmpC8W0VUMm0pcMQBNMk6n rcald@LAPTOP-M5LFKTF2"
                        },
                        "meta": {
                            "schema_version": "1"
                        },
                        "tainted": false
                    },
                    "deposed": [],
                    "provider": "provider.aws"
                },
                "aws_kms_key.jenkins-kms": {
                    "type": "aws_kms_key",
                    "depends_on": [],
                    "primary": {
                        "id": "bd1121c6-a109-4f3b-b471-f81845d99202",
                        "attributes": {
                            "arn": "arn:aws:kms:us-east-2:549902048605:key/bd1121c6-a109-4f3b-b471-f81845d99202",
                            "description": "Encrypt data at rest in EFS",
                            "enable_key_rotation": "false",
                            "id": "bd1121c6-a109-4f3b-b471-f81845d99202",
                            "is_enabled": "true",
                            "key_id": "bd1121c6-a109-4f3b-b471-f81845d99202",
                            "key_usage": "ENCRYPT_DECRYPT",
                            "policy": "{\"Statement\":[{\"Action\":\"kms:*\",\"Effect\":\"Allow\",\"Principal\":\"*\",\"Resource\":\"*\",\"Sid\":\"Enable IAM User Permissions\"}],\"Version\":\"2012-10-17\"}",
                            "tags.%": "0"
                        },
                        "meta": {},
                        "tainted": false
                    },
                    "deposed": [],
                    "provider": "provider.aws"
                },
                "aws_launch_configuration.jenkins-slave": {
                    "type": "aws_launch_configuration",
                    "depends_on": [
                        "aws_key_pair.default",
                        "aws_security_group.sg_jenkins",
                        "data.aws_ami.rhel"
                    ],
                    "primary": {
                        "id": "jenkins-slave-20181216183040510300000002",
                        "attributes": {
                            "associate_public_ip_address": "false",
                            "ebs_block_device.#": "1",
                            "ebs_block_device.2288823920.delete_on_termination": "true",
                            "ebs_block_device.2288823920.device_name": "/dev/sdf",
                            "ebs_block_device.2288823920.encrypted": "false",
                            "ebs_block_device.2288823920.iops": "0",
                            "ebs_block_device.2288823920.no_device": "false",
                            "ebs_block_device.2288823920.snapshot_id": "",
                            "ebs_block_device.2288823920.volume_size": "50",
                            "ebs_block_device.2288823920.volume_type": "gp2",
                            "ebs_optimized": "false",
                            "enable_monitoring": "true",
                            "ephemeral_block_device.#": "0",
                            "iam_instance_profile": "",
                            "id": "jenkins-slave-20181216183040510300000002",
                            "image_id": "ami-03291866",
                            "instance_type": "t3.medium",
                            "key_name": "ec2_key_pair",
                            "name": "jenkins-slave-20181216183040510300000002",
                            "name_prefix": "jenkins-slave-",
                            "root_block_device.#": "1",
                            "root_block_device.0.delete_on_termination": "true",
                            "root_block_device.0.iops": "0",
                            "root_block_device.0.volume_size": "50",
                            "root_block_device.0.volume_type": "",
                            "security_groups.#": "1",
                            "security_groups.3536482580": "sg-0c6e5b2c65f866b2f",
                            "spot_price": "",
                            "user_data": "19697974c4b6631814870b176b159f4a31f7a511",
                            "vpc_classic_link_id": "",
                            "vpc_classic_link_security_groups.#": "0"
                        },
                        "meta": {},
                        "tainted": false
                    },
                    "deposed": [],
                    "provider": "provider.aws"
                },
                "aws_lb.alb_apps": {
                    "type": "aws_lb",
                    "depends_on": [
                        "aws_security_group.sg_git",
                        "aws_security_group.sg_jenkins",
                        "aws_subnet.public-subnet",
                        "aws_subnet.public-subnet2"
                    ],
                    "primary": {
                        "id": "arn:aws:elasticloadbalancing:us-east-2:549902048605:loadbalancer/app/private-apps-alb/5c61c7eebc2f3165",
                        "attributes": {
                            "access_logs.#": "0",
                            "arn": "arn:aws:elasticloadbalancing:us-east-2:549902048605:loadbalancer/app/private-apps-alb/5c61c7eebc2f3165",
                            "arn_suffix": "app/private-apps-alb/5c61c7eebc2f3165",
                            "dns_name": "private-apps-alb-953250337.us-east-2.elb.amazonaws.com",
                            "enable_deletion_protection": "false",
                            "enable_http2": "true",
                            "id": "arn:aws:elasticloadbalancing:us-east-2:549902048605:loadbalancer/app/private-apps-alb/5c61c7eebc2f3165",
                            "idle_timeout": "60",
                            "internal": "false",
                            "ip_address_type": "ipv4",
                            "load_balancer_type": "application",
                            "name": "private-apps-alb",
                            "security_groups.#": "2",
                            "security_groups.3536482580": "sg-0c6e5b2c65f866b2f",
                            "security_groups.4220830887": "sg-0fb6f7af71a5bbfad",
                            "subnet_mapping.#": "0",
                            "subnets.#": "2",
                            "subnets.1461356015": "subnet-0d723114b898c4cc1",
                            "subnets.3129109210": "subnet-00916f001500e4364",
                            "tags.%": "1",
                            "tags.Environment": "dev",
                            "vpc_id": "vpc-0ee34d8a811a6ba67",
                            "zone_id": "Z3AADJGX6KTTL2"
                        },
                        "meta": {
                            "e2bfb730-ecaa-11e6-8f88-34363bc7c4c0": {
                                "create": 600000000000,
                                "delete": 600000000000,
                                "update": 600000000000
                            }
                        },
                        "tainted": false
                    },
                    "deposed": [],
                    "provider": "provider.aws"
                },
                "aws_lb.alb_jenkins_slave": {
                    "type": "aws_lb",
                    "depends_on": [
                        "aws_security_group.sg_jenkins",
                        "aws_subnet.public-subnet",
                        "aws_subnet.public-subnet2"
                    ],
                    "primary": {
                        "id": "arn:aws:elasticloadbalancing:us-east-2:549902048605:loadbalancer/app/jenkins-slave-alb/cd85fa360278ce50",
                        "attributes": {
                            "access_logs.#": "0",
                            "arn": "arn:aws:elasticloadbalancing:us-east-2:549902048605:loadbalancer/app/jenkins-slave-alb/cd85fa360278ce50",
                            "arn_suffix": "app/jenkins-slave-alb/cd85fa360278ce50",
                            "dns_name": "jenkins-slave-alb-2012242813.us-east-2.elb.amazonaws.com",
                            "enable_deletion_protection": "false",
                            "enable_http2": "true",
                            "id": "arn:aws:elasticloadbalancing:us-east-2:549902048605:loadbalancer/app/jenkins-slave-alb/cd85fa360278ce50",
                            "idle_timeout": "60",
                            "internal": "false",
                            "ip_address_type": "ipv4",
                            "load_balancer_type": "application",
                            "name": "jenkins-slave-alb",
                            "security_groups.#": "1",
                            "security_groups.3536482580": "sg-0c6e5b2c65f866b2f",
                            "subnet_mapping.#": "0",
                            "subnets.#": "2",
                            "subnets.1461356015": "subnet-0d723114b898c4cc1",
                            "subnets.3129109210": "subnet-00916f001500e4364",
                            "tags.%": "1",
                            "tags.Environment": "dev",
                            "vpc_id": "vpc-0ee34d8a811a6ba67",
                            "zone_id": "Z3AADJGX6KTTL2"
                        },
                        "meta": {
                            "e2bfb730-ecaa-11e6-8f88-34363bc7c4c0": {
                                "create": 600000000000,
                                "delete": 600000000000,
                                "update": 600000000000
                            }
                        },
                        "tainted": false
                    },
                    "deposed": [],
                    "provider": "provider.aws"
                },
                "aws_lb_listener.git-80": {
                    "type": "aws_lb_listener",
                    "depends_on": [
                        "aws_lb.alb_apps",
                        "aws_lb_target_group.git-80"
                    ],
                    "primary": {
                        "id": "arn:aws:elasticloadbalancing:us-east-2:549902048605:listener/app/private-apps-alb/5c61c7eebc2f3165/5e15d4bf1f16c0fc",
                        "attributes": {
                            "arn": "arn:aws:elasticloadbalancing:us-east-2:549902048605:listener/app/private-apps-alb/5c61c7eebc2f3165/5e15d4bf1f16c0fc",
                            "default_action.#": "1",
                            "default_action.0.authenticate_cognito.#": "0",
                            "default_action.0.authenticate_oidc.#": "0",
                            "default_action.0.fixed_response.#": "0",
                            "default_action.0.order": "1",
                            "default_action.0.redirect.#": "0",
                            "default_action.0.target_group_arn": "arn:aws:elasticloadbalancing:us-east-2:549902048605:targetgroup/git-80/715a76a513cbbcd6",
                            "default_action.0.type": "forward",
                            "id": "arn:aws:elasticloadbalancing:us-east-2:549902048605:listener/app/private-apps-alb/5c61c7eebc2f3165/5e15d4bf1f16c0fc",
                            "load_balancer_arn": "arn:aws:elasticloadbalancing:us-east-2:549902048605:loadbalancer/app/private-apps-alb/5c61c7eebc2f3165",
                            "port": "80",
                            "protocol": "HTTP",
                            "ssl_policy": ""
                        },
                        "meta": {
                            "e2bfb730-ecaa-11e6-8f88-34363bc7c4c0": {
                                "read": 600000000000
                            }
                        },
                        "tainted": false
                    },
                    "deposed": [],
                    "provider": "provider.aws"
                },
                "aws_lb_listener.jenkins-8080": {
                    "type": "aws_lb_listener",
                    "depends_on": [
                        "aws_lb.alb_apps",
                        "aws_lb_target_group.jenkins-8080"
                    ],
                    "primary": {
                        "id": "arn:aws:elasticloadbalancing:us-east-2:549902048605:listener/app/private-apps-alb/5c61c7eebc2f3165/a0d651b434903d75",
                        "attributes": {
                            "arn": "arn:aws:elasticloadbalancing:us-east-2:549902048605:listener/app/private-apps-alb/5c61c7eebc2f3165/a0d651b434903d75",
                            "default_action.#": "1",
                            "default_action.0.authenticate_cognito.#": "0",
                            "default_action.0.authenticate_oidc.#": "0",
                            "default_action.0.fixed_response.#": "0",
                            "default_action.0.order": "1",
                            "default_action.0.redirect.#": "0",
                            "default_action.0.target_group_arn": "arn:aws:elasticloadbalancing:us-east-2:549902048605:targetgroup/jenkins-8080/02eb4fa73c3d3c5e",
                            "default_action.0.type": "forward",
                            "id": "arn:aws:elasticloadbalancing:us-east-2:549902048605:listener/app/private-apps-alb/5c61c7eebc2f3165/a0d651b434903d75",
                            "load_balancer_arn": "arn:aws:elasticloadbalancing:us-east-2:549902048605:loadbalancer/app/private-apps-alb/5c61c7eebc2f3165",
                            "port": "8080",
                            "protocol": "HTTP",
                            "ssl_policy": ""
                        },
                        "meta": {
                            "e2bfb730-ecaa-11e6-8f88-34363bc7c4c0": {
                                "read": 600000000000
                            }
                        },
                        "tainted": false
                    },
                    "deposed": [],
                    "provider": "provider.aws"
                },
                "aws_lb_listener.jenkins-slave-8080": {
                    "type": "aws_lb_listener",
                    "depends_on": [
                        "aws_lb.alb_jenkins_slave",
                        "aws_lb_target_group.jenkins-slave-8080"
                    ],
                    "primary": {
                        "id": "arn:aws:elasticloadbalancing:us-east-2:549902048605:listener/app/jenkins-slave-alb/cd85fa360278ce50/d0fb2bf167a7a015",
                        "attributes": {
                            "arn": "arn:aws:elasticloadbalancing:us-east-2:549902048605:listener/app/jenkins-slave-alb/cd85fa360278ce50/d0fb2bf167a7a015",
                            "default_action.#": "1",
                            "default_action.0.authenticate_cognito.#": "0",
                            "default_action.0.authenticate_oidc.#": "0",
                            "default_action.0.fixed_response.#": "0",
                            "default_action.0.order": "1",
                            "default_action.0.redirect.#": "0",
                            "default_action.0.target_group_arn": "arn:aws:elasticloadbalancing:us-east-2:549902048605:targetgroup/jenkins-slave-8080/3ffa0e63ec31bbf3",
                            "default_action.0.type": "forward",
                            "id": "arn:aws:elasticloadbalancing:us-east-2:549902048605:listener/app/jenkins-slave-alb/cd85fa360278ce50/d0fb2bf167a7a015",
                            "load_balancer_arn": "arn:aws:elasticloadbalancing:us-east-2:549902048605:loadbalancer/app/jenkins-slave-alb/cd85fa360278ce50",
                            "port": "8080",
                            "protocol": "HTTP",
                            "ssl_policy": ""
                        },
                        "meta": {
                            "e2bfb730-ecaa-11e6-8f88-34363bc7c4c0": {
                                "read": 600000000000
                            }
                        },
                        "tainted": false
                    },
                    "deposed": [],
                    "provider": "provider.aws"
                },
                "aws_lb_target_group.git-80": {
                    "type": "aws_lb_target_group",
                    "depends_on": [
                        "aws_vpc.default"
                    ],
                    "primary": {
                        "id": "arn:aws:elasticloadbalancing:us-east-2:549902048605:targetgroup/git-80/715a76a513cbbcd6",
                        "attributes": {
                            "arn": "arn:aws:elasticloadbalancing:us-east-2:549902048605:targetgroup/git-80/715a76a513cbbcd6",
                            "arn_suffix": "targetgroup/git-80/715a76a513cbbcd6",
                            "deregistration_delay": "300",
                            "health_check.#": "1",
                            "health_check.0.healthy_threshold": "3",
                            "health_check.0.interval": "30",
                            "health_check.0.matcher": "200,302",
                            "health_check.0.path": "/",
                            "health_check.0.port": "traffic-port",
                            "health_check.0.protocol": "HTTP",
                            "health_check.0.timeout": "5",
                            "health_check.0.unhealthy_threshold": "3",
                            "id": "arn:aws:elasticloadbalancing:us-east-2:549902048605:targetgroup/git-80/715a76a513cbbcd6",
                            "name": "git-80",
                            "port": "80",
                            "protocol": "HTTP",
                            "proxy_protocol_v2": "false",
                            "slow_start": "0",
                            "stickiness.#": "1",
                            "stickiness.0.cookie_duration": "86400",
                            "stickiness.0.enabled": "false",
                            "stickiness.0.type": "lb_cookie",
                            "tags.%": "0",
                            "target_type": "instance",
                            "vpc_id": "vpc-0ee34d8a811a6ba67"
                        },
                        "meta": {},
                        "tainted": false
                    },
                    "deposed": [],
                    "provider": "provider.aws"
                },
                "aws_lb_target_group.jenkins-8080": {
                    "type": "aws_lb_target_group",
                    "depends_on": [
                        "aws_vpc.default"
                    ],
                    "primary": {
                        "id": "arn:aws:elasticloadbalancing:us-east-2:549902048605:targetgroup/jenkins-8080/02eb4fa73c3d3c5e",
                        "attributes": {
                            "arn": "arn:aws:elasticloadbalancing:us-east-2:549902048605:targetgroup/jenkins-8080/02eb4fa73c3d3c5e",
                            "arn_suffix": "targetgroup/jenkins-8080/02eb4fa73c3d3c5e",
                            "deregistration_delay": "300",
                            "health_check.#": "1",
                            "health_check.0.healthy_threshold": "3",
                            "health_check.0.interval": "30",
                            "health_check.0.matcher": "200,403",
                            "health_check.0.path": "/",
                            "health_check.0.port": "traffic-port",
                            "health_check.0.protocol": "HTTP",
                            "health_check.0.timeout": "5",
                            "health_check.0.unhealthy_threshold": "3",
                            "id": "arn:aws:elasticloadbalancing:us-east-2:549902048605:targetgroup/jenkins-8080/02eb4fa73c3d3c5e",
                            "name": "jenkins-8080",
                            "port": "8080",
                            "protocol": "HTTP",
                            "proxy_protocol_v2": "false",
                            "slow_start": "0",
                            "stickiness.#": "1",
                            "stickiness.0.cookie_duration": "86400",
                            "stickiness.0.enabled": "false",
                            "stickiness.0.type": "lb_cookie",
                            "tags.%": "0",
                            "target_type": "instance",
                            "vpc_id": "vpc-0ee34d8a811a6ba67"
                        },
                        "meta": {},
                        "tainted": false
                    },
                    "deposed": [],
                    "provider": "provider.aws"
                },
                "aws_lb_target_group.jenkins-slave-8080": {
                    "type": "aws_lb_target_group",
                    "depends_on": [
                        "aws_vpc.default"
                    ],
                    "primary": {
                        "id": "arn:aws:elasticloadbalancing:us-east-2:549902048605:targetgroup/jenkins-slave-8080/3ffa0e63ec31bbf3",
                        "attributes": {
                            "arn": "arn:aws:elasticloadbalancing:us-east-2:549902048605:targetgroup/jenkins-slave-8080/3ffa0e63ec31bbf3",
                            "arn_suffix": "targetgroup/jenkins-slave-8080/3ffa0e63ec31bbf3",
                            "deregistration_delay": "300",
                            "health_check.#": "1",
                            "health_check.0.healthy_threshold": "3",
                            "health_check.0.interval": "30",
                            "health_check.0.matcher": "200,403",
                            "health_check.0.path": "/",
                            "health_check.0.port": "traffic-port",
                            "health_check.0.protocol": "HTTP",
                            "health_check.0.timeout": "5",
                            "health_check.0.unhealthy_threshold": "3",
                            "id": "arn:aws:elasticloadbalancing:us-east-2:549902048605:targetgroup/jenkins-slave-8080/3ffa0e63ec31bbf3",
                            "name": "jenkins-slave-8080",
                            "port": "8080",
                            "protocol": "HTTP",
                            "proxy_protocol_v2": "false",
                            "slow_start": "0",
                            "stickiness.#": "1",
                            "stickiness.0.cookie_duration": "86400",
                            "stickiness.0.enabled": "false",
                            "stickiness.0.type": "lb_cookie",
                            "tags.%": "0",
                            "target_type": "instance",
                            "vpc_id": "vpc-0ee34d8a811a6ba67"
                        },
                        "meta": {},
                        "tainted": false
                    },
                    "deposed": [],
                    "provider": "provider.aws"
                },
                "aws_lb_target_group_attachment.git-80": {
                    "type": "aws_lb_target_group_attachment",
                    "depends_on": [
                        "aws_instance.git",
                        "aws_lb_target_group.git-80"
                    ],
                    "primary": {
                        "id": "arn:aws:elasticloadbalancing:us-east-2:549902048605:targetgroup/git-80/715a76a513cbbcd6-20181216183053464000000003",
                        "attributes": {
                            "id": "arn:aws:elasticloadbalancing:us-east-2:549902048605:targetgroup/git-80/715a76a513cbbcd6-20181216183053464000000003",
                            "port": "80",
                            "target_group_arn": "arn:aws:elasticloadbalancing:us-east-2:549902048605:targetgroup/git-80/715a76a513cbbcd6",
                            "target_id": "i-026df4ee096726996"
                        },
                        "meta": {},
                        "tainted": false
                    },
                    "deposed": [],
                    "provider": "provider.aws"
                },
                "aws_lb_target_group_attachment.jenkins-8080": {
                    "type": "aws_lb_target_group_attachment",
                    "depends_on": [
                        "aws_instance.jenkins",
                        "aws_lb_target_group.jenkins-8080"
                    ],
                    "primary": {
                        "id": "arn:aws:elasticloadbalancing:us-east-2:549902048605:targetgroup/jenkins-8080/02eb4fa73c3d3c5e-20181216183331222600000004",
                        "attributes": {
                            "id": "arn:aws:elasticloadbalancing:us-east-2:549902048605:targetgroup/jenkins-8080/02eb4fa73c3d3c5e-20181216183331222600000004",
                            "port": "8080",
                            "target_group_arn": "arn:aws:elasticloadbalancing:us-east-2:549902048605:targetgroup/jenkins-8080/02eb4fa73c3d3c5e",
                            "target_id": "i-0caae95c0d32ae626"
                        },
                        "meta": {},
                        "tainted": false
                    },
                    "deposed": [],
                    "provider": "provider.aws"
                },
                "aws_nat_gateway.nat_gw1": {
                    "type": "aws_nat_gateway",
                    "depends_on": [
                        "aws_eip.eip_Nat",
                        "aws_internet_gateway.gw",
                        "aws_subnet.public-subnet"
                    ],
                    "primary": {
                        "id": "nat-0c413d174987208f7",
                        "attributes": {
                            "allocation_id": "eipalloc-0f92a60e631cddd7e",
                            "id": "nat-0c413d174987208f7",
                            "network_interface_id": "eni-0ddaae936759dfb73",
                            "private_ip": "10.0.0.86",
                            "public_ip": "3.17.93.142",
                            "subnet_id": "subnet-00916f001500e4364",
                            "tags.%": "0"
                        },
                        "meta": {},
                        "tainted": false
                    },
                    "deposed": [],
                    "provider": "provider.aws"
                },
                "aws_route_table.private-rt": {
                    "type": "aws_route_table",
                    "depends_on": [
                        "aws_nat_gateway.nat_gw1",
                        "aws_vpc.default"
                    ],
                    "primary": {
                        "id": "rtb-06b87cf1af72afa73",
                        "attributes": {
                            "id": "rtb-06b87cf1af72afa73",
                            "owner_id": "549902048605",
                            "propagating_vgws.#": "0",
                            "route.#": "1",
                            "route.2514917707.cidr_block": "0.0.0.0/0",
                            "route.2514917707.egress_only_gateway_id": "",
                            "route.2514917707.gateway_id": "",
                            "route.2514917707.instance_id": "",
                            "route.2514917707.ipv6_cidr_block": "",
                            "route.2514917707.nat_gateway_id": "nat-0c413d174987208f7",
                            "route.2514917707.network_interface_id": "",
                            "route.2514917707.transit_gateway_id": "",
                            "route.2514917707.vpc_peering_connection_id": "",
                            "tags.%": "1",
                            "tags.Name": "Private Subnet RT",
                            "vpc_id": "vpc-0ee34d8a811a6ba67"
                        },
                        "meta": {},
                        "tainted": false
                    },
                    "deposed": [],
                    "provider": "provider.aws"
                },
                "aws_route_table.public-rt": {
                    "type": "aws_route_table",
                    "depends_on": [
                        "aws_internet_gateway.gw",
                        "aws_vpc.default"
                    ],
                    "primary": {
                        "id": "rtb-0ff0d5a371d0a058b",
                        "attributes": {
                            "id": "rtb-0ff0d5a371d0a058b",
                            "owner_id": "549902048605",
                            "propagating_vgws.#": "0",
                            "route.#": "1",
                            "route.2014720939.cidr_block": "0.0.0.0/0",
                            "route.2014720939.egress_only_gateway_id": "",
                            "route.2014720939.gateway_id": "igw-0be175abe7ce3897b",
                            "route.2014720939.instance_id": "",
                            "route.2014720939.ipv6_cidr_block": "",
                            "route.2014720939.nat_gateway_id": "",
                            "route.2014720939.network_interface_id": "",
                            "route.2014720939.transit_gateway_id": "",
                            "route.2014720939.vpc_peering_connection_id": "",
                            "tags.%": "1",
                            "tags.Name": "Public Subnet RT",
                            "vpc_id": "vpc-0ee34d8a811a6ba67"
                        },
                        "meta": {},
                        "tainted": false
                    },
                    "deposed": [],
                    "provider": "provider.aws"
                },
                "aws_route_table_association.private-rt1": {
                    "type": "aws_route_table_association",
                    "depends_on": [
                        "aws_route_table.private-rt",
                        "aws_subnet.private-subnet"
                    ],
                    "primary": {
                        "id": "rtbassoc-0141dc4afab7c60bc",
                        "attributes": {
                            "id": "rtbassoc-0141dc4afab7c60bc",
                            "route_table_id": "rtb-06b87cf1af72afa73",
                            "subnet_id": "subnet-0d6c75aeaa7f683bb"
                        },
                        "meta": {},
                        "tainted": false
                    },
                    "deposed": [],
                    "provider": "provider.aws"
                },
                "aws_route_table_association.private-rt2": {
                    "type": "aws_route_table_association",
                    "depends_on": [
                        "aws_route_table.private-rt",
                        "aws_subnet.private-subnet2"
                    ],
                    "primary": {
                        "id": "rtbassoc-070e9f3f7a1006f34",
                        "attributes": {
                            "id": "rtbassoc-070e9f3f7a1006f34",
                            "route_table_id": "rtb-06b87cf1af72afa73",
                            "subnet_id": "subnet-08785ac958fb3702e"
                        },
                        "meta": {},
                        "tainted": false
                    },
                    "deposed": [],
                    "provider": "provider.aws"
                },
                "aws_route_table_association.public-rt1": {
                    "type": "aws_route_table_association",
                    "depends_on": [
                        "aws_route_table.public-rt",
                        "aws_subnet.public-subnet"
                    ],
                    "primary": {
                        "id": "rtbassoc-0bc80173369819015",
                        "attributes": {
                            "id": "rtbassoc-0bc80173369819015",
                            "route_table_id": "rtb-0ff0d5a371d0a058b",
                            "subnet_id": "subnet-00916f001500e4364"
                        },
                        "meta": {},
                        "tainted": false
                    },
                    "deposed": [],
                    "provider": "provider.aws"
                },
                "aws_route_table_association.public-rt2": {
                    "type": "aws_route_table_association",
                    "depends_on": [
                        "aws_route_table.public-rt",
                        "aws_subnet.public-subnet2"
                    ],
                    "primary": {
                        "id": "rtbassoc-061dd60343a2655a0",
                        "attributes": {
                            "id": "rtbassoc-061dd60343a2655a0",
                            "route_table_id": "rtb-0ff0d5a371d0a058b",
                            "subnet_id": "subnet-0d723114b898c4cc1"
                        },
                        "meta": {},
                        "tainted": false
                    },
                    "deposed": [],
                    "provider": "provider.aws"
                },
                "aws_security_group.jenkins-efs": {
                    "type": "aws_security_group",
                    "depends_on": [
                        "aws_vpc.default"
                    ],
                    "primary": {
                        "id": "sg-00cc3ccc6510b4d8d",
                        "attributes": {
                            "arn": "arn:aws:ec2:us-east-2:549902048605:security-group/sg-00cc3ccc6510b4d8d",
                            "description": "Allow incoming NFS ports",
                            "egress.#": "1",
                            "egress.482069346.cidr_blocks.#": "1",
                            "egress.482069346.cidr_blocks.0": "0.0.0.0/0",
                            "egress.482069346.description": "",
                            "egress.482069346.from_port": "0",
                            "egress.482069346.ipv6_cidr_blocks.#": "0",
                            "egress.482069346.prefix_list_ids.#": "0",
                            "egress.482069346.protocol": "-1",
                            "egress.482069346.security_groups.#": "0",
                            "egress.482069346.self": "false",
                            "egress.482069346.to_port": "0",
                            "id": "sg-00cc3ccc6510b4d8d",
                            "ingress.#": "2",
                            "ingress.3329232486.cidr_blocks.#": "2",
                            "ingress.3329232486.cidr_blocks.0": "10.0.1.0/25",
                            "ingress.3329232486.cidr_blocks.1": "10.0.1.128/25",
                            "ingress.3329232486.description": "",
                            "ingress.3329232486.from_port": "2049",
                            "ingress.3329232486.ipv6_cidr_blocks.#": "0",
                            "ingress.3329232486.prefix_list_ids.#": "0",
                            "ingress.3329232486.protocol": "tcp",
                            "ingress.3329232486.security_groups.#": "0",
                            "ingress.3329232486.self": "false",
                            "ingress.3329232486.to_port": "2049",
                            "ingress.3901461386.cidr_blocks.#": "2",
                            "ingress.3901461386.cidr_blocks.0": "10.0.1.0/25",
                            "ingress.3901461386.cidr_blocks.1": "10.0.1.128/25",
                            "ingress.3901461386.description": "",
                            "ingress.3901461386.from_port": "-1",
                            "ingress.3901461386.ipv6_cidr_blocks.#": "0",
                            "ingress.3901461386.prefix_list_ids.#": "0",
                            "ingress.3901461386.protocol": "icmp",
                            "ingress.3901461386.security_groups.#": "0",
                            "ingress.3901461386.self": "false",
                            "ingress.3901461386.to_port": "-1",
                            "name": "sg_jenkins_efs",
                            "owner_id": "549902048605",
                            "revoke_rules_on_delete": "false",
                            "tags.%": "1",
                            "tags.Name": "EFS SG",
                            "vpc_id": "vpc-0ee34d8a811a6ba67"
                        },
                        "meta": {
                            "e2bfb730-ecaa-11e6-8f88-34363bc7c4c0": {
                                "create": 600000000000,
                                "delete": 600000000000
                            },
                            "schema_version": "1"
                        },
                        "tainted": false
                    },
                    "deposed": [],
                    "provider": "provider.aws"
                },
                "aws_security_group.sg_db": {
                    "type": "aws_security_group",
                    "depends_on": [
                        "aws_vpc.default"
                    ],
                    "primary": {
                        "id": "sg-09b18875d131ce264",
                        "attributes": {
                            "arn": "arn:aws:ec2:us-east-2:549902048605:security-group/sg-09b18875d131ce264",
                            "description": "Allow traffic from public subnet",
                            "egress.#": "1",
                            "egress.482069346.cidr_blocks.#": "1",
                            "egress.482069346.cidr_blocks.0": "0.0.0.0/0",
                            "egress.482069346.description": "",
                            "egress.482069346.from_port": "0",
                            "egress.482069346.ipv6_cidr_blocks.#": "0",
                            "egress.482069346.prefix_list_ids.#": "0",
                            "egress.482069346.protocol": "-1",
                            "egress.482069346.security_groups.#": "0",
                            "egress.482069346.self": "false",
                            "egress.482069346.to_port": "0",
                            "id": "sg-09b18875d131ce264",
                            "ingress.#": "4",
                            "ingress.1309507496.cidr_blocks.#": "1",
                            "ingress.1309507496.cidr_blocks.0": "10.0.1.128/25",
                            "ingress.1309507496.description": "",
                            "ingress.1309507496.from_port": "-1",
                            "ingress.1309507496.ipv6_cidr_blocks.#": "0",
                            "ingress.1309507496.prefix_list_ids.#": "0",
                            "ingress.1309507496.protocol": "icmp",
                            "ingress.1309507496.security_groups.#": "0",
                            "ingress.1309507496.self": "false",
                            "ingress.1309507496.to_port": "-1",
                            "ingress.1782943270.cidr_blocks.#": "1",
                            "ingress.1782943270.cidr_blocks.0": "10.0.1.0/25",
                            "ingress.1782943270.description": "",
                            "ingress.1782943270.from_port": "5432",
                            "ingress.1782943270.ipv6_cidr_blocks.#": "0",
                            "ingress.1782943270.prefix_list_ids.#": "0",
                            "ingress.1782943270.protocol": "tcp",
                            "ingress.1782943270.security_groups.#": "0",
                            "ingress.1782943270.self": "false",
                            "ingress.1782943270.to_port": "5432",
                            "ingress.2163364444.cidr_blocks.#": "1",
                            "ingress.2163364444.cidr_blocks.0": "10.0.1.0/25",
                            "ingress.2163364444.description": "",
                            "ingress.2163364444.from_port": "-1",
                            "ingress.2163364444.ipv6_cidr_blocks.#": "0",
                            "ingress.2163364444.prefix_list_ids.#": "0",
                            "ingress.2163364444.protocol": "icmp",
                            "ingress.2163364444.security_groups.#": "0",
                            "ingress.2163364444.self": "false",
                            "ingress.2163364444.to_port": "-1",
                            "ingress.347642524.cidr_blocks.#": "1",
                            "ingress.347642524.cidr_blocks.0": "10.0.1.128/25",
                            "ingress.347642524.description": "",
                            "ingress.347642524.from_port": "5432",
                            "ingress.347642524.ipv6_cidr_blocks.#": "0",
                            "ingress.347642524.prefix_list_ids.#": "0",
                            "ingress.347642524.protocol": "tcp",
                            "ingress.347642524.security_groups.#": "0",
                            "ingress.347642524.self": "false",
                            "ingress.347642524.to_port": "5432",
                            "name": "sg_db",
                            "owner_id": "549902048605",
                            "revoke_rules_on_delete": "false",
                            "tags.%": "1",
                            "tags.Name": "DB_SG",
                            "vpc_id": "vpc-0ee34d8a811a6ba67"
                        },
                        "meta": {
                            "e2bfb730-ecaa-11e6-8f88-34363bc7c4c0": {
                                "create": 600000000000,
                                "delete": 600000000000
                            },
                            "schema_version": "1"
                        },
                        "tainted": false
                    },
                    "deposed": [],
                    "provider": "provider.aws"
                },
                "aws_security_group.sg_git": {
                    "type": "aws_security_group",
                    "depends_on": [
                        "aws_vpc.default"
                    ],
                    "primary": {
                        "id": "sg-0fb6f7af71a5bbfad",
                        "attributes": {
                            "arn": "arn:aws:ec2:us-east-2:549902048605:security-group/sg-0fb6f7af71a5bbfad",
                            "description": "Allow traffic from public subnet",
                            "egress.#": "1",
                            "egress.482069346.cidr_blocks.#": "1",
                            "egress.482069346.cidr_blocks.0": "0.0.0.0/0",
                            "egress.482069346.description": "",
                            "egress.482069346.from_port": "0",
                            "egress.482069346.ipv6_cidr_blocks.#": "0",
                            "egress.482069346.prefix_list_ids.#": "0",
                            "egress.482069346.protocol": "-1",
                            "egress.482069346.security_groups.#": "0",
                            "egress.482069346.self": "false",
                            "egress.482069346.to_port": "0",
                            "id": "sg-0fb6f7af71a5bbfad",
                            "ingress.#": "5",
                            "ingress.1576785827.cidr_blocks.#": "5",
                            "ingress.1576785827.cidr_blocks.0": "10.0.1.0/25",
                            "ingress.1576785827.cidr_blocks.1": "10.0.1.128/25",
                            "ingress.1576785827.cidr_blocks.2": "10.0.0.0/25",
                            "ingress.1576785827.cidr_blocks.3": "10.0.0.128/25",
                            "ingress.1576785827.cidr_blocks.4": "173.172.103.202/32",
                            "ingress.1576785827.description": "",
                            "ingress.1576785827.from_port": "7990",
                            "ingress.1576785827.ipv6_cidr_blocks.#": "0",
                            "ingress.1576785827.prefix_list_ids.#": "0",
                            "ingress.1576785827.protocol": "tcp",
                            "ingress.1576785827.security_groups.#": "0",
                            "ingress.1576785827.self": "false",
                            "ingress.1576785827.to_port": "7990",
                            "ingress.1602626600.cidr_blocks.#": "5",
                            "ingress.1602626600.cidr_blocks.0": "10.0.1.0/25",
                            "ingress.1602626600.cidr_blocks.1": "10.0.1.128/25",
                            "ingress.1602626600.cidr_blocks.2": "10.0.0.0/25",
                            "ingress.1602626600.cidr_blocks.3": "10.0.0.128/25",
                            "ingress.1602626600.cidr_blocks.4": "173.172.103.202/32",
                            "ingress.1602626600.description": "",
                            "ingress.1602626600.from_port": "80",
                            "ingress.1602626600.ipv6_cidr_blocks.#": "0",
                            "ingress.1602626600.prefix_list_ids.#": "0",
                            "ingress.1602626600.protocol": "tcp",
                            "ingress.1602626600.security_groups.#": "0",
                            "ingress.1602626600.self": "false",
                            "ingress.1602626600.to_port": "80",
                            "ingress.2631861413.cidr_blocks.#": "1",
                            "ingress.2631861413.cidr_blocks.0": "10.0.0.128/25",
                            "ingress.2631861413.description": "",
                            "ingress.2631861413.from_port": "22",
                            "ingress.2631861413.ipv6_cidr_blocks.#": "0",
                            "ingress.2631861413.prefix_list_ids.#": "0",
                            "ingress.2631861413.protocol": "tcp",
                            "ingress.2631861413.security_groups.#": "0",
                            "ingress.2631861413.self": "false",
                            "ingress.2631861413.to_port": "22",
                            "ingress.518895600.cidr_blocks.#": "1",
                            "ingress.518895600.cidr_blocks.0": "10.0.0.0/25",
                            "ingress.518895600.description": "",
                            "ingress.518895600.from_port": "22",
                            "ingress.518895600.ipv6_cidr_blocks.#": "0",
                            "ingress.518895600.prefix_list_ids.#": "0",
                            "ingress.518895600.protocol": "tcp",
                            "ingress.518895600.security_groups.#": "0",
                            "ingress.518895600.self": "false",
                            "ingress.518895600.to_port": "22",
                            "ingress.798399694.cidr_blocks.#": "5",
                            "ingress.798399694.cidr_blocks.0": "10.0.1.0/25",
                            "ingress.798399694.cidr_blocks.1": "10.0.1.128/25",
                            "ingress.798399694.cidr_blocks.2": "10.0.0.0/25",
                            "ingress.798399694.cidr_blocks.3": "10.0.0.128/25",
                            "ingress.798399694.cidr_blocks.4": "173.172.103.202/32",
                            "ingress.798399694.description": "",
                            "ingress.798399694.from_port": "-1",
                            "ingress.798399694.ipv6_cidr_blocks.#": "0",
                            "ingress.798399694.prefix_list_ids.#": "0",
                            "ingress.798399694.protocol": "icmp",
                            "ingress.798399694.security_groups.#": "0",
                            "ingress.798399694.self": "false",
                            "ingress.798399694.to_port": "-1",
                            "name": "sg_git",
                            "owner_id": "549902048605",
                            "revoke_rules_on_delete": "false",
                            "tags.%": "1",
                            "tags.Name": "GIT_SG",
                            "vpc_id": "vpc-0ee34d8a811a6ba67"
                        },
                        "meta": {
                            "e2bfb730-ecaa-11e6-8f88-34363bc7c4c0": {
                                "create": 600000000000,
                                "delete": 600000000000
                            },
                            "schema_version": "1"
                        },
                        "tainted": false
                    },
                    "deposed": [],
                    "provider": "provider.aws"
                },
                "aws_security_group.sg_jenkins": {
                    "type": "aws_security_group",
                    "depends_on": [
                        "aws_vpc.default"
                    ],
                    "primary": {
                        "id": "sg-0c6e5b2c65f866b2f",
                        "attributes": {
                            "arn": "arn:aws:ec2:us-east-2:549902048605:security-group/sg-0c6e5b2c65f866b2f",
                            "description": "Allow traffic from public subnet",
                            "egress.#": "1",
                            "egress.482069346.cidr_blocks.#": "1",
                            "egress.482069346.cidr_blocks.0": "0.0.0.0/0",
                            "egress.482069346.description": "",
                            "egress.482069346.from_port": "0",
                            "egress.482069346.ipv6_cidr_blocks.#": "0",
                            "egress.482069346.prefix_list_ids.#": "0",
                            "egress.482069346.protocol": "-1",
                            "egress.482069346.security_groups.#": "0",
                            "egress.482069346.self": "false",
                            "egress.482069346.to_port": "0",
                            "id": "sg-0c6e5b2c65f866b2f",
                            "ingress.#": "4",
                            "ingress.1203501372.cidr_blocks.#": "5",
                            "ingress.1203501372.cidr_blocks.0": "10.0.1.0/25",
                            "ingress.1203501372.cidr_blocks.1": "10.0.1.128/25",
                            "ingress.1203501372.cidr_blocks.2": "10.0.0.0/25",
                            "ingress.1203501372.cidr_blocks.3": "10.0.0.128/25",
                            "ingress.1203501372.cidr_blocks.4": "173.172.103.202/32",
                            "ingress.1203501372.description": "",
                            "ingress.1203501372.from_port": "8080",
                            "ingress.1203501372.ipv6_cidr_blocks.#": "0",
                            "ingress.1203501372.prefix_list_ids.#": "0",
                            "ingress.1203501372.protocol": "tcp",
                            "ingress.1203501372.security_groups.#": "0",
                            "ingress.1203501372.self": "false",
                            "ingress.1203501372.to_port": "8080",
                            "ingress.2631861413.cidr_blocks.#": "1",
                            "ingress.2631861413.cidr_blocks.0": "10.0.0.128/25",
                            "ingress.2631861413.description": "",
                            "ingress.2631861413.from_port": "22",
                            "ingress.2631861413.ipv6_cidr_blocks.#": "0",
                            "ingress.2631861413.prefix_list_ids.#": "0",
                            "ingress.2631861413.protocol": "tcp",
                            "ingress.2631861413.security_groups.#": "0",
                            "ingress.2631861413.self": "false",
                            "ingress.2631861413.to_port": "22",
                            "ingress.518895600.cidr_blocks.#": "1",
                            "ingress.518895600.cidr_blocks.0": "10.0.0.0/25",
                            "ingress.518895600.description": "",
                            "ingress.518895600.from_port": "22",
                            "ingress.518895600.ipv6_cidr_blocks.#": "0",
                            "ingress.518895600.prefix_list_ids.#": "0",
                            "ingress.518895600.protocol": "tcp",
                            "ingress.518895600.security_groups.#": "0",
                            "ingress.518895600.self": "false",
                            "ingress.518895600.to_port": "22",
                            "ingress.798399694.cidr_blocks.#": "5",
                            "ingress.798399694.cidr_blocks.0": "10.0.1.0/25",
                            "ingress.798399694.cidr_blocks.1": "10.0.1.128/25",
                            "ingress.798399694.cidr_blocks.2": "10.0.0.0/25",
                            "ingress.798399694.cidr_blocks.3": "10.0.0.128/25",
                            "ingress.798399694.cidr_blocks.4": "173.172.103.202/32",
                            "ingress.798399694.description": "",
                            "ingress.798399694.from_port": "-1",
                            "ingress.798399694.ipv6_cidr_blocks.#": "0",
                            "ingress.798399694.prefix_list_ids.#": "0",
                            "ingress.798399694.protocol": "icmp",
                            "ingress.798399694.security_groups.#": "0",
                            "ingress.798399694.self": "false",
                            "ingress.798399694.to_port": "-1",
                            "name": "sg_jenkins",
                            "owner_id": "549902048605",
                            "revoke_rules_on_delete": "false",
                            "tags.%": "1",
                            "tags.Name": "Jenkins_SG",
                            "vpc_id": "vpc-0ee34d8a811a6ba67"
                        },
                        "meta": {
                            "e2bfb730-ecaa-11e6-8f88-34363bc7c4c0": {
                                "create": 600000000000,
                                "delete": 600000000000
                            },
                            "schema_version": "1"
                        },
                        "tainted": false
                    },
                    "deposed": [],
                    "provider": "provider.aws"
                },
                "aws_security_group.sgbastion": {
                    "type": "aws_security_group",
                    "depends_on": [
                        "aws_vpc.default"
                    ],
                    "primary": {
                        "id": "sg-09971089f39cbc6d7",
                        "attributes": {
                            "arn": "arn:aws:ec2:us-east-2:549902048605:security-group/sg-09971089f39cbc6d7",
                            "description": "Allow incoming SSH access and ping",
                            "egress.#": "1",
                            "egress.482069346.cidr_blocks.#": "1",
                            "egress.482069346.cidr_blocks.0": "0.0.0.0/0",
                            "egress.482069346.description": "",
                            "egress.482069346.from_port": "0",
                            "egress.482069346.ipv6_cidr_blocks.#": "0",
                            "egress.482069346.prefix_list_ids.#": "0",
                            "egress.482069346.protocol": "-1",
                            "egress.482069346.security_groups.#": "0",
                            "egress.482069346.self": "false",
                            "egress.482069346.to_port": "0",
                            "id": "sg-09971089f39cbc6d7",
                            "ingress.#": "2",
                            "ingress.1971223506.cidr_blocks.#": "1",
                            "ingress.1971223506.cidr_blocks.0": "173.172.103.202/32",
                            "ingress.1971223506.description": "",
                            "ingress.1971223506.from_port": "-1",
                            "ingress.1971223506.ipv6_cidr_blocks.#": "0",
                            "ingress.1971223506.prefix_list_ids.#": "0",
                            "ingress.1971223506.protocol": "icmp",
                            "ingress.1971223506.security_groups.#": "0",
                            "ingress.1971223506.self": "false",
                            "ingress.1971223506.to_port": "-1",
                            "ingress.2447130443.cidr_blocks.#": "1",
                            "ingress.2447130443.cidr_blocks.0": "173.172.103.202/32",
                            "ingress.2447130443.description": "",
                            "ingress.2447130443.from_port": "22",
                            "ingress.2447130443.ipv6_cidr_blocks.#": "0",
                            "ingress.2447130443.prefix_list_ids.#": "0",
                            "ingress.2447130443.protocol": "tcp",
                            "ingress.2447130443.security_groups.#": "0",
                            "ingress.2447130443.self": "false",
                            "ingress.2447130443.to_port": "22",
                            "name": "sg_bastion",
                            "owner_id": "549902048605",
                            "revoke_rules_on_delete": "false",
                            "tags.%": "1",
                            "tags.Name": "Bastion SG",
                            "vpc_id": "vpc-0ee34d8a811a6ba67"
                        },
                        "meta": {
                            "e2bfb730-ecaa-11e6-8f88-34363bc7c4c0": {
                                "create": 600000000000,
                                "delete": 600000000000
                            },
                            "schema_version": "1"
                        },
                        "tainted": false
                    },
                    "deposed": [],
                    "provider": "provider.aws"
                },
                "aws_subnet.private-db-subnet": {
                    "type": "aws_subnet",
                    "depends_on": [
                        "aws_vpc.default"
                    ],
                    "primary": {
                        "id": "subnet-0a2d82e6770ca3d0c",
                        "attributes": {
                            "arn": "arn:aws:ec2:us-east-2:549902048605:subnet/subnet-0a2d82e6770ca3d0c",
                            "assign_ipv6_address_on_creation": "false",
                            "availability_zone": "us-east-2a",
                            "availability_zone_id": "use2-az1",
                            "cidr_block": "10.0.2.0/25",
                            "id": "subnet-0a2d82e6770ca3d0c",
                            "ipv6_cidr_block": "",
                            "ipv6_cidr_block_association_id": "",
                            "map_public_ip_on_launch": "false",
                            "owner_id": "549902048605",
                            "tags.%": "1",
                            "tags.Name": "Database Private Subnet 1",
                            "vpc_id": "vpc-0ee34d8a811a6ba67"
                        },
                        "meta": {
                            "e2bfb730-ecaa-11e6-8f88-34363bc7c4c0": {
                                "create": 600000000000,
                                "delete": 600000000000
                            },
                            "schema_version": "1"
                        },
                        "tainted": false
                    },
                    "deposed": [],
                    "provider": "provider.aws"
                },
                "aws_subnet.private-db-subnet2": {
                    "type": "aws_subnet",
                    "depends_on": [
                        "aws_vpc.default"
                    ],
                    "primary": {
                        "id": "subnet-0b16c1c9146608fe2",
                        "attributes": {
                            "arn": "arn:aws:ec2:us-east-2:549902048605:subnet/subnet-0b16c1c9146608fe2",
                            "assign_ipv6_address_on_creation": "false",
                            "availability_zone": "us-east-2b",
                            "availability_zone_id": "use2-az2",
                            "cidr_block": "10.0.2.128/25",
                            "id": "subnet-0b16c1c9146608fe2",
                            "ipv6_cidr_block": "",
                            "ipv6_cidr_block_association_id": "",
                            "map_public_ip_on_launch": "false",
                            "owner_id": "549902048605",
                            "tags.%": "1",
                            "tags.Name": "Database Private Subnet 2",
                            "vpc_id": "vpc-0ee34d8a811a6ba67"
                        },
                        "meta": {
                            "e2bfb730-ecaa-11e6-8f88-34363bc7c4c0": {
                                "create": 600000000000,
                                "delete": 600000000000
                            },
                            "schema_version": "1"
                        },
                        "tainted": false
                    },
                    "deposed": [],
                    "provider": "provider.aws"
                },
                "aws_subnet.private-subnet": {
                    "type": "aws_subnet",
                    "depends_on": [
                        "aws_vpc.default"
                    ],
                    "primary": {
                        "id": "subnet-0d6c75aeaa7f683bb",
                        "attributes": {
                            "arn": "arn:aws:ec2:us-east-2:549902048605:subnet/subnet-0d6c75aeaa7f683bb",
                            "assign_ipv6_address_on_creation": "false",
                            "availability_zone": "us-east-2a",
                            "availability_zone_id": "use2-az1",
                            "cidr_block": "10.0.1.0/25",
                            "id": "subnet-0d6c75aeaa7f683bb",
                            "ipv6_cidr_block": "",
                            "ipv6_cidr_block_association_id": "",
                            "map_public_ip_on_launch": "false",
                            "owner_id": "549902048605",
                            "tags.%": "1",
                            "tags.Name": "App Private Subnet 1",
                            "vpc_id": "vpc-0ee34d8a811a6ba67"
                        },
                        "meta": {
                            "e2bfb730-ecaa-11e6-8f88-34363bc7c4c0": {
                                "create": 600000000000,
                                "delete": 600000000000
                            },
                            "schema_version": "1"
                        },
                        "tainted": false
                    },
                    "deposed": [],
                    "provider": "provider.aws"
                },
                "aws_subnet.private-subnet2": {
                    "type": "aws_subnet",
                    "depends_on": [
                        "aws_vpc.default"
                    ],
                    "primary": {
                        "id": "subnet-08785ac958fb3702e",
                        "attributes": {
                            "arn": "arn:aws:ec2:us-east-2:549902048605:subnet/subnet-08785ac958fb3702e",
                            "assign_ipv6_address_on_creation": "false",
                            "availability_zone": "us-east-2b",
                            "availability_zone_id": "use2-az2",
                            "cidr_block": "10.0.1.128/25",
                            "id": "subnet-08785ac958fb3702e",
                            "ipv6_cidr_block": "",
                            "ipv6_cidr_block_association_id": "",
                            "map_public_ip_on_launch": "false",
                            "owner_id": "549902048605",
                            "tags.%": "1",
                            "tags.Name": "App Private Subnet 2",
                            "vpc_id": "vpc-0ee34d8a811a6ba67"
                        },
                        "meta": {
                            "e2bfb730-ecaa-11e6-8f88-34363bc7c4c0": {
                                "create": 600000000000,
                                "delete": 600000000000
                            },
                            "schema_version": "1"
                        },
                        "tainted": false
                    },
                    "deposed": [],
                    "provider": "provider.aws"
                },
                "aws_subnet.public-subnet": {
                    "type": "aws_subnet",
                    "depends_on": [
                        "aws_vpc.default"
                    ],
                    "primary": {
                        "id": "subnet-00916f001500e4364",
                        "attributes": {
                            "arn": "arn:aws:ec2:us-east-2:549902048605:subnet/subnet-00916f001500e4364",
                            "assign_ipv6_address_on_creation": "false",
                            "availability_zone": "us-east-2a",
                            "availability_zone_id": "use2-az1",
                            "cidr_block": "10.0.0.0/25",
                            "id": "subnet-00916f001500e4364",
                            "ipv6_cidr_block": "",
                            "ipv6_cidr_block_association_id": "",
                            "map_public_ip_on_launch": "false",
                            "owner_id": "549902048605",
                            "tags.%": "1",
                            "tags.Name": "Web Public Subnet 1",
                            "vpc_id": "vpc-0ee34d8a811a6ba67"
                        },
                        "meta": {
                            "e2bfb730-ecaa-11e6-8f88-34363bc7c4c0": {
                                "create": 600000000000,
                                "delete": 600000000000
                            },
                            "schema_version": "1"
                        },
                        "tainted": false
                    },
                    "deposed": [],
                    "provider": "provider.aws"
                },
                "aws_subnet.public-subnet2": {
                    "type": "aws_subnet",
                    "depends_on": [
                        "aws_vpc.default"
                    ],
                    "primary": {
                        "id": "subnet-0d723114b898c4cc1",
                        "attributes": {
                            "arn": "arn:aws:ec2:us-east-2:549902048605:subnet/subnet-0d723114b898c4cc1",
                            "assign_ipv6_address_on_creation": "false",
                            "availability_zone": "us-east-2b",
                            "availability_zone_id": "use2-az2",
                            "cidr_block": "10.0.0.128/25",
                            "id": "subnet-0d723114b898c4cc1",
                            "ipv6_cidr_block": "",
                            "ipv6_cidr_block_association_id": "",
                            "map_public_ip_on_launch": "false",
                            "owner_id": "549902048605",
                            "tags.%": "1",
                            "tags.Name": "Web Public Subnet 2",
                            "vpc_id": "vpc-0ee34d8a811a6ba67"
                        },
                        "meta": {
                            "e2bfb730-ecaa-11e6-8f88-34363bc7c4c0": {
                                "create": 600000000000,
                                "delete": 600000000000
                            },
                            "schema_version": "1"
                        },
                        "tainted": false
                    },
                    "deposed": [],
                    "provider": "provider.aws"
                },
                "aws_vpc.default": {
                    "type": "aws_vpc",
                    "depends_on": [],
                    "primary": {
                        "id": "vpc-0ee34d8a811a6ba67",
                        "attributes": {
                            "arn": "arn:aws:ec2:us-east-2:549902048605:vpc/vpc-0ee34d8a811a6ba67",
                            "assign_generated_ipv6_cidr_block": "false",
                            "cidr_block": "10.0.0.0/16",
                            "default_network_acl_id": "acl-04033636c3d97202d",
                            "default_route_table_id": "rtb-0cb4fc6988ad185a2",
                            "default_security_group_id": "sg-09e058242e5abd0ab",
                            "dhcp_options_id": "dopt-f933d692",
                            "enable_dns_hostnames": "true",
                            "enable_dns_support": "true",
                            "id": "vpc-0ee34d8a811a6ba67",
                            "instance_tenancy": "default",
                            "ipv6_association_id": "",
                            "ipv6_cidr_block": "",
                            "main_route_table_id": "rtb-0cb4fc6988ad185a2",
                            "owner_id": "549902048605",
                            "tags.%": "1",
                            "tags.Name": "DevOps POC VPC"
                        },
                        "meta": {
                            "schema_version": "1"
                        },
                        "tainted": false
                    },
                    "deposed": [],
                    "provider": "provider.aws"
                },
                "data.aws_ami.amzn": {
                    "type": "aws_ami",
                    "depends_on": [],
                    "primary": {
                        "id": "ami-02e680c4540db351e",
                        "attributes": {
                            "architecture": "x86_64",
                            "block_device_mappings.#": "1",
                            "block_device_mappings.340275815.device_name": "/dev/xvda",
                            "block_device_mappings.340275815.ebs.%": "6",
                            "block_device_mappings.340275815.ebs.delete_on_termination": "true",
                            "block_device_mappings.340275815.ebs.encrypted": "false",
                            "block_device_mappings.340275815.ebs.iops": "0",
                            "block_device_mappings.340275815.ebs.snapshot_id": "snap-00525f7708ba0b6dc",
                            "block_device_mappings.340275815.ebs.volume_size": "8",
                            "block_device_mappings.340275815.ebs.volume_type": "gp2",
                            "block_device_mappings.340275815.no_device": "",
                            "block_device_mappings.340275815.virtual_name": "",
                            "creation_date": "2018-11-14T09:06:55.000Z",
                            "description": "Amazon Linux 2 AMI 2.0.20181114 x86_64 HVM gp2",
                            "filter.#": "1",
                            "filter.3325118623.name": "name",
                            "filter.3325118623.values.#": "1",
                            "filter.3325118623.values.0": "amzn2-ami-hvm-2.0.*-x86_64-gp2",
                            "hypervisor": "xen",
                            "id": "ami-02e680c4540db351e",
                            "image_id": "ami-02e680c4540db351e",
                            "image_location": "amazon/amzn2-ami-hvm-2.0.20181114-x86_64-gp2",
                            "image_owner_alias": "amazon",
                            "image_type": "machine",
                            "most_recent": "true",
                            "name": "amzn2-ami-hvm-2.0.20181114-x86_64-gp2",
                            "owner_id": "137112412989",
                            "product_codes.#": "0",
                            "public": "true",
                            "root_device_name": "/dev/xvda",
                            "root_device_type": "ebs",
                            "root_snapshot_id": "snap-00525f7708ba0b6dc",
                            "sriov_net_support": "simple",
                            "state": "available",
                            "state_reason.%": "2",
                            "state_reason.code": "UNSET",
                            "state_reason.message": "UNSET",
                            "tags.%": "0",
                            "virtualization_type": "hvm"
                        },
                        "meta": {},
                        "tainted": false
                    },
                    "deposed": [],
                    "provider": "provider.aws"
                },
                "data.aws_ami.rhel": {
                    "type": "aws_ami",
                    "depends_on": [],
                    "primary": {
                        "id": "ami-03291866",
                        "attributes": {
                            "architecture": "x86_64",
                            "block_device_mappings.#": "1",
                            "block_device_mappings.309099847.device_name": "/dev/sda1",
                            "block_device_mappings.309099847.ebs.%": "6",
                            "block_device_mappings.309099847.ebs.delete_on_termination": "true",
                            "block_device_mappings.309099847.ebs.encrypted": "false",
                            "block_device_mappings.309099847.ebs.iops": "0",
                            "block_device_mappings.309099847.ebs.snapshot_id": "snap-0cf126c0e00af0cb4",
                            "block_device_mappings.309099847.ebs.volume_size": "10",
                            "block_device_mappings.309099847.ebs.volume_type": "gp2",
                            "block_device_mappings.309099847.no_device": "",
                            "block_device_mappings.309099847.virtual_name": "",
                            "creation_date": "2018-03-23T20:40:52.000Z",
                            "description": "Provided by Red Hat, Inc.",
                            "filter.#": "1",
                            "filter.3123460170.name": "name",
                            "filter.3123460170.values.#": "1",
                            "filter.3123460170.values.0": "RHEL-7.5_HVM_GA*",
                            "hypervisor": "xen",
                            "id": "ami-03291866",
                            "image_id": "ami-03291866",
                            "image_location": "309956199498/RHEL-7.5_HVM_GA-20180322-x86_64-1-Hourly2-GP2",
                            "image_type": "machine",
                            "most_recent": "true",
                            "name": "RHEL-7.5_HVM_GA-20180322-x86_64-1-Hourly2-GP2",
                            "owner_id": "309956199498",
                            "product_codes.#": "0",
                            "public": "true",
                            "root_device_name": "/dev/sda1",
                            "root_device_type": "ebs",
                            "root_snapshot_id": "snap-0cf126c0e00af0cb4",
                            "sriov_net_support": "simple",
                            "state": "available",
                            "state_reason.%": "2",
                            "state_reason.code": "UNSET",
                            "state_reason.message": "UNSET",
                            "tags.%": "0",
                            "virtualization_type": "hvm"
                        },
                        "meta": {},
                        "tainted": false
                    },
                    "deposed": [],
                    "provider": "provider.aws"
                },
                "data.aws_iam_policy.ec2-readonly-policy": {
                    "type": "aws_iam_policy",
                    "depends_on": [],
                    "primary": {
                        "id": "arn:aws:iam::aws:policy/ReadOnlyAccess",
                        "attributes": {
                            "arn": "arn:aws:iam::aws:policy/ReadOnlyAccess",
                            "description": "Provides read-only access to AWS services and resources.",
                            "id": "arn:aws:iam::aws:policy/ReadOnlyAccess",
                            "name": "ReadOnlyAccess",
                            "path": "/",
                            "policy": "{\n  \"Version\": \"2012-10-17\",\n  \"Statement\": [\n    {\n      \"Action\": [\n        \"a4b:Get*\",\n        \"a4b:List*\",\n        \"a4b:Describe*\",\n        \"a4b:Search*\",\n        \"acm:Describe*\",\n        \"acm:Get*\",\n        \"acm:List*\",\n        \"apigateway:GET\",\n        \"application-autoscaling:Describe*\",\n        \"autoscaling-plans:Describe*\",\n        \"appstream:Describe*\",\n        \"appstream:Get*\",\n        \"appstream:List*\",\n        \"athena:List*\",\n        \"athena:Batch*\",\n        \"athena:Get*\",\n        \"autoscaling:Describe*\",\n        \"batch:List*\",\n        \"batch:Describe*\",\n        \"cloud9:Describe*\",\n        \"cloud9:List*\",\n        \"clouddirectory:List*\",\n        \"clouddirectory:BatchRead\",\n        \"clouddirectory:Get*\",\n        \"clouddirectory:LookupPolicy\",\n        \"cloudformation:Describe*\",\n        \"cloudformation:Get*\",\n        \"cloudformation:List*\",\n        \"cloudformation:Estimate*\",\n        \"cloudformation:Preview*\",\n        \"cloudfront:Get*\",\n        \"cloudfront:List*\",\n        \"cloudhsm:List*\",\n        \"cloudhsm:Describe*\",\n        \"cloudhsm:Get*\",\n        \"cloudsearch:Describe*\",\n        \"cloudsearch:List*\",\n        \"cloudtrail:Describe*\",\n        \"cloudtrail:Get*\",\n        \"cloudtrail:List*\",\n        \"cloudtrail:LookupEvents\",\n        \"cloudwatch:Describe*\",\n        \"cloudwatch:Get*\",\n        \"cloudwatch:List*\",\n        \"codebuild:BatchGet*\",\n        \"codebuild:List*\",\n        \"codecommit:BatchGet*\",\n        \"codecommit:Describe*\",\n        \"codecommit:Get*\",\n        \"codecommit:GitPull\",\n        \"codecommit:List*\",\n        \"codedeploy:BatchGet*\",\n        \"codedeploy:Get*\",\n        \"codedeploy:List*\",\n        \"codepipeline:List*\",\n        \"codepipeline:Get*\",\n        \"codestar:List*\",\n        \"codestar:Describe*\",\n        \"codestar:Get*\",\n        \"codestar:Verify*\",\n        \"cognito-identity:List*\",\n        \"cognito-identity:Describe*\",\n        \"cognito-identity:Lookup*\",\n        \"cognito-sync:List*\",\n        \"cognito-sync:Describe*\",\n        \"cognito-sync:Get*\",\n        \"cognito-sync:QueryRecords\",\n        \"cognito-idp:AdminGet*\",\n        \"cognito-idp:AdminList*\",\n        \"cognito-idp:List*\",\n        \"cognito-idp:Describe*\",\n        \"cognito-idp:Get*\",\n        \"config:Deliver*\",\n        \"config:Describe*\",\n        \"config:Get*\",\n        \"config:List*\",\n        \"connect:List*\",\n        \"connect:Describe*\",\n        \"connect:GetFederationToken\",\n        \"datapipeline:Describe*\",\n        \"datapipeline:EvaluateExpression\",\n        \"datapipeline:Get*\",\n        \"datapipeline:List*\",\n        \"datapipeline:QueryObjects\",\n        \"datapipeline:Validate*\",\n        \"dax:BatchGetItem\",\n        \"dax:Describe*\",\n        \"dax:GetItem\",\n        \"dax:ListTags\",\n        \"dax:Query\",\n        \"dax:Scan\",\n        \"directconnect:Describe*\",\n        \"devicefarm:List*\",\n        \"devicefarm:Get*\",\n        \"discovery:Describe*\",\n        \"discovery:List*\",\n        \"discovery:Get*\",\n        \"dlm:Get*\",\n        \"dms:Describe*\",\n        \"dms:List*\",\n        \"dms:Test*\",\n        \"ds:Check*\",\n        \"ds:Describe*\",\n        \"ds:Get*\",\n        \"ds:List*\",\n        \"ds:Verify*\",\n        \"dynamodb:BatchGet*\",\n        \"dynamodb:Describe*\",\n        \"dynamodb:Get*\",\n        \"dynamodb:List*\",\n        \"dynamodb:Query\",\n        \"dynamodb:Scan\",\n        \"ec2:Describe*\",\n        \"ec2:Get*\",\n        \"ec2messages:Get*\",\n        \"ecr:BatchCheck*\",\n        \"ecr:BatchGet*\",\n        \"ecr:Describe*\",\n        \"ecr:Get*\",\n        \"ecr:List*\",\n        \"ecs:Describe*\",\n        \"ecs:List*\",\n        \"eks:DescribeCluster\",\n        \"eks:ListClusters\",\n        \"elasticache:Describe*\",\n        \"elasticache:List*\",\n        \"elasticbeanstalk:Check*\",\n        \"elasticbeanstalk:Describe*\",\n        \"elasticbeanstalk:List*\",\n        \"elasticbeanstalk:Request*\",\n        \"elasticbeanstalk:Retrieve*\",\n        \"elasticbeanstalk:Validate*\",\n        \"elasticfilesystem:Describe*\",\n        \"elasticloadbalancing:Describe*\",\n        \"elasticmapreduce:Describe*\",\n        \"elasticmapreduce:List*\",\n        \"elasticmapreduce:View*\",\n        \"elastictranscoder:List*\",\n        \"elastictranscoder:Read*\",\n        \"es:Describe*\",\n        \"es:List*\",\n        \"es:Get*\",\n        \"es:ESHttpGet\",\n        \"es:ESHttpHead\",\n        \"events:Describe*\",\n        \"events:List*\",\n        \"events:Test*\",\n        \"firehose:Describe*\",\n        \"firehose:List*\",\n        \"gamelift:List*\",\n        \"gamelift:Get*\",\n        \"gamelift:Describe*\",\n        \"gamelift:RequestUploadCredentials\",\n        \"gamelift:ResolveAlias\",\n        \"gamelift:Search*\",\n        \"glacier:List*\",\n        \"glacier:Describe*\",\n        \"glacier:Get*\",\n        \"greengrass:Get*\",\n        \"greengrass:List*\",\n        \"guardduty:Get*\",\n        \"guardduty:List*\",\n        \"health:Describe*\",\n        \"health:Get*\",\n        \"health:List*\",\n        \"iam:Generate*\",\n        \"iam:Get*\",\n        \"iam:List*\",\n        \"iam:Simulate*\",\n        \"importexport:Get*\",\n        \"importexport:List*\",\n        \"inspector:Describe*\",\n        \"inspector:Get*\",\n        \"inspector:List*\",\n        \"inspector:Preview*\",\n        \"inspector:LocalizeText\",\n        \"iot:Describe*\",\n        \"iot:Get*\",\n        \"iot:List*\",\n        \"iotanalytics:Describe*\",\n        \"iotanalytics:List*\",\n        \"iotanalytics:Get*\",\n        \"iotanalytics:SampleChannelData\",\n        \"kinesisanalytics:Describe*\",\n        \"kinesisanalytics:Discover*\",\n        \"kinesisanalytics:Get*\",\n        \"kinesisanalytics:List*\",\n        \"kinesisvideo:Describe*\",\n        \"kinesisvideo:Get*\",\n        \"kinesisvideo:List*\",\n        \"kinesis:Describe*\",\n        \"kinesis:Get*\",\n        \"kinesis:List*\",\n        \"kms:Describe*\",\n        \"kms:Get*\",\n        \"kms:List*\",\n        \"lambda:List*\",\n        \"lambda:Get*\",\n        \"lex:Get*\",\n        \"lightsail:Get*\",\n        \"lightsail:Is*\",\n        \"lightsail:Download*\",\n        \"logs:Describe*\",\n        \"logs:Get*\",\n        \"logs:FilterLogEvents\",\n        \"logs:ListTagsLogGroup\",\n        \"logs:TestMetricFilter\",\n        \"machinelearning:Describe*\",\n        \"machinelearning:Get*\",\n        \"mobileanalytics:Get*\",\n        \"mobilehub:Describe*\",\n        \"mobilehub:Export*\",\n        \"mobilehub:Generate*\",\n        \"mobilehub:Get*\",\n        \"mobilehub:List*\",\n        \"mobilehub:Validate*\",\n        \"mobilehub:Verify*\",\n        \"mobiletargeting:Get*\",\n        \"mq:Describe*\",\n        \"mq:List*\",\n        \"opsworks:Describe*\",\n        \"opsworks:Get*\",\n        \"opsworks-cm:Describe*\",\n        \"organizations:Describe*\",\n        \"organizations:List*\",\n        \"pi:DescribeDimensionKeys\",\n        \"pi:GetResourceMetrics\",\n        \"polly:Describe*\",\n        \"polly:Get*\",\n        \"polly:List*\",\n        \"polly:SynthesizeSpeech\",\n        \"rekognition:CompareFaces\",\n        \"rekognition:Detect*\",\n        \"rekognition:List*\",\n        \"rekognition:Search*\",\n        \"rds:Describe*\",\n        \"rds:List*\",\n        \"rds:Download*\",\n        \"redshift:Describe*\",\n        \"redshift:GetReservedNodeExchangeOfferings\",\n        \"redshift:View*\",\n        \"resource-groups:Describe*\",\n        \"resource-groups:Get*\",\n        \"resource-groups:List*\",\n        \"resource-groups:Search*\",\n        \"route53:Get*\",\n        \"route53:List*\",\n        \"route53:Test*\",\n        \"route53domains:Check*\",\n        \"route53domains:Get*\",\n        \"route53domains:List*\",\n        \"route53domains:View*\",\n        \"s3:Get*\",\n        \"s3:List*\",\n        \"s3:Head*\",\n        \"sagemaker:Describe*\",\n        \"sagemaker:List*\",\n        \"sdb:Get*\",\n        \"sdb:List*\",\n        \"sdb:Select*\",\n        \"secretsmanager:List*\",\n        \"secretsmanager:Describe*\",\n        \"secretsmanager:GetResourcePolicy\",\n        \"serverlessrepo:List*\",\n        \"serverlessrepo:Get*\",\n        \"serverlessrepo:SearchApplications\",\n        \"servicecatalog:List*\",\n        \"servicecatalog:Scan*\",\n        \"servicecatalog:Search*\",\n        \"servicecatalog:Describe*\",\n        \"servicediscovery:Get*\",\n        \"servicediscovery:List*\",\n        \"ses:Get*\",\n        \"ses:List*\",\n        \"ses:Describe*\",\n        \"shield:Describe*\",\n        \"shield:List*\",\n        \"snowball:Get*\",\n        \"snowball:Describe*\",\n        \"snowball:List*\",\n        \"sns:Get*\",\n        \"sns:List*\",\n        \"sns:Check*\",\n        \"sqs:Get*\",\n        \"sqs:List*\",\n        \"sqs:Receive*\",\n        \"ssm:Describe*\",\n        \"ssm:Get*\",\n        \"ssm:List*\",\n        \"states:List*\",\n        \"states:Describe*\",\n        \"states:GetExecutionHistory\",\n        \"storagegateway:Describe*\",\n        \"storagegateway:List*\",\n        \"sts:Get*\",\n        \"swf:Count*\",\n        \"swf:Describe*\",\n        \"swf:Get*\",\n        \"swf:List*\",\n        \"tag:Get*\",\n        \"trustedadvisor:Describe*\",\n        \"waf:Get*\",\n        \"waf:List*\",\n        \"waf-regional:List*\",\n        \"waf-regional:Get*\",\n        \"workdocs:Describe*\",\n        \"workdocs:Get*\",\n        \"workdocs:CheckAlias\",\n        \"workmail:Describe*\",\n        \"workmail:Get*\",\n        \"workmail:List*\",\n        \"workmail:Search*\",\n        \"workspaces:Describe*\",\n        \"xray:BatchGet*\",\n        \"xray:Get*\"\n      ],\n      \"Effect\": \"Allow\",\n      \"Resource\": \"*\"\n    }\n  ]\n}"
                        },
                        "meta": {},
                        "tainted": false
                    },
                    "deposed": [],
                    "provider": "provider.aws"
                }
            },
            "depends_on": []
        }
    ]
}
