{
    "version": 3,
    "terraform_version": "0.11.9",
    "serial": 16,
    "lineage": "e3076105-6cb3-cbb8-3900-a3ddb3b1b134",
    "modules": [
        {
            "path": [
                "root"
            ],
            "outputs": {
                "Web_pub_ip": {
                    "sensitive": false,
                    "type": "string",
                    "value": "3.16.48.239"
                }
            },
            "resources": {
                "aws_instance.wb": {
                    "type": "aws_instance",
                    "depends_on": [
                        "aws_key_pair.default",
                        "aws_security_group.sgweb",
                        "aws_subnet.public-subnet"
                    ],
                    "primary": {
                        "id": "i-04f0413084920d48f",
                        "attributes": {
                            "ami": "ami-03291866",
                            "arn": "arn:aws:ec2:us-east-2:719131016570:instance/i-04f0413084920d48f",
                            "associate_public_ip_address": "true",
                            "availability_zone": "us-east-2a",
                            "cpu_core_count": "1",
                            "cpu_threads_per_core": "1",
                            "credit_specification.#": "1",
                            "credit_specification.0.cpu_credits": "standard",
                            "disable_api_termination": "false",
                            "ebs_block_device.#": "0",
                            "ebs_optimized": "false",
                            "ephemeral_block_device.#": "0",
                            "get_password_data": "false",
                            "iam_instance_profile": "",
                            "id": "i-04f0413084920d48f",
                            "instance_state": "running",
                            "instance_type": "t2.micro",
                            "ipv6_addresses.#": "0",
                            "key_name": "ec2_key_pair",
                            "monitoring": "false",
                            "network_interface.#": "0",
                            "network_interface_id": "eni-0f0ffdc29610cdf6b",
                            "password_data": "",
                            "placement_group": "",
                            "primary_network_interface_id": "eni-0f0ffdc29610cdf6b",
                            "private_dns": "ip-10-0-0-40.us-east-2.compute.internal",
                            "private_ip": "10.0.0.40",
                            "public_dns": "ec2-3-16-48-239.us-east-2.compute.amazonaws.com",
                            "public_ip": "3.16.48.239",
                            "root_block_device.#": "1",
                            "root_block_device.0.delete_on_termination": "true",
                            "root_block_device.0.iops": "100",
                            "root_block_device.0.volume_id": "vol-0c7b195046d59acce",
                            "root_block_device.0.volume_size": "10",
                            "root_block_device.0.volume_type": "gp2",
                            "security_groups.#": "0",
                            "source_dest_check": "false",
                            "subnet_id": "subnet-0e67db3ed7835cd29",
                            "tags.%": "1",
                            "tags.Name": "webserver",
                            "tenancy": "default",
                            "user_data": "7fb86cbdfaccedcb8b57623ce8952d41a6241e39",
                            "volume_tags.%": "0",
                            "vpc_security_group_ids.#": "1",
                            "vpc_security_group_ids.4237026517": "sg-03984a8765f4aeda6"
                        },
                        "meta": {
                            "e2bfb730-ecaa-11e6-8f88-34363bc7c4c0": {
                                "create": 600000000000,
                                "delete": 1200000000000,
                                "update": 600000000000
                            },
                            "schema_version": "1"
                        },
                        "tainted": false
                    },
                    "deposed": [],
                    "provider": "provider.aws"
                },
                "aws_internet_gateway.gw": {
                    "type": "aws_internet_gateway",
                    "depends_on": [
                        "aws_vpc.default"
                    ],
                    "primary": {
                        "id": "igw-0de80f74c9721d42b",
                        "attributes": {
                            "id": "igw-0de80f74c9721d42b",
                            "tags.%": "1",
                            "tags.Name": "VPC IGW",
                            "vpc_id": "vpc-0af48ee380f6cf246"
                        },
                        "meta": {},
                        "tainted": false
                    },
                    "deposed": [],
                    "provider": "provider.aws"
                },
                "aws_key_pair.default": {
                    "type": "aws_key_pair",
                    "depends_on": [],
                    "primary": {
                        "id": "ec2_key_pair",
                        "attributes": {
                            "fingerprint": "3c:94:cc:c2:63:16:9b:93:ed:52:8a:e1:a8:3d:e8:9b",
                            "id": "ec2_key_pair",
                            "key_name": "ec2_key_pair",
                            "public_key": "ssh-rsa AAAAB3NzaC1yc2EAAAADAQABAAABAQDFjVRCfLSPOFzTSp91d0mVeNeQL3Ue16pJXKi39gjjSKr6vcbvsDeMBv542Bjqz3ZHlNa96lNJ1rOMRhTZ/biSWAsJQDZf95Yi6RolInN3jLaLtlkSyXulhAhsLMX2P8RVof4WTnqUNDibH6+qk8vUQ9MVMhn6Jp3Cdq2V7+GZHE7dKepjA7HUoykdG6AeMtEOuFnPCvSayICNuGQDO1Ui8vPhCzcFBIz9oDfoK/b2JcuFdnPNon6+ug7cl9iQVEvgrr3BJ6Mi135S4FHm51vA1EhGFoL/89zvaTYjWIJ2wykIDRQzS8qzd9rx+YLe4ImmpC8W0VUMm0pcMQBNMk6n rcald@LAPTOP-M5LFKTF2"
                        },
                        "meta": {
                            "schema_version": "1"
                        },
                        "tainted": false
                    },
                    "deposed": [],
                    "provider": "provider.aws"
                },
                "aws_route_table.web-public-rt": {
                    "type": "aws_route_table",
                    "depends_on": [
                        "aws_internet_gateway.gw",
                        "aws_vpc.default"
                    ],
                    "primary": {
                        "id": "rtb-03cc7e21ed6aa154d",
                        "attributes": {
                            "id": "rtb-03cc7e21ed6aa154d",
                            "propagating_vgws.#": "0",
                            "route.#": "1",
                            "route.4244244293.cidr_block": "0.0.0.0/0",
                            "route.4244244293.egress_only_gateway_id": "",
                            "route.4244244293.gateway_id": "igw-0de80f74c9721d42b",
                            "route.4244244293.instance_id": "",
                            "route.4244244293.ipv6_cidr_block": "",
                            "route.4244244293.nat_gateway_id": "",
                            "route.4244244293.network_interface_id": "",
                            "route.4244244293.vpc_peering_connection_id": "",
                            "tags.%": "1",
                            "tags.Name": "Public Subnet RT",
                            "vpc_id": "vpc-0af48ee380f6cf246"
                        },
                        "meta": {},
                        "tainted": false
                    },
                    "deposed": [],
                    "provider": "provider.aws"
                },
                "aws_route_table_association.web-public-rt": {
                    "type": "aws_route_table_association",
                    "depends_on": [
                        "aws_route_table.web-public-rt",
                        "aws_subnet.public-subnet"
                    ],
                    "primary": {
                        "id": "rtbassoc-081605a9a8835511a",
                        "attributes": {
                            "id": "rtbassoc-081605a9a8835511a",
                            "route_table_id": "rtb-03cc7e21ed6aa154d",
                            "subnet_id": "subnet-0e67db3ed7835cd29"
                        },
                        "meta": {},
                        "tainted": false
                    },
                    "deposed": [],
                    "provider": "provider.aws"
                },
                "aws_route_table_association.web-public-rt2b": {
                    "type": "aws_route_table_association",
                    "depends_on": [
                        "aws_route_table.web-public-rt",
                        "aws_subnet.public-subnet2"
                    ],
                    "primary": {
                        "id": "rtbassoc-099426a9f7aee98a3",
                        "attributes": {
                            "id": "rtbassoc-099426a9f7aee98a3",
                            "route_table_id": "rtb-03cc7e21ed6aa154d",
                            "subnet_id": "subnet-07127f8973fc18208"
                        },
                        "meta": {},
                        "tainted": false
                    },
                    "deposed": [],
                    "provider": "provider.aws"
                },
                "aws_security_group.sgdb": {
                    "type": "aws_security_group",
                    "depends_on": [
                        "aws_vpc.default"
                    ],
                    "primary": {
                        "id": "sg-03ea504c6a38966d2",
                        "attributes": {
                            "arn": "arn:aws:ec2:us-east-2:719131016570:security-group/sg-03ea504c6a38966d2",
                            "description": "Allow traffic from public subnet",
                            "egress.#": "1",
                            "egress.482069346.cidr_blocks.#": "1",
                            "egress.482069346.cidr_blocks.0": "0.0.0.0/0",
                            "egress.482069346.description": "",
                            "egress.482069346.from_port": "0",
                            "egress.482069346.ipv6_cidr_blocks.#": "0",
                            "egress.482069346.prefix_list_ids.#": "0",
                            "egress.482069346.protocol": "-1",
                            "egress.482069346.security_groups.#": "0",
                            "egress.482069346.self": "false",
                            "egress.482069346.to_port": "0",
                            "id": "sg-03ea504c6a38966d2",
                            "ingress.#": "6",
                            "ingress.1500933099.cidr_blocks.#": "1",
                            "ingress.1500933099.cidr_blocks.0": "10.0.0.128/25",
                            "ingress.1500933099.description": "",
                            "ingress.1500933099.from_port": "-1",
                            "ingress.1500933099.ipv6_cidr_blocks.#": "0",
                            "ingress.1500933099.prefix_list_ids.#": "0",
                            "ingress.1500933099.protocol": "icmp",
                            "ingress.1500933099.security_groups.#": "0",
                            "ingress.1500933099.self": "false",
                            "ingress.1500933099.to_port": "-1",
                            "ingress.2255765950.cidr_blocks.#": "1",
                            "ingress.2255765950.cidr_blocks.0": "10.0.0.0/25",
                            "ingress.2255765950.description": "",
                            "ingress.2255765950.from_port": "3306",
                            "ingress.2255765950.ipv6_cidr_blocks.#": "0",
                            "ingress.2255765950.prefix_list_ids.#": "0",
                            "ingress.2255765950.protocol": "tcp",
                            "ingress.2255765950.security_groups.#": "0",
                            "ingress.2255765950.self": "false",
                            "ingress.2255765950.to_port": "3306",
                            "ingress.2631861413.cidr_blocks.#": "1",
                            "ingress.2631861413.cidr_blocks.0": "10.0.0.128/25",
                            "ingress.2631861413.description": "",
                            "ingress.2631861413.from_port": "22",
                            "ingress.2631861413.ipv6_cidr_blocks.#": "0",
                            "ingress.2631861413.prefix_list_ids.#": "0",
                            "ingress.2631861413.protocol": "tcp",
                            "ingress.2631861413.security_groups.#": "0",
                            "ingress.2631861413.self": "false",
                            "ingress.2631861413.to_port": "22",
                            "ingress.2801510814.cidr_blocks.#": "1",
                            "ingress.2801510814.cidr_blocks.0": "10.0.0.128/25",
                            "ingress.2801510814.description": "",
                            "ingress.2801510814.from_port": "3306",
                            "ingress.2801510814.ipv6_cidr_blocks.#": "0",
                            "ingress.2801510814.prefix_list_ids.#": "0",
                            "ingress.2801510814.protocol": "tcp",
                            "ingress.2801510814.security_groups.#": "0",
                            "ingress.2801510814.self": "false",
                            "ingress.2801510814.to_port": "3306",
                            "ingress.518895600.cidr_blocks.#": "1",
                            "ingress.518895600.cidr_blocks.0": "10.0.0.0/25",
                            "ingress.518895600.description": "",
                            "ingress.518895600.from_port": "22",
                            "ingress.518895600.ipv6_cidr_blocks.#": "0",
                            "ingress.518895600.prefix_list_ids.#": "0",
                            "ingress.518895600.protocol": "tcp",
                            "ingress.518895600.security_groups.#": "0",
                            "ingress.518895600.self": "false",
                            "ingress.518895600.to_port": "22",
                            "ingress.646273512.cidr_blocks.#": "1",
                            "ingress.646273512.cidr_blocks.0": "10.0.0.0/25",
                            "ingress.646273512.description": "",
                            "ingress.646273512.from_port": "-1",
                            "ingress.646273512.ipv6_cidr_blocks.#": "0",
                            "ingress.646273512.prefix_list_ids.#": "0",
                            "ingress.646273512.protocol": "icmp",
                            "ingress.646273512.security_groups.#": "0",
                            "ingress.646273512.self": "false",
                            "ingress.646273512.to_port": "-1",
                            "name": "sg_test_web",
                            "owner_id": "719131016570",
                            "revoke_rules_on_delete": "false",
                            "tags.%": "1",
                            "tags.Name": "DB SG",
                            "vpc_id": "vpc-0af48ee380f6cf246"
                        },
                        "meta": {
                            "e2bfb730-ecaa-11e6-8f88-34363bc7c4c0": {
                                "create": 600000000000,
                                "delete": 600000000000
                            },
                            "schema_version": "1"
                        },
                        "tainted": false
                    },
                    "deposed": [],
                    "provider": "provider.aws"
                },
                "aws_security_group.sgweb": {
                    "type": "aws_security_group",
                    "depends_on": [
                        "aws_vpc.default"
                    ],
                    "primary": {
                        "id": "sg-03984a8765f4aeda6",
                        "attributes": {
                            "arn": "arn:aws:ec2:us-east-2:719131016570:security-group/sg-03984a8765f4aeda6",
                            "description": "Allow incoming HTTP connections \u0026 SSH access",
                            "egress.#": "1",
                            "egress.482069346.cidr_blocks.#": "1",
                            "egress.482069346.cidr_blocks.0": "0.0.0.0/0",
                            "egress.482069346.description": "",
                            "egress.482069346.from_port": "0",
                            "egress.482069346.ipv6_cidr_blocks.#": "0",
                            "egress.482069346.prefix_list_ids.#": "0",
                            "egress.482069346.protocol": "-1",
                            "egress.482069346.security_groups.#": "0",
                            "egress.482069346.self": "false",
                            "egress.482069346.to_port": "0",
                            "id": "sg-03984a8765f4aeda6",
                            "ingress.#": "4",
                            "ingress.1971223506.cidr_blocks.#": "1",
                            "ingress.1971223506.cidr_blocks.0": "173.172.103.202/32",
                            "ingress.1971223506.description": "",
                            "ingress.1971223506.from_port": "-1",
                            "ingress.1971223506.ipv6_cidr_blocks.#": "0",
                            "ingress.1971223506.prefix_list_ids.#": "0",
                            "ingress.1971223506.protocol": "icmp",
                            "ingress.1971223506.security_groups.#": "0",
                            "ingress.1971223506.self": "false",
                            "ingress.1971223506.to_port": "-1",
                            "ingress.2092555736.cidr_blocks.#": "1",
                            "ingress.2092555736.cidr_blocks.0": "173.172.103.202/32",
                            "ingress.2092555736.description": "",
                            "ingress.2092555736.from_port": "8080",
                            "ingress.2092555736.ipv6_cidr_blocks.#": "0",
                            "ingress.2092555736.prefix_list_ids.#": "0",
                            "ingress.2092555736.protocol": "tcp",
                            "ingress.2092555736.security_groups.#": "0",
                            "ingress.2092555736.self": "false",
                            "ingress.2092555736.to_port": "8080",
                            "ingress.2447130443.cidr_blocks.#": "1",
                            "ingress.2447130443.cidr_blocks.0": "173.172.103.202/32",
                            "ingress.2447130443.description": "",
                            "ingress.2447130443.from_port": "22",
                            "ingress.2447130443.ipv6_cidr_blocks.#": "0",
                            "ingress.2447130443.prefix_list_ids.#": "0",
                            "ingress.2447130443.protocol": "tcp",
                            "ingress.2447130443.security_groups.#": "0",
                            "ingress.2447130443.self": "false",
                            "ingress.2447130443.to_port": "22",
                            "ingress.2595260220.cidr_blocks.#": "1",
                            "ingress.2595260220.cidr_blocks.0": "173.172.103.202/32",
                            "ingress.2595260220.description": "",
                            "ingress.2595260220.from_port": "443",
                            "ingress.2595260220.ipv6_cidr_blocks.#": "0",
                            "ingress.2595260220.prefix_list_ids.#": "0",
                            "ingress.2595260220.protocol": "tcp",
                            "ingress.2595260220.security_groups.#": "0",
                            "ingress.2595260220.self": "false",
                            "ingress.2595260220.to_port": "443",
                            "name": "vpc_test_web",
                            "owner_id": "719131016570",
                            "revoke_rules_on_delete": "false",
                            "tags.%": "1",
                            "tags.Name": "Web Server SG",
                            "vpc_id": "vpc-0af48ee380f6cf246"
                        },
                        "meta": {
                            "e2bfb730-ecaa-11e6-8f88-34363bc7c4c0": {
                                "create": 600000000000,
                                "delete": 600000000000
                            },
                            "schema_version": "1"
                        },
                        "tainted": false
                    },
                    "deposed": [],
                    "provider": "provider.aws"
                },
                "aws_subnet.private-db-subnet": {
                    "type": "aws_subnet",
                    "depends_on": [
                        "aws_vpc.default"
                    ],
                    "primary": {
                        "id": "subnet-0c68707a97add5480",
                        "attributes": {
                            "arn": "arn:aws:ec2:us-east-2:719131016570:subnet/subnet-0c68707a97add5480",
                            "assign_ipv6_address_on_creation": "false",
                            "availability_zone": "us-east-2b",
                            "cidr_block": "10.0.2.0/25",
                            "id": "subnet-0c68707a97add5480",
                            "map_public_ip_on_launch": "false",
                            "tags.%": "1",
                            "tags.Name": "Database Private Subnet 1",
                            "vpc_id": "vpc-0af48ee380f6cf246"
                        },
                        "meta": {
                            "e2bfb730-ecaa-11e6-8f88-34363bc7c4c0": {
                                "create": 600000000000,
                                "delete": 600000000000
                            },
                            "schema_version": "1"
                        },
                        "tainted": false
                    },
                    "deposed": [],
                    "provider": "provider.aws"
                },
                "aws_subnet.private-db-subnet2": {
                    "type": "aws_subnet",
                    "depends_on": [
                        "aws_vpc.default"
                    ],
                    "primary": {
                        "id": "subnet-0b0059a519a7c200d",
                        "attributes": {
                            "arn": "arn:aws:ec2:us-east-2:719131016570:subnet/subnet-0b0059a519a7c200d",
                            "assign_ipv6_address_on_creation": "false",
                            "availability_zone": "us-east-2b",
                            "cidr_block": "10.0.2.128/25",
                            "id": "subnet-0b0059a519a7c200d",
                            "map_public_ip_on_launch": "false",
                            "tags.%": "1",
                            "tags.Name": "Database Private Subnet 2",
                            "vpc_id": "vpc-0af48ee380f6cf246"
                        },
                        "meta": {
                            "e2bfb730-ecaa-11e6-8f88-34363bc7c4c0": {
                                "create": 600000000000,
                                "delete": 600000000000
                            },
                            "schema_version": "1"
                        },
                        "tainted": false
                    },
                    "deposed": [],
                    "provider": "provider.aws"
                },
                "aws_subnet.private-subnet": {
                    "type": "aws_subnet",
                    "depends_on": [
                        "aws_vpc.default"
                    ],
                    "primary": {
                        "id": "subnet-092f4ba11a18b59e0",
                        "attributes": {
                            "arn": "arn:aws:ec2:us-east-2:719131016570:subnet/subnet-092f4ba11a18b59e0",
                            "assign_ipv6_address_on_creation": "false",
                            "availability_zone": "us-east-2b",
                            "cidr_block": "10.0.1.0/25",
                            "id": "subnet-092f4ba11a18b59e0",
                            "map_public_ip_on_launch": "false",
                            "tags.%": "1",
                            "tags.Name": "App Private Subnet 1",
                            "vpc_id": "vpc-0af48ee380f6cf246"
                        },
                        "meta": {
                            "e2bfb730-ecaa-11e6-8f88-34363bc7c4c0": {
                                "create": 600000000000,
                                "delete": 600000000000
                            },
                            "schema_version": "1"
                        },
                        "tainted": false
                    },
                    "deposed": [],
                    "provider": "provider.aws"
                },
                "aws_subnet.private-subnet2": {
                    "type": "aws_subnet",
                    "depends_on": [
                        "aws_vpc.default"
                    ],
                    "primary": {
                        "id": "subnet-090872bdcd5c72dae",
                        "attributes": {
                            "arn": "arn:aws:ec2:us-east-2:719131016570:subnet/subnet-090872bdcd5c72dae",
                            "assign_ipv6_address_on_creation": "false",
                            "availability_zone": "us-east-2b",
                            "cidr_block": "10.0.1.128/25",
                            "id": "subnet-090872bdcd5c72dae",
                            "map_public_ip_on_launch": "false",
                            "tags.%": "1",
                            "tags.Name": "App Private Subnet 2",
                            "vpc_id": "vpc-0af48ee380f6cf246"
                        },
                        "meta": {
                            "e2bfb730-ecaa-11e6-8f88-34363bc7c4c0": {
                                "create": 600000000000,
                                "delete": 600000000000
                            },
                            "schema_version": "1"
                        },
                        "tainted": false
                    },
                    "deposed": [],
                    "provider": "provider.aws"
                },
                "aws_subnet.public-subnet": {
                    "type": "aws_subnet",
                    "depends_on": [
                        "aws_vpc.default"
                    ],
                    "primary": {
                        "id": "subnet-0e67db3ed7835cd29",
                        "attributes": {
                            "arn": "arn:aws:ec2:us-east-2:719131016570:subnet/subnet-0e67db3ed7835cd29",
                            "assign_ipv6_address_on_creation": "false",
                            "availability_zone": "us-east-2a",
                            "cidr_block": "10.0.0.0/25",
                            "id": "subnet-0e67db3ed7835cd29",
                            "map_public_ip_on_launch": "false",
                            "tags.%": "1",
                            "tags.Name": "Web Public Subnet 1",
                            "vpc_id": "vpc-0af48ee380f6cf246"
                        },
                        "meta": {
                            "e2bfb730-ecaa-11e6-8f88-34363bc7c4c0": {
                                "create": 600000000000,
                                "delete": 600000000000
                            },
                            "schema_version": "1"
                        },
                        "tainted": false
                    },
                    "deposed": [],
                    "provider": "provider.aws"
                },
                "aws_subnet.public-subnet2": {
                    "type": "aws_subnet",
                    "depends_on": [
                        "aws_vpc.default"
                    ],
                    "primary": {
                        "id": "subnet-07127f8973fc18208",
                        "attributes": {
                            "arn": "arn:aws:ec2:us-east-2:719131016570:subnet/subnet-07127f8973fc18208",
                            "assign_ipv6_address_on_creation": "false",
                            "availability_zone": "us-east-2b",
                            "cidr_block": "10.0.0.128/25",
                            "id": "subnet-07127f8973fc18208",
                            "map_public_ip_on_launch": "false",
                            "tags.%": "1",
                            "tags.Name": "Web Public Subnet 2",
                            "vpc_id": "vpc-0af48ee380f6cf246"
                        },
                        "meta": {
                            "e2bfb730-ecaa-11e6-8f88-34363bc7c4c0": {
                                "create": 600000000000,
                                "delete": 600000000000
                            },
                            "schema_version": "1"
                        },
                        "tainted": false
                    },
                    "deposed": [],
                    "provider": "provider.aws"
                },
                "aws_vpc.default": {
                    "type": "aws_vpc",
                    "depends_on": [],
                    "primary": {
                        "id": "vpc-0af48ee380f6cf246",
                        "attributes": {
                            "arn": "arn:aws:ec2:us-east-2:719131016570:vpc/vpc-0af48ee380f6cf246",
                            "assign_generated_ipv6_cidr_block": "false",
                            "cidr_block": "10.0.0.0/16",
                            "default_network_acl_id": "acl-027fcde33c18a8c00",
                            "default_route_table_id": "rtb-09d0a1b22da173d82",
                            "default_security_group_id": "sg-0def122ab88c6eedc",
                            "dhcp_options_id": "dopt-bb170ed3",
                            "enable_dns_hostnames": "true",
                            "enable_dns_support": "true",
                            "id": "vpc-0af48ee380f6cf246",
                            "instance_tenancy": "default",
                            "ipv6_association_id": "",
                            "ipv6_cidr_block": "",
                            "main_route_table_id": "rtb-09d0a1b22da173d82",
                            "tags.%": "1",
                            "tags.Name": "test-vpc"
                        },
                        "meta": {
                            "schema_version": "1"
                        },
                        "tainted": false
                    },
                    "deposed": [],
                    "provider": "provider.aws"
                }
            },
            "depends_on": []
        }
    ]
}
