{
    "version": 3,
    "terraform_version": "0.11.9",
    "serial": 58,
    "lineage": "e3076105-6cb3-cbb8-3900-a3ddb3b1b134",
    "modules": [
        {
            "path": [
                "root"
            ],
            "outputs": {
                "Load Balancer Public IP": {
                    "sensitive": false,
                    "type": "string",
                    "value": "private-apps-alb-295647048.us-east-2.elb.amazonaws.com"
                },
                "bastion_pub_ip": {
                    "sensitive": false,
                    "type": "string",
                    "value": "18.222.104.85"
                }
            },
            "resources": {
                "aws_autoscaling_group.bitbucket": {
                    "type": "aws_autoscaling_group",
                    "depends_on": [
                        "aws_launch_configuration.as_conf",
                        "aws_lb_target_group.bitbucket-443",
                        "aws_lb_target_group.bitbucket-7990",
                        "aws_lb_target_group.bitbucket-80",
                        "aws_subnet.private-subnet",
                        "aws_subnet.private-subnet2"
                    ],
                    "primary": {
                        "id": "poc-bitbucket",
                        "attributes": {
                            "arn": "arn:aws:autoscaling:us-east-2:549902048605:autoScalingGroup:70f371cb-6cda-42c8-a7ea-765daf10be21:autoScalingGroupName/poc-bitbucket",
                            "availability_zones.#": "2",
                            "availability_zones.1726430690": "us-east-2b",
                            "availability_zones.4293815384": "us-east-2a",
                            "default_cooldown": "300",
                            "desired_capacity": "1",
                            "enabled_metrics.#": "0",
                            "force_delete": "false",
                            "health_check_grace_period": "300",
                            "health_check_type": "EC2",
                            "id": "poc-bitbucket",
                            "launch_configuration": "poc-20181214142147524000000001",
                            "launch_template.#": "0",
                            "load_balancers.#": "0",
                            "max_size": "2",
                            "metrics_granularity": "1Minute",
                            "min_size": "1",
                            "mixed_instances_policy.#": "0",
                            "name": "poc-bitbucket",
                            "placement_group": "",
                            "protect_from_scale_in": "false",
                            "service_linked_role_arn": "arn:aws:iam::549902048605:role/aws-service-role/autoscaling.amazonaws.com/AWSServiceRoleForAutoScaling",
                            "suspended_processes.#": "0",
                            "tag.#": "0",
                            "target_group_arns.#": "3",
                            "target_group_arns.1768246404": "arn:aws:elasticloadbalancing:us-east-2:549902048605:targetgroup/bitbucket-7990/fe488807523b600f",
                            "target_group_arns.2457420401": "arn:aws:elasticloadbalancing:us-east-2:549902048605:targetgroup/bitbucket-443/93d25555d1a28a69",
                            "target_group_arns.3594985498": "arn:aws:elasticloadbalancing:us-east-2:549902048605:targetgroup/bitbucket-80/f67cabe921fa6e87",
                            "termination_policies.#": "0",
                            "vpc_zone_identifier.#": "2",
                            "vpc_zone_identifier.2787679283": "subnet-00dd177b017188ea8",
                            "vpc_zone_identifier.47964606": "subnet-0525448f912499394",
                            "wait_for_capacity_timeout": "10m"
                        },
                        "meta": {
                            "e2bfb730-ecaa-11e6-8f88-34363bc7c4c0": {
                                "delete": 600000000000
                            }
                        },
                        "tainted": false
                    },
                    "deposed": [],
                    "provider": "provider.aws"
                },
                "aws_eip.eip_Nat": {
                    "type": "aws_eip",
                    "depends_on": [],
                    "primary": {
                        "id": "eipalloc-046cbb600c602cc46",
                        "attributes": {
                            "association_id": "eipassoc-effd7b13",
                            "domain": "vpc",
                            "id": "eipalloc-046cbb600c602cc46",
                            "instance": "",
                            "network_interface": "eni-01db6fcb4e330631b",
                            "private_ip": "10.0.0.37",
                            "public_ip": "18.220.44.122",
                            "public_ipv4_pool": "amazon",
                            "tags.%": "0",
                            "vpc": "true"
                        },
                        "meta": {
                            "e2bfb730-ecaa-11e6-8f88-34363bc7c4c0": {
                                "delete": 180000000000,
                                "read": 900000000000,
                                "update": 300000000000
                            }
                        },
                        "tainted": false
                    },
                    "deposed": [],
                    "provider": "provider.aws"
                },
                "aws_instance.bastion": {
                    "type": "aws_instance",
                    "depends_on": [
                        "aws_key_pair.default",
                        "aws_security_group.sgbastion",
                        "aws_subnet.public-subnet",
                        "data.aws_ami.rhel"
                    ],
                    "primary": {
                        "id": "i-021f2032dfca92bac",
                        "attributes": {
                            "ami": "ami-03291866",
                            "arn": "arn:aws:ec2:us-east-2:549902048605:instance/i-021f2032dfca92bac",
                            "associate_public_ip_address": "true",
                            "availability_zone": "us-east-2a",
                            "cpu_core_count": "1",
                            "cpu_threads_per_core": "2",
                            "credit_specification.#": "1",
                            "credit_specification.0.cpu_credits": "unlimited",
                            "disable_api_termination": "false",
                            "ebs_block_device.#": "0",
                            "ebs_optimized": "false",
                            "ephemeral_block_device.#": "0",
                            "get_password_data": "false",
                            "iam_instance_profile": "",
                            "id": "i-021f2032dfca92bac",
                            "instance_state": "running",
                            "instance_type": "t3.micro",
                            "ipv6_addresses.#": "0",
                            "key_name": "ec2_key_pair",
                            "monitoring": "false",
                            "network_interface.#": "0",
                            "network_interface_id": "eni-0291d25eb7b5446ac",
                            "password_data": "",
                            "placement_group": "",
                            "primary_network_interface_id": "eni-0291d25eb7b5446ac",
                            "private_dns": "ip-10-0-0-50.us-east-2.compute.internal",
                            "private_ip": "10.0.0.50",
                            "public_dns": "ec2-18-222-104-85.us-east-2.compute.amazonaws.com",
                            "public_ip": "18.222.104.85",
                            "root_block_device.#": "1",
                            "root_block_device.0.delete_on_termination": "true",
                            "root_block_device.0.iops": "300",
                            "root_block_device.0.volume_id": "vol-0b2fa6fd52fdd7b0c",
                            "root_block_device.0.volume_size": "100",
                            "root_block_device.0.volume_type": "gp2",
                            "security_groups.#": "0",
                            "source_dest_check": "false",
                            "subnet_id": "subnet-0d06d23ce67f34bf5",
                            "tags.%": "1",
                            "tags.Name": "bastion",
                            "tenancy": "default",
                            "user_data": "7df7f8e906e27b97bc12fe1256377584f4d60561",
                            "volume_tags.%": "0",
                            "vpc_security_group_ids.#": "1",
                            "vpc_security_group_ids.2002687335": "sg-0122dd67710a099c1"
                        },
                        "meta": {
                            "e2bfb730-ecaa-11e6-8f88-34363bc7c4c0": {
                                "create": 600000000000,
                                "delete": 1200000000000,
                                "update": 600000000000
                            },
                            "schema_version": "1"
                        },
                        "tainted": false
                    },
                    "deposed": [],
                    "provider": "provider.aws"
                },
                "aws_internet_gateway.gw": {
                    "type": "aws_internet_gateway",
                    "depends_on": [
                        "aws_vpc.default"
                    ],
                    "primary": {
                        "id": "igw-04d41ae5c626365bf",
                        "attributes": {
                            "id": "igw-04d41ae5c626365bf",
                            "owner_id": "549902048605",
                            "tags.%": "1",
                            "tags.Name": "VPC IGW",
                            "vpc_id": "vpc-03d9f3b9a7f65d590"
                        },
                        "meta": {},
                        "tainted": false
                    },
                    "deposed": [],
                    "provider": "provider.aws"
                },
                "aws_key_pair.default": {
                    "type": "aws_key_pair",
                    "depends_on": [],
                    "primary": {
                        "id": "ec2_key_pair",
                        "attributes": {
                            "fingerprint": "3c:94:cc:c2:63:16:9b:93:ed:52:8a:e1:a8:3d:e8:9b",
                            "id": "ec2_key_pair",
                            "key_name": "ec2_key_pair",
                            "public_key": "ssh-rsa AAAAB3NzaC1yc2EAAAADAQABAAABAQDFjVRCfLSPOFzTSp91d0mVeNeQL3Ue16pJXKi39gjjSKr6vcbvsDeMBv542Bjqz3ZHlNa96lNJ1rOMRhTZ/biSWAsJQDZf95Yi6RolInN3jLaLtlkSyXulhAhsLMX2P8RVof4WTnqUNDibH6+qk8vUQ9MVMhn6Jp3Cdq2V7+GZHE7dKepjA7HUoykdG6AeMtEOuFnPCvSayICNuGQDO1Ui8vPhCzcFBIz9oDfoK/b2JcuFdnPNon6+ug7cl9iQVEvgrr3BJ6Mi135S4FHm51vA1EhGFoL/89zvaTYjWIJ2wykIDRQzS8qzd9rx+YLe4ImmpC8W0VUMm0pcMQBNMk6n rcald@LAPTOP-M5LFKTF2"
                        },
                        "meta": {
                            "schema_version": "1"
                        },
                        "tainted": false
                    },
                    "deposed": [],
                    "provider": "provider.aws"
                },
                "aws_launch_configuration.as_conf": {
                    "type": "aws_launch_configuration",
                    "depends_on": [
                        "aws_key_pair.default",
                        "aws_security_group.sgapp",
                        "data.aws_ami.bitbucket"
                    ],
                    "primary": {
                        "id": "poc-20181214142147524000000001",
                        "attributes": {
                            "associate_public_ip_address": "false",
                            "ebs_block_device.#": "0",
                            "ebs_optimized": "false",
                            "enable_monitoring": "true",
                            "ephemeral_block_device.#": "0",
                            "iam_instance_profile": "",
                            "id": "poc-20181214142147524000000001",
                            "image_id": "ami-0d7e93975ebbe565e",
                            "instance_type": "t3.medium",
                            "key_name": "ec2_key_pair",
                            "name": "poc-20181214142147524000000001",
                            "name_prefix": "poc-",
                            "root_block_device.#": "1",
                            "root_block_device.0.delete_on_termination": "true",
                            "root_block_device.0.iops": "0",
                            "root_block_device.0.volume_size": "100",
                            "root_block_device.0.volume_type": "",
                            "security_groups.#": "1",
                            "security_groups.1832161350": "sg-05d3d04debf505171",
                            "spot_price": "",
                            "user_data": "de584904164da699ed71b8c9b7a6a82cac53f295",
                            "vpc_classic_link_id": "",
                            "vpc_classic_link_security_groups.#": "0"
                        },
                        "meta": {},
                        "tainted": false
                    },
                    "deposed": [],
                    "provider": "provider.aws"
                },
                "aws_lb.alb_apps": {
                    "type": "aws_lb",
                    "depends_on": [
                        "aws_security_group.sgapp",
                        "aws_subnet.public-subnet",
                        "aws_subnet.public-subnet2"
                    ],
                    "primary": {
                        "id": "arn:aws:elasticloadbalancing:us-east-2:549902048605:loadbalancer/app/private-apps-alb/efb027b0053e7705",
                        "attributes": {
                            "access_logs.#": "0",
                            "arn": "arn:aws:elasticloadbalancing:us-east-2:549902048605:loadbalancer/app/private-apps-alb/efb027b0053e7705",
                            "arn_suffix": "app/private-apps-alb/efb027b0053e7705",
                            "dns_name": "private-apps-alb-295647048.us-east-2.elb.amazonaws.com",
                            "enable_deletion_protection": "false",
                            "enable_http2": "true",
                            "id": "arn:aws:elasticloadbalancing:us-east-2:549902048605:loadbalancer/app/private-apps-alb/efb027b0053e7705",
                            "idle_timeout": "60",
                            "internal": "false",
                            "ip_address_type": "ipv4",
                            "load_balancer_type": "application",
                            "name": "private-apps-alb",
                            "security_groups.#": "1",
                            "security_groups.1832161350": "sg-05d3d04debf505171",
                            "subnet_mapping.#": "0",
                            "subnets.#": "2",
                            "subnets.2179938886": "subnet-0d06d23ce67f34bf5",
                            "subnets.866021734": "subnet-04d277f21c6bbdd6e",
                            "tags.%": "1",
                            "tags.Environment": "dev",
                            "vpc_id": "vpc-03d9f3b9a7f65d590",
                            "zone_id": "Z3AADJGX6KTTL2"
                        },
                        "meta": {
                            "e2bfb730-ecaa-11e6-8f88-34363bc7c4c0": {
                                "create": 600000000000,
                                "delete": 600000000000,
                                "update": 600000000000
                            }
                        },
                        "tainted": false
                    },
                    "deposed": [],
                    "provider": "provider.aws"
                },
                "aws_lb_listener.bitbucket-443": {
                    "type": "aws_lb_listener",
                    "depends_on": [
                        "aws_lb.alb_apps",
                        "aws_lb_target_group.bitbucket-443"
                    ],
                    "primary": {
                        "id": "arn:aws:elasticloadbalancing:us-east-2:549902048605:listener/app/private-apps-alb/efb027b0053e7705/1ddcd1b03730fca9",
                        "attributes": {
                            "arn": "arn:aws:elasticloadbalancing:us-east-2:549902048605:listener/app/private-apps-alb/efb027b0053e7705/1ddcd1b03730fca9",
                            "default_action.#": "1",
                            "default_action.0.authenticate_cognito.#": "0",
                            "default_action.0.authenticate_oidc.#": "0",
                            "default_action.0.fixed_response.#": "0",
                            "default_action.0.order": "1",
                            "default_action.0.redirect.#": "0",
                            "default_action.0.target_group_arn": "arn:aws:elasticloadbalancing:us-east-2:549902048605:targetgroup/bitbucket-443/93d25555d1a28a69",
                            "default_action.0.type": "forward",
                            "id": "arn:aws:elasticloadbalancing:us-east-2:549902048605:listener/app/private-apps-alb/efb027b0053e7705/1ddcd1b03730fca9",
                            "load_balancer_arn": "arn:aws:elasticloadbalancing:us-east-2:549902048605:loadbalancer/app/private-apps-alb/efb027b0053e7705",
                            "port": "443",
                            "protocol": "HTTP",
                            "ssl_policy": ""
                        },
                        "meta": {
                            "e2bfb730-ecaa-11e6-8f88-34363bc7c4c0": {
                                "read": 600000000000
                            }
                        },
                        "tainted": false
                    },
                    "deposed": [],
                    "provider": "provider.aws"
                },
                "aws_lb_listener.bitbucket-7990": {
                    "type": "aws_lb_listener",
                    "depends_on": [
                        "aws_lb.alb_apps",
                        "aws_lb_target_group.bitbucket-7990"
                    ],
                    "primary": {
                        "id": "arn:aws:elasticloadbalancing:us-east-2:549902048605:listener/app/private-apps-alb/efb027b0053e7705/4117346648b8c764",
                        "attributes": {
                            "arn": "arn:aws:elasticloadbalancing:us-east-2:549902048605:listener/app/private-apps-alb/efb027b0053e7705/4117346648b8c764",
                            "default_action.#": "1",
                            "default_action.0.authenticate_cognito.#": "0",
                            "default_action.0.authenticate_oidc.#": "0",
                            "default_action.0.fixed_response.#": "0",
                            "default_action.0.order": "1",
                            "default_action.0.redirect.#": "0",
                            "default_action.0.target_group_arn": "arn:aws:elasticloadbalancing:us-east-2:549902048605:targetgroup/bitbucket-7990/fe488807523b600f",
                            "default_action.0.type": "forward",
                            "id": "arn:aws:elasticloadbalancing:us-east-2:549902048605:listener/app/private-apps-alb/efb027b0053e7705/4117346648b8c764",
                            "load_balancer_arn": "arn:aws:elasticloadbalancing:us-east-2:549902048605:loadbalancer/app/private-apps-alb/efb027b0053e7705",
                            "port": "7990",
                            "protocol": "HTTP",
                            "ssl_policy": ""
                        },
                        "meta": {
                            "e2bfb730-ecaa-11e6-8f88-34363bc7c4c0": {
                                "read": 600000000000
                            }
                        },
                        "tainted": false
                    },
                    "deposed": [],
                    "provider": "provider.aws"
                },
                "aws_lb_listener.bitbucket-80": {
                    "type": "aws_lb_listener",
                    "depends_on": [
                        "aws_lb.alb_apps",
                        "aws_lb_target_group.bitbucket-80"
                    ],
                    "primary": {
                        "id": "arn:aws:elasticloadbalancing:us-east-2:549902048605:listener/app/private-apps-alb/efb027b0053e7705/96ba3583fecf3bb1",
                        "attributes": {
                            "arn": "arn:aws:elasticloadbalancing:us-east-2:549902048605:listener/app/private-apps-alb/efb027b0053e7705/96ba3583fecf3bb1",
                            "default_action.#": "1",
                            "default_action.0.authenticate_cognito.#": "0",
                            "default_action.0.authenticate_oidc.#": "0",
                            "default_action.0.fixed_response.#": "0",
                            "default_action.0.order": "1",
                            "default_action.0.redirect.#": "0",
                            "default_action.0.target_group_arn": "arn:aws:elasticloadbalancing:us-east-2:549902048605:targetgroup/bitbucket-80/f67cabe921fa6e87",
                            "default_action.0.type": "forward",
                            "id": "arn:aws:elasticloadbalancing:us-east-2:549902048605:listener/app/private-apps-alb/efb027b0053e7705/96ba3583fecf3bb1",
                            "load_balancer_arn": "arn:aws:elasticloadbalancing:us-east-2:549902048605:loadbalancer/app/private-apps-alb/efb027b0053e7705",
                            "port": "80",
                            "protocol": "HTTP",
                            "ssl_policy": ""
                        },
                        "meta": {
                            "e2bfb730-ecaa-11e6-8f88-34363bc7c4c0": {
                                "read": 600000000000
                            }
                        },
                        "tainted": false
                    },
                    "deposed": [],
                    "provider": "provider.aws"
                },
                "aws_lb_target_group.bitbucket-443": {
                    "type": "aws_lb_target_group",
                    "depends_on": [
                        "aws_vpc.default"
                    ],
                    "primary": {
                        "id": "arn:aws:elasticloadbalancing:us-east-2:549902048605:targetgroup/bitbucket-443/93d25555d1a28a69",
                        "attributes": {
                            "arn": "arn:aws:elasticloadbalancing:us-east-2:549902048605:targetgroup/bitbucket-443/93d25555d1a28a69",
                            "arn_suffix": "targetgroup/bitbucket-443/93d25555d1a28a69",
                            "deregistration_delay": "300",
                            "health_check.#": "1",
                            "health_check.0.healthy_threshold": "5",
                            "health_check.0.interval": "30",
                            "health_check.0.matcher": "200",
                            "health_check.0.path": "/",
                            "health_check.0.port": "traffic-port",
                            "health_check.0.protocol": "HTTPS",
                            "health_check.0.timeout": "5",
                            "health_check.0.unhealthy_threshold": "2",
                            "id": "arn:aws:elasticloadbalancing:us-east-2:549902048605:targetgroup/bitbucket-443/93d25555d1a28a69",
                            "name": "bitbucket-443",
                            "port": "443",
                            "protocol": "HTTPS",
                            "proxy_protocol_v2": "false",
                            "slow_start": "0",
                            "stickiness.#": "1",
                            "stickiness.0.cookie_duration": "86400",
                            "stickiness.0.enabled": "false",
                            "stickiness.0.type": "lb_cookie",
                            "tags.%": "0",
                            "target_type": "instance",
                            "vpc_id": "vpc-03d9f3b9a7f65d590"
                        },
                        "meta": {},
                        "tainted": false
                    },
                    "deposed": [],
                    "provider": "provider.aws"
                },
                "aws_lb_target_group.bitbucket-7990": {
                    "type": "aws_lb_target_group",
                    "depends_on": [
                        "aws_vpc.default"
                    ],
                    "primary": {
                        "id": "arn:aws:elasticloadbalancing:us-east-2:549902048605:targetgroup/bitbucket-7990/fe488807523b600f",
                        "attributes": {
                            "arn": "arn:aws:elasticloadbalancing:us-east-2:549902048605:targetgroup/bitbucket-7990/fe488807523b600f",
                            "arn_suffix": "targetgroup/bitbucket-7990/fe488807523b600f",
                            "deregistration_delay": "300",
                            "health_check.#": "1",
                            "health_check.0.healthy_threshold": "5",
                            "health_check.0.interval": "30",
                            "health_check.0.matcher": "200",
                            "health_check.0.path": "/",
                            "health_check.0.port": "traffic-port",
                            "health_check.0.protocol": "HTTP",
                            "health_check.0.timeout": "5",
                            "health_check.0.unhealthy_threshold": "2",
                            "id": "arn:aws:elasticloadbalancing:us-east-2:549902048605:targetgroup/bitbucket-7990/fe488807523b600f",
                            "name": "bitbucket-7990",
                            "port": "7990",
                            "protocol": "HTTP",
                            "proxy_protocol_v2": "false",
                            "slow_start": "0",
                            "stickiness.#": "1",
                            "stickiness.0.cookie_duration": "86400",
                            "stickiness.0.enabled": "false",
                            "stickiness.0.type": "lb_cookie",
                            "tags.%": "0",
                            "target_type": "instance",
                            "vpc_id": "vpc-03d9f3b9a7f65d590"
                        },
                        "meta": {},
                        "tainted": false
                    },
                    "deposed": [],
                    "provider": "provider.aws"
                },
                "aws_lb_target_group.bitbucket-80": {
                    "type": "aws_lb_target_group",
                    "depends_on": [
                        "aws_vpc.default"
                    ],
                    "primary": {
                        "id": "arn:aws:elasticloadbalancing:us-east-2:549902048605:targetgroup/bitbucket-80/f67cabe921fa6e87",
                        "attributes": {
                            "arn": "arn:aws:elasticloadbalancing:us-east-2:549902048605:targetgroup/bitbucket-80/f67cabe921fa6e87",
                            "arn_suffix": "targetgroup/bitbucket-80/f67cabe921fa6e87",
                            "deregistration_delay": "300",
                            "health_check.#": "1",
                            "health_check.0.healthy_threshold": "5",
                            "health_check.0.interval": "30",
                            "health_check.0.matcher": "200",
                            "health_check.0.path": "/",
                            "health_check.0.port": "traffic-port",
                            "health_check.0.protocol": "HTTP",
                            "health_check.0.timeout": "5",
                            "health_check.0.unhealthy_threshold": "2",
                            "id": "arn:aws:elasticloadbalancing:us-east-2:549902048605:targetgroup/bitbucket-80/f67cabe921fa6e87",
                            "name": "bitbucket-80",
                            "port": "80",
                            "protocol": "HTTP",
                            "proxy_protocol_v2": "false",
                            "slow_start": "0",
                            "stickiness.#": "1",
                            "stickiness.0.cookie_duration": "86400",
                            "stickiness.0.enabled": "false",
                            "stickiness.0.type": "lb_cookie",
                            "tags.%": "0",
                            "target_type": "instance",
                            "vpc_id": "vpc-03d9f3b9a7f65d590"
                        },
                        "meta": {},
                        "tainted": false
                    },
                    "deposed": [],
                    "provider": "provider.aws"
                },
                "aws_nat_gateway.nat_gw1": {
                    "type": "aws_nat_gateway",
                    "depends_on": [
                        "aws_eip.eip_Nat",
                        "aws_internet_gateway.gw",
                        "aws_subnet.public-subnet"
                    ],
                    "primary": {
                        "id": "nat-08f6214a50fae73a2",
                        "attributes": {
                            "allocation_id": "eipalloc-046cbb600c602cc46",
                            "id": "nat-08f6214a50fae73a2",
                            "network_interface_id": "eni-01db6fcb4e330631b",
                            "private_ip": "10.0.0.37",
                            "public_ip": "18.220.44.122",
                            "subnet_id": "subnet-0d06d23ce67f34bf5",
                            "tags.%": "0"
                        },
                        "meta": {},
                        "tainted": false
                    },
                    "deposed": [],
                    "provider": "provider.aws"
                },
                "aws_route_table.private-rt": {
                    "type": "aws_route_table",
                    "depends_on": [
                        "aws_nat_gateway.nat_gw1",
                        "aws_vpc.default"
                    ],
                    "primary": {
                        "id": "rtb-09db97845e9bd534b",
                        "attributes": {
                            "id": "rtb-09db97845e9bd534b",
                            "owner_id": "549902048605",
                            "propagating_vgws.#": "0",
                            "route.#": "1",
                            "route.1971003275.cidr_block": "0.0.0.0/0",
                            "route.1971003275.egress_only_gateway_id": "",
                            "route.1971003275.gateway_id": "",
                            "route.1971003275.instance_id": "",
                            "route.1971003275.ipv6_cidr_block": "",
                            "route.1971003275.nat_gateway_id": "nat-08f6214a50fae73a2",
                            "route.1971003275.network_interface_id": "",
                            "route.1971003275.transit_gateway_id": "",
                            "route.1971003275.vpc_peering_connection_id": "",
                            "tags.%": "1",
                            "tags.Name": "Private Subnet RT",
                            "vpc_id": "vpc-03d9f3b9a7f65d590"
                        },
                        "meta": {},
                        "tainted": false
                    },
                    "deposed": [],
                    "provider": "provider.aws"
                },
                "aws_route_table.public-rt": {
                    "type": "aws_route_table",
                    "depends_on": [
                        "aws_internet_gateway.gw",
                        "aws_vpc.default"
                    ],
                    "primary": {
                        "id": "rtb-0ec6195416c4cc78b",
                        "attributes": {
                            "id": "rtb-0ec6195416c4cc78b",
                            "owner_id": "549902048605",
                            "propagating_vgws.#": "0",
                            "route.#": "1",
                            "route.1235758986.cidr_block": "0.0.0.0/0",
                            "route.1235758986.egress_only_gateway_id": "",
                            "route.1235758986.gateway_id": "igw-04d41ae5c626365bf",
                            "route.1235758986.instance_id": "",
                            "route.1235758986.ipv6_cidr_block": "",
                            "route.1235758986.nat_gateway_id": "",
                            "route.1235758986.network_interface_id": "",
                            "route.1235758986.transit_gateway_id": "",
                            "route.1235758986.vpc_peering_connection_id": "",
                            "tags.%": "1",
                            "tags.Name": "Public Subnet RT",
                            "vpc_id": "vpc-03d9f3b9a7f65d590"
                        },
                        "meta": {},
                        "tainted": false
                    },
                    "deposed": [],
                    "provider": "provider.aws"
                },
                "aws_route_table_association.private-rt1": {
                    "type": "aws_route_table_association",
                    "depends_on": [
                        "aws_route_table.private-rt",
                        "aws_subnet.private-subnet"
                    ],
                    "primary": {
                        "id": "rtbassoc-0034f15c72f89471e",
                        "attributes": {
                            "id": "rtbassoc-0034f15c72f89471e",
                            "route_table_id": "rtb-09db97845e9bd534b",
                            "subnet_id": "subnet-00dd177b017188ea8"
                        },
                        "meta": {},
                        "tainted": false
                    },
                    "deposed": [],
                    "provider": "provider.aws"
                },
                "aws_route_table_association.private-rt2": {
                    "type": "aws_route_table_association",
                    "depends_on": [
                        "aws_route_table.private-rt",
                        "aws_subnet.private-subnet2"
                    ],
                    "primary": {
                        "id": "rtbassoc-03b7006aa4e18914f",
                        "attributes": {
                            "id": "rtbassoc-03b7006aa4e18914f",
                            "route_table_id": "rtb-09db97845e9bd534b",
                            "subnet_id": "subnet-0525448f912499394"
                        },
                        "meta": {},
                        "tainted": false
                    },
                    "deposed": [],
                    "provider": "provider.aws"
                },
                "aws_route_table_association.public-rt1": {
                    "type": "aws_route_table_association",
                    "depends_on": [
                        "aws_route_table.public-rt",
                        "aws_subnet.public-subnet"
                    ],
                    "primary": {
                        "id": "rtbassoc-0a336d8e7e62981b1",
                        "attributes": {
                            "id": "rtbassoc-0a336d8e7e62981b1",
                            "route_table_id": "rtb-0ec6195416c4cc78b",
                            "subnet_id": "subnet-0d06d23ce67f34bf5"
                        },
                        "meta": {},
                        "tainted": false
                    },
                    "deposed": [],
                    "provider": "provider.aws"
                },
                "aws_route_table_association.public-rt2": {
                    "type": "aws_route_table_association",
                    "depends_on": [
                        "aws_route_table.public-rt",
                        "aws_subnet.public-subnet2"
                    ],
                    "primary": {
                        "id": "rtbassoc-03665aeff44c448ec",
                        "attributes": {
                            "id": "rtbassoc-03665aeff44c448ec",
                            "route_table_id": "rtb-0ec6195416c4cc78b",
                            "subnet_id": "subnet-04d277f21c6bbdd6e"
                        },
                        "meta": {},
                        "tainted": false
                    },
                    "deposed": [],
                    "provider": "provider.aws"
                },
                "aws_security_group.sgapp": {
                    "type": "aws_security_group",
                    "depends_on": [
                        "aws_vpc.default"
                    ],
                    "primary": {
                        "id": "sg-05d3d04debf505171",
                        "attributes": {
                            "arn": "arn:aws:ec2:us-east-2:549902048605:security-group/sg-05d3d04debf505171",
                            "description": "Allow traffic from public subnet",
                            "egress.#": "1",
                            "egress.482069346.cidr_blocks.#": "1",
                            "egress.482069346.cidr_blocks.0": "0.0.0.0/0",
                            "egress.482069346.description": "",
                            "egress.482069346.from_port": "0",
                            "egress.482069346.ipv6_cidr_blocks.#": "0",
                            "egress.482069346.prefix_list_ids.#": "0",
                            "egress.482069346.protocol": "-1",
                            "egress.482069346.security_groups.#": "0",
                            "egress.482069346.self": "false",
                            "egress.482069346.to_port": "0",
                            "id": "sg-05d3d04debf505171",
                            "ingress.#": "6",
                            "ingress.1576785827.cidr_blocks.#": "5",
                            "ingress.1576785827.cidr_blocks.0": "10.0.1.0/25",
                            "ingress.1576785827.cidr_blocks.1": "10.0.1.128/25",
                            "ingress.1576785827.cidr_blocks.2": "10.0.0.0/25",
                            "ingress.1576785827.cidr_blocks.3": "10.0.0.128/25",
                            "ingress.1576785827.cidr_blocks.4": "173.172.103.202/32",
                            "ingress.1576785827.description": "",
                            "ingress.1576785827.from_port": "7990",
                            "ingress.1576785827.ipv6_cidr_blocks.#": "0",
                            "ingress.1576785827.prefix_list_ids.#": "0",
                            "ingress.1576785827.protocol": "tcp",
                            "ingress.1576785827.security_groups.#": "0",
                            "ingress.1576785827.self": "false",
                            "ingress.1576785827.to_port": "7990",
                            "ingress.1602626600.cidr_blocks.#": "5",
                            "ingress.1602626600.cidr_blocks.0": "10.0.1.0/25",
                            "ingress.1602626600.cidr_blocks.1": "10.0.1.128/25",
                            "ingress.1602626600.cidr_blocks.2": "10.0.0.0/25",
                            "ingress.1602626600.cidr_blocks.3": "10.0.0.128/25",
                            "ingress.1602626600.cidr_blocks.4": "173.172.103.202/32",
                            "ingress.1602626600.description": "",
                            "ingress.1602626600.from_port": "80",
                            "ingress.1602626600.ipv6_cidr_blocks.#": "0",
                            "ingress.1602626600.prefix_list_ids.#": "0",
                            "ingress.1602626600.protocol": "tcp",
                            "ingress.1602626600.security_groups.#": "0",
                            "ingress.1602626600.self": "false",
                            "ingress.1602626600.to_port": "80",
                            "ingress.2631861413.cidr_blocks.#": "1",
                            "ingress.2631861413.cidr_blocks.0": "10.0.0.128/25",
                            "ingress.2631861413.description": "",
                            "ingress.2631861413.from_port": "22",
                            "ingress.2631861413.ipv6_cidr_blocks.#": "0",
                            "ingress.2631861413.prefix_list_ids.#": "0",
                            "ingress.2631861413.protocol": "tcp",
                            "ingress.2631861413.security_groups.#": "0",
                            "ingress.2631861413.self": "false",
                            "ingress.2631861413.to_port": "22",
                            "ingress.3023916678.cidr_blocks.#": "5",
                            "ingress.3023916678.cidr_blocks.0": "10.0.1.0/25",
                            "ingress.3023916678.cidr_blocks.1": "10.0.1.128/25",
                            "ingress.3023916678.cidr_blocks.2": "10.0.0.0/25",
                            "ingress.3023916678.cidr_blocks.3": "10.0.0.128/25",
                            "ingress.3023916678.cidr_blocks.4": "173.172.103.202/32",
                            "ingress.3023916678.description": "",
                            "ingress.3023916678.from_port": "443",
                            "ingress.3023916678.ipv6_cidr_blocks.#": "0",
                            "ingress.3023916678.prefix_list_ids.#": "0",
                            "ingress.3023916678.protocol": "tcp",
                            "ingress.3023916678.security_groups.#": "0",
                            "ingress.3023916678.self": "false",
                            "ingress.3023916678.to_port": "443",
                            "ingress.518895600.cidr_blocks.#": "1",
                            "ingress.518895600.cidr_blocks.0": "10.0.0.0/25",
                            "ingress.518895600.description": "",
                            "ingress.518895600.from_port": "22",
                            "ingress.518895600.ipv6_cidr_blocks.#": "0",
                            "ingress.518895600.prefix_list_ids.#": "0",
                            "ingress.518895600.protocol": "tcp",
                            "ingress.518895600.security_groups.#": "0",
                            "ingress.518895600.self": "false",
                            "ingress.518895600.to_port": "22",
                            "ingress.798399694.cidr_blocks.#": "5",
                            "ingress.798399694.cidr_blocks.0": "10.0.1.0/25",
                            "ingress.798399694.cidr_blocks.1": "10.0.1.128/25",
                            "ingress.798399694.cidr_blocks.2": "10.0.0.0/25",
                            "ingress.798399694.cidr_blocks.3": "10.0.0.128/25",
                            "ingress.798399694.cidr_blocks.4": "173.172.103.202/32",
                            "ingress.798399694.description": "",
                            "ingress.798399694.from_port": "-1",
                            "ingress.798399694.ipv6_cidr_blocks.#": "0",
                            "ingress.798399694.prefix_list_ids.#": "0",
                            "ingress.798399694.protocol": "icmp",
                            "ingress.798399694.security_groups.#": "0",
                            "ingress.798399694.self": "false",
                            "ingress.798399694.to_port": "-1",
                            "name": "sg_app",
                            "owner_id": "549902048605",
                            "revoke_rules_on_delete": "false",
                            "tags.%": "1",
                            "tags.Name": "Private App SG",
                            "vpc_id": "vpc-03d9f3b9a7f65d590"
                        },
                        "meta": {
                            "e2bfb730-ecaa-11e6-8f88-34363bc7c4c0": {
                                "create": 600000000000,
                                "delete": 600000000000
                            },
                            "schema_version": "1"
                        },
                        "tainted": false
                    },
                    "deposed": [],
                    "provider": "provider.aws"
                },
                "aws_security_group.sgbastion": {
                    "type": "aws_security_group",
                    "depends_on": [
                        "aws_vpc.default"
                    ],
                    "primary": {
                        "id": "sg-0122dd67710a099c1",
                        "attributes": {
                            "arn": "arn:aws:ec2:us-east-2:549902048605:security-group/sg-0122dd67710a099c1",
                            "description": "Allow incoming SSH access and ping",
                            "egress.#": "1",
                            "egress.482069346.cidr_blocks.#": "1",
                            "egress.482069346.cidr_blocks.0": "0.0.0.0/0",
                            "egress.482069346.description": "",
                            "egress.482069346.from_port": "0",
                            "egress.482069346.ipv6_cidr_blocks.#": "0",
                            "egress.482069346.prefix_list_ids.#": "0",
                            "egress.482069346.protocol": "-1",
                            "egress.482069346.security_groups.#": "0",
                            "egress.482069346.self": "false",
                            "egress.482069346.to_port": "0",
                            "id": "sg-0122dd67710a099c1",
                            "ingress.#": "2",
                            "ingress.1971223506.cidr_blocks.#": "1",
                            "ingress.1971223506.cidr_blocks.0": "173.172.103.202/32",
                            "ingress.1971223506.description": "",
                            "ingress.1971223506.from_port": "-1",
                            "ingress.1971223506.ipv6_cidr_blocks.#": "0",
                            "ingress.1971223506.prefix_list_ids.#": "0",
                            "ingress.1971223506.protocol": "icmp",
                            "ingress.1971223506.security_groups.#": "0",
                            "ingress.1971223506.self": "false",
                            "ingress.1971223506.to_port": "-1",
                            "ingress.2447130443.cidr_blocks.#": "1",
                            "ingress.2447130443.cidr_blocks.0": "173.172.103.202/32",
                            "ingress.2447130443.description": "",
                            "ingress.2447130443.from_port": "22",
                            "ingress.2447130443.ipv6_cidr_blocks.#": "0",
                            "ingress.2447130443.prefix_list_ids.#": "0",
                            "ingress.2447130443.protocol": "tcp",
                            "ingress.2447130443.security_groups.#": "0",
                            "ingress.2447130443.self": "false",
                            "ingress.2447130443.to_port": "22",
                            "name": "sg_bastion",
                            "owner_id": "549902048605",
                            "revoke_rules_on_delete": "false",
                            "tags.%": "1",
                            "tags.Name": "Bastion SG",
                            "vpc_id": "vpc-03d9f3b9a7f65d590"
                        },
                        "meta": {
                            "e2bfb730-ecaa-11e6-8f88-34363bc7c4c0": {
                                "create": 600000000000,
                                "delete": 600000000000
                            },
                            "schema_version": "1"
                        },
                        "tainted": false
                    },
                    "deposed": [],
                    "provider": "provider.aws"
                },
                "aws_security_group.sgdb": {
                    "type": "aws_security_group",
                    "depends_on": [
                        "aws_vpc.default"
                    ],
                    "primary": {
                        "id": "sg-01f232028af7a7dfd",
                        "attributes": {
                            "arn": "arn:aws:ec2:us-east-2:549902048605:security-group/sg-01f232028af7a7dfd",
                            "description": "Allow traffic from public subnet",
                            "egress.#": "1",
                            "egress.482069346.cidr_blocks.#": "1",
                            "egress.482069346.cidr_blocks.0": "0.0.0.0/0",
                            "egress.482069346.description": "",
                            "egress.482069346.from_port": "0",
                            "egress.482069346.ipv6_cidr_blocks.#": "0",
                            "egress.482069346.prefix_list_ids.#": "0",
                            "egress.482069346.protocol": "-1",
                            "egress.482069346.security_groups.#": "0",
                            "egress.482069346.self": "false",
                            "egress.482069346.to_port": "0",
                            "id": "sg-01f232028af7a7dfd",
                            "ingress.#": "4",
                            "ingress.1500933099.cidr_blocks.#": "1",
                            "ingress.1500933099.cidr_blocks.0": "10.0.0.128/25",
                            "ingress.1500933099.description": "",
                            "ingress.1500933099.from_port": "-1",
                            "ingress.1500933099.ipv6_cidr_blocks.#": "0",
                            "ingress.1500933099.prefix_list_ids.#": "0",
                            "ingress.1500933099.protocol": "icmp",
                            "ingress.1500933099.security_groups.#": "0",
                            "ingress.1500933099.self": "false",
                            "ingress.1500933099.to_port": "-1",
                            "ingress.3425863058.cidr_blocks.#": "1",
                            "ingress.3425863058.cidr_blocks.0": "10.0.0.0/25",
                            "ingress.3425863058.description": "",
                            "ingress.3425863058.from_port": "5432",
                            "ingress.3425863058.ipv6_cidr_blocks.#": "0",
                            "ingress.3425863058.prefix_list_ids.#": "0",
                            "ingress.3425863058.protocol": "tcp",
                            "ingress.3425863058.security_groups.#": "0",
                            "ingress.3425863058.self": "false",
                            "ingress.3425863058.to_port": "5432",
                            "ingress.63147743.cidr_blocks.#": "1",
                            "ingress.63147743.cidr_blocks.0": "10.0.0.128/25",
                            "ingress.63147743.description": "",
                            "ingress.63147743.from_port": "5432",
                            "ingress.63147743.ipv6_cidr_blocks.#": "0",
                            "ingress.63147743.prefix_list_ids.#": "0",
                            "ingress.63147743.protocol": "tcp",
                            "ingress.63147743.security_groups.#": "0",
                            "ingress.63147743.self": "false",
                            "ingress.63147743.to_port": "5432",
                            "ingress.646273512.cidr_blocks.#": "1",
                            "ingress.646273512.cidr_blocks.0": "10.0.0.0/25",
                            "ingress.646273512.description": "",
                            "ingress.646273512.from_port": "-1",
                            "ingress.646273512.ipv6_cidr_blocks.#": "0",
                            "ingress.646273512.prefix_list_ids.#": "0",
                            "ingress.646273512.protocol": "icmp",
                            "ingress.646273512.security_groups.#": "0",
                            "ingress.646273512.self": "false",
                            "ingress.646273512.to_port": "-1",
                            "name": "sg_db",
                            "owner_id": "549902048605",
                            "revoke_rules_on_delete": "false",
                            "tags.%": "1",
                            "tags.Name": "Private DB SG",
                            "vpc_id": "vpc-03d9f3b9a7f65d590"
                        },
                        "meta": {
                            "e2bfb730-ecaa-11e6-8f88-34363bc7c4c0": {
                                "create": 600000000000,
                                "delete": 600000000000
                            },
                            "schema_version": "1"
                        },
                        "tainted": false
                    },
                    "deposed": [],
                    "provider": "provider.aws"
                },
                "aws_subnet.private-db-subnet": {
                    "type": "aws_subnet",
                    "depends_on": [
                        "aws_vpc.default"
                    ],
                    "primary": {
                        "id": "subnet-09e0c13eaedcba8e9",
                        "attributes": {
                            "arn": "arn:aws:ec2:us-east-2:549902048605:subnet/subnet-09e0c13eaedcba8e9",
                            "assign_ipv6_address_on_creation": "false",
                            "availability_zone": "us-east-2a",
                            "availability_zone_id": "use2-az1",
                            "cidr_block": "10.0.2.0/25",
                            "id": "subnet-09e0c13eaedcba8e9",
                            "ipv6_cidr_block": "",
                            "ipv6_cidr_block_association_id": "",
                            "map_public_ip_on_launch": "false",
                            "owner_id": "549902048605",
                            "tags.%": "1",
                            "tags.Name": "Database Private Subnet 1",
                            "vpc_id": "vpc-03d9f3b9a7f65d590"
                        },
                        "meta": {
                            "e2bfb730-ecaa-11e6-8f88-34363bc7c4c0": {
                                "create": 600000000000,
                                "delete": 600000000000
                            },
                            "schema_version": "1"
                        },
                        "tainted": false
                    },
                    "deposed": [],
                    "provider": "provider.aws"
                },
                "aws_subnet.private-db-subnet2": {
                    "type": "aws_subnet",
                    "depends_on": [
                        "aws_vpc.default"
                    ],
                    "primary": {
                        "id": "subnet-0d341eda6e8fb1ef5",
                        "attributes": {
                            "arn": "arn:aws:ec2:us-east-2:549902048605:subnet/subnet-0d341eda6e8fb1ef5",
                            "assign_ipv6_address_on_creation": "false",
                            "availability_zone": "us-east-2b",
                            "availability_zone_id": "use2-az2",
                            "cidr_block": "10.0.2.128/25",
                            "id": "subnet-0d341eda6e8fb1ef5",
                            "ipv6_cidr_block": "",
                            "ipv6_cidr_block_association_id": "",
                            "map_public_ip_on_launch": "false",
                            "owner_id": "549902048605",
                            "tags.%": "1",
                            "tags.Name": "Database Private Subnet 2",
                            "vpc_id": "vpc-03d9f3b9a7f65d590"
                        },
                        "meta": {
                            "e2bfb730-ecaa-11e6-8f88-34363bc7c4c0": {
                                "create": 600000000000,
                                "delete": 600000000000
                            },
                            "schema_version": "1"
                        },
                        "tainted": false
                    },
                    "deposed": [],
                    "provider": "provider.aws"
                },
                "aws_subnet.private-subnet": {
                    "type": "aws_subnet",
                    "depends_on": [
                        "aws_vpc.default"
                    ],
                    "primary": {
                        "id": "subnet-00dd177b017188ea8",
                        "attributes": {
                            "arn": "arn:aws:ec2:us-east-2:549902048605:subnet/subnet-00dd177b017188ea8",
                            "assign_ipv6_address_on_creation": "false",
                            "availability_zone": "us-east-2a",
                            "availability_zone_id": "use2-az1",
                            "cidr_block": "10.0.1.0/25",
                            "id": "subnet-00dd177b017188ea8",
                            "ipv6_cidr_block": "",
                            "ipv6_cidr_block_association_id": "",
                            "map_public_ip_on_launch": "false",
                            "owner_id": "549902048605",
                            "tags.%": "1",
                            "tags.Name": "App Private Subnet 1",
                            "vpc_id": "vpc-03d9f3b9a7f65d590"
                        },
                        "meta": {
                            "e2bfb730-ecaa-11e6-8f88-34363bc7c4c0": {
                                "create": 600000000000,
                                "delete": 600000000000
                            },
                            "schema_version": "1"
                        },
                        "tainted": false
                    },
                    "deposed": [],
                    "provider": "provider.aws"
                },
                "aws_subnet.private-subnet2": {
                    "type": "aws_subnet",
                    "depends_on": [
                        "aws_vpc.default"
                    ],
                    "primary": {
                        "id": "subnet-0525448f912499394",
                        "attributes": {
                            "arn": "arn:aws:ec2:us-east-2:549902048605:subnet/subnet-0525448f912499394",
                            "assign_ipv6_address_on_creation": "false",
                            "availability_zone": "us-east-2b",
                            "availability_zone_id": "use2-az2",
                            "cidr_block": "10.0.1.128/25",
                            "id": "subnet-0525448f912499394",
                            "ipv6_cidr_block": "",
                            "ipv6_cidr_block_association_id": "",
                            "map_public_ip_on_launch": "false",
                            "owner_id": "549902048605",
                            "tags.%": "1",
                            "tags.Name": "App Private Subnet 2",
                            "vpc_id": "vpc-03d9f3b9a7f65d590"
                        },
                        "meta": {
                            "e2bfb730-ecaa-11e6-8f88-34363bc7c4c0": {
                                "create": 600000000000,
                                "delete": 600000000000
                            },
                            "schema_version": "1"
                        },
                        "tainted": false
                    },
                    "deposed": [],
                    "provider": "provider.aws"
                },
                "aws_subnet.public-subnet": {
                    "type": "aws_subnet",
                    "depends_on": [
                        "aws_vpc.default"
                    ],
                    "primary": {
                        "id": "subnet-0d06d23ce67f34bf5",
                        "attributes": {
                            "arn": "arn:aws:ec2:us-east-2:549902048605:subnet/subnet-0d06d23ce67f34bf5",
                            "assign_ipv6_address_on_creation": "false",
                            "availability_zone": "us-east-2a",
                            "availability_zone_id": "use2-az1",
                            "cidr_block": "10.0.0.0/25",
                            "id": "subnet-0d06d23ce67f34bf5",
                            "ipv6_cidr_block": "",
                            "ipv6_cidr_block_association_id": "",
                            "map_public_ip_on_launch": "false",
                            "owner_id": "549902048605",
                            "tags.%": "1",
                            "tags.Name": "Web Public Subnet 1",
                            "vpc_id": "vpc-03d9f3b9a7f65d590"
                        },
                        "meta": {
                            "e2bfb730-ecaa-11e6-8f88-34363bc7c4c0": {
                                "create": 600000000000,
                                "delete": 600000000000
                            },
                            "schema_version": "1"
                        },
                        "tainted": false
                    },
                    "deposed": [],
                    "provider": "provider.aws"
                },
                "aws_subnet.public-subnet2": {
                    "type": "aws_subnet",
                    "depends_on": [
                        "aws_vpc.default"
                    ],
                    "primary": {
                        "id": "subnet-04d277f21c6bbdd6e",
                        "attributes": {
                            "arn": "arn:aws:ec2:us-east-2:549902048605:subnet/subnet-04d277f21c6bbdd6e",
                            "assign_ipv6_address_on_creation": "false",
                            "availability_zone": "us-east-2b",
                            "availability_zone_id": "use2-az2",
                            "cidr_block": "10.0.0.128/25",
                            "id": "subnet-04d277f21c6bbdd6e",
                            "ipv6_cidr_block": "",
                            "ipv6_cidr_block_association_id": "",
                            "map_public_ip_on_launch": "false",
                            "owner_id": "549902048605",
                            "tags.%": "1",
                            "tags.Name": "Web Public Subnet 2",
                            "vpc_id": "vpc-03d9f3b9a7f65d590"
                        },
                        "meta": {
                            "e2bfb730-ecaa-11e6-8f88-34363bc7c4c0": {
                                "create": 600000000000,
                                "delete": 600000000000
                            },
                            "schema_version": "1"
                        },
                        "tainted": false
                    },
                    "deposed": [],
                    "provider": "provider.aws"
                },
                "aws_vpc.default": {
                    "type": "aws_vpc",
                    "depends_on": [],
                    "primary": {
                        "id": "vpc-03d9f3b9a7f65d590",
                        "attributes": {
                            "arn": "arn:aws:ec2:us-east-2:549902048605:vpc/vpc-03d9f3b9a7f65d590",
                            "assign_generated_ipv6_cidr_block": "false",
                            "cidr_block": "10.0.0.0/16",
                            "default_network_acl_id": "acl-093fcd91aba0be223",
                            "default_route_table_id": "rtb-0c034ab64883d50e9",
                            "default_security_group_id": "sg-0cd683cabcf596288",
                            "dhcp_options_id": "dopt-f933d692",
                            "enable_dns_hostnames": "true",
                            "enable_dns_support": "true",
                            "id": "vpc-03d9f3b9a7f65d590",
                            "instance_tenancy": "default",
                            "ipv6_association_id": "",
                            "ipv6_cidr_block": "",
                            "main_route_table_id": "rtb-0c034ab64883d50e9",
                            "owner_id": "549902048605",
                            "tags.%": "1",
                            "tags.Name": "DevOps POC VPC"
                        },
                        "meta": {
                            "schema_version": "1"
                        },
                        "tainted": false
                    },
                    "deposed": [],
                    "provider": "provider.aws"
                },
                "data.aws_ami.bitbucket": {
                    "type": "aws_ami",
                    "depends_on": [],
                    "primary": {
                        "id": "ami-0d7e93975ebbe565e",
                        "attributes": {
                            "architecture": "x86_64",
                            "block_device_mappings.#": "3",
                            "block_device_mappings.2249169000.device_name": "/dev/xvda",
                            "block_device_mappings.2249169000.ebs.%": "6",
                            "block_device_mappings.2249169000.ebs.delete_on_termination": "true",
                            "block_device_mappings.2249169000.ebs.encrypted": "false",
                            "block_device_mappings.2249169000.ebs.iops": "0",
                            "block_device_mappings.2249169000.ebs.snapshot_id": "snap-0ad1d276c215c48b6",
                            "block_device_mappings.2249169000.ebs.volume_size": "50",
                            "block_device_mappings.2249169000.ebs.volume_type": "gp2",
                            "block_device_mappings.2249169000.no_device": "",
                            "block_device_mappings.2249169000.virtual_name": "",
                            "block_device_mappings.3754555969.device_name": "/dev/xvdb",
                            "block_device_mappings.3754555969.ebs.%": "0",
                            "block_device_mappings.3754555969.no_device": "",
                            "block_device_mappings.3754555969.virtual_name": "ephemeral0",
                            "block_device_mappings.550926806.device_name": "/dev/xvdf",
                            "block_device_mappings.550926806.ebs.%": "6",
                            "block_device_mappings.550926806.ebs.delete_on_termination": "true",
                            "block_device_mappings.550926806.ebs.encrypted": "false",
                            "block_device_mappings.550926806.ebs.iops": "0",
                            "block_device_mappings.550926806.ebs.snapshot_id": "",
                            "block_device_mappings.550926806.ebs.volume_size": "100",
                            "block_device_mappings.550926806.ebs.volume_type": "gp2",
                            "block_device_mappings.550926806.no_device": "",
                            "block_device_mappings.550926806.virtual_name": "",
                            "creation_date": "2018-10-03T08:23:01.000Z",
                            "description": "The Atlassian Bitbucket AMI is an EBS-backed image based off Amazon Linux AMI (HVM). On first boot it downloads and installs the latest version of Bitbucket ready for you to use.",
                            "filter.#": "1",
                            "filter.3127485076.name": "name",
                            "filter.3127485076.values.#": "1",
                            "filter.3127485076.values.0": "Atlassian Bitbucket*",
                            "hypervisor": "xen",
                            "id": "ami-0d7e93975ebbe565e",
                            "image_id": "ami-0d7e93975ebbe565e",
                            "image_location": "342470128466/Atlassian Bitbucket 2018.10.03_0507 (HVM)",
                            "image_type": "machine",
                            "most_recent": "true",
                            "name": "Atlassian Bitbucket 2018.10.03_0507 (HVM)",
                            "owner_id": "342470128466",
                            "product_codes.#": "0",
                            "public": "true",
                            "root_device_name": "/dev/xvda",
                            "root_device_type": "ebs",
                            "root_snapshot_id": "snap-0ad1d276c215c48b6",
                            "sriov_net_support": "simple",
                            "state": "available",
                            "state_reason.%": "2",
                            "state_reason.code": "UNSET",
                            "state_reason.message": "UNSET",
                            "tags.%": "0",
                            "virtualization_type": "hvm"
                        },
                        "meta": {},
                        "tainted": false
                    },
                    "deposed": [],
                    "provider": "provider.aws"
                },
                "data.aws_ami.rhel": {
                    "type": "aws_ami",
                    "depends_on": [],
                    "primary": {
                        "id": "ami-03291866",
                        "attributes": {
                            "architecture": "x86_64",
                            "block_device_mappings.#": "1",
                            "block_device_mappings.309099847.device_name": "/dev/sda1",
                            "block_device_mappings.309099847.ebs.%": "6",
                            "block_device_mappings.309099847.ebs.delete_on_termination": "true",
                            "block_device_mappings.309099847.ebs.encrypted": "false",
                            "block_device_mappings.309099847.ebs.iops": "0",
                            "block_device_mappings.309099847.ebs.snapshot_id": "snap-0cf126c0e00af0cb4",
                            "block_device_mappings.309099847.ebs.volume_size": "10",
                            "block_device_mappings.309099847.ebs.volume_type": "gp2",
                            "block_device_mappings.309099847.no_device": "",
                            "block_device_mappings.309099847.virtual_name": "",
                            "creation_date": "2018-03-23T20:40:52.000Z",
                            "description": "Provided by Red Hat, Inc.",
                            "filter.#": "1",
                            "filter.3123460170.name": "name",
                            "filter.3123460170.values.#": "1",
                            "filter.3123460170.values.0": "RHEL-7.5_HVM_GA*",
                            "hypervisor": "xen",
                            "id": "ami-03291866",
                            "image_id": "ami-03291866",
                            "image_location": "309956199498/RHEL-7.5_HVM_GA-20180322-x86_64-1-Hourly2-GP2",
                            "image_type": "machine",
                            "most_recent": "true",
                            "name": "RHEL-7.5_HVM_GA-20180322-x86_64-1-Hourly2-GP2",
                            "owner_id": "309956199498",
                            "product_codes.#": "0",
                            "public": "true",
                            "root_device_name": "/dev/sda1",
                            "root_device_type": "ebs",
                            "root_snapshot_id": "snap-0cf126c0e00af0cb4",
                            "sriov_net_support": "simple",
                            "state": "available",
                            "state_reason.%": "2",
                            "state_reason.code": "UNSET",
                            "state_reason.message": "UNSET",
                            "tags.%": "0",
                            "virtualization_type": "hvm"
                        },
                        "meta": {},
                        "tainted": false
                    },
                    "deposed": [],
                    "provider": "provider.aws"
                }
            },
            "depends_on": []
        }
    ]
}
