{
    "version": 3,
    "terraform_version": "0.11.9",
    "serial": 115,
    "lineage": "e3076105-6cb3-cbb8-3900-a3ddb3b1b134",
    "modules": [
        {
            "path": [
                "root"
            ],
            "outputs": {
                "Load Balancer Public IP": {
                    "sensitive": false,
                    "type": "string",
                    "value": "private-apps-alb-133506173.us-east-2.elb.amazonaws.com"
                },
                "bastion_pub_ip": {
                    "sensitive": false,
                    "type": "string",
                    "value": "52.15.192.245"
                }
            },
            "resources": {
                "aws_autoscaling_group.jenkins-slave": {
                    "type": "aws_autoscaling_group",
                    "depends_on": [
                        "aws_launch_configuration.jenkins-slave",
                        "aws_lb_target_group.jenkins-slave-8080",
                        "aws_subnet.private-subnet",
                        "aws_subnet.private-subnet2"
                    ],
                    "primary": {
                        "id": "jenkins-slave",
                        "attributes": {
                            "arn": "arn:aws:autoscaling:us-east-2:549902048605:autoScalingGroup:8652623e-36ba-421e-839a-86dd8ce6ca9e:autoScalingGroupName/jenkins-slave",
                            "availability_zones.#": "2",
                            "availability_zones.1726430690": "us-east-2b",
                            "availability_zones.4293815384": "us-east-2a",
                            "default_cooldown": "300",
                            "desired_capacity": "1",
                            "enabled_metrics.#": "0",
                            "force_delete": "false",
                            "health_check_grace_period": "300",
                            "health_check_type": "EC2",
                            "id": "jenkins-slave",
                            "launch_configuration": "jenkins-slave-20181215233102295900000001",
                            "launch_template.#": "0",
                            "load_balancers.#": "0",
                            "max_size": "2",
                            "metrics_granularity": "1Minute",
                            "min_size": "1",
                            "mixed_instances_policy.#": "0",
                            "name": "jenkins-slave",
                            "placement_group": "",
                            "protect_from_scale_in": "false",
                            "service_linked_role_arn": "arn:aws:iam::549902048605:role/aws-service-role/autoscaling.amazonaws.com/AWSServiceRoleForAutoScaling",
                            "suspended_processes.#": "0",
                            "tag.#": "1",
                            "tag.304084015.key": "Name",
                            "tag.304084015.propagate_at_launch": "true",
                            "tag.304084015.value": "jenkins-slave",
                            "target_group_arns.#": "1",
                            "target_group_arns.570810711": "arn:aws:elasticloadbalancing:us-east-2:549902048605:targetgroup/jenkins-slave-8080/5445407d6a5b2223",
                            "termination_policies.#": "0",
                            "vpc_zone_identifier.#": "2",
                            "vpc_zone_identifier.1911081668": "subnet-0932f1d6e184cf4d2",
                            "vpc_zone_identifier.2834615234": "subnet-0c6a229bb77141890",
                            "wait_for_capacity_timeout": "10m"
                        },
                        "meta": {
                            "e2bfb730-ecaa-11e6-8f88-34363bc7c4c0": {
                                "delete": 600000000000
                            }
                        },
                        "tainted": false
                    },
                    "deposed": [],
                    "provider": "provider.aws"
                },
                "aws_efs_file_system.jenkins": {
                    "type": "aws_efs_file_system",
                    "depends_on": [
                        "aws_kms_key.jenkins-kms"
                    ],
                    "primary": {
                        "id": "fs-10159569",
                        "attributes": {
                            "arn": "arn:aws:elasticfilesystem:us-east-2:549902048605:file-system/fs-10159569",
                            "creation_token": "jenkins-efs",
                            "dns_name": "fs-10159569.efs.us-east-2.amazonaws.com",
                            "encrypted": "true",
                            "id": "fs-10159569",
                            "kms_key_id": "arn:aws:kms:us-east-2:549902048605:key/b0f9823f-f138-4ca5-ad7e-14c991fc410c",
                            "performance_mode": "generalPurpose",
                            "provisioned_throughput_in_mibps": "0",
                            "tags.%": "1",
                            "tags.Name": "jenkins-efs",
                            "throughput_mode": "bursting"
                        },
                        "meta": {},
                        "tainted": false
                    },
                    "deposed": [],
                    "provider": "provider.aws"
                },
                "aws_efs_mount_target.jenkins-master-priv1": {
                    "type": "aws_efs_mount_target",
                    "depends_on": [
                        "aws_efs_file_system.jenkins",
                        "aws_subnet.private-subnet"
                    ],
                    "primary": {
                        "id": "fsmt-3421874d",
                        "attributes": {
                            "dns_name": "fs-10159569.efs.us-east-2.amazonaws.com",
                            "file_system_arn": "arn:aws:elasticfilesystem:us-east-2:549902048605:file-system/fs-10159569",
                            "file_system_id": "fs-10159569",
                            "id": "fsmt-3421874d",
                            "ip_address": "10.0.1.63",
                            "network_interface_id": "eni-0f5bec247142a63cc",
                            "security_groups.#": "1",
                            "security_groups.4091487031": "sg-07771f03fde61cf09",
                            "subnet_id": "subnet-0c6a229bb77141890"
                        },
                        "meta": {},
                        "tainted": false
                    },
                    "deposed": [],
                    "provider": "provider.aws"
                },
                "aws_efs_mount_target.jenkins-master-priv2": {
                    "type": "aws_efs_mount_target",
                    "depends_on": [
                        "aws_efs_file_system.jenkins",
                        "aws_subnet.private-subnet2"
                    ],
                    "primary": {
                        "id": "fsmt-3521874c",
                        "attributes": {
                            "dns_name": "fs-10159569.efs.us-east-2.amazonaws.com",
                            "file_system_arn": "arn:aws:elasticfilesystem:us-east-2:549902048605:file-system/fs-10159569",
                            "file_system_id": "fs-10159569",
                            "id": "fsmt-3521874c",
                            "ip_address": "10.0.1.243",
                            "network_interface_id": "eni-03c659983659a09b9",
                            "security_groups.#": "1",
                            "security_groups.4091487031": "sg-07771f03fde61cf09",
                            "subnet_id": "subnet-0932f1d6e184cf4d2"
                        },
                        "meta": {},
                        "tainted": false
                    },
                    "deposed": [],
                    "provider": "provider.aws"
                },
                "aws_eip.eip_Nat": {
                    "type": "aws_eip",
                    "depends_on": [],
                    "primary": {
                        "id": "eipalloc-0a1bd108a85865603",
                        "attributes": {
                            "association_id": "eipassoc-318e08cd",
                            "domain": "vpc",
                            "id": "eipalloc-0a1bd108a85865603",
                            "instance": "",
                            "network_interface": "eni-0c2c00d644a167056",
                            "private_ip": "10.0.0.22",
                            "public_ip": "18.218.204.194",
                            "public_ipv4_pool": "amazon",
                            "tags.%": "0",
                            "vpc": "true"
                        },
                        "meta": {
                            "e2bfb730-ecaa-11e6-8f88-34363bc7c4c0": {
                                "delete": 180000000000,
                                "read": 900000000000,
                                "update": 300000000000
                            }
                        },
                        "tainted": false
                    },
                    "deposed": [],
                    "provider": "provider.aws"
                },
                "aws_iam_instance_profile.efs-readonly-profile": {
                    "type": "aws_iam_instance_profile",
                    "depends_on": [
                        "aws_iam_role.ec2-efs-readonly"
                    ],
                    "primary": {
                        "id": "efs-readonly-profile",
                        "attributes": {
                            "arn": "arn:aws:iam::549902048605:instance-profile/efs-readonly-profile",
                            "create_date": "2018-12-16T00:37:53Z",
                            "id": "efs-readonly-profile",
                            "name": "efs-readonly-profile",
                            "path": "/",
                            "role": "ec2-efs-readonly",
                            "roles.#": "1",
                            "roles.2099681105": "ec2-efs-readonly",
                            "unique_id": "AIPAJBFDC3Z7SI33B3C36"
                        },
                        "meta": {},
                        "tainted": false
                    },
                    "deposed": [],
                    "provider": "provider.aws"
                },
                "aws_iam_policy.efs-readonly2-policy": {
                    "type": "aws_iam_policy",
                    "depends_on": [],
                    "primary": {
                        "id": "arn:aws:iam::549902048605:policy/efs-readonly2-policy",
                        "attributes": {
                            "arn": "arn:aws:iam::549902048605:policy/efs-readonly2-policy",
                            "description": "Allows EFS Readonly Actions to EC2",
                            "id": "arn:aws:iam::549902048605:policy/efs-readonly2-policy",
                            "name": "efs-readonly2-policy",
                            "path": "/",
                            "policy": "{\n    \"Version\": \"2012-10-17\",\n    \"Statement\": [\n        {\n            \"Action\": [\n                \"ec2:DescribeAvailabilityZones\",\n                \"ec2:DescribeNetworkInterfaceAttribute\",\n                \"ec2:DescribeNetworkInterfaces\",\n                \"ec2:DescribeSecurityGroups\",\n                \"ec2:DescribeSubnets\",\n                \"ec2:DescribeVpcAttribute\",\n                \"ec2:DescribeVpcs\",\n                \"elasticfilesystem:Describe*\",\n                \"kms:ListAliases\"\n            ],\n            \"Effect\": \"Allow\",\n            \"Resource\": \"*\"\n        }\n    ]\n}\n"
                        },
                        "meta": {},
                        "tainted": false
                    },
                    "deposed": [],
                    "provider": "provider.aws"
                },
                "aws_iam_role.ec2-efs-readonly": {
                    "type": "aws_iam_role",
                    "depends_on": [],
                    "primary": {
                        "id": "ec2-efs-readonly",
                        "attributes": {
                            "arn": "arn:aws:iam::549902048605:role/ec2-efs-readonly",
                            "assume_role_policy": "{\"Version\":\"2012-10-17\",\"Statement\":[{\"Sid\":\"\",\"Effect\":\"Allow\",\"Principal\":{\"Service\":\"ec2.amazonaws.com\"},\"Action\":\"sts:AssumeRole\"}]}",
                            "create_date": "2018-12-16T00:37:52Z",
                            "description": "",
                            "force_detach_policies": "false",
                            "id": "ec2-efs-readonly",
                            "max_session_duration": "3600",
                            "name": "ec2-efs-readonly",
                            "path": "/",
                            "tags.%": "0",
                            "unique_id": "AROAJ2ORJDRX6IQR2YDNQ"
                        },
                        "meta": {},
                        "tainted": false
                    },
                    "deposed": [],
                    "provider": "provider.aws"
                },
                "aws_iam_role_policy_attachment.attach-efs-readonly-policy": {
                    "type": "aws_iam_role_policy_attachment",
                    "depends_on": [
                        "aws_iam_policy.efs-readonly2-policy",
                        "aws_iam_role.ec2-efs-readonly"
                    ],
                    "primary": {
                        "id": "ec2-efs-readonly-20181216003753425700000001",
                        "attributes": {
                            "id": "ec2-efs-readonly-20181216003753425700000001",
                            "policy_arn": "arn:aws:iam::549902048605:policy/efs-readonly2-policy",
                            "role": "ec2-efs-readonly"
                        },
                        "meta": {},
                        "tainted": false
                    },
                    "deposed": [],
                    "provider": "provider.aws"
                },
                "aws_instance.bastion": {
                    "type": "aws_instance",
                    "depends_on": [
                        "aws_key_pair.default",
                        "aws_security_group.sgbastion",
                        "aws_subnet.public-subnet",
                        "data.aws_ami.rhel"
                    ],
                    "primary": {
                        "id": "i-0364bb982788e3d11",
                        "attributes": {
                            "ami": "ami-03291866",
                            "arn": "arn:aws:ec2:us-east-2:549902048605:instance/i-0364bb982788e3d11",
                            "associate_public_ip_address": "true",
                            "availability_zone": "us-east-2a",
                            "cpu_core_count": "1",
                            "cpu_threads_per_core": "2",
                            "credit_specification.#": "1",
                            "credit_specification.0.cpu_credits": "unlimited",
                            "disable_api_termination": "false",
                            "ebs_block_device.#": "0",
                            "ebs_optimized": "false",
                            "ephemeral_block_device.#": "0",
                            "get_password_data": "false",
                            "iam_instance_profile": "",
                            "id": "i-0364bb982788e3d11",
                            "instance_state": "running",
                            "instance_type": "t3.micro",
                            "ipv6_addresses.#": "0",
                            "key_name": "ec2_key_pair",
                            "monitoring": "false",
                            "network_interface.#": "0",
                            "network_interface_id": "eni-009897d17ec5b7166",
                            "password_data": "",
                            "placement_group": "",
                            "primary_network_interface_id": "eni-009897d17ec5b7166",
                            "private_dns": "ip-10-0-0-75.us-east-2.compute.internal",
                            "private_ip": "10.0.0.75",
                            "public_dns": "ec2-52-15-192-245.us-east-2.compute.amazonaws.com",
                            "public_ip": "52.15.192.245",
                            "root_block_device.#": "1",
                            "root_block_device.0.delete_on_termination": "true",
                            "root_block_device.0.iops": "300",
                            "root_block_device.0.volume_id": "vol-0b4c1a284d6183fdd",
                            "root_block_device.0.volume_size": "100",
                            "root_block_device.0.volume_type": "gp2",
                            "security_groups.#": "0",
                            "source_dest_check": "false",
                            "subnet_id": "subnet-034d5780f7f7a38ea",
                            "tags.%": "1",
                            "tags.Name": "bastion",
                            "tenancy": "default",
                            "user_data": "7df7f8e906e27b97bc12fe1256377584f4d60561",
                            "volume_tags.%": "0",
                            "vpc_security_group_ids.#": "1",
                            "vpc_security_group_ids.3130283621": "sg-08e5f32d3fa1522a1"
                        },
                        "meta": {
                            "e2bfb730-ecaa-11e6-8f88-34363bc7c4c0": {
                                "create": 600000000000,
                                "delete": 1200000000000,
                                "update": 600000000000
                            },
                            "schema_version": "1"
                        },
                        "tainted": false
                    },
                    "deposed": [],
                    "provider": "provider.aws"
                },
                "aws_instance.git": {
                    "type": "aws_instance",
                    "depends_on": [
                        "aws_key_pair.default",
                        "aws_security_group.sg_git",
                        "aws_subnet.private-subnet2",
                        "data.aws_ami.amzn"
                    ],
                    "primary": {
                        "id": "i-046acb2de1fd19b4d",
                        "attributes": {
                            "ami": "ami-02e680c4540db351e",
                            "arn": "arn:aws:ec2:us-east-2:549902048605:instance/i-046acb2de1fd19b4d",
                            "associate_public_ip_address": "false",
                            "availability_zone": "us-east-2b",
                            "cpu_core_count": "1",
                            "cpu_threads_per_core": "2",
                            "credit_specification.#": "1",
                            "credit_specification.0.cpu_credits": "unlimited",
                            "disable_api_termination": "false",
                            "ebs_block_device.#": "1",
                            "ebs_block_device.2659407853.delete_on_termination": "true",
                            "ebs_block_device.2659407853.device_name": "/dev/sdf",
                            "ebs_block_device.2659407853.encrypted": "false",
                            "ebs_block_device.2659407853.iops": "150",
                            "ebs_block_device.2659407853.snapshot_id": "",
                            "ebs_block_device.2659407853.volume_id": "vol-024f449e1062f031f",
                            "ebs_block_device.2659407853.volume_size": "50",
                            "ebs_block_device.2659407853.volume_type": "gp2",
                            "ebs_optimized": "false",
                            "ephemeral_block_device.#": "0",
                            "get_password_data": "false",
                            "iam_instance_profile": "",
                            "id": "i-046acb2de1fd19b4d",
                            "instance_state": "stopped",
                            "instance_type": "t3.medium",
                            "ipv6_addresses.#": "0",
                            "key_name": "ec2_key_pair",
                            "monitoring": "false",
                            "network_interface.#": "0",
                            "network_interface_id": "eni-04324e0c9f24dd996",
                            "password_data": "",
                            "placement_group": "",
                            "primary_network_interface_id": "eni-04324e0c9f24dd996",
                            "private_dns": "ip-10-0-1-169.us-east-2.compute.internal",
                            "private_ip": "10.0.1.169",
                            "public_dns": "",
                            "public_ip": "",
                            "root_block_device.#": "1",
                            "root_block_device.0.delete_on_termination": "true",
                            "root_block_device.0.iops": "150",
                            "root_block_device.0.volume_id": "vol-09b32dcddfd75c5e6",
                            "root_block_device.0.volume_size": "50",
                            "root_block_device.0.volume_type": "gp2",
                            "security_groups.#": "0",
                            "source_dest_check": "true",
                            "subnet_id": "subnet-0932f1d6e184cf4d2",
                            "tags.%": "1",
                            "tags.Name": "gitlab",
                            "tenancy": "default",
                            "user_data": "685fe9d0a2051e2a4bc2c945dc0b6b8533861d8f",
                            "volume_tags.%": "0",
                            "vpc_security_group_ids.#": "1",
                            "vpc_security_group_ids.466478426": "sg-00cb6b1aa6186b420"
                        },
                        "meta": {
                            "e2bfb730-ecaa-11e6-8f88-34363bc7c4c0": {
                                "create": 600000000000,
                                "delete": 1200000000000,
                                "update": 600000000000
                            },
                            "schema_version": "1"
                        },
                        "tainted": false
                    },
                    "deposed": [],
                    "provider": "provider.aws"
                },
                "aws_instance.jenkins": {
                    "type": "aws_instance",
                    "depends_on": [
                        "aws_efs_mount_target.jenkins-master-priv1",
                        "aws_iam_instance_profile.efs-readonly-profile",
                        "aws_key_pair.default",
                        "aws_security_group.sg_jenkins",
                        "aws_subnet.private-subnet",
                        "data.aws_ami.rhel"
                    ],
                    "primary": {
                        "id": "i-028c12d5dacc1ced0",
                        "attributes": {
                            "ami": "ami-03291866",
                            "arn": "arn:aws:ec2:us-east-2:549902048605:instance/i-028c12d5dacc1ced0",
                            "associate_public_ip_address": "false",
                            "availability_zone": "us-east-2a",
                            "cpu_core_count": "1",
                            "cpu_threads_per_core": "2",
                            "credit_specification.#": "1",
                            "credit_specification.0.cpu_credits": "unlimited",
                            "disable_api_termination": "false",
                            "ebs_block_device.#": "1",
                            "ebs_block_device.2659407853.delete_on_termination": "true",
                            "ebs_block_device.2659407853.device_name": "/dev/sdf",
                            "ebs_block_device.2659407853.encrypted": "false",
                            "ebs_block_device.2659407853.iops": "150",
                            "ebs_block_device.2659407853.snapshot_id": "",
                            "ebs_block_device.2659407853.volume_id": "vol-01917aea50cf6e8ef",
                            "ebs_block_device.2659407853.volume_size": "50",
                            "ebs_block_device.2659407853.volume_type": "gp2",
                            "ebs_optimized": "false",
                            "ephemeral_block_device.#": "0",
                            "get_password_data": "false",
                            "iam_instance_profile": "efs-readonly-profile",
                            "id": "i-028c12d5dacc1ced0",
                            "instance_state": "running",
                            "instance_type": "t3.medium",
                            "ipv6_addresses.#": "0",
                            "key_name": "ec2_key_pair",
                            "monitoring": "false",
                            "network_interface.#": "0",
                            "network_interface_id": "eni-01883442792ad2c2b",
                            "password_data": "",
                            "placement_group": "",
                            "primary_network_interface_id": "eni-01883442792ad2c2b",
                            "private_dns": "ip-10-0-1-64.us-east-2.compute.internal",
                            "private_ip": "10.0.1.64",
                            "public_dns": "",
                            "public_ip": "",
                            "root_block_device.#": "1",
                            "root_block_device.0.delete_on_termination": "true",
                            "root_block_device.0.iops": "150",
                            "root_block_device.0.volume_id": "vol-0363262dd50bd877e",
                            "root_block_device.0.volume_size": "50",
                            "root_block_device.0.volume_type": "gp2",
                            "security_groups.#": "0",
                            "source_dest_check": "true",
                            "subnet_id": "subnet-0c6a229bb77141890",
                            "tags.%": "1",
                            "tags.Name": "jenkins-master",
                            "tenancy": "default",
                            "user_data": "c96581f780df824b6170b3d7a8f1828b6be9fe0b",
                            "volume_tags.%": "0",
                            "vpc_security_group_ids.#": "1",
                            "vpc_security_group_ids.4263182014": "sg-01ec0fcb79fbbab42"
                        },
                        "meta": {
                            "e2bfb730-ecaa-11e6-8f88-34363bc7c4c0": {
                                "create": 600000000000,
                                "delete": 1200000000000,
                                "update": 600000000000
                            },
                            "schema_version": "1"
                        },
                        "tainted": false
                    },
                    "deposed": [],
                    "provider": "provider.aws"
                },
                "aws_internet_gateway.gw": {
                    "type": "aws_internet_gateway",
                    "depends_on": [
                        "aws_vpc.default"
                    ],
                    "primary": {
                        "id": "igw-00b469361e1fad2e1",
                        "attributes": {
                            "id": "igw-00b469361e1fad2e1",
                            "owner_id": "549902048605",
                            "tags.%": "1",
                            "tags.Name": "VPC IGW",
                            "vpc_id": "vpc-05d80a71e20f810bd"
                        },
                        "meta": {},
                        "tainted": false
                    },
                    "deposed": [],
                    "provider": "provider.aws"
                },
                "aws_key_pair.default": {
                    "type": "aws_key_pair",
                    "depends_on": [],
                    "primary": {
                        "id": "ec2_key_pair",
                        "attributes": {
                            "fingerprint": "3c:94:cc:c2:63:16:9b:93:ed:52:8a:e1:a8:3d:e8:9b",
                            "id": "ec2_key_pair",
                            "key_name": "ec2_key_pair",
                            "public_key": "ssh-rsa AAAAB3NzaC1yc2EAAAADAQABAAABAQDFjVRCfLSPOFzTSp91d0mVeNeQL3Ue16pJXKi39gjjSKr6vcbvsDeMBv542Bjqz3ZHlNa96lNJ1rOMRhTZ/biSWAsJQDZf95Yi6RolInN3jLaLtlkSyXulhAhsLMX2P8RVof4WTnqUNDibH6+qk8vUQ9MVMhn6Jp3Cdq2V7+GZHE7dKepjA7HUoykdG6AeMtEOuFnPCvSayICNuGQDO1Ui8vPhCzcFBIz9oDfoK/b2JcuFdnPNon6+ug7cl9iQVEvgrr3BJ6Mi135S4FHm51vA1EhGFoL/89zvaTYjWIJ2wykIDRQzS8qzd9rx+YLe4ImmpC8W0VUMm0pcMQBNMk6n rcald@LAPTOP-M5LFKTF2"
                        },
                        "meta": {
                            "schema_version": "1"
                        },
                        "tainted": false
                    },
                    "deposed": [],
                    "provider": "provider.aws"
                },
                "aws_kms_key.jenkins-kms": {
                    "type": "aws_kms_key",
                    "depends_on": [],
                    "primary": {
                        "id": "b0f9823f-f138-4ca5-ad7e-14c991fc410c",
                        "attributes": {
                            "arn": "arn:aws:kms:us-east-2:549902048605:key/b0f9823f-f138-4ca5-ad7e-14c991fc410c",
                            "description": "Encrypt data at rest in EFS",
                            "enable_key_rotation": "false",
                            "id": "b0f9823f-f138-4ca5-ad7e-14c991fc410c",
                            "is_enabled": "true",
                            "key_id": "b0f9823f-f138-4ca5-ad7e-14c991fc410c",
                            "key_usage": "ENCRYPT_DECRYPT",
                            "policy": "{\"Statement\":[{\"Action\":\"kms:*\",\"Effect\":\"Allow\",\"Principal\":\"*\",\"Resource\":\"*\",\"Sid\":\"Enable IAM User Permissions\"}],\"Version\":\"2012-10-17\"}",
                            "tags.%": "0"
                        },
                        "meta": {},
                        "tainted": false
                    },
                    "deposed": [],
                    "provider": "provider.aws"
                },
                "aws_launch_configuration.jenkins-slave": {
                    "type": "aws_launch_configuration",
                    "depends_on": [
                        "aws_key_pair.default",
                        "aws_security_group.sg_jenkins",
                        "data.aws_ami.rhel"
                    ],
                    "primary": {
                        "id": "jenkins-slave-20181215233102295900000001",
                        "attributes": {
                            "associate_public_ip_address": "false",
                            "ebs_block_device.#": "1",
                            "ebs_block_device.2288823920.delete_on_termination": "true",
                            "ebs_block_device.2288823920.device_name": "/dev/sdf",
                            "ebs_block_device.2288823920.encrypted": "false",
                            "ebs_block_device.2288823920.iops": "0",
                            "ebs_block_device.2288823920.no_device": "false",
                            "ebs_block_device.2288823920.snapshot_id": "",
                            "ebs_block_device.2288823920.volume_size": "50",
                            "ebs_block_device.2288823920.volume_type": "gp2",
                            "ebs_optimized": "false",
                            "enable_monitoring": "true",
                            "ephemeral_block_device.#": "0",
                            "iam_instance_profile": "",
                            "id": "jenkins-slave-20181215233102295900000001",
                            "image_id": "ami-03291866",
                            "instance_type": "t3.medium",
                            "key_name": "ec2_key_pair",
                            "name": "jenkins-slave-20181215233102295900000001",
                            "name_prefix": "jenkins-slave-",
                            "root_block_device.#": "1",
                            "root_block_device.0.delete_on_termination": "true",
                            "root_block_device.0.iops": "0",
                            "root_block_device.0.volume_size": "50",
                            "root_block_device.0.volume_type": "",
                            "security_groups.#": "1",
                            "security_groups.4263182014": "sg-01ec0fcb79fbbab42",
                            "spot_price": "",
                            "user_data": "f4244f62f888ba304b582baf8fb5d6f11bc778db",
                            "vpc_classic_link_id": "",
                            "vpc_classic_link_security_groups.#": "0"
                        },
                        "meta": {},
                        "tainted": false
                    },
                    "deposed": [],
                    "provider": "provider.aws"
                },
                "aws_lb.alb_apps": {
                    "type": "aws_lb",
                    "depends_on": [
                        "aws_security_group.sg_git",
                        "aws_security_group.sg_jenkins",
                        "aws_subnet.public-subnet",
                        "aws_subnet.public-subnet2"
                    ],
                    "primary": {
                        "id": "arn:aws:elasticloadbalancing:us-east-2:549902048605:loadbalancer/app/private-apps-alb/be2f05823034cf72",
                        "attributes": {
                            "access_logs.#": "0",
                            "arn": "arn:aws:elasticloadbalancing:us-east-2:549902048605:loadbalancer/app/private-apps-alb/be2f05823034cf72",
                            "arn_suffix": "app/private-apps-alb/be2f05823034cf72",
                            "dns_name": "private-apps-alb-133506173.us-east-2.elb.amazonaws.com",
                            "enable_deletion_protection": "false",
                            "enable_http2": "true",
                            "id": "arn:aws:elasticloadbalancing:us-east-2:549902048605:loadbalancer/app/private-apps-alb/be2f05823034cf72",
                            "idle_timeout": "60",
                            "internal": "false",
                            "ip_address_type": "ipv4",
                            "load_balancer_type": "application",
                            "name": "private-apps-alb",
                            "security_groups.#": "2",
                            "security_groups.4263182014": "sg-01ec0fcb79fbbab42",
                            "security_groups.466478426": "sg-00cb6b1aa6186b420",
                            "subnet_mapping.#": "0",
                            "subnets.#": "2",
                            "subnets.2344128447": "subnet-034d5780f7f7a38ea",
                            "subnets.4253186359": "subnet-0f3bbf4a4781ad59b",
                            "tags.%": "1",
                            "tags.Environment": "dev",
                            "vpc_id": "vpc-05d80a71e20f810bd",
                            "zone_id": "Z3AADJGX6KTTL2"
                        },
                        "meta": {
                            "e2bfb730-ecaa-11e6-8f88-34363bc7c4c0": {
                                "create": 600000000000,
                                "delete": 600000000000,
                                "update": 600000000000
                            }
                        },
                        "tainted": false
                    },
                    "deposed": [],
                    "provider": "provider.aws"
                },
                "aws_lb.alb_jenkins_slave": {
                    "type": "aws_lb",
                    "depends_on": [
                        "aws_security_group.sg_jenkins",
                        "aws_subnet.public-subnet",
                        "aws_subnet.public-subnet2"
                    ],
                    "primary": {
                        "id": "arn:aws:elasticloadbalancing:us-east-2:549902048605:loadbalancer/app/jenkins-slave-alb/914a11db3d69a937",
                        "attributes": {
                            "access_logs.#": "0",
                            "arn": "arn:aws:elasticloadbalancing:us-east-2:549902048605:loadbalancer/app/jenkins-slave-alb/914a11db3d69a937",
                            "arn_suffix": "app/jenkins-slave-alb/914a11db3d69a937",
                            "dns_name": "jenkins-slave-alb-271589046.us-east-2.elb.amazonaws.com",
                            "enable_deletion_protection": "false",
                            "enable_http2": "true",
                            "id": "arn:aws:elasticloadbalancing:us-east-2:549902048605:loadbalancer/app/jenkins-slave-alb/914a11db3d69a937",
                            "idle_timeout": "60",
                            "internal": "false",
                            "ip_address_type": "ipv4",
                            "load_balancer_type": "application",
                            "name": "jenkins-slave-alb",
                            "security_groups.#": "1",
                            "security_groups.4263182014": "sg-01ec0fcb79fbbab42",
                            "subnet_mapping.#": "0",
                            "subnets.#": "2",
                            "subnets.2344128447": "subnet-034d5780f7f7a38ea",
                            "subnets.4253186359": "subnet-0f3bbf4a4781ad59b",
                            "tags.%": "1",
                            "tags.Environment": "dev",
                            "vpc_id": "vpc-05d80a71e20f810bd",
                            "zone_id": "Z3AADJGX6KTTL2"
                        },
                        "meta": {
                            "e2bfb730-ecaa-11e6-8f88-34363bc7c4c0": {
                                "create": 600000000000,
                                "delete": 600000000000,
                                "update": 600000000000
                            }
                        },
                        "tainted": false
                    },
                    "deposed": [],
                    "provider": "provider.aws"
                },
                "aws_lb_listener.git-80": {
                    "type": "aws_lb_listener",
                    "depends_on": [
                        "aws_lb.alb_apps",
                        "aws_lb_target_group.git-80"
                    ],
                    "primary": {
                        "id": "arn:aws:elasticloadbalancing:us-east-2:549902048605:listener/app/private-apps-alb/be2f05823034cf72/ca05c651fb8bd14a",
                        "attributes": {
                            "arn": "arn:aws:elasticloadbalancing:us-east-2:549902048605:listener/app/private-apps-alb/be2f05823034cf72/ca05c651fb8bd14a",
                            "default_action.#": "1",
                            "default_action.0.authenticate_cognito.#": "0",
                            "default_action.0.authenticate_oidc.#": "0",
                            "default_action.0.fixed_response.#": "0",
                            "default_action.0.order": "1",
                            "default_action.0.redirect.#": "0",
                            "default_action.0.target_group_arn": "arn:aws:elasticloadbalancing:us-east-2:549902048605:targetgroup/git-80/6282e5abbee3dd7d",
                            "default_action.0.type": "forward",
                            "id": "arn:aws:elasticloadbalancing:us-east-2:549902048605:listener/app/private-apps-alb/be2f05823034cf72/ca05c651fb8bd14a",
                            "load_balancer_arn": "arn:aws:elasticloadbalancing:us-east-2:549902048605:loadbalancer/app/private-apps-alb/be2f05823034cf72",
                            "port": "80",
                            "protocol": "HTTP",
                            "ssl_policy": ""
                        },
                        "meta": {
                            "e2bfb730-ecaa-11e6-8f88-34363bc7c4c0": {
                                "read": 600000000000
                            }
                        },
                        "tainted": false
                    },
                    "deposed": [],
                    "provider": "provider.aws"
                },
                "aws_lb_listener.jenkins-8080": {
                    "type": "aws_lb_listener",
                    "depends_on": [
                        "aws_lb.alb_apps",
                        "aws_lb_target_group.jenkins-8080"
                    ],
                    "primary": {
                        "id": "arn:aws:elasticloadbalancing:us-east-2:549902048605:listener/app/private-apps-alb/be2f05823034cf72/89af1260d0f009ce",
                        "attributes": {
                            "arn": "arn:aws:elasticloadbalancing:us-east-2:549902048605:listener/app/private-apps-alb/be2f05823034cf72/89af1260d0f009ce",
                            "default_action.#": "1",
                            "default_action.0.authenticate_cognito.#": "0",
                            "default_action.0.authenticate_oidc.#": "0",
                            "default_action.0.fixed_response.#": "0",
                            "default_action.0.order": "1",
                            "default_action.0.redirect.#": "0",
                            "default_action.0.target_group_arn": "arn:aws:elasticloadbalancing:us-east-2:549902048605:targetgroup/jenkins-8080/273b62b09d875875",
                            "default_action.0.type": "forward",
                            "id": "arn:aws:elasticloadbalancing:us-east-2:549902048605:listener/app/private-apps-alb/be2f05823034cf72/89af1260d0f009ce",
                            "load_balancer_arn": "arn:aws:elasticloadbalancing:us-east-2:549902048605:loadbalancer/app/private-apps-alb/be2f05823034cf72",
                            "port": "8080",
                            "protocol": "HTTP",
                            "ssl_policy": ""
                        },
                        "meta": {
                            "e2bfb730-ecaa-11e6-8f88-34363bc7c4c0": {
                                "read": 600000000000
                            }
                        },
                        "tainted": false
                    },
                    "deposed": [],
                    "provider": "provider.aws"
                },
                "aws_lb_listener.jenkins-slave-8080": {
                    "type": "aws_lb_listener",
                    "depends_on": [
                        "aws_lb.alb_jenkins_slave",
                        "aws_lb_target_group.jenkins-slave-8080"
                    ],
                    "primary": {
                        "id": "arn:aws:elasticloadbalancing:us-east-2:549902048605:listener/app/jenkins-slave-alb/914a11db3d69a937/7ebfafea8c471616",
                        "attributes": {
                            "arn": "arn:aws:elasticloadbalancing:us-east-2:549902048605:listener/app/jenkins-slave-alb/914a11db3d69a937/7ebfafea8c471616",
                            "default_action.#": "1",
                            "default_action.0.authenticate_cognito.#": "0",
                            "default_action.0.authenticate_oidc.#": "0",
                            "default_action.0.fixed_response.#": "0",
                            "default_action.0.order": "1",
                            "default_action.0.redirect.#": "0",
                            "default_action.0.target_group_arn": "arn:aws:elasticloadbalancing:us-east-2:549902048605:targetgroup/jenkins-slave-8080/5445407d6a5b2223",
                            "default_action.0.type": "forward",
                            "id": "arn:aws:elasticloadbalancing:us-east-2:549902048605:listener/app/jenkins-slave-alb/914a11db3d69a937/7ebfafea8c471616",
                            "load_balancer_arn": "arn:aws:elasticloadbalancing:us-east-2:549902048605:loadbalancer/app/jenkins-slave-alb/914a11db3d69a937",
                            "port": "8080",
                            "protocol": "HTTP",
                            "ssl_policy": ""
                        },
                        "meta": {
                            "e2bfb730-ecaa-11e6-8f88-34363bc7c4c0": {
                                "read": 600000000000
                            }
                        },
                        "tainted": false
                    },
                    "deposed": [],
                    "provider": "provider.aws"
                },
                "aws_lb_target_group.git-80": {
                    "type": "aws_lb_target_group",
                    "depends_on": [
                        "aws_vpc.default"
                    ],
                    "primary": {
                        "id": "arn:aws:elasticloadbalancing:us-east-2:549902048605:targetgroup/git-80/6282e5abbee3dd7d",
                        "attributes": {
                            "arn": "arn:aws:elasticloadbalancing:us-east-2:549902048605:targetgroup/git-80/6282e5abbee3dd7d",
                            "arn_suffix": "targetgroup/git-80/6282e5abbee3dd7d",
                            "deregistration_delay": "300",
                            "health_check.#": "1",
                            "health_check.0.healthy_threshold": "3",
                            "health_check.0.interval": "30",
                            "health_check.0.matcher": "200,302",
                            "health_check.0.path": "/",
                            "health_check.0.port": "traffic-port",
                            "health_check.0.protocol": "HTTP",
                            "health_check.0.timeout": "5",
                            "health_check.0.unhealthy_threshold": "3",
                            "id": "arn:aws:elasticloadbalancing:us-east-2:549902048605:targetgroup/git-80/6282e5abbee3dd7d",
                            "name": "git-80",
                            "port": "80",
                            "protocol": "HTTP",
                            "proxy_protocol_v2": "false",
                            "slow_start": "0",
                            "stickiness.#": "1",
                            "stickiness.0.cookie_duration": "86400",
                            "stickiness.0.enabled": "false",
                            "stickiness.0.type": "lb_cookie",
                            "tags.%": "0",
                            "target_type": "instance",
                            "vpc_id": "vpc-05d80a71e20f810bd"
                        },
                        "meta": {},
                        "tainted": false
                    },
                    "deposed": [],
                    "provider": "provider.aws"
                },
                "aws_lb_target_group.jenkins-8080": {
                    "type": "aws_lb_target_group",
                    "depends_on": [
                        "aws_vpc.default"
                    ],
                    "primary": {
                        "id": "arn:aws:elasticloadbalancing:us-east-2:549902048605:targetgroup/jenkins-8080/273b62b09d875875",
                        "attributes": {
                            "arn": "arn:aws:elasticloadbalancing:us-east-2:549902048605:targetgroup/jenkins-8080/273b62b09d875875",
                            "arn_suffix": "targetgroup/jenkins-8080/273b62b09d875875",
                            "deregistration_delay": "300",
                            "health_check.#": "1",
                            "health_check.0.healthy_threshold": "3",
                            "health_check.0.interval": "30",
                            "health_check.0.matcher": "200,403",
                            "health_check.0.path": "/",
                            "health_check.0.port": "traffic-port",
                            "health_check.0.protocol": "HTTP",
                            "health_check.0.timeout": "5",
                            "health_check.0.unhealthy_threshold": "3",
                            "id": "arn:aws:elasticloadbalancing:us-east-2:549902048605:targetgroup/jenkins-8080/273b62b09d875875",
                            "name": "jenkins-8080",
                            "port": "8080",
                            "protocol": "HTTP",
                            "proxy_protocol_v2": "false",
                            "slow_start": "0",
                            "stickiness.#": "1",
                            "stickiness.0.cookie_duration": "86400",
                            "stickiness.0.enabled": "false",
                            "stickiness.0.type": "lb_cookie",
                            "tags.%": "0",
                            "target_type": "instance",
                            "vpc_id": "vpc-05d80a71e20f810bd"
                        },
                        "meta": {},
                        "tainted": false
                    },
                    "deposed": [],
                    "provider": "provider.aws"
                },
                "aws_lb_target_group.jenkins-slave-8080": {
                    "type": "aws_lb_target_group",
                    "depends_on": [
                        "aws_vpc.default"
                    ],
                    "primary": {
                        "id": "arn:aws:elasticloadbalancing:us-east-2:549902048605:targetgroup/jenkins-slave-8080/5445407d6a5b2223",
                        "attributes": {
                            "arn": "arn:aws:elasticloadbalancing:us-east-2:549902048605:targetgroup/jenkins-slave-8080/5445407d6a5b2223",
                            "arn_suffix": "targetgroup/jenkins-slave-8080/5445407d6a5b2223",
                            "deregistration_delay": "300",
                            "health_check.#": "1",
                            "health_check.0.healthy_threshold": "3",
                            "health_check.0.interval": "30",
                            "health_check.0.matcher": "200,403",
                            "health_check.0.path": "/",
                            "health_check.0.port": "traffic-port",
                            "health_check.0.protocol": "HTTP",
                            "health_check.0.timeout": "5",
                            "health_check.0.unhealthy_threshold": "3",
                            "id": "arn:aws:elasticloadbalancing:us-east-2:549902048605:targetgroup/jenkins-slave-8080/5445407d6a5b2223",
                            "name": "jenkins-slave-8080",
                            "port": "8080",
                            "protocol": "HTTP",
                            "proxy_protocol_v2": "false",
                            "slow_start": "0",
                            "stickiness.#": "1",
                            "stickiness.0.cookie_duration": "86400",
                            "stickiness.0.enabled": "false",
                            "stickiness.0.type": "lb_cookie",
                            "tags.%": "0",
                            "target_type": "instance",
                            "vpc_id": "vpc-05d80a71e20f810bd"
                        },
                        "meta": {},
                        "tainted": false
                    },
                    "deposed": [],
                    "provider": "provider.aws"
                },
                "aws_lb_target_group_attachment.git-80": {
                    "type": "aws_lb_target_group_attachment",
                    "depends_on": [
                        "aws_instance.git",
                        "aws_lb_target_group.git-80"
                    ],
                    "primary": {
                        "id": "arn:aws:elasticloadbalancing:us-east-2:549902048605:targetgroup/git-80/6282e5abbee3dd7d-20181215233118224600000003",
                        "attributes": {
                            "id": "arn:aws:elasticloadbalancing:us-east-2:549902048605:targetgroup/git-80/6282e5abbee3dd7d-20181215233118224600000003",
                            "port": "80",
                            "target_group_arn": "arn:aws:elasticloadbalancing:us-east-2:549902048605:targetgroup/git-80/6282e5abbee3dd7d",
                            "target_id": "i-046acb2de1fd19b4d"
                        },
                        "meta": {},
                        "tainted": false
                    },
                    "deposed": [],
                    "provider": "provider.aws"
                },
                "aws_lb_target_group_attachment.jenkins-8080": {
                    "type": "aws_lb_target_group_attachment",
                    "depends_on": [
                        "aws_instance.jenkins",
                        "aws_lb_target_group.jenkins-8080"
                    ],
                    "primary": {
                        "id": "arn:aws:elasticloadbalancing:us-east-2:549902048605:targetgroup/jenkins-8080/273b62b09d875875-20181216022743641000000001",
                        "attributes": {
                            "id": "arn:aws:elasticloadbalancing:us-east-2:549902048605:targetgroup/jenkins-8080/273b62b09d875875-20181216022743641000000001",
                            "port": "8080",
                            "target_group_arn": "arn:aws:elasticloadbalancing:us-east-2:549902048605:targetgroup/jenkins-8080/273b62b09d875875",
                            "target_id": "i-028c12d5dacc1ced0"
                        },
                        "meta": {},
                        "tainted": false
                    },
                    "deposed": [],
                    "provider": "provider.aws"
                },
                "aws_nat_gateway.nat_gw1": {
                    "type": "aws_nat_gateway",
                    "depends_on": [
                        "aws_eip.eip_Nat",
                        "aws_internet_gateway.gw",
                        "aws_subnet.public-subnet"
                    ],
                    "primary": {
                        "id": "nat-04785257b3f871c2a",
                        "attributes": {
                            "allocation_id": "eipalloc-0a1bd108a85865603",
                            "id": "nat-04785257b3f871c2a",
                            "network_interface_id": "eni-0c2c00d644a167056",
                            "private_ip": "10.0.0.22",
                            "public_ip": "18.218.204.194",
                            "subnet_id": "subnet-034d5780f7f7a38ea",
                            "tags.%": "0"
                        },
                        "meta": {},
                        "tainted": false
                    },
                    "deposed": [],
                    "provider": "provider.aws"
                },
                "aws_route_table.private-rt": {
                    "type": "aws_route_table",
                    "depends_on": [
                        "aws_nat_gateway.nat_gw1",
                        "aws_vpc.default"
                    ],
                    "primary": {
                        "id": "rtb-07427e803a7478651",
                        "attributes": {
                            "id": "rtb-07427e803a7478651",
                            "owner_id": "549902048605",
                            "propagating_vgws.#": "0",
                            "route.#": "1",
                            "route.1399979056.cidr_block": "0.0.0.0/0",
                            "route.1399979056.egress_only_gateway_id": "",
                            "route.1399979056.gateway_id": "",
                            "route.1399979056.instance_id": "",
                            "route.1399979056.ipv6_cidr_block": "",
                            "route.1399979056.nat_gateway_id": "nat-04785257b3f871c2a",
                            "route.1399979056.network_interface_id": "",
                            "route.1399979056.transit_gateway_id": "",
                            "route.1399979056.vpc_peering_connection_id": "",
                            "tags.%": "1",
                            "tags.Name": "Private Subnet RT",
                            "vpc_id": "vpc-05d80a71e20f810bd"
                        },
                        "meta": {},
                        "tainted": false
                    },
                    "deposed": [],
                    "provider": "provider.aws"
                },
                "aws_route_table.public-rt": {
                    "type": "aws_route_table",
                    "depends_on": [
                        "aws_internet_gateway.gw",
                        "aws_vpc.default"
                    ],
                    "primary": {
                        "id": "rtb-05c375e6685d89bd7",
                        "attributes": {
                            "id": "rtb-05c375e6685d89bd7",
                            "owner_id": "549902048605",
                            "propagating_vgws.#": "0",
                            "route.#": "1",
                            "route.3361222187.cidr_block": "0.0.0.0/0",
                            "route.3361222187.egress_only_gateway_id": "",
                            "route.3361222187.gateway_id": "igw-00b469361e1fad2e1",
                            "route.3361222187.instance_id": "",
                            "route.3361222187.ipv6_cidr_block": "",
                            "route.3361222187.nat_gateway_id": "",
                            "route.3361222187.network_interface_id": "",
                            "route.3361222187.transit_gateway_id": "",
                            "route.3361222187.vpc_peering_connection_id": "",
                            "tags.%": "1",
                            "tags.Name": "Public Subnet RT",
                            "vpc_id": "vpc-05d80a71e20f810bd"
                        },
                        "meta": {},
                        "tainted": false
                    },
                    "deposed": [],
                    "provider": "provider.aws"
                },
                "aws_route_table_association.private-rt1": {
                    "type": "aws_route_table_association",
                    "depends_on": [
                        "aws_route_table.private-rt",
                        "aws_subnet.private-subnet"
                    ],
                    "primary": {
                        "id": "rtbassoc-0fd233216da130d03",
                        "attributes": {
                            "id": "rtbassoc-0fd233216da130d03",
                            "route_table_id": "rtb-07427e803a7478651",
                            "subnet_id": "subnet-0c6a229bb77141890"
                        },
                        "meta": {},
                        "tainted": false
                    },
                    "deposed": [],
                    "provider": "provider.aws"
                },
                "aws_route_table_association.private-rt2": {
                    "type": "aws_route_table_association",
                    "depends_on": [
                        "aws_route_table.private-rt",
                        "aws_subnet.private-subnet2"
                    ],
                    "primary": {
                        "id": "rtbassoc-071960ff0fe464e10",
                        "attributes": {
                            "id": "rtbassoc-071960ff0fe464e10",
                            "route_table_id": "rtb-07427e803a7478651",
                            "subnet_id": "subnet-0932f1d6e184cf4d2"
                        },
                        "meta": {},
                        "tainted": false
                    },
                    "deposed": [],
                    "provider": "provider.aws"
                },
                "aws_route_table_association.public-rt1": {
                    "type": "aws_route_table_association",
                    "depends_on": [
                        "aws_route_table.public-rt",
                        "aws_subnet.public-subnet"
                    ],
                    "primary": {
                        "id": "rtbassoc-062ae2ca3eb3e4623",
                        "attributes": {
                            "id": "rtbassoc-062ae2ca3eb3e4623",
                            "route_table_id": "rtb-05c375e6685d89bd7",
                            "subnet_id": "subnet-034d5780f7f7a38ea"
                        },
                        "meta": {},
                        "tainted": false
                    },
                    "deposed": [],
                    "provider": "provider.aws"
                },
                "aws_route_table_association.public-rt2": {
                    "type": "aws_route_table_association",
                    "depends_on": [
                        "aws_route_table.public-rt",
                        "aws_subnet.public-subnet2"
                    ],
                    "primary": {
                        "id": "rtbassoc-059acec9001f9a0c5",
                        "attributes": {
                            "id": "rtbassoc-059acec9001f9a0c5",
                            "route_table_id": "rtb-05c375e6685d89bd7",
                            "subnet_id": "subnet-0f3bbf4a4781ad59b"
                        },
                        "meta": {},
                        "tainted": false
                    },
                    "deposed": [],
                    "provider": "provider.aws"
                },
                "aws_security_group.jenkins-efs": {
                    "type": "aws_security_group",
                    "depends_on": [
                        "aws_vpc.default"
                    ],
                    "primary": {
                        "id": "sg-07771f03fde61cf09",
                        "attributes": {
                            "arn": "arn:aws:ec2:us-east-2:549902048605:security-group/sg-07771f03fde61cf09",
                            "description": "Allow incoming NFS ports",
                            "egress.#": "1",
                            "egress.482069346.cidr_blocks.#": "1",
                            "egress.482069346.cidr_blocks.0": "0.0.0.0/0",
                            "egress.482069346.description": "",
                            "egress.482069346.from_port": "0",
                            "egress.482069346.ipv6_cidr_blocks.#": "0",
                            "egress.482069346.prefix_list_ids.#": "0",
                            "egress.482069346.protocol": "-1",
                            "egress.482069346.security_groups.#": "0",
                            "egress.482069346.self": "false",
                            "egress.482069346.to_port": "0",
                            "id": "sg-07771f03fde61cf09",
                            "ingress.#": "2",
                            "ingress.3329232486.cidr_blocks.#": "2",
                            "ingress.3329232486.cidr_blocks.0": "10.0.1.0/25",
                            "ingress.3329232486.cidr_blocks.1": "10.0.1.128/25",
                            "ingress.3329232486.description": "",
                            "ingress.3329232486.from_port": "2049",
                            "ingress.3329232486.ipv6_cidr_blocks.#": "0",
                            "ingress.3329232486.prefix_list_ids.#": "0",
                            "ingress.3329232486.protocol": "tcp",
                            "ingress.3329232486.security_groups.#": "0",
                            "ingress.3329232486.self": "false",
                            "ingress.3329232486.to_port": "2049",
                            "ingress.3901461386.cidr_blocks.#": "2",
                            "ingress.3901461386.cidr_blocks.0": "10.0.1.0/25",
                            "ingress.3901461386.cidr_blocks.1": "10.0.1.128/25",
                            "ingress.3901461386.description": "",
                            "ingress.3901461386.from_port": "-1",
                            "ingress.3901461386.ipv6_cidr_blocks.#": "0",
                            "ingress.3901461386.prefix_list_ids.#": "0",
                            "ingress.3901461386.protocol": "icmp",
                            "ingress.3901461386.security_groups.#": "0",
                            "ingress.3901461386.self": "false",
                            "ingress.3901461386.to_port": "-1",
                            "name": "sg_jenkins_efs",
                            "owner_id": "549902048605",
                            "revoke_rules_on_delete": "false",
                            "tags.%": "1",
                            "tags.Name": "EFS SG",
                            "vpc_id": "vpc-05d80a71e20f810bd"
                        },
                        "meta": {
                            "e2bfb730-ecaa-11e6-8f88-34363bc7c4c0": {
                                "create": 600000000000,
                                "delete": 600000000000
                            },
                            "schema_version": "1"
                        },
                        "tainted": false
                    },
                    "deposed": [],
                    "provider": "provider.aws"
                },
                "aws_security_group.sg_db": {
                    "type": "aws_security_group",
                    "depends_on": [
                        "aws_vpc.default"
                    ],
                    "primary": {
                        "id": "sg-0ab9ba1bb9e1eb0b6",
                        "attributes": {
                            "arn": "arn:aws:ec2:us-east-2:549902048605:security-group/sg-0ab9ba1bb9e1eb0b6",
                            "description": "Allow traffic from public subnet",
                            "egress.#": "1",
                            "egress.482069346.cidr_blocks.#": "1",
                            "egress.482069346.cidr_blocks.0": "0.0.0.0/0",
                            "egress.482069346.description": "",
                            "egress.482069346.from_port": "0",
                            "egress.482069346.ipv6_cidr_blocks.#": "0",
                            "egress.482069346.prefix_list_ids.#": "0",
                            "egress.482069346.protocol": "-1",
                            "egress.482069346.security_groups.#": "0",
                            "egress.482069346.self": "false",
                            "egress.482069346.to_port": "0",
                            "id": "sg-0ab9ba1bb9e1eb0b6",
                            "ingress.#": "4",
                            "ingress.1309507496.cidr_blocks.#": "1",
                            "ingress.1309507496.cidr_blocks.0": "10.0.1.128/25",
                            "ingress.1309507496.description": "",
                            "ingress.1309507496.from_port": "-1",
                            "ingress.1309507496.ipv6_cidr_blocks.#": "0",
                            "ingress.1309507496.prefix_list_ids.#": "0",
                            "ingress.1309507496.protocol": "icmp",
                            "ingress.1309507496.security_groups.#": "0",
                            "ingress.1309507496.self": "false",
                            "ingress.1309507496.to_port": "-1",
                            "ingress.1782943270.cidr_blocks.#": "1",
                            "ingress.1782943270.cidr_blocks.0": "10.0.1.0/25",
                            "ingress.1782943270.description": "",
                            "ingress.1782943270.from_port": "5432",
                            "ingress.1782943270.ipv6_cidr_blocks.#": "0",
                            "ingress.1782943270.prefix_list_ids.#": "0",
                            "ingress.1782943270.protocol": "tcp",
                            "ingress.1782943270.security_groups.#": "0",
                            "ingress.1782943270.self": "false",
                            "ingress.1782943270.to_port": "5432",
                            "ingress.2163364444.cidr_blocks.#": "1",
                            "ingress.2163364444.cidr_blocks.0": "10.0.1.0/25",
                            "ingress.2163364444.description": "",
                            "ingress.2163364444.from_port": "-1",
                            "ingress.2163364444.ipv6_cidr_blocks.#": "0",
                            "ingress.2163364444.prefix_list_ids.#": "0",
                            "ingress.2163364444.protocol": "icmp",
                            "ingress.2163364444.security_groups.#": "0",
                            "ingress.2163364444.self": "false",
                            "ingress.2163364444.to_port": "-1",
                            "ingress.347642524.cidr_blocks.#": "1",
                            "ingress.347642524.cidr_blocks.0": "10.0.1.128/25",
                            "ingress.347642524.description": "",
                            "ingress.347642524.from_port": "5432",
                            "ingress.347642524.ipv6_cidr_blocks.#": "0",
                            "ingress.347642524.prefix_list_ids.#": "0",
                            "ingress.347642524.protocol": "tcp",
                            "ingress.347642524.security_groups.#": "0",
                            "ingress.347642524.self": "false",
                            "ingress.347642524.to_port": "5432",
                            "name": "sg_db",
                            "owner_id": "549902048605",
                            "revoke_rules_on_delete": "false",
                            "tags.%": "1",
                            "tags.Name": "DB_SG",
                            "vpc_id": "vpc-05d80a71e20f810bd"
                        },
                        "meta": {
                            "e2bfb730-ecaa-11e6-8f88-34363bc7c4c0": {
                                "create": 600000000000,
                                "delete": 600000000000
                            },
                            "schema_version": "1"
                        },
                        "tainted": false
                    },
                    "deposed": [],
                    "provider": "provider.aws"
                },
                "aws_security_group.sg_git": {
                    "type": "aws_security_group",
                    "depends_on": [
                        "aws_vpc.default"
                    ],
                    "primary": {
                        "id": "sg-00cb6b1aa6186b420",
                        "attributes": {
                            "arn": "arn:aws:ec2:us-east-2:549902048605:security-group/sg-00cb6b1aa6186b420",
                            "description": "Allow traffic from public subnet",
                            "egress.#": "1",
                            "egress.482069346.cidr_blocks.#": "1",
                            "egress.482069346.cidr_blocks.0": "0.0.0.0/0",
                            "egress.482069346.description": "",
                            "egress.482069346.from_port": "0",
                            "egress.482069346.ipv6_cidr_blocks.#": "0",
                            "egress.482069346.prefix_list_ids.#": "0",
                            "egress.482069346.protocol": "-1",
                            "egress.482069346.security_groups.#": "0",
                            "egress.482069346.self": "false",
                            "egress.482069346.to_port": "0",
                            "id": "sg-00cb6b1aa6186b420",
                            "ingress.#": "5",
                            "ingress.1576785827.cidr_blocks.#": "5",
                            "ingress.1576785827.cidr_blocks.0": "10.0.1.0/25",
                            "ingress.1576785827.cidr_blocks.1": "10.0.1.128/25",
                            "ingress.1576785827.cidr_blocks.2": "10.0.0.0/25",
                            "ingress.1576785827.cidr_blocks.3": "10.0.0.128/25",
                            "ingress.1576785827.cidr_blocks.4": "173.172.103.202/32",
                            "ingress.1576785827.description": "",
                            "ingress.1576785827.from_port": "7990",
                            "ingress.1576785827.ipv6_cidr_blocks.#": "0",
                            "ingress.1576785827.prefix_list_ids.#": "0",
                            "ingress.1576785827.protocol": "tcp",
                            "ingress.1576785827.security_groups.#": "0",
                            "ingress.1576785827.self": "false",
                            "ingress.1576785827.to_port": "7990",
                            "ingress.1602626600.cidr_blocks.#": "5",
                            "ingress.1602626600.cidr_blocks.0": "10.0.1.0/25",
                            "ingress.1602626600.cidr_blocks.1": "10.0.1.128/25",
                            "ingress.1602626600.cidr_blocks.2": "10.0.0.0/25",
                            "ingress.1602626600.cidr_blocks.3": "10.0.0.128/25",
                            "ingress.1602626600.cidr_blocks.4": "173.172.103.202/32",
                            "ingress.1602626600.description": "",
                            "ingress.1602626600.from_port": "80",
                            "ingress.1602626600.ipv6_cidr_blocks.#": "0",
                            "ingress.1602626600.prefix_list_ids.#": "0",
                            "ingress.1602626600.protocol": "tcp",
                            "ingress.1602626600.security_groups.#": "0",
                            "ingress.1602626600.self": "false",
                            "ingress.1602626600.to_port": "80",
                            "ingress.2631861413.cidr_blocks.#": "1",
                            "ingress.2631861413.cidr_blocks.0": "10.0.0.128/25",
                            "ingress.2631861413.description": "",
                            "ingress.2631861413.from_port": "22",
                            "ingress.2631861413.ipv6_cidr_blocks.#": "0",
                            "ingress.2631861413.prefix_list_ids.#": "0",
                            "ingress.2631861413.protocol": "tcp",
                            "ingress.2631861413.security_groups.#": "0",
                            "ingress.2631861413.self": "false",
                            "ingress.2631861413.to_port": "22",
                            "ingress.518895600.cidr_blocks.#": "1",
                            "ingress.518895600.cidr_blocks.0": "10.0.0.0/25",
                            "ingress.518895600.description": "",
                            "ingress.518895600.from_port": "22",
                            "ingress.518895600.ipv6_cidr_blocks.#": "0",
                            "ingress.518895600.prefix_list_ids.#": "0",
                            "ingress.518895600.protocol": "tcp",
                            "ingress.518895600.security_groups.#": "0",
                            "ingress.518895600.self": "false",
                            "ingress.518895600.to_port": "22",
                            "ingress.798399694.cidr_blocks.#": "5",
                            "ingress.798399694.cidr_blocks.0": "10.0.1.0/25",
                            "ingress.798399694.cidr_blocks.1": "10.0.1.128/25",
                            "ingress.798399694.cidr_blocks.2": "10.0.0.0/25",
                            "ingress.798399694.cidr_blocks.3": "10.0.0.128/25",
                            "ingress.798399694.cidr_blocks.4": "173.172.103.202/32",
                            "ingress.798399694.description": "",
                            "ingress.798399694.from_port": "-1",
                            "ingress.798399694.ipv6_cidr_blocks.#": "0",
                            "ingress.798399694.prefix_list_ids.#": "0",
                            "ingress.798399694.protocol": "icmp",
                            "ingress.798399694.security_groups.#": "0",
                            "ingress.798399694.self": "false",
                            "ingress.798399694.to_port": "-1",
                            "name": "sg_git",
                            "owner_id": "549902048605",
                            "revoke_rules_on_delete": "false",
                            "tags.%": "1",
                            "tags.Name": "GIT_SG",
                            "vpc_id": "vpc-05d80a71e20f810bd"
                        },
                        "meta": {
                            "e2bfb730-ecaa-11e6-8f88-34363bc7c4c0": {
                                "create": 600000000000,
                                "delete": 600000000000
                            },
                            "schema_version": "1"
                        },
                        "tainted": false
                    },
                    "deposed": [],
                    "provider": "provider.aws"
                },
                "aws_security_group.sg_jenkins": {
                    "type": "aws_security_group",
                    "depends_on": [
                        "aws_vpc.default"
                    ],
                    "primary": {
                        "id": "sg-01ec0fcb79fbbab42",
                        "attributes": {
                            "arn": "arn:aws:ec2:us-east-2:549902048605:security-group/sg-01ec0fcb79fbbab42",
                            "description": "Allow traffic from public subnet",
                            "egress.#": "1",
                            "egress.482069346.cidr_blocks.#": "1",
                            "egress.482069346.cidr_blocks.0": "0.0.0.0/0",
                            "egress.482069346.description": "",
                            "egress.482069346.from_port": "0",
                            "egress.482069346.ipv6_cidr_blocks.#": "0",
                            "egress.482069346.prefix_list_ids.#": "0",
                            "egress.482069346.protocol": "-1",
                            "egress.482069346.security_groups.#": "0",
                            "egress.482069346.self": "false",
                            "egress.482069346.to_port": "0",
                            "id": "sg-01ec0fcb79fbbab42",
                            "ingress.#": "4",
                            "ingress.1203501372.cidr_blocks.#": "5",
                            "ingress.1203501372.cidr_blocks.0": "10.0.1.0/25",
                            "ingress.1203501372.cidr_blocks.1": "10.0.1.128/25",
                            "ingress.1203501372.cidr_blocks.2": "10.0.0.0/25",
                            "ingress.1203501372.cidr_blocks.3": "10.0.0.128/25",
                            "ingress.1203501372.cidr_blocks.4": "173.172.103.202/32",
                            "ingress.1203501372.description": "",
                            "ingress.1203501372.from_port": "8080",
                            "ingress.1203501372.ipv6_cidr_blocks.#": "0",
                            "ingress.1203501372.prefix_list_ids.#": "0",
                            "ingress.1203501372.protocol": "tcp",
                            "ingress.1203501372.security_groups.#": "0",
                            "ingress.1203501372.self": "false",
                            "ingress.1203501372.to_port": "8080",
                            "ingress.2631861413.cidr_blocks.#": "1",
                            "ingress.2631861413.cidr_blocks.0": "10.0.0.128/25",
                            "ingress.2631861413.description": "",
                            "ingress.2631861413.from_port": "22",
                            "ingress.2631861413.ipv6_cidr_blocks.#": "0",
                            "ingress.2631861413.prefix_list_ids.#": "0",
                            "ingress.2631861413.protocol": "tcp",
                            "ingress.2631861413.security_groups.#": "0",
                            "ingress.2631861413.self": "false",
                            "ingress.2631861413.to_port": "22",
                            "ingress.518895600.cidr_blocks.#": "1",
                            "ingress.518895600.cidr_blocks.0": "10.0.0.0/25",
                            "ingress.518895600.description": "",
                            "ingress.518895600.from_port": "22",
                            "ingress.518895600.ipv6_cidr_blocks.#": "0",
                            "ingress.518895600.prefix_list_ids.#": "0",
                            "ingress.518895600.protocol": "tcp",
                            "ingress.518895600.security_groups.#": "0",
                            "ingress.518895600.self": "false",
                            "ingress.518895600.to_port": "22",
                            "ingress.798399694.cidr_blocks.#": "5",
                            "ingress.798399694.cidr_blocks.0": "10.0.1.0/25",
                            "ingress.798399694.cidr_blocks.1": "10.0.1.128/25",
                            "ingress.798399694.cidr_blocks.2": "10.0.0.0/25",
                            "ingress.798399694.cidr_blocks.3": "10.0.0.128/25",
                            "ingress.798399694.cidr_blocks.4": "173.172.103.202/32",
                            "ingress.798399694.description": "",
                            "ingress.798399694.from_port": "-1",
                            "ingress.798399694.ipv6_cidr_blocks.#": "0",
                            "ingress.798399694.prefix_list_ids.#": "0",
                            "ingress.798399694.protocol": "icmp",
                            "ingress.798399694.security_groups.#": "0",
                            "ingress.798399694.self": "false",
                            "ingress.798399694.to_port": "-1",
                            "name": "sg_jenkins",
                            "owner_id": "549902048605",
                            "revoke_rules_on_delete": "false",
                            "tags.%": "1",
                            "tags.Name": "Jenkins_SG",
                            "vpc_id": "vpc-05d80a71e20f810bd"
                        },
                        "meta": {
                            "e2bfb730-ecaa-11e6-8f88-34363bc7c4c0": {
                                "create": 600000000000,
                                "delete": 600000000000
                            },
                            "schema_version": "1"
                        },
                        "tainted": false
                    },
                    "deposed": [],
                    "provider": "provider.aws"
                },
                "aws_security_group.sgbastion": {
                    "type": "aws_security_group",
                    "depends_on": [
                        "aws_vpc.default"
                    ],
                    "primary": {
                        "id": "sg-08e5f32d3fa1522a1",
                        "attributes": {
                            "arn": "arn:aws:ec2:us-east-2:549902048605:security-group/sg-08e5f32d3fa1522a1",
                            "description": "Allow incoming SSH access and ping",
                            "egress.#": "1",
                            "egress.482069346.cidr_blocks.#": "1",
                            "egress.482069346.cidr_blocks.0": "0.0.0.0/0",
                            "egress.482069346.description": "",
                            "egress.482069346.from_port": "0",
                            "egress.482069346.ipv6_cidr_blocks.#": "0",
                            "egress.482069346.prefix_list_ids.#": "0",
                            "egress.482069346.protocol": "-1",
                            "egress.482069346.security_groups.#": "0",
                            "egress.482069346.self": "false",
                            "egress.482069346.to_port": "0",
                            "id": "sg-08e5f32d3fa1522a1",
                            "ingress.#": "2",
                            "ingress.1971223506.cidr_blocks.#": "1",
                            "ingress.1971223506.cidr_blocks.0": "173.172.103.202/32",
                            "ingress.1971223506.description": "",
                            "ingress.1971223506.from_port": "-1",
                            "ingress.1971223506.ipv6_cidr_blocks.#": "0",
                            "ingress.1971223506.prefix_list_ids.#": "0",
                            "ingress.1971223506.protocol": "icmp",
                            "ingress.1971223506.security_groups.#": "0",
                            "ingress.1971223506.self": "false",
                            "ingress.1971223506.to_port": "-1",
                            "ingress.2447130443.cidr_blocks.#": "1",
                            "ingress.2447130443.cidr_blocks.0": "173.172.103.202/32",
                            "ingress.2447130443.description": "",
                            "ingress.2447130443.from_port": "22",
                            "ingress.2447130443.ipv6_cidr_blocks.#": "0",
                            "ingress.2447130443.prefix_list_ids.#": "0",
                            "ingress.2447130443.protocol": "tcp",
                            "ingress.2447130443.security_groups.#": "0",
                            "ingress.2447130443.self": "false",
                            "ingress.2447130443.to_port": "22",
                            "name": "sg_bastion",
                            "owner_id": "549902048605",
                            "revoke_rules_on_delete": "false",
                            "tags.%": "1",
                            "tags.Name": "Bastion SG",
                            "vpc_id": "vpc-05d80a71e20f810bd"
                        },
                        "meta": {
                            "e2bfb730-ecaa-11e6-8f88-34363bc7c4c0": {
                                "create": 600000000000,
                                "delete": 600000000000
                            },
                            "schema_version": "1"
                        },
                        "tainted": false
                    },
                    "deposed": [],
                    "provider": "provider.aws"
                },
                "aws_subnet.private-db-subnet": {
                    "type": "aws_subnet",
                    "depends_on": [
                        "aws_vpc.default"
                    ],
                    "primary": {
                        "id": "subnet-00529d95032a7db46",
                        "attributes": {
                            "arn": "arn:aws:ec2:us-east-2:549902048605:subnet/subnet-00529d95032a7db46",
                            "assign_ipv6_address_on_creation": "false",
                            "availability_zone": "us-east-2a",
                            "availability_zone_id": "use2-az1",
                            "cidr_block": "10.0.2.0/25",
                            "id": "subnet-00529d95032a7db46",
                            "ipv6_cidr_block": "",
                            "ipv6_cidr_block_association_id": "",
                            "map_public_ip_on_launch": "false",
                            "owner_id": "549902048605",
                            "tags.%": "1",
                            "tags.Name": "Database Private Subnet 1",
                            "vpc_id": "vpc-05d80a71e20f810bd"
                        },
                        "meta": {
                            "e2bfb730-ecaa-11e6-8f88-34363bc7c4c0": {
                                "create": 600000000000,
                                "delete": 600000000000
                            },
                            "schema_version": "1"
                        },
                        "tainted": false
                    },
                    "deposed": [],
                    "provider": "provider.aws"
                },
                "aws_subnet.private-db-subnet2": {
                    "type": "aws_subnet",
                    "depends_on": [
                        "aws_vpc.default"
                    ],
                    "primary": {
                        "id": "subnet-05e89da49dd20bb85",
                        "attributes": {
                            "arn": "arn:aws:ec2:us-east-2:549902048605:subnet/subnet-05e89da49dd20bb85",
                            "assign_ipv6_address_on_creation": "false",
                            "availability_zone": "us-east-2b",
                            "availability_zone_id": "use2-az2",
                            "cidr_block": "10.0.2.128/25",
                            "id": "subnet-05e89da49dd20bb85",
                            "ipv6_cidr_block": "",
                            "ipv6_cidr_block_association_id": "",
                            "map_public_ip_on_launch": "false",
                            "owner_id": "549902048605",
                            "tags.%": "1",
                            "tags.Name": "Database Private Subnet 2",
                            "vpc_id": "vpc-05d80a71e20f810bd"
                        },
                        "meta": {
                            "e2bfb730-ecaa-11e6-8f88-34363bc7c4c0": {
                                "create": 600000000000,
                                "delete": 600000000000
                            },
                            "schema_version": "1"
                        },
                        "tainted": false
                    },
                    "deposed": [],
                    "provider": "provider.aws"
                },
                "aws_subnet.private-subnet": {
                    "type": "aws_subnet",
                    "depends_on": [
                        "aws_vpc.default"
                    ],
                    "primary": {
                        "id": "subnet-0c6a229bb77141890",
                        "attributes": {
                            "arn": "arn:aws:ec2:us-east-2:549902048605:subnet/subnet-0c6a229bb77141890",
                            "assign_ipv6_address_on_creation": "false",
                            "availability_zone": "us-east-2a",
                            "availability_zone_id": "use2-az1",
                            "cidr_block": "10.0.1.0/25",
                            "id": "subnet-0c6a229bb77141890",
                            "ipv6_cidr_block": "",
                            "ipv6_cidr_block_association_id": "",
                            "map_public_ip_on_launch": "false",
                            "owner_id": "549902048605",
                            "tags.%": "1",
                            "tags.Name": "App Private Subnet 1",
                            "vpc_id": "vpc-05d80a71e20f810bd"
                        },
                        "meta": {
                            "e2bfb730-ecaa-11e6-8f88-34363bc7c4c0": {
                                "create": 600000000000,
                                "delete": 600000000000
                            },
                            "schema_version": "1"
                        },
                        "tainted": false
                    },
                    "deposed": [],
                    "provider": "provider.aws"
                },
                "aws_subnet.private-subnet2": {
                    "type": "aws_subnet",
                    "depends_on": [
                        "aws_vpc.default"
                    ],
                    "primary": {
                        "id": "subnet-0932f1d6e184cf4d2",
                        "attributes": {
                            "arn": "arn:aws:ec2:us-east-2:549902048605:subnet/subnet-0932f1d6e184cf4d2",
                            "assign_ipv6_address_on_creation": "false",
                            "availability_zone": "us-east-2b",
                            "availability_zone_id": "use2-az2",
                            "cidr_block": "10.0.1.128/25",
                            "id": "subnet-0932f1d6e184cf4d2",
                            "ipv6_cidr_block": "",
                            "ipv6_cidr_block_association_id": "",
                            "map_public_ip_on_launch": "false",
                            "owner_id": "549902048605",
                            "tags.%": "1",
                            "tags.Name": "App Private Subnet 2",
                            "vpc_id": "vpc-05d80a71e20f810bd"
                        },
                        "meta": {
                            "e2bfb730-ecaa-11e6-8f88-34363bc7c4c0": {
                                "create": 600000000000,
                                "delete": 600000000000
                            },
                            "schema_version": "1"
                        },
                        "tainted": false
                    },
                    "deposed": [],
                    "provider": "provider.aws"
                },
                "aws_subnet.public-subnet": {
                    "type": "aws_subnet",
                    "depends_on": [
                        "aws_vpc.default"
                    ],
                    "primary": {
                        "id": "subnet-034d5780f7f7a38ea",
                        "attributes": {
                            "arn": "arn:aws:ec2:us-east-2:549902048605:subnet/subnet-034d5780f7f7a38ea",
                            "assign_ipv6_address_on_creation": "false",
                            "availability_zone": "us-east-2a",
                            "availability_zone_id": "use2-az1",
                            "cidr_block": "10.0.0.0/25",
                            "id": "subnet-034d5780f7f7a38ea",
                            "ipv6_cidr_block": "",
                            "ipv6_cidr_block_association_id": "",
                            "map_public_ip_on_launch": "false",
                            "owner_id": "549902048605",
                            "tags.%": "1",
                            "tags.Name": "Web Public Subnet 1",
                            "vpc_id": "vpc-05d80a71e20f810bd"
                        },
                        "meta": {
                            "e2bfb730-ecaa-11e6-8f88-34363bc7c4c0": {
                                "create": 600000000000,
                                "delete": 600000000000
                            },
                            "schema_version": "1"
                        },
                        "tainted": false
                    },
                    "deposed": [],
                    "provider": "provider.aws"
                },
                "aws_subnet.public-subnet2": {
                    "type": "aws_subnet",
                    "depends_on": [
                        "aws_vpc.default"
                    ],
                    "primary": {
                        "id": "subnet-0f3bbf4a4781ad59b",
                        "attributes": {
                            "arn": "arn:aws:ec2:us-east-2:549902048605:subnet/subnet-0f3bbf4a4781ad59b",
                            "assign_ipv6_address_on_creation": "false",
                            "availability_zone": "us-east-2b",
                            "availability_zone_id": "use2-az2",
                            "cidr_block": "10.0.0.128/25",
                            "id": "subnet-0f3bbf4a4781ad59b",
                            "ipv6_cidr_block": "",
                            "ipv6_cidr_block_association_id": "",
                            "map_public_ip_on_launch": "false",
                            "owner_id": "549902048605",
                            "tags.%": "1",
                            "tags.Name": "Web Public Subnet 2",
                            "vpc_id": "vpc-05d80a71e20f810bd"
                        },
                        "meta": {
                            "e2bfb730-ecaa-11e6-8f88-34363bc7c4c0": {
                                "create": 600000000000,
                                "delete": 600000000000
                            },
                            "schema_version": "1"
                        },
                        "tainted": false
                    },
                    "deposed": [],
                    "provider": "provider.aws"
                },
                "aws_vpc.default": {
                    "type": "aws_vpc",
                    "depends_on": [],
                    "primary": {
                        "id": "vpc-05d80a71e20f810bd",
                        "attributes": {
                            "arn": "arn:aws:ec2:us-east-2:549902048605:vpc/vpc-05d80a71e20f810bd",
                            "assign_generated_ipv6_cidr_block": "false",
                            "cidr_block": "10.0.0.0/16",
                            "default_network_acl_id": "acl-03590951b273e429d",
                            "default_route_table_id": "rtb-0ffc5a2c70c532692",
                            "default_security_group_id": "sg-06e889050a0bd14d9",
                            "dhcp_options_id": "dopt-f933d692",
                            "enable_dns_hostnames": "true",
                            "enable_dns_support": "true",
                            "id": "vpc-05d80a71e20f810bd",
                            "instance_tenancy": "default",
                            "ipv6_association_id": "",
                            "ipv6_cidr_block": "",
                            "main_route_table_id": "rtb-0ffc5a2c70c532692",
                            "owner_id": "549902048605",
                            "tags.%": "1",
                            "tags.Name": "DevOps POC VPC"
                        },
                        "meta": {
                            "schema_version": "1"
                        },
                        "tainted": false
                    },
                    "deposed": [],
                    "provider": "provider.aws"
                },
                "data.aws_ami.amzn": {
                    "type": "aws_ami",
                    "depends_on": [],
                    "primary": {
                        "id": "ami-02e680c4540db351e",
                        "attributes": {
                            "architecture": "x86_64",
                            "block_device_mappings.#": "1",
                            "block_device_mappings.340275815.device_name": "/dev/xvda",
                            "block_device_mappings.340275815.ebs.%": "6",
                            "block_device_mappings.340275815.ebs.delete_on_termination": "true",
                            "block_device_mappings.340275815.ebs.encrypted": "false",
                            "block_device_mappings.340275815.ebs.iops": "0",
                            "block_device_mappings.340275815.ebs.snapshot_id": "snap-00525f7708ba0b6dc",
                            "block_device_mappings.340275815.ebs.volume_size": "8",
                            "block_device_mappings.340275815.ebs.volume_type": "gp2",
                            "block_device_mappings.340275815.no_device": "",
                            "block_device_mappings.340275815.virtual_name": "",
                            "creation_date": "2018-11-14T09:06:55.000Z",
                            "description": "Amazon Linux 2 AMI 2.0.20181114 x86_64 HVM gp2",
                            "filter.#": "1",
                            "filter.3325118623.name": "name",
                            "filter.3325118623.values.#": "1",
                            "filter.3325118623.values.0": "amzn2-ami-hvm-2.0.*-x86_64-gp2",
                            "hypervisor": "xen",
                            "id": "ami-02e680c4540db351e",
                            "image_id": "ami-02e680c4540db351e",
                            "image_location": "amazon/amzn2-ami-hvm-2.0.20181114-x86_64-gp2",
                            "image_owner_alias": "amazon",
                            "image_type": "machine",
                            "most_recent": "true",
                            "name": "amzn2-ami-hvm-2.0.20181114-x86_64-gp2",
                            "owner_id": "137112412989",
                            "product_codes.#": "0",
                            "public": "true",
                            "root_device_name": "/dev/xvda",
                            "root_device_type": "ebs",
                            "root_snapshot_id": "snap-00525f7708ba0b6dc",
                            "sriov_net_support": "simple",
                            "state": "available",
                            "state_reason.%": "2",
                            "state_reason.code": "UNSET",
                            "state_reason.message": "UNSET",
                            "tags.%": "0",
                            "virtualization_type": "hvm"
                        },
                        "meta": {},
                        "tainted": false
                    },
                    "deposed": [],
                    "provider": "provider.aws"
                },
                "data.aws_ami.bitbucket": {
                    "type": "aws_ami",
                    "depends_on": [],
                    "primary": {
                        "id": "ami-0d7e93975ebbe565e",
                        "attributes": {
                            "architecture": "x86_64",
                            "block_device_mappings.#": "3",
                            "block_device_mappings.2249169000.device_name": "/dev/xvda",
                            "block_device_mappings.2249169000.ebs.%": "6",
                            "block_device_mappings.2249169000.ebs.delete_on_termination": "true",
                            "block_device_mappings.2249169000.ebs.encrypted": "false",
                            "block_device_mappings.2249169000.ebs.iops": "0",
                            "block_device_mappings.2249169000.ebs.snapshot_id": "snap-0ad1d276c215c48b6",
                            "block_device_mappings.2249169000.ebs.volume_size": "50",
                            "block_device_mappings.2249169000.ebs.volume_type": "gp2",
                            "block_device_mappings.2249169000.no_device": "",
                            "block_device_mappings.2249169000.virtual_name": "",
                            "block_device_mappings.3754555969.device_name": "/dev/xvdb",
                            "block_device_mappings.3754555969.ebs.%": "0",
                            "block_device_mappings.3754555969.no_device": "",
                            "block_device_mappings.3754555969.virtual_name": "ephemeral0",
                            "block_device_mappings.550926806.device_name": "/dev/xvdf",
                            "block_device_mappings.550926806.ebs.%": "6",
                            "block_device_mappings.550926806.ebs.delete_on_termination": "true",
                            "block_device_mappings.550926806.ebs.encrypted": "false",
                            "block_device_mappings.550926806.ebs.iops": "0",
                            "block_device_mappings.550926806.ebs.snapshot_id": "",
                            "block_device_mappings.550926806.ebs.volume_size": "100",
                            "block_device_mappings.550926806.ebs.volume_type": "gp2",
                            "block_device_mappings.550926806.no_device": "",
                            "block_device_mappings.550926806.virtual_name": "",
                            "creation_date": "2018-10-03T08:23:01.000Z",
                            "description": "The Atlassian Bitbucket AMI is an EBS-backed image based off Amazon Linux AMI (HVM). On first boot it downloads and installs the latest version of Bitbucket ready for you to use.",
                            "filter.#": "1",
                            "filter.3127485076.name": "name",
                            "filter.3127485076.values.#": "1",
                            "filter.3127485076.values.0": "Atlassian Bitbucket*",
                            "hypervisor": "xen",
                            "id": "ami-0d7e93975ebbe565e",
                            "image_id": "ami-0d7e93975ebbe565e",
                            "image_location": "342470128466/Atlassian Bitbucket 2018.10.03_0507 (HVM)",
                            "image_type": "machine",
                            "most_recent": "true",
                            "name": "Atlassian Bitbucket 2018.10.03_0507 (HVM)",
                            "owner_id": "342470128466",
                            "product_codes.#": "0",
                            "public": "true",
                            "root_device_name": "/dev/xvda",
                            "root_device_type": "ebs",
                            "root_snapshot_id": "snap-0ad1d276c215c48b6",
                            "sriov_net_support": "simple",
                            "state": "available",
                            "state_reason.%": "2",
                            "state_reason.code": "UNSET",
                            "state_reason.message": "UNSET",
                            "tags.%": "0",
                            "virtualization_type": "hvm"
                        },
                        "meta": {},
                        "tainted": false
                    },
                    "deposed": [],
                    "provider": "provider.aws"
                },
                "data.aws_ami.gitlab": {
                    "type": "aws_ami",
                    "depends_on": [],
                    "primary": {
                        "id": "ami-0abfd454da2b4445f",
                        "attributes": {
                            "architecture": "x86_64",
                            "block_device_mappings.#": "3",
                            "block_device_mappings.1634610537.device_name": "/dev/sdb",
                            "block_device_mappings.1634610537.ebs.%": "0",
                            "block_device_mappings.1634610537.no_device": "",
                            "block_device_mappings.1634610537.virtual_name": "ephemeral0",
                            "block_device_mappings.2547816212.device_name": "/dev/sda1",
                            "block_device_mappings.2547816212.ebs.%": "6",
                            "block_device_mappings.2547816212.ebs.delete_on_termination": "true",
                            "block_device_mappings.2547816212.ebs.encrypted": "false",
                            "block_device_mappings.2547816212.ebs.iops": "0",
                            "block_device_mappings.2547816212.ebs.snapshot_id": "snap-02219a4ba7dd5bc86",
                            "block_device_mappings.2547816212.ebs.volume_size": "8",
                            "block_device_mappings.2547816212.ebs.volume_type": "gp2",
                            "block_device_mappings.2547816212.no_device": "",
                            "block_device_mappings.2547816212.virtual_name": "",
                            "block_device_mappings.3850042718.device_name": "/dev/sdc",
                            "block_device_mappings.3850042718.ebs.%": "0",
                            "block_device_mappings.3850042718.no_device": "",
                            "block_device_mappings.3850042718.virtual_name": "ephemeral1",
                            "creation_date": "2018-12-13T23:02:37.000Z",
                            "description": "Official GitLab CE 11.5.4 AMI. https://about.gitlab.com/",
                            "filter.#": "1",
                            "filter.2328464486.name": "name",
                            "filter.2328464486.values.#": "1",
                            "filter.2328464486.values.0": "GitLab CE*",
                            "hypervisor": "xen",
                            "id": "ami-0abfd454da2b4445f",
                            "image_id": "ami-0abfd454da2b4445f",
                            "image_location": "855262394183/GitLab CE 11.5.4",
                            "image_type": "machine",
                            "most_recent": "true",
                            "name": "GitLab CE 11.5.4",
                            "owner_id": "855262394183",
                            "product_codes.#": "0",
                            "public": "true",
                            "root_device_name": "/dev/sda1",
                            "root_device_type": "ebs",
                            "root_snapshot_id": "snap-02219a4ba7dd5bc86",
                            "sriov_net_support": "simple",
                            "state": "available",
                            "state_reason.%": "2",
                            "state_reason.code": "UNSET",
                            "state_reason.message": "UNSET",
                            "tags.%": "0",
                            "virtualization_type": "hvm"
                        },
                        "meta": {},
                        "tainted": false
                    },
                    "deposed": [],
                    "provider": "provider.aws"
                },
                "data.aws_ami.rhel": {
                    "type": "aws_ami",
                    "depends_on": [],
                    "primary": {
                        "id": "ami-03291866",
                        "attributes": {
                            "architecture": "x86_64",
                            "block_device_mappings.#": "1",
                            "block_device_mappings.309099847.device_name": "/dev/sda1",
                            "block_device_mappings.309099847.ebs.%": "6",
                            "block_device_mappings.309099847.ebs.delete_on_termination": "true",
                            "block_device_mappings.309099847.ebs.encrypted": "false",
                            "block_device_mappings.309099847.ebs.iops": "0",
                            "block_device_mappings.309099847.ebs.snapshot_id": "snap-0cf126c0e00af0cb4",
                            "block_device_mappings.309099847.ebs.volume_size": "10",
                            "block_device_mappings.309099847.ebs.volume_type": "gp2",
                            "block_device_mappings.309099847.no_device": "",
                            "block_device_mappings.309099847.virtual_name": "",
                            "creation_date": "2018-03-23T20:40:52.000Z",
                            "description": "Provided by Red Hat, Inc.",
                            "filter.#": "1",
                            "filter.3123460170.name": "name",
                            "filter.3123460170.values.#": "1",
                            "filter.3123460170.values.0": "RHEL-7.5_HVM_GA*",
                            "hypervisor": "xen",
                            "id": "ami-03291866",
                            "image_id": "ami-03291866",
                            "image_location": "309956199498/RHEL-7.5_HVM_GA-20180322-x86_64-1-Hourly2-GP2",
                            "image_type": "machine",
                            "most_recent": "true",
                            "name": "RHEL-7.5_HVM_GA-20180322-x86_64-1-Hourly2-GP2",
                            "owner_id": "309956199498",
                            "product_codes.#": "0",
                            "public": "true",
                            "root_device_name": "/dev/sda1",
                            "root_device_type": "ebs",
                            "root_snapshot_id": "snap-0cf126c0e00af0cb4",
                            "sriov_net_support": "simple",
                            "state": "available",
                            "state_reason.%": "2",
                            "state_reason.code": "UNSET",
                            "state_reason.message": "UNSET",
                            "tags.%": "0",
                            "virtualization_type": "hvm"
                        },
                        "meta": {},
                        "tainted": false
                    },
                    "deposed": [],
                    "provider": "provider.aws"
                },
                "data.aws_iam_policy.efs-readonly-policy": {
                    "type": "aws_iam_policy",
                    "depends_on": [],
                    "primary": {
                        "id": "arn:aws:iam::aws:policy/AmazonElasticFileSystemReadOnlyAccess",
                        "attributes": {
                            "arn": "arn:aws:iam::aws:policy/AmazonElasticFileSystemReadOnlyAccess",
                            "description": "Provides read only access to Amazon EFS via the AWS Management Console.",
                            "id": "arn:aws:iam::aws:policy/AmazonElasticFileSystemReadOnlyAccess",
                            "name": "AmazonElasticFileSystemReadOnlyAccess",
                            "path": "/",
                            "policy": "{\n  \"Version\": \"2012-10-17\",\n  \"Statement\": [\n    {\n      \"Action\": [\n        \"ec2:DescribeAvailabilityZones\",\n        \"ec2:DescribeNetworkInterfaceAttribute\",\n        \"ec2:DescribeNetworkInterfaces\",\n        \"ec2:DescribeSecurityGroups\",\n        \"ec2:DescribeSubnets\",\n        \"ec2:DescribeVpcAttribute\",\n        \"ec2:DescribeVpcs\",\n        \"elasticfilesystem:Describe*\",\n        \"kms:ListAliases\"\n      ],\n      \"Effect\": \"Allow\",\n      \"Resource\": \"*\"\n    }\n  ]\n}"
                        },
                        "meta": {},
                        "tainted": false
                    },
                    "deposed": [],
                    "provider": "provider.aws"
                }
            },
            "depends_on": []
        }
    ]
}
