{
    "version": 3,
    "terraform_version": "0.11.9",
    "serial": 81,
    "lineage": "e3076105-6cb3-cbb8-3900-a3ddb3b1b134",
    "modules": [
        {
            "path": [
                "root"
            ],
            "outputs": {
                "Load Balancer Public IP": {
                    "sensitive": false,
                    "type": "string",
                    "value": "private-apps-alb-1346894419.us-east-2.elb.amazonaws.com"
                },
                "bastion_pub_ip": {
                    "sensitive": false,
                    "type": "string",
                    "value": "52.15.148.187"
                }
            },
            "resources": {
                "aws_autoscaling_group.git": {
                    "type": "aws_autoscaling_group",
                    "depends_on": [
                        "aws_launch_configuration.git",
                        "aws_lb_target_group.git-7990",
                        "aws_lb_target_group.git-80",
                        "aws_subnet.private-subnet",
                        "aws_subnet.private-subnet2"
                    ],
                    "primary": {
                        "id": "poc-git",
                        "attributes": {
                            "arn": "arn:aws:autoscaling:us-east-2:549902048605:autoScalingGroup:c0c52d6d-0323-4ddf-8d36-6f522d888e1b:autoScalingGroupName/poc-git",
                            "availability_zones.#": "2",
                            "availability_zones.1726430690": "us-east-2b",
                            "availability_zones.4293815384": "us-east-2a",
                            "default_cooldown": "300",
                            "desired_capacity": "1",
                            "enabled_metrics.#": "0",
                            "force_delete": "false",
                            "health_check_grace_period": "300",
                            "health_check_type": "EC2",
                            "id": "poc-git",
                            "launch_configuration": "git-20181215020336169300000001",
                            "launch_template.#": "0",
                            "load_balancers.#": "0",
                            "max_size": "2",
                            "metrics_granularity": "1Minute",
                            "min_size": "1",
                            "mixed_instances_policy.#": "0",
                            "name": "poc-git",
                            "placement_group": "",
                            "protect_from_scale_in": "false",
                            "service_linked_role_arn": "arn:aws:iam::549902048605:role/aws-service-role/autoscaling.amazonaws.com/AWSServiceRoleForAutoScaling",
                            "suspended_processes.#": "0",
                            "tag.#": "1",
                            "tag.865727880.key": "Name",
                            "tag.865727880.propagate_at_launch": "true",
                            "tag.865727880.value": "git",
                            "target_group_arns.#": "2",
                            "target_group_arns.2301261642": "arn:aws:elasticloadbalancing:us-east-2:549902048605:targetgroup/git-80/9f105b5426b209e9",
                            "target_group_arns.3801826527": "arn:aws:elasticloadbalancing:us-east-2:549902048605:targetgroup/git-7990/0989c49eda798409",
                            "termination_policies.#": "0",
                            "vpc_zone_identifier.#": "2",
                            "vpc_zone_identifier.2162480292": "subnet-031270c8ac6c7aea5",
                            "vpc_zone_identifier.2948405661": "subnet-0299f97470a91b630",
                            "wait_for_capacity_timeout": "10m"
                        },
                        "meta": {
                            "e2bfb730-ecaa-11e6-8f88-34363bc7c4c0": {
                                "delete": 600000000000
                            }
                        },
                        "tainted": false
                    },
                    "deposed": [],
                    "provider": "provider.aws"
                },
                "aws_autoscaling_group.jenkins": {
                    "type": "aws_autoscaling_group",
                    "depends_on": [
                        "aws_launch_configuration.jenkins",
                        "aws_lb_target_group.jenkins-8080",
                        "aws_subnet.private-subnet",
                        "aws_subnet.private-subnet2"
                    ],
                    "primary": {
                        "id": "poc-jenkins",
                        "attributes": {
                            "arn": "arn:aws:autoscaling:us-east-2:549902048605:autoScalingGroup:cad40161-5673-41d4-b374-db0d49b80de8:autoScalingGroupName/poc-jenkins",
                            "availability_zones.#": "2",
                            "availability_zones.1726430690": "us-east-2b",
                            "availability_zones.4293815384": "us-east-2a",
                            "default_cooldown": "300",
                            "desired_capacity": "1",
                            "enabled_metrics.#": "0",
                            "force_delete": "false",
                            "health_check_grace_period": "300",
                            "health_check_type": "EC2",
                            "id": "poc-jenkins",
                            "launch_configuration": "jenkins-20181215020337725600000002",
                            "launch_template.#": "0",
                            "load_balancers.#": "0",
                            "max_size": "2",
                            "metrics_granularity": "1Minute",
                            "min_size": "1",
                            "mixed_instances_policy.#": "0",
                            "name": "poc-jenkins",
                            "placement_group": "",
                            "protect_from_scale_in": "false",
                            "service_linked_role_arn": "arn:aws:iam::549902048605:role/aws-service-role/autoscaling.amazonaws.com/AWSServiceRoleForAutoScaling",
                            "suspended_processes.#": "0",
                            "tag.#": "1",
                            "tag.892663321.key": "Name",
                            "tag.892663321.propagate_at_launch": "true",
                            "tag.892663321.value": "jenkins",
                            "target_group_arns.#": "1",
                            "target_group_arns.2746006404": "arn:aws:elasticloadbalancing:us-east-2:549902048605:targetgroup/jenkins-8080/327058d84cde1e72",
                            "termination_policies.#": "0",
                            "vpc_zone_identifier.#": "2",
                            "vpc_zone_identifier.2162480292": "subnet-031270c8ac6c7aea5",
                            "vpc_zone_identifier.2948405661": "subnet-0299f97470a91b630",
                            "wait_for_capacity_timeout": "10m"
                        },
                        "meta": {
                            "e2bfb730-ecaa-11e6-8f88-34363bc7c4c0": {
                                "delete": 600000000000
                            }
                        },
                        "tainted": false
                    },
                    "deposed": [],
                    "provider": "provider.aws"
                },
                "aws_eip.eip_Nat": {
                    "type": "aws_eip",
                    "depends_on": [],
                    "primary": {
                        "id": "eipalloc-05c3c42fba2e4e56b",
                        "attributes": {
                            "association_id": "",
                            "domain": "vpc",
                            "id": "eipalloc-05c3c42fba2e4e56b",
                            "instance": "",
                            "network_interface": "",
                            "private_ip": "",
                            "public_ip": "3.17.120.58",
                            "public_ipv4_pool": "amazon",
                            "tags.%": "0",
                            "vpc": "true"
                        },
                        "meta": {
                            "e2bfb730-ecaa-11e6-8f88-34363bc7c4c0": {
                                "delete": 180000000000,
                                "read": 900000000000,
                                "update": 300000000000
                            }
                        },
                        "tainted": false
                    },
                    "deposed": [],
                    "provider": "provider.aws"
                },
                "aws_instance.bastion": {
                    "type": "aws_instance",
                    "depends_on": [
                        "aws_key_pair.default",
                        "aws_security_group.sgbastion",
                        "aws_subnet.public-subnet",
                        "data.aws_ami.rhel"
                    ],
                    "primary": {
                        "id": "i-04f28b516426fef0f",
                        "attributes": {
                            "ami": "ami-03291866",
                            "arn": "arn:aws:ec2:us-east-2:549902048605:instance/i-04f28b516426fef0f",
                            "associate_public_ip_address": "true",
                            "availability_zone": "us-east-2a",
                            "cpu_core_count": "1",
                            "cpu_threads_per_core": "2",
                            "credit_specification.#": "1",
                            "credit_specification.0.cpu_credits": "unlimited",
                            "disable_api_termination": "false",
                            "ebs_block_device.#": "0",
                            "ebs_optimized": "false",
                            "ephemeral_block_device.#": "0",
                            "get_password_data": "false",
                            "iam_instance_profile": "",
                            "id": "i-04f28b516426fef0f",
                            "instance_state": "running",
                            "instance_type": "t3.micro",
                            "ipv6_addresses.#": "0",
                            "key_name": "ec2_key_pair",
                            "monitoring": "false",
                            "network_interface.#": "0",
                            "network_interface_id": "eni-0911905a6270033e7",
                            "password_data": "",
                            "placement_group": "",
                            "primary_network_interface_id": "eni-0911905a6270033e7",
                            "private_dns": "ip-10-0-0-105.us-east-2.compute.internal",
                            "private_ip": "10.0.0.105",
                            "public_dns": "ec2-52-15-148-187.us-east-2.compute.amazonaws.com",
                            "public_ip": "52.15.148.187",
                            "root_block_device.#": "1",
                            "root_block_device.0.delete_on_termination": "true",
                            "root_block_device.0.iops": "300",
                            "root_block_device.0.volume_id": "vol-084264fd0502bc6f2",
                            "root_block_device.0.volume_size": "100",
                            "root_block_device.0.volume_type": "gp2",
                            "security_groups.#": "0",
                            "source_dest_check": "false",
                            "subnet_id": "subnet-031ffcb1863f51aa9",
                            "tags.%": "1",
                            "tags.Name": "bastion",
                            "tenancy": "default",
                            "user_data": "7df7f8e906e27b97bc12fe1256377584f4d60561",
                            "volume_tags.%": "0",
                            "vpc_security_group_ids.#": "1",
                            "vpc_security_group_ids.743835203": "sg-0cf016be388b8a5b2"
                        },
                        "meta": {
                            "e2bfb730-ecaa-11e6-8f88-34363bc7c4c0": {
                                "create": 600000000000,
                                "delete": 1200000000000,
                                "update": 600000000000
                            },
                            "schema_version": "1"
                        },
                        "tainted": false
                    },
                    "deposed": [],
                    "provider": "provider.aws"
                },
                "aws_internet_gateway.gw": {
                    "type": "aws_internet_gateway",
                    "depends_on": [
                        "aws_vpc.default"
                    ],
                    "primary": {
                        "id": "igw-08ef81d73fc7e326e",
                        "attributes": {
                            "id": "igw-08ef81d73fc7e326e",
                            "owner_id": "549902048605",
                            "tags.%": "1",
                            "tags.Name": "VPC IGW",
                            "vpc_id": "vpc-06f1cc74075038490"
                        },
                        "meta": {},
                        "tainted": false
                    },
                    "deposed": [],
                    "provider": "provider.aws"
                },
                "aws_key_pair.default": {
                    "type": "aws_key_pair",
                    "depends_on": [],
                    "primary": {
                        "id": "ec2_key_pair",
                        "attributes": {
                            "fingerprint": "3c:94:cc:c2:63:16:9b:93:ed:52:8a:e1:a8:3d:e8:9b",
                            "id": "ec2_key_pair",
                            "key_name": "ec2_key_pair",
                            "public_key": "ssh-rsa AAAAB3NzaC1yc2EAAAADAQABAAABAQDFjVRCfLSPOFzTSp91d0mVeNeQL3Ue16pJXKi39gjjSKr6vcbvsDeMBv542Bjqz3ZHlNa96lNJ1rOMRhTZ/biSWAsJQDZf95Yi6RolInN3jLaLtlkSyXulhAhsLMX2P8RVof4WTnqUNDibH6+qk8vUQ9MVMhn6Jp3Cdq2V7+GZHE7dKepjA7HUoykdG6AeMtEOuFnPCvSayICNuGQDO1Ui8vPhCzcFBIz9oDfoK/b2JcuFdnPNon6+ug7cl9iQVEvgrr3BJ6Mi135S4FHm51vA1EhGFoL/89zvaTYjWIJ2wykIDRQzS8qzd9rx+YLe4ImmpC8W0VUMm0pcMQBNMk6n rcald@LAPTOP-M5LFKTF2"
                        },
                        "meta": {
                            "schema_version": "1"
                        },
                        "tainted": false
                    },
                    "deposed": [],
                    "provider": "provider.aws"
                },
                "aws_launch_configuration.git": {
                    "type": "aws_launch_configuration",
                    "depends_on": [
                        "aws_key_pair.default",
                        "aws_security_group.sg_git",
                        "data.aws_ami.amzn"
                    ],
                    "primary": {
                        "id": "git-20181215020336169300000001",
                        "attributes": {
                            "associate_public_ip_address": "false",
                            "ebs_block_device.#": "1",
                            "ebs_block_device.2288823920.delete_on_termination": "true",
                            "ebs_block_device.2288823920.device_name": "/dev/sdf",
                            "ebs_block_device.2288823920.encrypted": "false",
                            "ebs_block_device.2288823920.iops": "0",
                            "ebs_block_device.2288823920.no_device": "false",
                            "ebs_block_device.2288823920.snapshot_id": "",
                            "ebs_block_device.2288823920.volume_size": "50",
                            "ebs_block_device.2288823920.volume_type": "gp2",
                            "ebs_optimized": "false",
                            "enable_monitoring": "true",
                            "ephemeral_block_device.#": "0",
                            "iam_instance_profile": "",
                            "id": "git-20181215020336169300000001",
                            "image_id": "ami-02e680c4540db351e",
                            "instance_type": "t3.medium",
                            "key_name": "ec2_key_pair",
                            "name": "git-20181215020336169300000001",
                            "name_prefix": "git-",
                            "root_block_device.#": "1",
                            "root_block_device.0.delete_on_termination": "true",
                            "root_block_device.0.iops": "0",
                            "root_block_device.0.volume_size": "50",
                            "root_block_device.0.volume_type": "",
                            "security_groups.#": "1",
                            "security_groups.4109423157": "sg-0debe2967174ce45b",
                            "spot_price": "",
                            "user_data": "f76ddfbaa1a337db4c021a801bb8c44aa6fd2e53",
                            "vpc_classic_link_id": "",
                            "vpc_classic_link_security_groups.#": "0"
                        },
                        "meta": {},
                        "tainted": false
                    },
                    "deposed": [],
                    "provider": "provider.aws"
                },
                "aws_launch_configuration.jenkins": {
                    "type": "aws_launch_configuration",
                    "depends_on": [
                        "aws_key_pair.default",
                        "aws_security_group.sg_jenkins",
                        "data.aws_ami.rhel"
                    ],
                    "primary": {
                        "id": "jenkins-20181215020337725600000002",
                        "attributes": {
                            "associate_public_ip_address": "false",
                            "ebs_block_device.#": "1",
                            "ebs_block_device.2288823920.delete_on_termination": "true",
                            "ebs_block_device.2288823920.device_name": "/dev/sdf",
                            "ebs_block_device.2288823920.encrypted": "false",
                            "ebs_block_device.2288823920.iops": "0",
                            "ebs_block_device.2288823920.no_device": "false",
                            "ebs_block_device.2288823920.snapshot_id": "",
                            "ebs_block_device.2288823920.volume_size": "50",
                            "ebs_block_device.2288823920.volume_type": "gp2",
                            "ebs_optimized": "false",
                            "enable_monitoring": "true",
                            "ephemeral_block_device.#": "0",
                            "iam_instance_profile": "",
                            "id": "jenkins-20181215020337725600000002",
                            "image_id": "ami-03291866",
                            "instance_type": "t3.medium",
                            "key_name": "ec2_key_pair",
                            "name": "jenkins-20181215020337725600000002",
                            "name_prefix": "jenkins-",
                            "root_block_device.#": "1",
                            "root_block_device.0.delete_on_termination": "true",
                            "root_block_device.0.iops": "0",
                            "root_block_device.0.volume_size": "50",
                            "root_block_device.0.volume_type": "",
                            "security_groups.#": "1",
                            "security_groups.578020552": "sg-02809715331153cd3",
                            "spot_price": "",
                            "user_data": "a8274bde9e61512cccab372c1c845023cb1f9eb0",
                            "vpc_classic_link_id": "",
                            "vpc_classic_link_security_groups.#": "0"
                        },
                        "meta": {},
                        "tainted": false
                    },
                    "deposed": [],
                    "provider": "provider.aws"
                },
                "aws_lb.alb_apps": {
                    "type": "aws_lb",
                    "depends_on": [
                        "aws_security_group.sg_git",
                        "aws_security_group.sg_jenkins",
                        "aws_subnet.public-subnet",
                        "aws_subnet.public-subnet2"
                    ],
                    "primary": {
                        "id": "arn:aws:elasticloadbalancing:us-east-2:549902048605:loadbalancer/app/private-apps-alb/ed5254eff5e86764",
                        "attributes": {
                            "access_logs.#": "0",
                            "arn": "arn:aws:elasticloadbalancing:us-east-2:549902048605:loadbalancer/app/private-apps-alb/ed5254eff5e86764",
                            "arn_suffix": "app/private-apps-alb/ed5254eff5e86764",
                            "dns_name": "private-apps-alb-1346894419.us-east-2.elb.amazonaws.com",
                            "enable_deletion_protection": "false",
                            "enable_http2": "true",
                            "id": "arn:aws:elasticloadbalancing:us-east-2:549902048605:loadbalancer/app/private-apps-alb/ed5254eff5e86764",
                            "idle_timeout": "60",
                            "internal": "false",
                            "ip_address_type": "ipv4",
                            "load_balancer_type": "application",
                            "name": "private-apps-alb",
                            "security_groups.#": "2",
                            "security_groups.4109423157": "sg-0debe2967174ce45b",
                            "security_groups.578020552": "sg-02809715331153cd3",
                            "subnet_mapping.#": "0",
                            "subnets.#": "2",
                            "subnets.1653673614": "subnet-031ffcb1863f51aa9",
                            "subnets.2033267672": "subnet-0d7eba287a85474c6",
                            "tags.%": "1",
                            "tags.Environment": "dev",
                            "vpc_id": "vpc-06f1cc74075038490",
                            "zone_id": "Z3AADJGX6KTTL2"
                        },
                        "meta": {
                            "e2bfb730-ecaa-11e6-8f88-34363bc7c4c0": {
                                "create": 600000000000,
                                "delete": 600000000000,
                                "update": 600000000000
                            }
                        },
                        "tainted": false
                    },
                    "deposed": [],
                    "provider": "provider.aws"
                },
                "aws_lb_listener.git-7990": {
                    "type": "aws_lb_listener",
                    "depends_on": [
                        "aws_lb.alb_apps",
                        "aws_lb_target_group.git-7990"
                    ],
                    "primary": {
                        "id": "arn:aws:elasticloadbalancing:us-east-2:549902048605:listener/app/private-apps-alb/ed5254eff5e86764/7923d70d070d8afe",
                        "attributes": {
                            "arn": "arn:aws:elasticloadbalancing:us-east-2:549902048605:listener/app/private-apps-alb/ed5254eff5e86764/7923d70d070d8afe",
                            "default_action.#": "1",
                            "default_action.0.authenticate_cognito.#": "0",
                            "default_action.0.authenticate_oidc.#": "0",
                            "default_action.0.fixed_response.#": "0",
                            "default_action.0.order": "1",
                            "default_action.0.redirect.#": "0",
                            "default_action.0.target_group_arn": "arn:aws:elasticloadbalancing:us-east-2:549902048605:targetgroup/git-7990/0989c49eda798409",
                            "default_action.0.type": "forward",
                            "id": "arn:aws:elasticloadbalancing:us-east-2:549902048605:listener/app/private-apps-alb/ed5254eff5e86764/7923d70d070d8afe",
                            "load_balancer_arn": "arn:aws:elasticloadbalancing:us-east-2:549902048605:loadbalancer/app/private-apps-alb/ed5254eff5e86764",
                            "port": "7990",
                            "protocol": "HTTP",
                            "ssl_policy": ""
                        },
                        "meta": {
                            "e2bfb730-ecaa-11e6-8f88-34363bc7c4c0": {
                                "read": 600000000000
                            }
                        },
                        "tainted": false
                    },
                    "deposed": [],
                    "provider": "provider.aws"
                },
                "aws_lb_listener.git-80": {
                    "type": "aws_lb_listener",
                    "depends_on": [
                        "aws_lb.alb_apps",
                        "aws_lb_target_group.git-80"
                    ],
                    "primary": {
                        "id": "arn:aws:elasticloadbalancing:us-east-2:549902048605:listener/app/private-apps-alb/ed5254eff5e86764/ee873d8394db1454",
                        "attributes": {
                            "arn": "arn:aws:elasticloadbalancing:us-east-2:549902048605:listener/app/private-apps-alb/ed5254eff5e86764/ee873d8394db1454",
                            "default_action.#": "1",
                            "default_action.0.authenticate_cognito.#": "0",
                            "default_action.0.authenticate_oidc.#": "0",
                            "default_action.0.fixed_response.#": "0",
                            "default_action.0.order": "1",
                            "default_action.0.redirect.#": "0",
                            "default_action.0.target_group_arn": "arn:aws:elasticloadbalancing:us-east-2:549902048605:targetgroup/git-80/9f105b5426b209e9",
                            "default_action.0.type": "forward",
                            "id": "arn:aws:elasticloadbalancing:us-east-2:549902048605:listener/app/private-apps-alb/ed5254eff5e86764/ee873d8394db1454",
                            "load_balancer_arn": "arn:aws:elasticloadbalancing:us-east-2:549902048605:loadbalancer/app/private-apps-alb/ed5254eff5e86764",
                            "port": "80",
                            "protocol": "HTTP",
                            "ssl_policy": ""
                        },
                        "meta": {
                            "e2bfb730-ecaa-11e6-8f88-34363bc7c4c0": {
                                "read": 600000000000
                            }
                        },
                        "tainted": false
                    },
                    "deposed": [],
                    "provider": "provider.aws"
                },
                "aws_lb_listener.jenkins-8080": {
                    "type": "aws_lb_listener",
                    "depends_on": [
                        "aws_lb.alb_apps",
                        "aws_lb_target_group.jenkins-8080"
                    ],
                    "primary": {
                        "id": "arn:aws:elasticloadbalancing:us-east-2:549902048605:listener/app/private-apps-alb/ed5254eff5e86764/ecb9119858d28c43",
                        "attributes": {
                            "arn": "arn:aws:elasticloadbalancing:us-east-2:549902048605:listener/app/private-apps-alb/ed5254eff5e86764/ecb9119858d28c43",
                            "default_action.#": "1",
                            "default_action.0.authenticate_cognito.#": "0",
                            "default_action.0.authenticate_oidc.#": "0",
                            "default_action.0.fixed_response.#": "0",
                            "default_action.0.order": "1",
                            "default_action.0.redirect.#": "0",
                            "default_action.0.target_group_arn": "arn:aws:elasticloadbalancing:us-east-2:549902048605:targetgroup/jenkins-8080/327058d84cde1e72",
                            "default_action.0.type": "forward",
                            "id": "arn:aws:elasticloadbalancing:us-east-2:549902048605:listener/app/private-apps-alb/ed5254eff5e86764/ecb9119858d28c43",
                            "load_balancer_arn": "arn:aws:elasticloadbalancing:us-east-2:549902048605:loadbalancer/app/private-apps-alb/ed5254eff5e86764",
                            "port": "8080",
                            "protocol": "HTTP",
                            "ssl_policy": ""
                        },
                        "meta": {
                            "e2bfb730-ecaa-11e6-8f88-34363bc7c4c0": {
                                "read": 600000000000
                            }
                        },
                        "tainted": false
                    },
                    "deposed": [],
                    "provider": "provider.aws"
                },
                "aws_lb_target_group.git-7990": {
                    "type": "aws_lb_target_group",
                    "depends_on": [
                        "aws_vpc.default"
                    ],
                    "primary": {
                        "id": "arn:aws:elasticloadbalancing:us-east-2:549902048605:targetgroup/git-7990/0989c49eda798409",
                        "attributes": {
                            "arn": "arn:aws:elasticloadbalancing:us-east-2:549902048605:targetgroup/git-7990/0989c49eda798409",
                            "arn_suffix": "targetgroup/git-7990/0989c49eda798409",
                            "deregistration_delay": "300",
                            "health_check.#": "1",
                            "health_check.0.healthy_threshold": "5",
                            "health_check.0.interval": "30",
                            "health_check.0.matcher": "200",
                            "health_check.0.path": "/",
                            "health_check.0.port": "traffic-port",
                            "health_check.0.protocol": "HTTP",
                            "health_check.0.timeout": "5",
                            "health_check.0.unhealthy_threshold": "2",
                            "id": "arn:aws:elasticloadbalancing:us-east-2:549902048605:targetgroup/git-7990/0989c49eda798409",
                            "name": "git-7990",
                            "port": "7990",
                            "protocol": "HTTP",
                            "proxy_protocol_v2": "false",
                            "slow_start": "0",
                            "stickiness.#": "1",
                            "stickiness.0.cookie_duration": "86400",
                            "stickiness.0.enabled": "false",
                            "stickiness.0.type": "lb_cookie",
                            "tags.%": "0",
                            "target_type": "instance",
                            "vpc_id": "vpc-06f1cc74075038490"
                        },
                        "meta": {},
                        "tainted": false
                    },
                    "deposed": [],
                    "provider": "provider.aws"
                },
                "aws_lb_target_group.git-80": {
                    "type": "aws_lb_target_group",
                    "depends_on": [
                        "aws_vpc.default"
                    ],
                    "primary": {
                        "id": "arn:aws:elasticloadbalancing:us-east-2:549902048605:targetgroup/git-80/9f105b5426b209e9",
                        "attributes": {
                            "arn": "arn:aws:elasticloadbalancing:us-east-2:549902048605:targetgroup/git-80/9f105b5426b209e9",
                            "arn_suffix": "targetgroup/git-80/9f105b5426b209e9",
                            "deregistration_delay": "300",
                            "health_check.#": "1",
                            "health_check.0.healthy_threshold": "5",
                            "health_check.0.interval": "30",
                            "health_check.0.matcher": "200",
                            "health_check.0.path": "/",
                            "health_check.0.port": "traffic-port",
                            "health_check.0.protocol": "HTTP",
                            "health_check.0.timeout": "5",
                            "health_check.0.unhealthy_threshold": "2",
                            "id": "arn:aws:elasticloadbalancing:us-east-2:549902048605:targetgroup/git-80/9f105b5426b209e9",
                            "name": "git-80",
                            "port": "80",
                            "protocol": "HTTP",
                            "proxy_protocol_v2": "false",
                            "slow_start": "0",
                            "stickiness.#": "1",
                            "stickiness.0.cookie_duration": "86400",
                            "stickiness.0.enabled": "false",
                            "stickiness.0.type": "lb_cookie",
                            "tags.%": "0",
                            "target_type": "instance",
                            "vpc_id": "vpc-06f1cc74075038490"
                        },
                        "meta": {},
                        "tainted": false
                    },
                    "deposed": [],
                    "provider": "provider.aws"
                },
                "aws_lb_target_group.jenkins-8080": {
                    "type": "aws_lb_target_group",
                    "depends_on": [
                        "aws_vpc.default"
                    ],
                    "primary": {
                        "id": "arn:aws:elasticloadbalancing:us-east-2:549902048605:targetgroup/jenkins-8080/327058d84cde1e72",
                        "attributes": {
                            "arn": "arn:aws:elasticloadbalancing:us-east-2:549902048605:targetgroup/jenkins-8080/327058d84cde1e72",
                            "arn_suffix": "targetgroup/jenkins-8080/327058d84cde1e72",
                            "deregistration_delay": "300",
                            "health_check.#": "1",
                            "health_check.0.healthy_threshold": "3",
                            "health_check.0.interval": "30",
                            "health_check.0.matcher": "403",
                            "health_check.0.path": "/",
                            "health_check.0.port": "traffic-port",
                            "health_check.0.protocol": "HTTP",
                            "health_check.0.timeout": "5",
                            "health_check.0.unhealthy_threshold": "3",
                            "id": "arn:aws:elasticloadbalancing:us-east-2:549902048605:targetgroup/jenkins-8080/327058d84cde1e72",
                            "name": "jenkins-8080",
                            "port": "8080",
                            "protocol": "HTTP",
                            "proxy_protocol_v2": "false",
                            "slow_start": "0",
                            "stickiness.#": "1",
                            "stickiness.0.cookie_duration": "86400",
                            "stickiness.0.enabled": "false",
                            "stickiness.0.type": "lb_cookie",
                            "tags.%": "0",
                            "target_type": "instance",
                            "vpc_id": "vpc-06f1cc74075038490"
                        },
                        "meta": {},
                        "tainted": false
                    },
                    "deposed": [],
                    "provider": "provider.aws"
                },
                "aws_nat_gateway.nat_gw1": {
                    "type": "aws_nat_gateway",
                    "depends_on": [
                        "aws_eip.eip_Nat",
                        "aws_internet_gateway.gw",
                        "aws_subnet.public-subnet"
                    ],
                    "primary": {
                        "id": "nat-0713cef53795195e1",
                        "attributes": {
                            "allocation_id": "eipalloc-05c3c42fba2e4e56b",
                            "id": "nat-0713cef53795195e1",
                            "network_interface_id": "eni-0fa0f660953863f86",
                            "private_ip": "10.0.0.34",
                            "public_ip": "3.17.120.58",
                            "subnet_id": "subnet-031ffcb1863f51aa9",
                            "tags.%": "0"
                        },
                        "meta": {},
                        "tainted": false
                    },
                    "deposed": [],
                    "provider": "provider.aws"
                },
                "aws_route_table.private-rt": {
                    "type": "aws_route_table",
                    "depends_on": [
                        "aws_nat_gateway.nat_gw1",
                        "aws_vpc.default"
                    ],
                    "primary": {
                        "id": "rtb-0b38b863c2f4cdf63",
                        "attributes": {
                            "id": "rtb-0b38b863c2f4cdf63",
                            "owner_id": "549902048605",
                            "propagating_vgws.#": "0",
                            "route.#": "1",
                            "route.974833182.cidr_block": "0.0.0.0/0",
                            "route.974833182.egress_only_gateway_id": "",
                            "route.974833182.gateway_id": "",
                            "route.974833182.instance_id": "",
                            "route.974833182.ipv6_cidr_block": "",
                            "route.974833182.nat_gateway_id": "nat-0713cef53795195e1",
                            "route.974833182.network_interface_id": "",
                            "route.974833182.transit_gateway_id": "",
                            "route.974833182.vpc_peering_connection_id": "",
                            "tags.%": "1",
                            "tags.Name": "Private Subnet RT",
                            "vpc_id": "vpc-06f1cc74075038490"
                        },
                        "meta": {},
                        "tainted": false
                    },
                    "deposed": [],
                    "provider": "provider.aws"
                },
                "aws_route_table.public-rt": {
                    "type": "aws_route_table",
                    "depends_on": [
                        "aws_internet_gateway.gw",
                        "aws_vpc.default"
                    ],
                    "primary": {
                        "id": "rtb-0b3930cff0c187200",
                        "attributes": {
                            "id": "rtb-0b3930cff0c187200",
                            "owner_id": "549902048605",
                            "propagating_vgws.#": "0",
                            "route.#": "1",
                            "route.1485990681.cidr_block": "0.0.0.0/0",
                            "route.1485990681.egress_only_gateway_id": "",
                            "route.1485990681.gateway_id": "igw-08ef81d73fc7e326e",
                            "route.1485990681.instance_id": "",
                            "route.1485990681.ipv6_cidr_block": "",
                            "route.1485990681.nat_gateway_id": "",
                            "route.1485990681.network_interface_id": "",
                            "route.1485990681.transit_gateway_id": "",
                            "route.1485990681.vpc_peering_connection_id": "",
                            "tags.%": "1",
                            "tags.Name": "Public Subnet RT",
                            "vpc_id": "vpc-06f1cc74075038490"
                        },
                        "meta": {},
                        "tainted": false
                    },
                    "deposed": [],
                    "provider": "provider.aws"
                },
                "aws_route_table_association.private-rt1": {
                    "type": "aws_route_table_association",
                    "depends_on": [
                        "aws_route_table.private-rt",
                        "aws_subnet.private-subnet"
                    ],
                    "primary": {
                        "id": "rtbassoc-09a272e7fd13839bc",
                        "attributes": {
                            "id": "rtbassoc-09a272e7fd13839bc",
                            "route_table_id": "rtb-0b38b863c2f4cdf63",
                            "subnet_id": "subnet-0299f97470a91b630"
                        },
                        "meta": {},
                        "tainted": false
                    },
                    "deposed": [],
                    "provider": "provider.aws"
                },
                "aws_route_table_association.private-rt2": {
                    "type": "aws_route_table_association",
                    "depends_on": [
                        "aws_route_table.private-rt",
                        "aws_subnet.private-subnet2"
                    ],
                    "primary": {
                        "id": "rtbassoc-0bb05162fc5601db1",
                        "attributes": {
                            "id": "rtbassoc-0bb05162fc5601db1",
                            "route_table_id": "rtb-0b38b863c2f4cdf63",
                            "subnet_id": "subnet-031270c8ac6c7aea5"
                        },
                        "meta": {},
                        "tainted": false
                    },
                    "deposed": [],
                    "provider": "provider.aws"
                },
                "aws_route_table_association.public-rt1": {
                    "type": "aws_route_table_association",
                    "depends_on": [
                        "aws_route_table.public-rt",
                        "aws_subnet.public-subnet"
                    ],
                    "primary": {
                        "id": "rtbassoc-0ddadddc111b59c07",
                        "attributes": {
                            "id": "rtbassoc-0ddadddc111b59c07",
                            "route_table_id": "rtb-0b3930cff0c187200",
                            "subnet_id": "subnet-031ffcb1863f51aa9"
                        },
                        "meta": {},
                        "tainted": false
                    },
                    "deposed": [],
                    "provider": "provider.aws"
                },
                "aws_route_table_association.public-rt2": {
                    "type": "aws_route_table_association",
                    "depends_on": [
                        "aws_route_table.public-rt",
                        "aws_subnet.public-subnet2"
                    ],
                    "primary": {
                        "id": "rtbassoc-0a98c2a8104f0abea",
                        "attributes": {
                            "id": "rtbassoc-0a98c2a8104f0abea",
                            "route_table_id": "rtb-0b3930cff0c187200",
                            "subnet_id": "subnet-0d7eba287a85474c6"
                        },
                        "meta": {},
                        "tainted": false
                    },
                    "deposed": [],
                    "provider": "provider.aws"
                },
                "aws_security_group.sg_db": {
                    "type": "aws_security_group",
                    "depends_on": [
                        "aws_vpc.default"
                    ],
                    "primary": {
                        "id": "sg-0c9c0255854d09e8f",
                        "attributes": {
                            "arn": "arn:aws:ec2:us-east-2:549902048605:security-group/sg-0c9c0255854d09e8f",
                            "description": "Allow traffic from public subnet",
                            "egress.#": "1",
                            "egress.482069346.cidr_blocks.#": "1",
                            "egress.482069346.cidr_blocks.0": "0.0.0.0/0",
                            "egress.482069346.description": "",
                            "egress.482069346.from_port": "0",
                            "egress.482069346.ipv6_cidr_blocks.#": "0",
                            "egress.482069346.prefix_list_ids.#": "0",
                            "egress.482069346.protocol": "-1",
                            "egress.482069346.security_groups.#": "0",
                            "egress.482069346.self": "false",
                            "egress.482069346.to_port": "0",
                            "id": "sg-0c9c0255854d09e8f",
                            "ingress.#": "4",
                            "ingress.1309507496.cidr_blocks.#": "1",
                            "ingress.1309507496.cidr_blocks.0": "10.0.1.128/25",
                            "ingress.1309507496.description": "",
                            "ingress.1309507496.from_port": "-1",
                            "ingress.1309507496.ipv6_cidr_blocks.#": "0",
                            "ingress.1309507496.prefix_list_ids.#": "0",
                            "ingress.1309507496.protocol": "icmp",
                            "ingress.1309507496.security_groups.#": "0",
                            "ingress.1309507496.self": "false",
                            "ingress.1309507496.to_port": "-1",
                            "ingress.1782943270.cidr_blocks.#": "1",
                            "ingress.1782943270.cidr_blocks.0": "10.0.1.0/25",
                            "ingress.1782943270.description": "",
                            "ingress.1782943270.from_port": "5432",
                            "ingress.1782943270.ipv6_cidr_blocks.#": "0",
                            "ingress.1782943270.prefix_list_ids.#": "0",
                            "ingress.1782943270.protocol": "tcp",
                            "ingress.1782943270.security_groups.#": "0",
                            "ingress.1782943270.self": "false",
                            "ingress.1782943270.to_port": "5432",
                            "ingress.2163364444.cidr_blocks.#": "1",
                            "ingress.2163364444.cidr_blocks.0": "10.0.1.0/25",
                            "ingress.2163364444.description": "",
                            "ingress.2163364444.from_port": "-1",
                            "ingress.2163364444.ipv6_cidr_blocks.#": "0",
                            "ingress.2163364444.prefix_list_ids.#": "0",
                            "ingress.2163364444.protocol": "icmp",
                            "ingress.2163364444.security_groups.#": "0",
                            "ingress.2163364444.self": "false",
                            "ingress.2163364444.to_port": "-1",
                            "ingress.347642524.cidr_blocks.#": "1",
                            "ingress.347642524.cidr_blocks.0": "10.0.1.128/25",
                            "ingress.347642524.description": "",
                            "ingress.347642524.from_port": "5432",
                            "ingress.347642524.ipv6_cidr_blocks.#": "0",
                            "ingress.347642524.prefix_list_ids.#": "0",
                            "ingress.347642524.protocol": "tcp",
                            "ingress.347642524.security_groups.#": "0",
                            "ingress.347642524.self": "false",
                            "ingress.347642524.to_port": "5432",
                            "name": "sg_db",
                            "owner_id": "549902048605",
                            "revoke_rules_on_delete": "false",
                            "tags.%": "1",
                            "tags.Name": "DB_SG",
                            "vpc_id": "vpc-06f1cc74075038490"
                        },
                        "meta": {
                            "e2bfb730-ecaa-11e6-8f88-34363bc7c4c0": {
                                "create": 600000000000,
                                "delete": 600000000000
                            },
                            "schema_version": "1"
                        },
                        "tainted": false
                    },
                    "deposed": [],
                    "provider": "provider.aws"
                },
                "aws_security_group.sg_git": {
                    "type": "aws_security_group",
                    "depends_on": [
                        "aws_vpc.default"
                    ],
                    "primary": {
                        "id": "sg-0debe2967174ce45b",
                        "attributes": {
                            "arn": "arn:aws:ec2:us-east-2:549902048605:security-group/sg-0debe2967174ce45b",
                            "description": "Allow traffic from public subnet",
                            "egress.#": "1",
                            "egress.482069346.cidr_blocks.#": "1",
                            "egress.482069346.cidr_blocks.0": "0.0.0.0/0",
                            "egress.482069346.description": "",
                            "egress.482069346.from_port": "0",
                            "egress.482069346.ipv6_cidr_blocks.#": "0",
                            "egress.482069346.prefix_list_ids.#": "0",
                            "egress.482069346.protocol": "-1",
                            "egress.482069346.security_groups.#": "0",
                            "egress.482069346.self": "false",
                            "egress.482069346.to_port": "0",
                            "id": "sg-0debe2967174ce45b",
                            "ingress.#": "5",
                            "ingress.1576785827.cidr_blocks.#": "5",
                            "ingress.1576785827.cidr_blocks.0": "10.0.1.0/25",
                            "ingress.1576785827.cidr_blocks.1": "10.0.1.128/25",
                            "ingress.1576785827.cidr_blocks.2": "10.0.0.0/25",
                            "ingress.1576785827.cidr_blocks.3": "10.0.0.128/25",
                            "ingress.1576785827.cidr_blocks.4": "173.172.103.202/32",
                            "ingress.1576785827.description": "",
                            "ingress.1576785827.from_port": "7990",
                            "ingress.1576785827.ipv6_cidr_blocks.#": "0",
                            "ingress.1576785827.prefix_list_ids.#": "0",
                            "ingress.1576785827.protocol": "tcp",
                            "ingress.1576785827.security_groups.#": "0",
                            "ingress.1576785827.self": "false",
                            "ingress.1576785827.to_port": "7990",
                            "ingress.1602626600.cidr_blocks.#": "5",
                            "ingress.1602626600.cidr_blocks.0": "10.0.1.0/25",
                            "ingress.1602626600.cidr_blocks.1": "10.0.1.128/25",
                            "ingress.1602626600.cidr_blocks.2": "10.0.0.0/25",
                            "ingress.1602626600.cidr_blocks.3": "10.0.0.128/25",
                            "ingress.1602626600.cidr_blocks.4": "173.172.103.202/32",
                            "ingress.1602626600.description": "",
                            "ingress.1602626600.from_port": "80",
                            "ingress.1602626600.ipv6_cidr_blocks.#": "0",
                            "ingress.1602626600.prefix_list_ids.#": "0",
                            "ingress.1602626600.protocol": "tcp",
                            "ingress.1602626600.security_groups.#": "0",
                            "ingress.1602626600.self": "false",
                            "ingress.1602626600.to_port": "80",
                            "ingress.2631861413.cidr_blocks.#": "1",
                            "ingress.2631861413.cidr_blocks.0": "10.0.0.128/25",
                            "ingress.2631861413.description": "",
                            "ingress.2631861413.from_port": "22",
                            "ingress.2631861413.ipv6_cidr_blocks.#": "0",
                            "ingress.2631861413.prefix_list_ids.#": "0",
                            "ingress.2631861413.protocol": "tcp",
                            "ingress.2631861413.security_groups.#": "0",
                            "ingress.2631861413.self": "false",
                            "ingress.2631861413.to_port": "22",
                            "ingress.518895600.cidr_blocks.#": "1",
                            "ingress.518895600.cidr_blocks.0": "10.0.0.0/25",
                            "ingress.518895600.description": "",
                            "ingress.518895600.from_port": "22",
                            "ingress.518895600.ipv6_cidr_blocks.#": "0",
                            "ingress.518895600.prefix_list_ids.#": "0",
                            "ingress.518895600.protocol": "tcp",
                            "ingress.518895600.security_groups.#": "0",
                            "ingress.518895600.self": "false",
                            "ingress.518895600.to_port": "22",
                            "ingress.798399694.cidr_blocks.#": "5",
                            "ingress.798399694.cidr_blocks.0": "10.0.1.0/25",
                            "ingress.798399694.cidr_blocks.1": "10.0.1.128/25",
                            "ingress.798399694.cidr_blocks.2": "10.0.0.0/25",
                            "ingress.798399694.cidr_blocks.3": "10.0.0.128/25",
                            "ingress.798399694.cidr_blocks.4": "173.172.103.202/32",
                            "ingress.798399694.description": "",
                            "ingress.798399694.from_port": "-1",
                            "ingress.798399694.ipv6_cidr_blocks.#": "0",
                            "ingress.798399694.prefix_list_ids.#": "0",
                            "ingress.798399694.protocol": "icmp",
                            "ingress.798399694.security_groups.#": "0",
                            "ingress.798399694.self": "false",
                            "ingress.798399694.to_port": "-1",
                            "name": "sg_git",
                            "owner_id": "549902048605",
                            "revoke_rules_on_delete": "false",
                            "tags.%": "1",
                            "tags.Name": "GIT_SG",
                            "vpc_id": "vpc-06f1cc74075038490"
                        },
                        "meta": {
                            "e2bfb730-ecaa-11e6-8f88-34363bc7c4c0": {
                                "create": 600000000000,
                                "delete": 600000000000
                            },
                            "schema_version": "1"
                        },
                        "tainted": false
                    },
                    "deposed": [],
                    "provider": "provider.aws"
                },
                "aws_security_group.sg_jenkins": {
                    "type": "aws_security_group",
                    "depends_on": [
                        "aws_vpc.default"
                    ],
                    "primary": {
                        "id": "sg-02809715331153cd3",
                        "attributes": {
                            "arn": "arn:aws:ec2:us-east-2:549902048605:security-group/sg-02809715331153cd3",
                            "description": "Allow traffic from public subnet",
                            "egress.#": "1",
                            "egress.482069346.cidr_blocks.#": "1",
                            "egress.482069346.cidr_blocks.0": "0.0.0.0/0",
                            "egress.482069346.description": "",
                            "egress.482069346.from_port": "0",
                            "egress.482069346.ipv6_cidr_blocks.#": "0",
                            "egress.482069346.prefix_list_ids.#": "0",
                            "egress.482069346.protocol": "-1",
                            "egress.482069346.security_groups.#": "0",
                            "egress.482069346.self": "false",
                            "egress.482069346.to_port": "0",
                            "id": "sg-02809715331153cd3",
                            "ingress.#": "4",
                            "ingress.1203501372.cidr_blocks.#": "5",
                            "ingress.1203501372.cidr_blocks.0": "10.0.1.0/25",
                            "ingress.1203501372.cidr_blocks.1": "10.0.1.128/25",
                            "ingress.1203501372.cidr_blocks.2": "10.0.0.0/25",
                            "ingress.1203501372.cidr_blocks.3": "10.0.0.128/25",
                            "ingress.1203501372.cidr_blocks.4": "173.172.103.202/32",
                            "ingress.1203501372.description": "",
                            "ingress.1203501372.from_port": "8080",
                            "ingress.1203501372.ipv6_cidr_blocks.#": "0",
                            "ingress.1203501372.prefix_list_ids.#": "0",
                            "ingress.1203501372.protocol": "tcp",
                            "ingress.1203501372.security_groups.#": "0",
                            "ingress.1203501372.self": "false",
                            "ingress.1203501372.to_port": "8080",
                            "ingress.2631861413.cidr_blocks.#": "1",
                            "ingress.2631861413.cidr_blocks.0": "10.0.0.128/25",
                            "ingress.2631861413.description": "",
                            "ingress.2631861413.from_port": "22",
                            "ingress.2631861413.ipv6_cidr_blocks.#": "0",
                            "ingress.2631861413.prefix_list_ids.#": "0",
                            "ingress.2631861413.protocol": "tcp",
                            "ingress.2631861413.security_groups.#": "0",
                            "ingress.2631861413.self": "false",
                            "ingress.2631861413.to_port": "22",
                            "ingress.518895600.cidr_blocks.#": "1",
                            "ingress.518895600.cidr_blocks.0": "10.0.0.0/25",
                            "ingress.518895600.description": "",
                            "ingress.518895600.from_port": "22",
                            "ingress.518895600.ipv6_cidr_blocks.#": "0",
                            "ingress.518895600.prefix_list_ids.#": "0",
                            "ingress.518895600.protocol": "tcp",
                            "ingress.518895600.security_groups.#": "0",
                            "ingress.518895600.self": "false",
                            "ingress.518895600.to_port": "22",
                            "ingress.798399694.cidr_blocks.#": "5",
                            "ingress.798399694.cidr_blocks.0": "10.0.1.0/25",
                            "ingress.798399694.cidr_blocks.1": "10.0.1.128/25",
                            "ingress.798399694.cidr_blocks.2": "10.0.0.0/25",
                            "ingress.798399694.cidr_blocks.3": "10.0.0.128/25",
                            "ingress.798399694.cidr_blocks.4": "173.172.103.202/32",
                            "ingress.798399694.description": "",
                            "ingress.798399694.from_port": "-1",
                            "ingress.798399694.ipv6_cidr_blocks.#": "0",
                            "ingress.798399694.prefix_list_ids.#": "0",
                            "ingress.798399694.protocol": "icmp",
                            "ingress.798399694.security_groups.#": "0",
                            "ingress.798399694.self": "false",
                            "ingress.798399694.to_port": "-1",
                            "name": "sg_jenkins",
                            "owner_id": "549902048605",
                            "revoke_rules_on_delete": "false",
                            "tags.%": "1",
                            "tags.Name": "Jenkins_SG",
                            "vpc_id": "vpc-06f1cc74075038490"
                        },
                        "meta": {
                            "e2bfb730-ecaa-11e6-8f88-34363bc7c4c0": {
                                "create": 600000000000,
                                "delete": 600000000000
                            },
                            "schema_version": "1"
                        },
                        "tainted": false
                    },
                    "deposed": [],
                    "provider": "provider.aws"
                },
                "aws_security_group.sgbastion": {
                    "type": "aws_security_group",
                    "depends_on": [
                        "aws_vpc.default"
                    ],
                    "primary": {
                        "id": "sg-0cf016be388b8a5b2",
                        "attributes": {
                            "arn": "arn:aws:ec2:us-east-2:549902048605:security-group/sg-0cf016be388b8a5b2",
                            "description": "Allow incoming SSH access and ping",
                            "egress.#": "1",
                            "egress.482069346.cidr_blocks.#": "1",
                            "egress.482069346.cidr_blocks.0": "0.0.0.0/0",
                            "egress.482069346.description": "",
                            "egress.482069346.from_port": "0",
                            "egress.482069346.ipv6_cidr_blocks.#": "0",
                            "egress.482069346.prefix_list_ids.#": "0",
                            "egress.482069346.protocol": "-1",
                            "egress.482069346.security_groups.#": "0",
                            "egress.482069346.self": "false",
                            "egress.482069346.to_port": "0",
                            "id": "sg-0cf016be388b8a5b2",
                            "ingress.#": "2",
                            "ingress.1971223506.cidr_blocks.#": "1",
                            "ingress.1971223506.cidr_blocks.0": "173.172.103.202/32",
                            "ingress.1971223506.description": "",
                            "ingress.1971223506.from_port": "-1",
                            "ingress.1971223506.ipv6_cidr_blocks.#": "0",
                            "ingress.1971223506.prefix_list_ids.#": "0",
                            "ingress.1971223506.protocol": "icmp",
                            "ingress.1971223506.security_groups.#": "0",
                            "ingress.1971223506.self": "false",
                            "ingress.1971223506.to_port": "-1",
                            "ingress.2447130443.cidr_blocks.#": "1",
                            "ingress.2447130443.cidr_blocks.0": "173.172.103.202/32",
                            "ingress.2447130443.description": "",
                            "ingress.2447130443.from_port": "22",
                            "ingress.2447130443.ipv6_cidr_blocks.#": "0",
                            "ingress.2447130443.prefix_list_ids.#": "0",
                            "ingress.2447130443.protocol": "tcp",
                            "ingress.2447130443.security_groups.#": "0",
                            "ingress.2447130443.self": "false",
                            "ingress.2447130443.to_port": "22",
                            "name": "sg_bastion",
                            "owner_id": "549902048605",
                            "revoke_rules_on_delete": "false",
                            "tags.%": "1",
                            "tags.Name": "Bastion SG",
                            "vpc_id": "vpc-06f1cc74075038490"
                        },
                        "meta": {
                            "e2bfb730-ecaa-11e6-8f88-34363bc7c4c0": {
                                "create": 600000000000,
                                "delete": 600000000000
                            },
                            "schema_version": "1"
                        },
                        "tainted": false
                    },
                    "deposed": [],
                    "provider": "provider.aws"
                },
                "aws_subnet.private-db-subnet": {
                    "type": "aws_subnet",
                    "depends_on": [
                        "aws_vpc.default"
                    ],
                    "primary": {
                        "id": "subnet-0512c736f2183a3ad",
                        "attributes": {
                            "arn": "arn:aws:ec2:us-east-2:549902048605:subnet/subnet-0512c736f2183a3ad",
                            "assign_ipv6_address_on_creation": "false",
                            "availability_zone": "us-east-2a",
                            "availability_zone_id": "use2-az1",
                            "cidr_block": "10.0.2.0/25",
                            "id": "subnet-0512c736f2183a3ad",
                            "ipv6_cidr_block": "",
                            "ipv6_cidr_block_association_id": "",
                            "map_public_ip_on_launch": "false",
                            "owner_id": "549902048605",
                            "tags.%": "1",
                            "tags.Name": "Database Private Subnet 1",
                            "vpc_id": "vpc-06f1cc74075038490"
                        },
                        "meta": {
                            "e2bfb730-ecaa-11e6-8f88-34363bc7c4c0": {
                                "create": 600000000000,
                                "delete": 600000000000
                            },
                            "schema_version": "1"
                        },
                        "tainted": false
                    },
                    "deposed": [],
                    "provider": "provider.aws"
                },
                "aws_subnet.private-db-subnet2": {
                    "type": "aws_subnet",
                    "depends_on": [
                        "aws_vpc.default"
                    ],
                    "primary": {
                        "id": "subnet-034e29e56f09756e1",
                        "attributes": {
                            "arn": "arn:aws:ec2:us-east-2:549902048605:subnet/subnet-034e29e56f09756e1",
                            "assign_ipv6_address_on_creation": "false",
                            "availability_zone": "us-east-2b",
                            "availability_zone_id": "use2-az2",
                            "cidr_block": "10.0.2.128/25",
                            "id": "subnet-034e29e56f09756e1",
                            "ipv6_cidr_block": "",
                            "ipv6_cidr_block_association_id": "",
                            "map_public_ip_on_launch": "false",
                            "owner_id": "549902048605",
                            "tags.%": "1",
                            "tags.Name": "Database Private Subnet 2",
                            "vpc_id": "vpc-06f1cc74075038490"
                        },
                        "meta": {
                            "e2bfb730-ecaa-11e6-8f88-34363bc7c4c0": {
                                "create": 600000000000,
                                "delete": 600000000000
                            },
                            "schema_version": "1"
                        },
                        "tainted": false
                    },
                    "deposed": [],
                    "provider": "provider.aws"
                },
                "aws_subnet.private-subnet": {
                    "type": "aws_subnet",
                    "depends_on": [
                        "aws_vpc.default"
                    ],
                    "primary": {
                        "id": "subnet-0299f97470a91b630",
                        "attributes": {
                            "arn": "arn:aws:ec2:us-east-2:549902048605:subnet/subnet-0299f97470a91b630",
                            "assign_ipv6_address_on_creation": "false",
                            "availability_zone": "us-east-2a",
                            "availability_zone_id": "use2-az1",
                            "cidr_block": "10.0.1.0/25",
                            "id": "subnet-0299f97470a91b630",
                            "ipv6_cidr_block": "",
                            "ipv6_cidr_block_association_id": "",
                            "map_public_ip_on_launch": "false",
                            "owner_id": "549902048605",
                            "tags.%": "1",
                            "tags.Name": "App Private Subnet 1",
                            "vpc_id": "vpc-06f1cc74075038490"
                        },
                        "meta": {
                            "e2bfb730-ecaa-11e6-8f88-34363bc7c4c0": {
                                "create": 600000000000,
                                "delete": 600000000000
                            },
                            "schema_version": "1"
                        },
                        "tainted": false
                    },
                    "deposed": [],
                    "provider": "provider.aws"
                },
                "aws_subnet.private-subnet2": {
                    "type": "aws_subnet",
                    "depends_on": [
                        "aws_vpc.default"
                    ],
                    "primary": {
                        "id": "subnet-031270c8ac6c7aea5",
                        "attributes": {
                            "arn": "arn:aws:ec2:us-east-2:549902048605:subnet/subnet-031270c8ac6c7aea5",
                            "assign_ipv6_address_on_creation": "false",
                            "availability_zone": "us-east-2b",
                            "availability_zone_id": "use2-az2",
                            "cidr_block": "10.0.1.128/25",
                            "id": "subnet-031270c8ac6c7aea5",
                            "ipv6_cidr_block": "",
                            "ipv6_cidr_block_association_id": "",
                            "map_public_ip_on_launch": "false",
                            "owner_id": "549902048605",
                            "tags.%": "1",
                            "tags.Name": "App Private Subnet 2",
                            "vpc_id": "vpc-06f1cc74075038490"
                        },
                        "meta": {
                            "e2bfb730-ecaa-11e6-8f88-34363bc7c4c0": {
                                "create": 600000000000,
                                "delete": 600000000000
                            },
                            "schema_version": "1"
                        },
                        "tainted": false
                    },
                    "deposed": [],
                    "provider": "provider.aws"
                },
                "aws_subnet.public-subnet": {
                    "type": "aws_subnet",
                    "depends_on": [
                        "aws_vpc.default"
                    ],
                    "primary": {
                        "id": "subnet-031ffcb1863f51aa9",
                        "attributes": {
                            "arn": "arn:aws:ec2:us-east-2:549902048605:subnet/subnet-031ffcb1863f51aa9",
                            "assign_ipv6_address_on_creation": "false",
                            "availability_zone": "us-east-2a",
                            "availability_zone_id": "use2-az1",
                            "cidr_block": "10.0.0.0/25",
                            "id": "subnet-031ffcb1863f51aa9",
                            "ipv6_cidr_block": "",
                            "ipv6_cidr_block_association_id": "",
                            "map_public_ip_on_launch": "false",
                            "owner_id": "549902048605",
                            "tags.%": "1",
                            "tags.Name": "Web Public Subnet 1",
                            "vpc_id": "vpc-06f1cc74075038490"
                        },
                        "meta": {
                            "e2bfb730-ecaa-11e6-8f88-34363bc7c4c0": {
                                "create": 600000000000,
                                "delete": 600000000000
                            },
                            "schema_version": "1"
                        },
                        "tainted": false
                    },
                    "deposed": [],
                    "provider": "provider.aws"
                },
                "aws_subnet.public-subnet2": {
                    "type": "aws_subnet",
                    "depends_on": [
                        "aws_vpc.default"
                    ],
                    "primary": {
                        "id": "subnet-0d7eba287a85474c6",
                        "attributes": {
                            "arn": "arn:aws:ec2:us-east-2:549902048605:subnet/subnet-0d7eba287a85474c6",
                            "assign_ipv6_address_on_creation": "false",
                            "availability_zone": "us-east-2b",
                            "availability_zone_id": "use2-az2",
                            "cidr_block": "10.0.0.128/25",
                            "id": "subnet-0d7eba287a85474c6",
                            "ipv6_cidr_block": "",
                            "ipv6_cidr_block_association_id": "",
                            "map_public_ip_on_launch": "false",
                            "owner_id": "549902048605",
                            "tags.%": "1",
                            "tags.Name": "Web Public Subnet 2",
                            "vpc_id": "vpc-06f1cc74075038490"
                        },
                        "meta": {
                            "e2bfb730-ecaa-11e6-8f88-34363bc7c4c0": {
                                "create": 600000000000,
                                "delete": 600000000000
                            },
                            "schema_version": "1"
                        },
                        "tainted": false
                    },
                    "deposed": [],
                    "provider": "provider.aws"
                },
                "aws_vpc.default": {
                    "type": "aws_vpc",
                    "depends_on": [],
                    "primary": {
                        "id": "vpc-06f1cc74075038490",
                        "attributes": {
                            "arn": "arn:aws:ec2:us-east-2:549902048605:vpc/vpc-06f1cc74075038490",
                            "assign_generated_ipv6_cidr_block": "false",
                            "cidr_block": "10.0.0.0/16",
                            "default_network_acl_id": "acl-07492487a5ddbdc19",
                            "default_route_table_id": "rtb-0880c5a599879ebe6",
                            "default_security_group_id": "sg-04b6697104e270964",
                            "dhcp_options_id": "dopt-f933d692",
                            "enable_dns_hostnames": "true",
                            "enable_dns_support": "true",
                            "id": "vpc-06f1cc74075038490",
                            "instance_tenancy": "default",
                            "ipv6_association_id": "",
                            "ipv6_cidr_block": "",
                            "main_route_table_id": "rtb-0880c5a599879ebe6",
                            "owner_id": "549902048605",
                            "tags.%": "1",
                            "tags.Name": "DevOps POC VPC"
                        },
                        "meta": {
                            "schema_version": "1"
                        },
                        "tainted": false
                    },
                    "deposed": [],
                    "provider": "provider.aws"
                },
                "data.aws_ami.amzn": {
                    "type": "aws_ami",
                    "depends_on": [],
                    "primary": {
                        "id": "ami-02e680c4540db351e",
                        "attributes": {
                            "architecture": "x86_64",
                            "block_device_mappings.#": "1",
                            "block_device_mappings.340275815.device_name": "/dev/xvda",
                            "block_device_mappings.340275815.ebs.%": "6",
                            "block_device_mappings.340275815.ebs.delete_on_termination": "true",
                            "block_device_mappings.340275815.ebs.encrypted": "false",
                            "block_device_mappings.340275815.ebs.iops": "0",
                            "block_device_mappings.340275815.ebs.snapshot_id": "snap-00525f7708ba0b6dc",
                            "block_device_mappings.340275815.ebs.volume_size": "8",
                            "block_device_mappings.340275815.ebs.volume_type": "gp2",
                            "block_device_mappings.340275815.no_device": "",
                            "block_device_mappings.340275815.virtual_name": "",
                            "creation_date": "2018-11-14T09:06:55.000Z",
                            "description": "Amazon Linux 2 AMI 2.0.20181114 x86_64 HVM gp2",
                            "filter.#": "1",
                            "filter.3325118623.name": "name",
                            "filter.3325118623.values.#": "1",
                            "filter.3325118623.values.0": "amzn2-ami-hvm-2.0.*-x86_64-gp2",
                            "hypervisor": "xen",
                            "id": "ami-02e680c4540db351e",
                            "image_id": "ami-02e680c4540db351e",
                            "image_location": "amazon/amzn2-ami-hvm-2.0.20181114-x86_64-gp2",
                            "image_owner_alias": "amazon",
                            "image_type": "machine",
                            "most_recent": "true",
                            "name": "amzn2-ami-hvm-2.0.20181114-x86_64-gp2",
                            "owner_id": "137112412989",
                            "product_codes.#": "0",
                            "public": "true",
                            "root_device_name": "/dev/xvda",
                            "root_device_type": "ebs",
                            "root_snapshot_id": "snap-00525f7708ba0b6dc",
                            "sriov_net_support": "simple",
                            "state": "available",
                            "state_reason.%": "2",
                            "state_reason.code": "UNSET",
                            "state_reason.message": "UNSET",
                            "tags.%": "0",
                            "virtualization_type": "hvm"
                        },
                        "meta": {},
                        "tainted": false
                    },
                    "deposed": [],
                    "provider": "provider.aws"
                },
                "data.aws_ami.bitbucket": {
                    "type": "aws_ami",
                    "depends_on": [],
                    "primary": {
                        "id": "ami-0d7e93975ebbe565e",
                        "attributes": {
                            "architecture": "x86_64",
                            "block_device_mappings.#": "3",
                            "block_device_mappings.2249169000.device_name": "/dev/xvda",
                            "block_device_mappings.2249169000.ebs.%": "6",
                            "block_device_mappings.2249169000.ebs.delete_on_termination": "true",
                            "block_device_mappings.2249169000.ebs.encrypted": "false",
                            "block_device_mappings.2249169000.ebs.iops": "0",
                            "block_device_mappings.2249169000.ebs.snapshot_id": "snap-0ad1d276c215c48b6",
                            "block_device_mappings.2249169000.ebs.volume_size": "50",
                            "block_device_mappings.2249169000.ebs.volume_type": "gp2",
                            "block_device_mappings.2249169000.no_device": "",
                            "block_device_mappings.2249169000.virtual_name": "",
                            "block_device_mappings.3754555969.device_name": "/dev/xvdb",
                            "block_device_mappings.3754555969.ebs.%": "0",
                            "block_device_mappings.3754555969.no_device": "",
                            "block_device_mappings.3754555969.virtual_name": "ephemeral0",
                            "block_device_mappings.550926806.device_name": "/dev/xvdf",
                            "block_device_mappings.550926806.ebs.%": "6",
                            "block_device_mappings.550926806.ebs.delete_on_termination": "true",
                            "block_device_mappings.550926806.ebs.encrypted": "false",
                            "block_device_mappings.550926806.ebs.iops": "0",
                            "block_device_mappings.550926806.ebs.snapshot_id": "",
                            "block_device_mappings.550926806.ebs.volume_size": "100",
                            "block_device_mappings.550926806.ebs.volume_type": "gp2",
                            "block_device_mappings.550926806.no_device": "",
                            "block_device_mappings.550926806.virtual_name": "",
                            "creation_date": "2018-10-03T08:23:01.000Z",
                            "description": "The Atlassian Bitbucket AMI is an EBS-backed image based off Amazon Linux AMI (HVM). On first boot it downloads and installs the latest version of Bitbucket ready for you to use.",
                            "filter.#": "1",
                            "filter.3127485076.name": "name",
                            "filter.3127485076.values.#": "1",
                            "filter.3127485076.values.0": "Atlassian Bitbucket*",
                            "hypervisor": "xen",
                            "id": "ami-0d7e93975ebbe565e",
                            "image_id": "ami-0d7e93975ebbe565e",
                            "image_location": "342470128466/Atlassian Bitbucket 2018.10.03_0507 (HVM)",
                            "image_type": "machine",
                            "most_recent": "true",
                            "name": "Atlassian Bitbucket 2018.10.03_0507 (HVM)",
                            "owner_id": "342470128466",
                            "product_codes.#": "0",
                            "public": "true",
                            "root_device_name": "/dev/xvda",
                            "root_device_type": "ebs",
                            "root_snapshot_id": "snap-0ad1d276c215c48b6",
                            "sriov_net_support": "simple",
                            "state": "available",
                            "state_reason.%": "2",
                            "state_reason.code": "UNSET",
                            "state_reason.message": "UNSET",
                            "tags.%": "0",
                            "virtualization_type": "hvm"
                        },
                        "meta": {},
                        "tainted": false
                    },
                    "deposed": [],
                    "provider": "provider.aws"
                },
                "data.aws_ami.gitlab": {
                    "type": "aws_ami",
                    "depends_on": [],
                    "primary": {
                        "id": "ami-0abfd454da2b4445f",
                        "attributes": {
                            "architecture": "x86_64",
                            "block_device_mappings.#": "3",
                            "block_device_mappings.1634610537.device_name": "/dev/sdb",
                            "block_device_mappings.1634610537.ebs.%": "0",
                            "block_device_mappings.1634610537.no_device": "",
                            "block_device_mappings.1634610537.virtual_name": "ephemeral0",
                            "block_device_mappings.2547816212.device_name": "/dev/sda1",
                            "block_device_mappings.2547816212.ebs.%": "6",
                            "block_device_mappings.2547816212.ebs.delete_on_termination": "true",
                            "block_device_mappings.2547816212.ebs.encrypted": "false",
                            "block_device_mappings.2547816212.ebs.iops": "0",
                            "block_device_mappings.2547816212.ebs.snapshot_id": "snap-02219a4ba7dd5bc86",
                            "block_device_mappings.2547816212.ebs.volume_size": "8",
                            "block_device_mappings.2547816212.ebs.volume_type": "gp2",
                            "block_device_mappings.2547816212.no_device": "",
                            "block_device_mappings.2547816212.virtual_name": "",
                            "block_device_mappings.3850042718.device_name": "/dev/sdc",
                            "block_device_mappings.3850042718.ebs.%": "0",
                            "block_device_mappings.3850042718.no_device": "",
                            "block_device_mappings.3850042718.virtual_name": "ephemeral1",
                            "creation_date": "2018-12-13T23:02:37.000Z",
                            "description": "Official GitLab CE 11.5.4 AMI. https://about.gitlab.com/",
                            "filter.#": "1",
                            "filter.2328464486.name": "name",
                            "filter.2328464486.values.#": "1",
                            "filter.2328464486.values.0": "GitLab CE*",
                            "hypervisor": "xen",
                            "id": "ami-0abfd454da2b4445f",
                            "image_id": "ami-0abfd454da2b4445f",
                            "image_location": "855262394183/GitLab CE 11.5.4",
                            "image_type": "machine",
                            "most_recent": "true",
                            "name": "GitLab CE 11.5.4",
                            "owner_id": "855262394183",
                            "product_codes.#": "0",
                            "public": "true",
                            "root_device_name": "/dev/sda1",
                            "root_device_type": "ebs",
                            "root_snapshot_id": "snap-02219a4ba7dd5bc86",
                            "sriov_net_support": "simple",
                            "state": "available",
                            "state_reason.%": "2",
                            "state_reason.code": "UNSET",
                            "state_reason.message": "UNSET",
                            "tags.%": "0",
                            "virtualization_type": "hvm"
                        },
                        "meta": {},
                        "tainted": false
                    },
                    "deposed": [],
                    "provider": "provider.aws"
                },
                "data.aws_ami.rhel": {
                    "type": "aws_ami",
                    "depends_on": [],
                    "primary": {
                        "id": "ami-03291866",
                        "attributes": {
                            "architecture": "x86_64",
                            "block_device_mappings.#": "1",
                            "block_device_mappings.309099847.device_name": "/dev/sda1",
                            "block_device_mappings.309099847.ebs.%": "6",
                            "block_device_mappings.309099847.ebs.delete_on_termination": "true",
                            "block_device_mappings.309099847.ebs.encrypted": "false",
                            "block_device_mappings.309099847.ebs.iops": "0",
                            "block_device_mappings.309099847.ebs.snapshot_id": "snap-0cf126c0e00af0cb4",
                            "block_device_mappings.309099847.ebs.volume_size": "10",
                            "block_device_mappings.309099847.ebs.volume_type": "gp2",
                            "block_device_mappings.309099847.no_device": "",
                            "block_device_mappings.309099847.virtual_name": "",
                            "creation_date": "2018-03-23T20:40:52.000Z",
                            "description": "Provided by Red Hat, Inc.",
                            "filter.#": "1",
                            "filter.3123460170.name": "name",
                            "filter.3123460170.values.#": "1",
                            "filter.3123460170.values.0": "RHEL-7.5_HVM_GA*",
                            "hypervisor": "xen",
                            "id": "ami-03291866",
                            "image_id": "ami-03291866",
                            "image_location": "309956199498/RHEL-7.5_HVM_GA-20180322-x86_64-1-Hourly2-GP2",
                            "image_type": "machine",
                            "most_recent": "true",
                            "name": "RHEL-7.5_HVM_GA-20180322-x86_64-1-Hourly2-GP2",
                            "owner_id": "309956199498",
                            "product_codes.#": "0",
                            "public": "true",
                            "root_device_name": "/dev/sda1",
                            "root_device_type": "ebs",
                            "root_snapshot_id": "snap-0cf126c0e00af0cb4",
                            "sriov_net_support": "simple",
                            "state": "available",
                            "state_reason.%": "2",
                            "state_reason.code": "UNSET",
                            "state_reason.message": "UNSET",
                            "tags.%": "0",
                            "virtualization_type": "hvm"
                        },
                        "meta": {},
                        "tainted": false
                    },
                    "deposed": [],
                    "provider": "provider.aws"
                }
            },
            "depends_on": []
        }
    ]
}
